{
  "version": 4,
  "terraform_version": "1.11.4",
  "serial": 41,
  "lineage": "0d86c56b-bfb8-eef3-253a-2476fc701987",
  "outputs": {},
  "resources": [
    {
      "mode": "data",
      "type": "aws_availability_zones",
      "name": "available",
      "provider": "provider[\"registry.terraform.io/hashicorp/aws\"]",
      "instances": [
        {
          "schema_version": 0,
          "attributes": {
            "all_availability_zones": null,
            "exclude_names": null,
            "exclude_zone_ids": null,
            "filter": null,
            "group_names": [
              "ap-northeast-1-zg-1"
            ],
            "id": "ap-northeast-1",
            "names": [
              "ap-northeast-1a",
              "ap-northeast-1c",
              "ap-northeast-1d"
            ],
            "state": null,
            "timeouts": null,
            "zone_ids": [
              "apne1-az4",
              "apne1-az1",
              "apne1-az2"
            ]
          },
          "sensitive_attributes": []
        }
      ]
    },
    {
      "mode": "data",
      "type": "aws_caller_identity",
      "name": "current",
      "provider": "provider[\"registry.terraform.io/hashicorp/aws\"]",
      "instances": [
        {
          "schema_version": 0,
          "attributes": {
            "account_id": "581145842032",
            "arn": "arn:aws:iam::581145842032:user/open-environment-7qdl9-admin",
            "id": "581145842032",
            "user_id": "AIDAYOTX52FYHZRO3TIXC"
          },
          "sensitive_attributes": []
        }
      ]
    },
    {
      "mode": "data",
      "type": "rhcs_policies",
      "name": "all_policies",
      "provider": "provider[\"registry.terraform.io/terraform-redhat/rhcs\"]",
      "instances": [
        {
          "schema_version": 0,
          "attributes": {
            "account_role_policies": {
              "sts_installer_permission_policy": "{\"Version\": \"2012-10-17\", \"Statement\": [{\"Action\": [\"autoscaling:DescribeAutoScalingGroups\", \"ec2:AllocateAddress\", \"ec2:AssociateAddress\", \"ec2:AssociateDhcpOptions\", \"ec2:AssociateRouteTable\", \"ec2:AttachInternetGateway\", \"ec2:AttachNetworkInterface\", \"ec2:AuthorizeSecurityGroupEgress\", \"ec2:AuthorizeSecurityGroupIngress\", \"ec2:CopyImage\", \"ec2:CreateDhcpOptions\", \"ec2:CreateInternetGateway\", \"ec2:CreateNatGateway\", \"ec2:CreateNetworkInterface\", \"ec2:CreateRoute\", \"ec2:CreateRouteTable\", \"ec2:CreateSecurityGroup\", \"ec2:CreateSubnet\", \"ec2:CreateTags\", \"ec2:CreateVolume\", \"ec2:CreateVpc\", \"ec2:CreateVpcEndpoint\", \"ec2:DeleteDhcpOptions\", \"ec2:DeleteInternetGateway\", \"ec2:DeleteNatGateway\", \"ec2:DeleteNetworkInterface\", \"ec2:DeleteRoute\", \"ec2:DeleteRouteTable\", \"ec2:DeleteSecurityGroup\", \"ec2:DeleteSnapshot\", \"ec2:DeleteSubnet\", \"ec2:DeleteTags\", \"ec2:DeleteVolume\", \"ec2:DeleteVpc\", \"ec2:DeleteVpcEndpoints\", \"ec2:DeregisterImage\", \"ec2:DescribeAccountAttributes\", \"ec2:DescribeAddresses\", \"ec2:DescribeAvailabilityZones\", \"ec2:DescribeDhcpOptions\", \"ec2:DescribeImages\", \"ec2:DescribeInstanceAttribute\", \"ec2:DescribeInstanceCreditSpecifications\", \"ec2:DescribeInstances\", \"ec2:DescribeInstanceStatus\", \"ec2:DescribeInstanceTypeOfferings\", \"ec2:DescribeInstanceTypes\", \"ec2:DescribeInternetGateways\", \"ec2:DescribeKeyPairs\", \"ec2:DescribeNatGateways\", \"ec2:DescribeNetworkAcls\", \"ec2:DescribeNetworkInterfaces\", \"ec2:DescribePrefixLists\", \"ec2:DescribeRegions\", \"ec2:DescribeReservedInstancesOfferings\", \"ec2:DescribeRouteTables\", \"ec2:DescribeSecurityGroups\", \"ec2:DescribeSecurityGroupRules\", \"ec2:DescribeSubnets\", \"ec2:DescribeTags\", \"ec2:DescribeVolumes\", \"ec2:DescribeVpcAttribute\", \"ec2:DescribeVpcClassicLink\", \"ec2:DescribeVpcClassicLinkDnsSupport\", \"ec2:DescribeVpcEndpoints\", \"ec2:DescribeVpcs\", \"ec2:DetachInternetGateway\", \"ec2:DisassociateRouteTable\", \"ec2:GetConsoleOutput\", \"ec2:GetEbsDefaultKmsKeyId\", \"ec2:ModifyInstanceAttribute\", \"ec2:ModifyNetworkInterfaceAttribute\", \"ec2:ModifySubnetAttribute\", \"ec2:ModifyVpcAttribute\", \"ec2:ReleaseAddress\", \"ec2:ReplaceRouteTableAssociation\", \"ec2:RevokeSecurityGroupEgress\", \"ec2:RevokeSecurityGroupIngress\", \"ec2:RunInstances\", \"ec2:StartInstances\", \"ec2:StopInstances\", \"ec2:TerminateInstances\", \"elasticloadbalancing:AddTags\", \"elasticloadbalancing:ApplySecurityGroupsToLoadBalancer\", \"elasticloadbalancing:AttachLoadBalancerToSubnets\", \"elasticloadbalancing:ConfigureHealthCheck\", \"elasticloadbalancing:CreateListener\", \"elasticloadbalancing:CreateLoadBalancer\", \"elasticloadbalancing:CreateLoadBalancerListeners\", \"elasticloadbalancing:CreateTargetGroup\", \"elasticloadbalancing:DeleteLoadBalancer\", \"elasticloadbalancing:DeleteTargetGroup\", \"elasticloadbalancing:DeregisterInstancesFromLoadBalancer\", \"elasticloadbalancing:DeregisterTargets\", \"elasticloadbalancing:DescribeAccountLimits\", \"elasticloadbalancing:DescribeInstanceHealth\", \"elasticloadbalancing:DescribeListeners\", \"elasticloadbalancing:DescribeLoadBalancerAttributes\", \"elasticloadbalancing:DescribeLoadBalancers\", \"elasticloadbalancing:DescribeTags\", \"elasticloadbalancing:DescribeTargetGroupAttributes\", \"elasticloadbalancing:DescribeTargetGroups\", \"elasticloadbalancing:DescribeTargetHealth\", \"elasticloadbalancing:ModifyLoadBalancerAttributes\", \"elasticloadbalancing:ModifyTargetGroup\", \"elasticloadbalancing:ModifyTargetGroupAttributes\", \"elasticloadbalancing:RegisterInstancesWithLoadBalancer\", \"elasticloadbalancing:RegisterTargets\", \"elasticloadbalancing:SetLoadBalancerPoliciesOfListener\", \"elasticloadbalancing:SetSecurityGroups\", \"iam:AddRoleToInstanceProfile\", \"iam:CreateInstanceProfile\", \"iam:DeleteInstanceProfile\", \"iam:GetInstanceProfile\", \"iam:TagInstanceProfile\", \"iam:GetRole\", \"iam:GetRolePolicy\", \"iam:GetUser\", \"iam:ListAttachedRolePolicies\", \"iam:ListInstanceProfiles\", \"iam:ListInstanceProfilesForRole\", \"iam:ListRolePolicies\", \"iam:ListRoles\", \"iam:ListUserPolicies\", \"iam:ListUsers\", \"iam:PassRole\", \"iam:RemoveRoleFromInstanceProfile\", \"iam:SimulatePrincipalPolicy\", \"iam:TagRole\", \"iam:UntagRole\", \"route53:ChangeResourceRecordSets\", \"route53:ChangeTagsForResource\", \"route53:CreateHostedZone\", \"route53:DeleteHostedZone\", \"route53:GetAccountLimit\", \"route53:GetChange\", \"route53:GetHostedZone\", \"route53:ListHostedZones\", \"route53:ListHostedZonesByName\", \"route53:ListResourceRecordSets\", \"route53:ListTagsForResource\", \"route53:UpdateHostedZoneComment\", \"s3:CreateBucket\", \"s3:DeleteBucket\", \"s3:DeleteObject\", \"s3:DeleteObjectVersion\", \"s3:GetAccelerateConfiguration\", \"s3:GetBucketAcl\", \"s3:GetBucketCORS\", \"s3:GetBucketLocation\", \"s3:GetBucketLogging\", \"s3:GetBucketObjectLockConfiguration\", \"s3:GetBucketPolicy\", \"s3:GetBucketRequestPayment\", \"s3:GetBucketTagging\", \"s3:GetBucketVersioning\", \"s3:GetBucketWebsite\", \"s3:GetEncryptionConfiguration\", \"s3:GetLifecycleConfiguration\", \"s3:GetObject\", \"s3:GetObjectAcl\", \"s3:GetObjectTagging\", \"s3:GetObjectVersion\", \"s3:GetReplicationConfiguration\", \"s3:ListBucket\", \"s3:ListBucketVersions\", \"s3:PutBucketAcl\", \"s3:PutBucketPolicy\", \"s3:PutBucketTagging\", \"s3:PutBucketVersioning\", \"s3:PutEncryptionConfiguration\", \"s3:PutObject\", \"s3:PutObjectAcl\", \"s3:PutObjectTagging\", \"servicequotas:GetServiceQuota\", \"servicequotas:ListAWSDefaultServiceQuotas\", \"sts:AssumeRole\", \"sts:AssumeRoleWithWebIdentity\", \"sts:GetCallerIdentity\", \"tag:GetResources\", \"tag:UntagResources\", \"ec2:CreateVpcEndpointServiceConfiguration\", \"ec2:DeleteVpcEndpointServiceConfigurations\", \"ec2:DescribeVpcEndpointServiceConfigurations\", \"ec2:DescribeVpcEndpointServicePermissions\", \"ec2:DescribeVpcEndpointServices\", \"ec2:ModifyVpcEndpointServicePermissions\", \"kms:DescribeKey\", \"cloudwatch:GetMetricData\"], \"Effect\": \"Allow\", \"Resource\": \"*\"}, {\"Action\": [\"secretsmanager:GetSecretValue\"], \"Effect\": \"Allow\", \"Resource\": \"*\", \"Condition\": {\"StringEquals\": {\"aws:ResourceTag/red-hat-managed\": \"true\"}}}]}",
              "sts_instance_controlplane_permission_policy": "{\"Version\": \"2012-10-17\", \"Statement\": [{\"Sid\": \"ReadPermissions\", \"Action\": [\"ec2:DescribeAvailabilityZones\", \"ec2:DescribeInstances\", \"ec2:DescribeRouteTables\", \"ec2:DescribeSecurityGroups\", \"ec2:DescribeSubnets\", \"ec2:DescribeVpcs\", \"elasticloadbalancing:DescribeLoadBalancers\", \"elasticloadbalancing:DescribeLoadBalancerAttributes\", \"elasticloadbalancing:DescribeListeners\", \"elasticloadbalancing:DescribeTargetGroups\", \"elasticloadbalancing:DescribeTargetHealth\", \"elasticloadbalancing:DescribeLoadBalancerPolicies\"], \"Effect\": \"Allow\", \"Resource\": [\"*\"]}, {\"Sid\": \"KMSDescribeKey\", \"Action\": [\"kms:DescribeKey\"], \"Effect\": \"Allow\", \"Resource\": [\"*\"], \"Condition\": {\"StringEquals\": {\"aws:ResourceTag/red-hat\": \"true\"}}}, {\"Action\": [\"ec2:AttachVolume\", \"ec2:AuthorizeSecurityGroupIngress\", \"ec2:CreateSecurityGroup\", \"ec2:CreateTags\", \"ec2:CreateVolume\", \"ec2:DeleteSecurityGroup\", \"ec2:DeleteVolume\", \"ec2:DetachVolume\", \"ec2:ModifyInstanceAttribute\", \"ec2:ModifyVolume\", \"ec2:RevokeSecurityGroupIngress\", \"elasticloadbalancing:AddTags\", \"elasticloadbalancing:AttachLoadBalancerToSubnets\", \"elasticloadbalancing:ApplySecurityGroupsToLoadBalancer\", \"elasticloadbalancing:CreateListener\", \"elasticloadbalancing:CreateLoadBalancer\", \"elasticloadbalancing:CreateLoadBalancerPolicy\", \"elasticloadbalancing:CreateLoadBalancerListeners\", \"elasticloadbalancing:CreateTargetGroup\", \"elasticloadbalancing:ConfigureHealthCheck\", \"elasticloadbalancing:DeleteListener\", \"elasticloadbalancing:DeleteLoadBalancer\", \"elasticloadbalancing:DeleteLoadBalancerListeners\", \"elasticloadbalancing:DeleteTargetGroup\", \"elasticloadbalancing:DeregisterInstancesFromLoadBalancer\", \"elasticloadbalancing:DeregisterTargets\", \"elasticloadbalancing:DetachLoadBalancerFromSubnets\", \"elasticloadbalancing:ModifyListener\", \"elasticloadbalancing:ModifyLoadBalancerAttributes\", \"elasticloadbalancing:ModifyTargetGroup\", \"elasticloadbalancing:ModifyTargetGroupAttributes\", \"elasticloadbalancing:RegisterInstancesWithLoadBalancer\", \"elasticloadbalancing:RegisterTargets\", \"elasticloadbalancing:SetLoadBalancerPoliciesForBackendServer\", \"elasticloadbalancing:SetLoadBalancerPoliciesOfListener\"], \"Effect\": \"Allow\", \"Resource\": \"*\"}]}",
              "sts_instance_worker_permission_policy": "{\"Version\": \"2012-10-17\", \"Statement\": [{\"Action\": [\"ec2:DescribeInstances\", \"ec2:DescribeRegions\"], \"Effect\": \"Allow\", \"Resource\": \"*\"}]}",
              "sts_support_permission_policy": "{\"Version\": \"2012-10-17\", \"Statement\": [{\"Action\": [\"cloudtrail:DescribeTrails\", \"cloudtrail:LookupEvents\", \"cloudwatch:GetMetricData\", \"cloudwatch:GetMetricStatistics\", \"cloudwatch:ListMetrics\", \"ec2-instance-connect:SendSerialConsoleSSHPublicKey\", \"ec2:CopySnapshot\", \"ec2:CreateNetworkInsightsPath\", \"ec2:CreateSnapshot\", \"ec2:CreateSnapshots\", \"ec2:CreateTags\", \"ec2:DeleteNetworkInsightsAnalysis\", \"ec2:DeleteNetworkInsightsPath\", \"ec2:DeleteTags\", \"ec2:DescribeAccountAttributes\", \"ec2:DescribeAddresses\", \"ec2:DescribeAddressesAttribute\", \"ec2:DescribeAggregateIdFormat\", \"ec2:DescribeAvailabilityZones\", \"ec2:DescribeByoipCidrs\", \"ec2:DescribeCapacityReservations\", \"ec2:DescribeCarrierGateways\", \"ec2:DescribeClassicLinkInstances\", \"ec2:DescribeClientVpnAuthorizationRules\", \"ec2:DescribeClientVpnConnections\", \"ec2:DescribeClientVpnEndpoints\", \"ec2:DescribeClientVpnRoutes\", \"ec2:DescribeClientVpnTargetNetworks\", \"ec2:DescribeCoipPools\", \"ec2:DescribeCustomerGateways\", \"ec2:DescribeDhcpOptions\", \"ec2:DescribeEgressOnlyInternetGateways\", \"ec2:DescribeIamInstanceProfileAssociations\", \"ec2:DescribeIdentityIdFormat\", \"ec2:DescribeIdFormat\", \"ec2:DescribeImageAttribute\", \"ec2:DescribeImages\", \"ec2:DescribeInstanceAttribute\", \"ec2:DescribeInstances\", \"ec2:DescribeInstanceStatus\", \"ec2:DescribeInstanceTypeOfferings\", \"ec2:DescribeInstanceTypes\", \"ec2:DescribeInternetGateways\", \"ec2:DescribeIpv6Pools\", \"ec2:DescribeKeyPairs\", \"ec2:DescribeLaunchTemplates\", \"ec2:DescribeLocalGatewayRouteTables\", \"ec2:DescribeLocalGatewayRouteTableVirtualInterfaceGroupAssociations\", \"ec2:DescribeLocalGatewayRouteTableVpcAssociations\", \"ec2:DescribeLocalGateways\", \"ec2:DescribeLocalGatewayVirtualInterfaceGroups\", \"ec2:DescribeLocalGatewayVirtualInterfaces\", \"ec2:DescribeManagedPrefixLists\", \"ec2:DescribeNatGateways\", \"ec2:DescribeNetworkAcls\", \"ec2:DescribeNetworkInsightsAnalyses\", \"ec2:DescribeNetworkInsightsPaths\", \"ec2:DescribeNetworkInterfaces\", \"ec2:DescribePlacementGroups\", \"ec2:DescribePrefixLists\", \"ec2:DescribePrincipalIdFormat\", \"ec2:DescribePublicIpv4Pools\", \"ec2:DescribeRegions\", \"ec2:DescribeReservedInstances\", \"ec2:DescribeRouteTables\", \"ec2:DescribeScheduledInstances\", \"ec2:DescribeSecurityGroupReferences\", \"ec2:DescribeSecurityGroupRules\", \"ec2:DescribeSecurityGroups\", \"ec2:DescribeSnapshotAttribute\", \"ec2:DescribeSnapshots\", \"ec2:DescribeSpotFleetInstances\", \"ec2:DescribeStaleSecurityGroups\", \"ec2:DescribeSubnets\", \"ec2:DescribeTags\", \"ec2:DescribeTransitGatewayAttachments\", \"ec2:DescribeTransitGatewayConnectPeers\", \"ec2:DescribeTransitGatewayConnects\", \"ec2:DescribeTransitGatewayMulticastDomains\", \"ec2:DescribeTransitGatewayPeeringAttachments\", \"ec2:DescribeTransitGatewayRouteTables\", \"ec2:DescribeTransitGateways\", \"ec2:DescribeTransitGatewayVpcAttachments\", \"ec2:DescribeVolumeAttribute\", \"ec2:DescribeVolumes\", \"ec2:DescribeVolumesModifications\", \"ec2:DescribeVolumeStatus\", \"ec2:DescribeVpcAttribute\", \"ec2:DescribeVpcClassicLink\", \"ec2:DescribeVpcClassicLinkDnsSupport\", \"ec2:DescribeVpcEndpointConnectionNotifications\", \"ec2:DescribeVpcEndpointConnections\", \"ec2:DescribeVpcEndpoints\", \"ec2:DescribeVpcEndpointServiceConfigurations\", \"ec2:DescribeVpcEndpointServicePermissions\", \"ec2:DescribeVpcEndpointServices\", \"ec2:DescribeVpcPeeringConnections\", \"ec2:DescribeVpcs\", \"ec2:DescribeVpnConnections\", \"ec2:DescribeVpnGateways\", \"ec2:GetAssociatedIpv6PoolCidrs\", \"ec2:GetConsoleOutput\", \"ec2:GetManagedPrefixListEntries\", \"ec2:GetSerialConsoleAccessStatus\", \"ec2:GetTransitGatewayAttachmentPropagations\", \"ec2:GetTransitGatewayMulticastDomainAssociations\", \"ec2:GetTransitGatewayPrefixListReferences\", \"ec2:GetTransitGatewayRouteTableAssociations\", \"ec2:GetTransitGatewayRouteTablePropagations\", \"ec2:ModifyInstanceAttribute\", \"ec2:RebootInstances\", \"ec2:RunInstances\", \"ec2:SearchLocalGatewayRoutes\", \"ec2:SearchTransitGatewayMulticastGroups\", \"ec2:SearchTransitGatewayRoutes\", \"ec2:StartInstances\", \"ec2:StartNetworkInsightsAnalysis\", \"ec2:StopInstances\", \"ec2:TerminateInstances\", \"elasticloadbalancing:ConfigureHealthCheck\", \"elasticloadbalancing:DescribeAccountLimits\", \"elasticloadbalancing:DescribeInstanceHealth\", \"elasticloadbalancing:DescribeListenerCertificates\", \"elasticloadbalancing:DescribeListeners\", \"elasticloadbalancing:DescribeLoadBalancerAttributes\", \"elasticloadbalancing:DescribeLoadBalancerPolicies\", \"elasticloadbalancing:DescribeLoadBalancerPolicyTypes\", \"elasticloadbalancing:DescribeLoadBalancers\", \"elasticloadbalancing:DescribeRules\", \"elasticloadbalancing:DescribeSSLPolicies\", \"elasticloadbalancing:DescribeTags\", \"elasticloadbalancing:DescribeTargetGroupAttributes\", \"elasticloadbalancing:DescribeTargetGroups\", \"elasticloadbalancing:DescribeTargetHealth\", \"iam:GetRole\", \"iam:ListRoles\", \"kms:CreateGrant\", \"route53:GetHostedZone\", \"route53:GetHostedZoneCount\", \"route53:ListHostedZones\", \"route53:ListHostedZonesByName\", \"route53:ListResourceRecordSets\", \"s3:GetBucketTagging\", \"s3:GetObjectAcl\", \"s3:GetObjectTagging\", \"s3:ListAllMyBuckets\", \"sts:DecodeAuthorizationMessage\", \"tiros:CreateQuery\", \"tiros:GetQueryAnswer\", \"tiros:GetQueryExplanation\"], \"Effect\": \"Allow\", \"Resource\": \"*\"}, {\"Action\": [\"s3:ListBucket\"], \"Effect\": \"Allow\", \"Resource\": [\"arn:aws:s3:::managed-velero*\", \"arn:aws:s3:::*image-registry*\"]}]}",
              "sts_support_rh_sre_role": "arn:aws:iam::710019948333:role/RH-Technical-Support-13296330"
            },
            "operator_role_policies": {
              "openshift_cloud_credential_operator_cloud_credential_operator_iam_ro_creds_policy": "{\"Version\": \"2012-10-17\", \"Statement\": [{\"Action\": [\"iam:GetUser\", \"iam:GetUserPolicy\", \"iam:ListAccessKeys\"], \"Effect\": \"Allow\", \"Resource\": \"*\"}]}",
              "openshift_cloud_network_config_controller_cloud_credentials_policy": "{\"Version\": \"2012-10-17\", \"Statement\": [{\"Action\": [\"ec2:DescribeInstances\", \"ec2:DescribeInstanceStatus\", \"ec2:DescribeInstanceTypes\", \"ec2:UnassignPrivateIpAddresses\", \"ec2:AssignPrivateIpAddresses\", \"ec2:UnassignIpv6Addresses\", \"ec2:AssignIpv6Addresses\", \"ec2:DescribeSubnets\", \"ec2:DescribeNetworkInterfaces\"], \"Effect\": \"Allow\", \"Resource\": \"*\"}]}",
              "openshift_cluster_csi_drivers_ebs_cloud_credentials_policy": "{\"Version\": \"2012-10-17\", \"Statement\": [{\"Action\": [\"ec2:AttachVolume\", \"ec2:CreateSnapshot\", \"ec2:CreateTags\", \"ec2:CreateVolume\", \"ec2:DeleteSnapshot\", \"ec2:DeleteTags\", \"ec2:DeleteVolume\", \"ec2:DescribeAvailabilityZones\", \"ec2:DescribeInstances\", \"ec2:DescribeSnapshots\", \"ec2:DescribeTags\", \"ec2:DescribeVolumes\", \"ec2:DescribeVolumesModifications\", \"ec2:DetachVolume\", \"ec2:EnableFastSnapshotRestores\", \"ec2:ModifyVolume\"], \"Effect\": \"Allow\", \"Resource\": \"*\"}]}",
              "openshift_image_registry_installer_cloud_credentials_policy": "{\"Version\": \"2012-10-17\", \"Statement\": [{\"Action\": [\"s3:CreateBucket\", \"s3:DeleteBucket\", \"s3:PutBucketTagging\", \"s3:GetBucketTagging\", \"s3:PutBucketPublicAccessBlock\", \"s3:GetBucketPublicAccessBlock\", \"s3:PutEncryptionConfiguration\", \"s3:GetEncryptionConfiguration\", \"s3:PutLifecycleConfiguration\", \"s3:GetLifecycleConfiguration\", \"s3:GetBucketLocation\", \"s3:ListBucket\", \"s3:GetObject\", \"s3:PutObject\", \"s3:DeleteObject\", \"s3:ListBucketMultipartUploads\", \"s3:AbortMultipartUpload\", \"s3:ListMultipartUploadParts\"], \"Effect\": \"Allow\", \"Resource\": \"*\"}]}",
              "openshift_ingress_operator_cloud_credentials_policy": "{\"Version\": \"2012-10-17\", \"Statement\": [{\"Action\": [\"elasticloadbalancing:DescribeLoadBalancers\", \"route53:ListHostedZones\", \"route53:ListTagsForResources\", \"route53:ChangeResourceRecordSets\", \"tag:GetResources\"], \"Effect\": \"Allow\", \"Resource\": \"*\"}]}",
              "openshift_machine_api_aws_cloud_credentials_policy": "{\"Version\": \"2012-10-17\", \"Statement\": [{\"Action\": [\"ec2:CreateTags\", \"ec2:DescribeAvailabilityZones\", \"ec2:DescribeDhcpOptions\", \"ec2:DescribeImages\", \"ec2:DescribeInstances\", \"ec2:DescribeInternetGateways\", \"ec2:DescribeInstanceTypes\", \"ec2:DescribeSecurityGroups\", \"ec2:DescribeRegions\", \"ec2:DescribeSubnets\", \"ec2:DescribeVpcs\", \"ec2:RunInstances\", \"ec2:TerminateInstances\", \"elasticloadbalancing:DescribeLoadBalancers\", \"elasticloadbalancing:DescribeTargetGroups\", \"elasticloadbalancing:DescribeTargetHealth\", \"elasticloadbalancing:RegisterInstancesWithLoadBalancer\", \"elasticloadbalancing:RegisterTargets\", \"elasticloadbalancing:DeregisterTargets\", \"iam:PassRole\", \"iam:CreateServiceLinkedRole\"], \"Effect\": \"Allow\", \"Resource\": \"*\"}, {\"Action\": [\"kms:Decrypt\", \"kms:Encrypt\", \"kms:GenerateDataKey\", \"kms:GenerateDataKeyWithoutPlainText\", \"kms:DescribeKey\"], \"Effect\": \"Allow\", \"Resource\": \"*\"}, {\"Action\": [\"kms:RevokeGrant\", \"kms:CreateGrant\", \"kms:ListGrants\"], \"Effect\": \"Allow\", \"Resource\": \"*\", \"Condition\": {\"Bool\": {\"kms:GrantIsForAWSResource\": true}}}]}",
              "shared_vpc_openshift_ingress_operator_cloud_credentials_policy": "{\"Version\": \"2012-10-17\", \"Statement\": [{\"Action\": [\"route53:ChangeResourceRecordSets\"], \"Effect\": \"Allow\", \"Resource\": \"*\", \"Condition\": {\"ForAllValues:StringLike\": {\"route53:ChangeResourceRecordSetsNormalizedRecordNames\": [\"*.devshift.org\", \"*.devshiftusgov.com\", \"*.openshiftapps.com\", \"*.openshiftusgov.com\"]}}}, {\"Action\": [\"elasticloadbalancing:DescribeLoadBalancers\", \"route53:ListHostedZones\", \"tag:GetResources\"], \"Effect\": \"Allow\", \"Resource\": \"*\"}, {\"Action\": \"sts:AssumeRole\", \"Effect\": \"Allow\", \"Resource\": \"%{shared_vpc_role_arn}\"}]}"
            }
          },
          "sensitive_attributes": []
        }
      ]
    },
    {
      "mode": "data",
      "type": "rhcs_rosa_operator_roles",
      "name": "operator_roles",
      "provider": "provider[\"registry.terraform.io/terraform-redhat/rhcs\"]",
      "instances": [
        {
          "schema_version": 0,
          "attributes": {
            "account_role_prefix": "rosa-c6wbnz",
            "operator_iam_roles": [
              {
                "operator_name": "cloud-credential-operator-iam-ro-creds",
                "operator_namespace": "openshift-cloud-credential-operator",
                "policy_name": "rosa-c6wbnz-openshift-cloud-credential-operator-cloud-credential",
                "role_name": "rosa-c6wbnz-openshift-cloud-credential-operator-cloud-credential",
                "service_accounts": [
                  "system:serviceaccount:openshift-cloud-credential-operator:cloud-credential-operator"
                ]
              },
              {
                "operator_name": "cloud-credentials",
                "operator_namespace": "openshift-cloud-network-config-controller",
                "policy_name": "rosa-c6wbnz-openshift-cloud-network-config-controller-cloud-cred",
                "role_name": "rosa-c6wbnz-openshift-cloud-network-config-controller-cloud-cred",
                "service_accounts": [
                  "system:serviceaccount:openshift-cloud-network-config-controller:cloud-network-config-controller"
                ]
              },
              {
                "operator_name": "ebs-cloud-credentials",
                "operator_namespace": "openshift-cluster-csi-drivers",
                "policy_name": "rosa-c6wbnz-openshift-cluster-csi-drivers-ebs-cloud-credentials",
                "role_name": "rosa-c6wbnz-openshift-cluster-csi-drivers-ebs-cloud-credentials",
                "service_accounts": [
                  "system:serviceaccount:openshift-cluster-csi-drivers:aws-ebs-csi-driver-operator",
                  "system:serviceaccount:openshift-cluster-csi-drivers:aws-ebs-csi-driver-controller-sa"
                ]
              },
              {
                "operator_name": "installer-cloud-credentials",
                "operator_namespace": "openshift-image-registry",
                "policy_name": "rosa-c6wbnz-openshift-image-registry-installer-cloud-credentials",
                "role_name": "rosa-c6wbnz-openshift-image-registry-installer-cloud-credentials",
                "service_accounts": [
                  "system:serviceaccount:openshift-image-registry:cluster-image-registry-operator",
                  "system:serviceaccount:openshift-image-registry:registry"
                ]
              },
              {
                "operator_name": "cloud-credentials",
                "operator_namespace": "openshift-ingress-operator",
                "policy_name": "rosa-c6wbnz-openshift-ingress-operator-cloud-credentials",
                "role_name": "rosa-c6wbnz-openshift-ingress-operator-cloud-credentials",
                "service_accounts": [
                  "system:serviceaccount:openshift-ingress-operator:ingress-operator"
                ]
              },
              {
                "operator_name": "aws-cloud-credentials",
                "operator_namespace": "openshift-machine-api",
                "policy_name": "rosa-c6wbnz-openshift-machine-api-aws-cloud-credentials",
                "role_name": "rosa-c6wbnz-openshift-machine-api-aws-cloud-credentials",
                "service_accounts": [
                  "system:serviceaccount:openshift-machine-api:machine-api-controllers"
                ]
              }
            ],
            "operator_role_prefix": "rosa-c6wbnz"
          },
          "sensitive_attributes": []
        }
      ]
    },
    {
      "mode": "data",
      "type": "rhcs_versions",
      "name": "all",
      "provider": "provider[\"registry.terraform.io/terraform-redhat/rhcs\"]",
      "instances": [
        {
          "schema_version": 0,
          "attributes": {
            "item": null,
            "items": [
              {
                "id": "openshift-v4.10.0-candidate",
                "name": "4.10.0"
              },
              {
                "id": "openshift-v4.10.0-fc.0-candidate",
                "name": "4.10.0-fc.0"
              },
              {
                "id": "openshift-v4.10.0-fc.1-candidate",
                "name": "4.10.0-fc.1"
              },
              {
                "id": "openshift-v4.10.0-fc.2-candidate",
                "name": "4.10.0-fc.2"
              },
              {
                "id": "openshift-v4.10.0-fc.3-candidate",
                "name": "4.10.0-fc.3"
              },
              {
                "id": "openshift-v4.10.0-fc.4-candidate",
                "name": "4.10.0-fc.4"
              },
              {
                "id": "openshift-v4.10.0-rc.0-candidate",
                "name": "4.10.0-rc.0"
              },
              {
                "id": "openshift-v4.10.0-rc.1-candidate",
                "name": "4.10.0-rc.1"
              },
              {
                "id": "openshift-v4.10.0-rc.2-candidate",
                "name": "4.10.0-rc.2"
              },
              {
                "id": "openshift-v4.10.0-rc.3-candidate",
                "name": "4.10.0-rc.3"
              },
              {
                "id": "openshift-v4.10.0-rc.4-candidate",
                "name": "4.10.0-rc.4"
              },
              {
                "id": "openshift-v4.10.0-rc.5-candidate",
                "name": "4.10.0-rc.5"
              },
              {
                "id": "openshift-v4.10.0-rc.6-candidate",
                "name": "4.10.0-rc.6"
              },
              {
                "id": "openshift-v4.10.0-rc.7-candidate",
                "name": "4.10.0-rc.7"
              },
              {
                "id": "openshift-v4.10.0-rc.8-candidate",
                "name": "4.10.0-rc.8"
              },
              {
                "id": "openshift-v4.10.10",
                "name": "4.10.10"
              },
              {
                "id": "openshift-v4.10.10-candidate",
                "name": "4.10.10"
              },
              {
                "id": "openshift-v4.10.10-fast",
                "name": "4.10.10"
              },
              {
                "id": "openshift-v4.10.11",
                "name": "4.10.11"
              },
              {
                "id": "openshift-v4.10.11-candidate",
                "name": "4.10.11"
              },
              {
                "id": "openshift-v4.10.11-fast",
                "name": "4.10.11"
              },
              {
                "id": "openshift-v4.10.12",
                "name": "4.10.12"
              },
              {
                "id": "openshift-v4.10.12-candidate",
                "name": "4.10.12"
              },
              {
                "id": "openshift-v4.10.12-fast",
                "name": "4.10.12"
              },
              {
                "id": "openshift-v4.10.13",
                "name": "4.10.13"
              },
              {
                "id": "openshift-v4.10.13-candidate",
                "name": "4.10.13"
              },
              {
                "id": "openshift-v4.10.13-fast",
                "name": "4.10.13"
              },
              {
                "id": "openshift-v4.10.14",
                "name": "4.10.14"
              },
              {
                "id": "openshift-v4.10.14-candidate",
                "name": "4.10.14"
              },
              {
                "id": "openshift-v4.10.14-fast",
                "name": "4.10.14"
              },
              {
                "id": "openshift-v4.10.15",
                "name": "4.10.15"
              },
              {
                "id": "openshift-v4.10.15-candidate",
                "name": "4.10.15"
              },
              {
                "id": "openshift-v4.10.15-fast",
                "name": "4.10.15"
              },
              {
                "id": "openshift-v4.10.16",
                "name": "4.10.16"
              },
              {
                "id": "openshift-v4.10.16-candidate",
                "name": "4.10.16"
              },
              {
                "id": "openshift-v4.10.16-fast",
                "name": "4.10.16"
              },
              {
                "id": "openshift-v4.10.17",
                "name": "4.10.17"
              },
              {
                "id": "openshift-v4.10.17-candidate",
                "name": "4.10.17"
              },
              {
                "id": "openshift-v4.10.17-fast",
                "name": "4.10.17"
              },
              {
                "id": "openshift-v4.10.18",
                "name": "4.10.18"
              },
              {
                "id": "openshift-v4.10.18-candidate",
                "name": "4.10.18"
              },
              {
                "id": "openshift-v4.10.18-fast",
                "name": "4.10.18"
              },
              {
                "id": "openshift-v4.10.1-candidate",
                "name": "4.10.1"
              },
              {
                "id": "openshift-v4.10.20",
                "name": "4.10.20"
              },
              {
                "id": "openshift-v4.10.20-candidate",
                "name": "4.10.20"
              },
              {
                "id": "openshift-v4.10.20-fast",
                "name": "4.10.20"
              },
              {
                "id": "openshift-v4.10.21",
                "name": "4.10.21"
              },
              {
                "id": "openshift-v4.10.21-candidate",
                "name": "4.10.21"
              },
              {
                "id": "openshift-v4.10.21-fast",
                "name": "4.10.21"
              },
              {
                "id": "openshift-v4.10.22",
                "name": "4.10.22"
              },
              {
                "id": "openshift-v4.10.22-candidate",
                "name": "4.10.22"
              },
              {
                "id": "openshift-v4.10.22-fast",
                "name": "4.10.22"
              },
              {
                "id": "openshift-v4.10.23",
                "name": "4.10.23"
              },
              {
                "id": "openshift-v4.10.23-candidate",
                "name": "4.10.23"
              },
              {
                "id": "openshift-v4.10.23-fast",
                "name": "4.10.23"
              },
              {
                "id": "openshift-v4.10.24",
                "name": "4.10.24"
              },
              {
                "id": "openshift-v4.10.24-candidate",
                "name": "4.10.24"
              },
              {
                "id": "openshift-v4.10.24-fast",
                "name": "4.10.24"
              },
              {
                "id": "openshift-v4.10.25",
                "name": "4.10.25"
              },
              {
                "id": "openshift-v4.10.25-candidate",
                "name": "4.10.25"
              },
              {
                "id": "openshift-v4.10.25-fast",
                "name": "4.10.25"
              },
              {
                "id": "openshift-v4.10.26",
                "name": "4.10.26"
              },
              {
                "id": "openshift-v4.10.26-candidate",
                "name": "4.10.26"
              },
              {
                "id": "openshift-v4.10.26-fast",
                "name": "4.10.26"
              },
              {
                "id": "openshift-v4.10.27-candidate",
                "name": "4.10.27"
              },
              {
                "id": "openshift-v4.10.28",
                "name": "4.10.28"
              },
              {
                "id": "openshift-v4.10.28-candidate",
                "name": "4.10.28"
              },
              {
                "id": "openshift-v4.10.28-fast",
                "name": "4.10.28"
              },
              {
                "id": "openshift-v4.10.29-candidate",
                "name": "4.10.29"
              },
              {
                "id": "openshift-v4.10.2-candidate",
                "name": "4.10.2"
              },
              {
                "id": "openshift-v4.10.3",
                "name": "4.10.3"
              },
              {
                "id": "openshift-v4.10.30",
                "name": "4.10.30"
              },
              {
                "id": "openshift-v4.10.30-candidate",
                "name": "4.10.30"
              },
              {
                "id": "openshift-v4.10.30-fast",
                "name": "4.10.30"
              },
              {
                "id": "openshift-v4.10.31",
                "name": "4.10.31"
              },
              {
                "id": "openshift-v4.10.31-candidate",
                "name": "4.10.31"
              },
              {
                "id": "openshift-v4.10.31-fast",
                "name": "4.10.31"
              },
              {
                "id": "openshift-v4.10.32",
                "name": "4.10.32"
              },
              {
                "id": "openshift-v4.10.32-candidate",
                "name": "4.10.32"
              },
              {
                "id": "openshift-v4.10.32-fast",
                "name": "4.10.32"
              },
              {
                "id": "openshift-v4.10.33",
                "name": "4.10.33"
              },
              {
                "id": "openshift-v4.10.33-candidate",
                "name": "4.10.33"
              },
              {
                "id": "openshift-v4.10.33-fast",
                "name": "4.10.33"
              },
              {
                "id": "openshift-v4.10.34",
                "name": "4.10.34"
              },
              {
                "id": "openshift-v4.10.34-candidate",
                "name": "4.10.34"
              },
              {
                "id": "openshift-v4.10.34-fast",
                "name": "4.10.34"
              },
              {
                "id": "openshift-v4.10.35",
                "name": "4.10.35"
              },
              {
                "id": "openshift-v4.10.35-candidate",
                "name": "4.10.35"
              },
              {
                "id": "openshift-v4.10.35-fast",
                "name": "4.10.35"
              },
              {
                "id": "openshift-v4.10.36",
                "name": "4.10.36"
              },
              {
                "id": "openshift-v4.10.36-candidate",
                "name": "4.10.36"
              },
              {
                "id": "openshift-v4.10.36-fast",
                "name": "4.10.36"
              },
              {
                "id": "openshift-v4.10.37",
                "name": "4.10.37"
              },
              {
                "id": "openshift-v4.10.37-candidate",
                "name": "4.10.37"
              },
              {
                "id": "openshift-v4.10.37-fast",
                "name": "4.10.37"
              },
              {
                "id": "openshift-v4.10.38",
                "name": "4.10.38"
              },
              {
                "id": "openshift-v4.10.38-candidate",
                "name": "4.10.38"
              },
              {
                "id": "openshift-v4.10.38-fast",
                "name": "4.10.38"
              },
              {
                "id": "openshift-v4.10.39",
                "name": "4.10.39"
              },
              {
                "id": "openshift-v4.10.39-candidate",
                "name": "4.10.39"
              },
              {
                "id": "openshift-v4.10.39-fast",
                "name": "4.10.39"
              },
              {
                "id": "openshift-v4.10.3-candidate",
                "name": "4.10.3"
              },
              {
                "id": "openshift-v4.10.3-fast",
                "name": "4.10.3"
              },
              {
                "id": "openshift-v4.10.4",
                "name": "4.10.4"
              },
              {
                "id": "openshift-v4.10.40",
                "name": "4.10.40"
              },
              {
                "id": "openshift-v4.10.40-candidate",
                "name": "4.10.40"
              },
              {
                "id": "openshift-v4.10.40-fast",
                "name": "4.10.40"
              },
              {
                "id": "openshift-v4.10.41",
                "name": "4.10.41"
              },
              {
                "id": "openshift-v4.10.41-candidate",
                "name": "4.10.41"
              },
              {
                "id": "openshift-v4.10.41-fast",
                "name": "4.10.41"
              },
              {
                "id": "openshift-v4.10.42",
                "name": "4.10.42"
              },
              {
                "id": "openshift-v4.10.42-candidate",
                "name": "4.10.42"
              },
              {
                "id": "openshift-v4.10.42-fast",
                "name": "4.10.42"
              },
              {
                "id": "openshift-v4.10.43",
                "name": "4.10.43"
              },
              {
                "id": "openshift-v4.10.43-candidate",
                "name": "4.10.43"
              },
              {
                "id": "openshift-v4.10.43-fast",
                "name": "4.10.43"
              },
              {
                "id": "openshift-v4.10.44-candidate",
                "name": "4.10.44"
              },
              {
                "id": "openshift-v4.10.45",
                "name": "4.10.45"
              },
              {
                "id": "openshift-v4.10.45-candidate",
                "name": "4.10.45"
              },
              {
                "id": "openshift-v4.10.45-fast",
                "name": "4.10.45"
              },
              {
                "id": "openshift-v4.10.46",
                "name": "4.10.46"
              },
              {
                "id": "openshift-v4.10.46-candidate",
                "name": "4.10.46"
              },
              {
                "id": "openshift-v4.10.46-fast",
                "name": "4.10.46"
              },
              {
                "id": "openshift-v4.10.47",
                "name": "4.10.47"
              },
              {
                "id": "openshift-v4.10.47-candidate",
                "name": "4.10.47"
              },
              {
                "id": "openshift-v4.10.47-fast",
                "name": "4.10.47"
              },
              {
                "id": "openshift-v4.10.48-candidate",
                "name": "4.10.48"
              },
              {
                "id": "openshift-v4.10.4-candidate",
                "name": "4.10.4"
              },
              {
                "id": "openshift-v4.10.4-fast",
                "name": "4.10.4"
              },
              {
                "id": "openshift-v4.10.5",
                "name": "4.10.5"
              },
              {
                "id": "openshift-v4.10.50",
                "name": "4.10.50"
              },
              {
                "id": "openshift-v4.10.50-candidate",
                "name": "4.10.50"
              },
              {
                "id": "openshift-v4.10.50-fast",
                "name": "4.10.50"
              },
              {
                "id": "openshift-v4.10.51",
                "name": "4.10.51"
              },
              {
                "id": "openshift-v4.10.51-candidate",
                "name": "4.10.51"
              },
              {
                "id": "openshift-v4.10.51-fast",
                "name": "4.10.51"
              },
              {
                "id": "openshift-v4.10.52",
                "name": "4.10.52"
              },
              {
                "id": "openshift-v4.10.52-candidate",
                "name": "4.10.52"
              },
              {
                "id": "openshift-v4.10.52-fast",
                "name": "4.10.52"
              },
              {
                "id": "openshift-v4.10.53",
                "name": "4.10.53"
              },
              {
                "id": "openshift-v4.10.53-candidate",
                "name": "4.10.53"
              },
              {
                "id": "openshift-v4.10.53-fast",
                "name": "4.10.53"
              },
              {
                "id": "openshift-v4.10.54",
                "name": "4.10.54"
              },
              {
                "id": "openshift-v4.10.54-candidate",
                "name": "4.10.54"
              },
              {
                "id": "openshift-v4.10.54-fast",
                "name": "4.10.54"
              },
              {
                "id": "openshift-v4.10.55",
                "name": "4.10.55"
              },
              {
                "id": "openshift-v4.10.55-candidate",
                "name": "4.10.55"
              },
              {
                "id": "openshift-v4.10.55-fast",
                "name": "4.10.55"
              },
              {
                "id": "openshift-v4.10.56",
                "name": "4.10.56"
              },
              {
                "id": "openshift-v4.10.56-candidate",
                "name": "4.10.56"
              },
              {
                "id": "openshift-v4.10.56-fast",
                "name": "4.10.56"
              },
              {
                "id": "openshift-v4.10.57",
                "name": "4.10.57"
              },
              {
                "id": "openshift-v4.10.57-candidate",
                "name": "4.10.57"
              },
              {
                "id": "openshift-v4.10.57-fast",
                "name": "4.10.57"
              },
              {
                "id": "openshift-v4.10.58",
                "name": "4.10.58"
              },
              {
                "id": "openshift-v4.10.58-candidate",
                "name": "4.10.58"
              },
              {
                "id": "openshift-v4.10.58-fast",
                "name": "4.10.58"
              },
              {
                "id": "openshift-v4.10.59",
                "name": "4.10.59"
              },
              {
                "id": "openshift-v4.10.59-candidate",
                "name": "4.10.59"
              },
              {
                "id": "openshift-v4.10.59-fast",
                "name": "4.10.59"
              },
              {
                "id": "openshift-v4.10.5-candidate",
                "name": "4.10.5"
              },
              {
                "id": "openshift-v4.10.5-fast",
                "name": "4.10.5"
              },
              {
                "id": "openshift-v4.10.6",
                "name": "4.10.6"
              },
              {
                "id": "openshift-v4.10.60",
                "name": "4.10.60"
              },
              {
                "id": "openshift-v4.10.60-candidate",
                "name": "4.10.60"
              },
              {
                "id": "openshift-v4.10.60-fast",
                "name": "4.10.60"
              },
              {
                "id": "openshift-v4.10.61",
                "name": "4.10.61"
              },
              {
                "id": "openshift-v4.10.61-candidate",
                "name": "4.10.61"
              },
              {
                "id": "openshift-v4.10.61-fast",
                "name": "4.10.61"
              },
              {
                "id": "openshift-v4.10.62",
                "name": "4.10.62"
              },
              {
                "id": "openshift-v4.10.62-candidate",
                "name": "4.10.62"
              },
              {
                "id": "openshift-v4.10.62-fast",
                "name": "4.10.62"
              },
              {
                "id": "openshift-v4.10.63",
                "name": "4.10.63"
              },
              {
                "id": "openshift-v4.10.63-candidate",
                "name": "4.10.63"
              },
              {
                "id": "openshift-v4.10.63-fast",
                "name": "4.10.63"
              },
              {
                "id": "openshift-v4.10.64",
                "name": "4.10.64"
              },
              {
                "id": "openshift-v4.10.64-candidate",
                "name": "4.10.64"
              },
              {
                "id": "openshift-v4.10.64-fast",
                "name": "4.10.64"
              },
              {
                "id": "openshift-v4.10.65",
                "name": "4.10.65"
              },
              {
                "id": "openshift-v4.10.65-candidate",
                "name": "4.10.65"
              },
              {
                "id": "openshift-v4.10.65-fast",
                "name": "4.10.65"
              },
              {
                "id": "openshift-v4.10.66",
                "name": "4.10.66"
              },
              {
                "id": "openshift-v4.10.66-candidate",
                "name": "4.10.66"
              },
              {
                "id": "openshift-v4.10.66-fast",
                "name": "4.10.66"
              },
              {
                "id": "openshift-v4.10.67",
                "name": "4.10.67"
              },
              {
                "id": "openshift-v4.10.67-candidate",
                "name": "4.10.67"
              },
              {
                "id": "openshift-v4.10.67-fast",
                "name": "4.10.67"
              },
              {
                "id": "openshift-v4.10.6-candidate",
                "name": "4.10.6"
              },
              {
                "id": "openshift-v4.10.6-fast",
                "name": "4.10.6"
              },
              {
                "id": "openshift-v4.10.7-candidate",
                "name": "4.10.7"
              },
              {
                "id": "openshift-v4.10.8",
                "name": "4.10.8"
              },
              {
                "id": "openshift-v4.10.8-candidate",
                "name": "4.10.8"
              },
              {
                "id": "openshift-v4.10.8-fast",
                "name": "4.10.8"
              },
              {
                "id": "openshift-v4.10.9",
                "name": "4.10.9"
              },
              {
                "id": "openshift-v4.10.9-candidate",
                "name": "4.10.9"
              },
              {
                "id": "openshift-v4.10.9-fast",
                "name": "4.10.9"
              },
              {
                "id": "openshift-v4.11.0-0.nightly-2023-09-12-145440-nightly",
                "name": "4.11.0-0.nightly-2023-09-12-145440"
              },
              {
                "id": "openshift-v4.11.0-0.nightly-2023-09-12-232946-nightly",
                "name": "4.11.0-0.nightly-2023-09-12-232946"
              },
              {
                "id": "openshift-v4.11.0-candidate",
                "name": "4.11.0"
              },
              {
                "id": "openshift-v4.11.0-fast",
                "name": "4.11.0"
              },
              {
                "id": "openshift-v4.11.0-fc.0-candidate",
                "name": "4.11.0-fc.0"
              },
              {
                "id": "openshift-v4.11.0-fc.3-candidate",
                "name": "4.11.0-fc.3"
              },
              {
                "id": "openshift-v4.11.0-rc.0-candidate",
                "name": "4.11.0-rc.0"
              },
              {
                "id": "openshift-v4.11.0-rc.1-candidate",
                "name": "4.11.0-rc.1"
              },
              {
                "id": "openshift-v4.11.0-rc.2-candidate",
                "name": "4.11.0-rc.2"
              },
              {
                "id": "openshift-v4.11.0-rc.3-candidate",
                "name": "4.11.0-rc.3"
              },
              {
                "id": "openshift-v4.11.0-rc.4-candidate",
                "name": "4.11.0-rc.4"
              },
              {
                "id": "openshift-v4.11.0-rc.5-candidate",
                "name": "4.11.0-rc.5"
              },
              {
                "id": "openshift-v4.11.0-rc.6-candidate",
                "name": "4.11.0-rc.6"
              },
              {
                "id": "openshift-v4.11.0-rc.7-candidate",
                "name": "4.11.0-rc.7"
              },
              {
                "id": "openshift-v4.11.10-candidate",
                "name": "4.11.10"
              },
              {
                "id": "openshift-v4.11.11-candidate",
                "name": "4.11.11"
              },
              {
                "id": "openshift-v4.11.12-candidate",
                "name": "4.11.12"
              },
              {
                "id": "openshift-v4.11.12-fast",
                "name": "4.11.12"
              },
              {
                "id": "openshift-v4.11.13-candidate",
                "name": "4.11.13"
              },
              {
                "id": "openshift-v4.11.13-fast",
                "name": "4.11.13"
              },
              {
                "id": "openshift-v4.11.14-candidate",
                "name": "4.11.14"
              },
              {
                "id": "openshift-v4.11.16-candidate",
                "name": "4.11.16"
              },
              {
                "id": "openshift-v4.11.16-fast",
                "name": "4.11.16"
              },
              {
                "id": "openshift-v4.11.17-candidate",
                "name": "4.11.17"
              },
              {
                "id": "openshift-v4.11.17-fast",
                "name": "4.11.17"
              },
              {
                "id": "openshift-v4.11.18-candidate",
                "name": "4.11.18"
              },
              {
                "id": "openshift-v4.11.18-fast",
                "name": "4.11.18"
              },
              {
                "id": "openshift-v4.11.19-candidate",
                "name": "4.11.19"
              },
              {
                "id": "openshift-v4.11.1-candidate",
                "name": "4.11.1"
              },
              {
                "id": "openshift-v4.11.1-fast",
                "name": "4.11.1"
              },
              {
                "id": "openshift-v4.11.20-candidate",
                "name": "4.11.20"
              },
              {
                "id": "openshift-v4.11.20-fast",
                "name": "4.11.20"
              },
              {
                "id": "openshift-v4.11.21-candidate",
                "name": "4.11.21"
              },
              {
                "id": "openshift-v4.11.21-fast",
                "name": "4.11.21"
              },
              {
                "id": "openshift-v4.11.22-candidate",
                "name": "4.11.22"
              },
              {
                "id": "openshift-v4.11.22-fast",
                "name": "4.11.22"
              },
              {
                "id": "openshift-v4.11.23-candidate",
                "name": "4.11.23"
              },
              {
                "id": "openshift-v4.11.23-fast",
                "name": "4.11.23"
              },
              {
                "id": "openshift-v4.11.24-candidate",
                "name": "4.11.24"
              },
              {
                "id": "openshift-v4.11.24-fast",
                "name": "4.11.24"
              },
              {
                "id": "openshift-v4.11.25-candidate",
                "name": "4.11.25"
              },
              {
                "id": "openshift-v4.11.25-fast",
                "name": "4.11.25"
              },
              {
                "id": "openshift-v4.11.26-candidate",
                "name": "4.11.26"
              },
              {
                "id": "openshift-v4.11.26-fast",
                "name": "4.11.26"
              },
              {
                "id": "openshift-v4.11.27-candidate",
                "name": "4.11.27"
              },
              {
                "id": "openshift-v4.11.27-fast",
                "name": "4.11.27"
              },
              {
                "id": "openshift-v4.11.28-candidate",
                "name": "4.11.28"
              },
              {
                "id": "openshift-v4.11.28-fast",
                "name": "4.11.28"
              },
              {
                "id": "openshift-v4.11.29-candidate",
                "name": "4.11.29"
              },
              {
                "id": "openshift-v4.11.29-fast",
                "name": "4.11.29"
              },
              {
                "id": "openshift-v4.11.2-candidate",
                "name": "4.11.2"
              },
              {
                "id": "openshift-v4.11.2-fast",
                "name": "4.11.2"
              },
              {
                "id": "openshift-v4.11.30-candidate",
                "name": "4.11.30"
              },
              {
                "id": "openshift-v4.11.30-fast",
                "name": "4.11.30"
              },
              {
                "id": "openshift-v4.11.31-candidate",
                "name": "4.11.31"
              },
              {
                "id": "openshift-v4.11.31-fast",
                "name": "4.11.31"
              },
              {
                "id": "openshift-v4.11.32-candidate",
                "name": "4.11.32"
              },
              {
                "id": "openshift-v4.11.32-fast",
                "name": "4.11.32"
              },
              {
                "id": "openshift-v4.11.33-candidate",
                "name": "4.11.33"
              },
              {
                "id": "openshift-v4.11.33-fast",
                "name": "4.11.33"
              },
              {
                "id": "openshift-v4.11.34-candidate",
                "name": "4.11.34"
              },
              {
                "id": "openshift-v4.11.34-fast",
                "name": "4.11.34"
              },
              {
                "id": "openshift-v4.11.35-candidate",
                "name": "4.11.35"
              },
              {
                "id": "openshift-v4.11.35-fast",
                "name": "4.11.35"
              },
              {
                "id": "openshift-v4.11.36",
                "name": "4.11.36"
              },
              {
                "id": "openshift-v4.11.36-candidate",
                "name": "4.11.36"
              },
              {
                "id": "openshift-v4.11.36-fast",
                "name": "4.11.36"
              },
              {
                "id": "openshift-v4.11.37",
                "name": "4.11.37"
              },
              {
                "id": "openshift-v4.11.37-candidate",
                "name": "4.11.37"
              },
              {
                "id": "openshift-v4.11.37-fast",
                "name": "4.11.37"
              },
              {
                "id": "openshift-v4.11.38",
                "name": "4.11.38"
              },
              {
                "id": "openshift-v4.11.38-candidate",
                "name": "4.11.38"
              },
              {
                "id": "openshift-v4.11.38-fast",
                "name": "4.11.38"
              },
              {
                "id": "openshift-v4.11.39",
                "name": "4.11.39"
              },
              {
                "id": "openshift-v4.11.39-candidate",
                "name": "4.11.39"
              },
              {
                "id": "openshift-v4.11.39-fast",
                "name": "4.11.39"
              },
              {
                "id": "openshift-v4.11.3-candidate",
                "name": "4.11.3"
              },
              {
                "id": "openshift-v4.11.3-fast",
                "name": "4.11.3"
              },
              {
                "id": "openshift-v4.11.40",
                "name": "4.11.40"
              },
              {
                "id": "openshift-v4.11.40-candidate",
                "name": "4.11.40"
              },
              {
                "id": "openshift-v4.11.40-fast",
                "name": "4.11.40"
              },
              {
                "id": "openshift-v4.11.41",
                "name": "4.11.41"
              },
              {
                "id": "openshift-v4.11.41-candidate",
                "name": "4.11.41"
              },
              {
                "id": "openshift-v4.11.41-fast",
                "name": "4.11.41"
              },
              {
                "id": "openshift-v4.11.42",
                "name": "4.11.42"
              },
              {
                "id": "openshift-v4.11.42-candidate",
                "name": "4.11.42"
              },
              {
                "id": "openshift-v4.11.42-fast",
                "name": "4.11.42"
              },
              {
                "id": "openshift-v4.11.43",
                "name": "4.11.43"
              },
              {
                "id": "openshift-v4.11.43-candidate",
                "name": "4.11.43"
              },
              {
                "id": "openshift-v4.11.43-fast",
                "name": "4.11.43"
              },
              {
                "id": "openshift-v4.11.44",
                "name": "4.11.44"
              },
              {
                "id": "openshift-v4.11.44-candidate",
                "name": "4.11.44"
              },
              {
                "id": "openshift-v4.11.44-fast",
                "name": "4.11.44"
              },
              {
                "id": "openshift-v4.11.45",
                "name": "4.11.45"
              },
              {
                "id": "openshift-v4.11.45-candidate",
                "name": "4.11.45"
              },
              {
                "id": "openshift-v4.11.45-fast",
                "name": "4.11.45"
              },
              {
                "id": "openshift-v4.11.46",
                "name": "4.11.46"
              },
              {
                "id": "openshift-v4.11.46-candidate",
                "name": "4.11.46"
              },
              {
                "id": "openshift-v4.11.46-fast",
                "name": "4.11.46"
              },
              {
                "id": "openshift-v4.11.47",
                "name": "4.11.47"
              },
              {
                "id": "openshift-v4.11.47-candidate",
                "name": "4.11.47"
              },
              {
                "id": "openshift-v4.11.47-fast",
                "name": "4.11.47"
              },
              {
                "id": "openshift-v4.11.48",
                "name": "4.11.48"
              },
              {
                "id": "openshift-v4.11.48-candidate",
                "name": "4.11.48"
              },
              {
                "id": "openshift-v4.11.48-fast",
                "name": "4.11.48"
              },
              {
                "id": "openshift-v4.11.49",
                "name": "4.11.49"
              },
              {
                "id": "openshift-v4.11.49-candidate",
                "name": "4.11.49"
              },
              {
                "id": "openshift-v4.11.49-fast",
                "name": "4.11.49"
              },
              {
                "id": "openshift-v4.11.4-candidate",
                "name": "4.11.4"
              },
              {
                "id": "openshift-v4.11.4-fast",
                "name": "4.11.4"
              },
              {
                "id": "openshift-v4.11.50",
                "name": "4.11.50"
              },
              {
                "id": "openshift-v4.11.50-candidate",
                "name": "4.11.50"
              },
              {
                "id": "openshift-v4.11.50-fast",
                "name": "4.11.50"
              },
              {
                "id": "openshift-v4.11.51-candidate",
                "name": "4.11.51"
              },
              {
                "id": "openshift-v4.11.52",
                "name": "4.11.52"
              },
              {
                "id": "openshift-v4.11.52-candidate",
                "name": "4.11.52"
              },
              {
                "id": "openshift-v4.11.52-fast",
                "name": "4.11.52"
              },
              {
                "id": "openshift-v4.11.53",
                "name": "4.11.53"
              },
              {
                "id": "openshift-v4.11.53-candidate",
                "name": "4.11.53"
              },
              {
                "id": "openshift-v4.11.53-fast",
                "name": "4.11.53"
              },
              {
                "id": "openshift-v4.11.54",
                "name": "4.11.54"
              },
              {
                "id": "openshift-v4.11.54-candidate",
                "name": "4.11.54"
              },
              {
                "id": "openshift-v4.11.54-fast",
                "name": "4.11.54"
              },
              {
                "id": "openshift-v4.11.55",
                "name": "4.11.55"
              },
              {
                "id": "openshift-v4.11.55-candidate",
                "name": "4.11.55"
              },
              {
                "id": "openshift-v4.11.55-fast",
                "name": "4.11.55"
              },
              {
                "id": "openshift-v4.11.56",
                "name": "4.11.56"
              },
              {
                "id": "openshift-v4.11.56-candidate",
                "name": "4.11.56"
              },
              {
                "id": "openshift-v4.11.56-fast",
                "name": "4.11.56"
              },
              {
                "id": "openshift-v4.11.57",
                "name": "4.11.57"
              },
              {
                "id": "openshift-v4.11.57-candidate",
                "name": "4.11.57"
              },
              {
                "id": "openshift-v4.11.57-fast",
                "name": "4.11.57"
              },
              {
                "id": "openshift-v4.11.58",
                "name": "4.11.58"
              },
              {
                "id": "openshift-v4.11.58-candidate",
                "name": "4.11.58"
              },
              {
                "id": "openshift-v4.11.58-fast",
                "name": "4.11.58"
              },
              {
                "id": "openshift-v4.11.59",
                "name": "4.11.59"
              },
              {
                "id": "openshift-v4.11.59-candidate",
                "name": "4.11.59"
              },
              {
                "id": "openshift-v4.11.59-fast",
                "name": "4.11.59"
              },
              {
                "id": "openshift-v4.11.5-candidate",
                "name": "4.11.5"
              },
              {
                "id": "openshift-v4.11.5-fast",
                "name": "4.11.5"
              },
              {
                "id": "openshift-v4.11.6-candidate",
                "name": "4.11.6"
              },
              {
                "id": "openshift-v4.11.6-fast",
                "name": "4.11.6"
              },
              {
                "id": "openshift-v4.11.7-candidate",
                "name": "4.11.7"
              },
              {
                "id": "openshift-v4.11.7-fast",
                "name": "4.11.7"
              },
              {
                "id": "openshift-v4.11.8-candidate",
                "name": "4.11.8"
              },
              {
                "id": "openshift-v4.11.8-fast",
                "name": "4.11.8"
              },
              {
                "id": "openshift-v4.11.9-candidate",
                "name": "4.11.9"
              },
              {
                "id": "openshift-v4.11.9-fast",
                "name": "4.11.9"
              },
              {
                "id": "openshift-v4.12.0-0.nightly-2024-07-03-022957-nightly",
                "name": "4.12.0-0.nightly-2024-07-03-022957"
              },
              {
                "id": "openshift-v4.12.0-0.nightly-2024-07-03-134927-nightly",
                "name": "4.12.0-0.nightly-2024-07-03-134927"
              },
              {
                "id": "openshift-v4.12.0-0.nightly-2024-07-05-222651-nightly",
                "name": "4.12.0-0.nightly-2024-07-05-222651"
              },
              {
                "id": "openshift-v4.12.0-0.nightly-2024-07-08-094144-nightly",
                "name": "4.12.0-0.nightly-2024-07-08-094144"
              },
              {
                "id": "openshift-v4.12.0-0.nightly-2024-07-08-154144-nightly",
                "name": "4.12.0-0.nightly-2024-07-08-154144"
              },
              {
                "id": "openshift-v4.12.0-0.nightly-2024-07-09-114714-nightly",
                "name": "4.12.0-0.nightly-2024-07-09-114714"
              },
              {
                "id": "openshift-v4.12.0-0.nightly-2024-07-17-155159-nightly",
                "name": "4.12.0-0.nightly-2024-07-17-155159"
              },
              {
                "id": "openshift-v4.12.0-0.nightly-2024-07-20-083522-nightly",
                "name": "4.12.0-0.nightly-2024-07-20-083522"
              },
              {
                "id": "openshift-v4.12.0-0.nightly-2024-07-24-142551-nightly",
                "name": "4.12.0-0.nightly-2024-07-24-142551"
              },
              {
                "id": "openshift-v4.12.0-0.nightly-2024-07-25-090053-nightly",
                "name": "4.12.0-0.nightly-2024-07-25-090053"
              },
              {
                "id": "openshift-v4.12.0-0.nightly-2024-07-29-093516-nightly",
                "name": "4.12.0-0.nightly-2024-07-29-093516"
              },
              {
                "id": "openshift-v4.12.0-0.nightly-2024-08-07-092548-nightly",
                "name": "4.12.0-0.nightly-2024-08-07-092548"
              },
              {
                "id": "openshift-v4.12.0-0.nightly-2024-08-08-032001-nightly",
                "name": "4.12.0-0.nightly-2024-08-08-032001"
              },
              {
                "id": "openshift-v4.12.0-0.nightly-2024-08-09-224753-nightly",
                "name": "4.12.0-0.nightly-2024-08-09-224753"
              },
              {
                "id": "openshift-v4.12.0-0.nightly-2024-08-12-030715-nightly",
                "name": "4.12.0-0.nightly-2024-08-12-030715"
              },
              {
                "id": "openshift-v4.12.0-0.nightly-2024-08-12-154937-nightly",
                "name": "4.12.0-0.nightly-2024-08-12-154937"
              },
              {
                "id": "openshift-v4.12.0-0.nightly-2024-08-14-010756-nightly",
                "name": "4.12.0-0.nightly-2024-08-14-010756"
              },
              {
                "id": "openshift-v4.12.0-0.nightly-2024-08-16-175235-nightly",
                "name": "4.12.0-0.nightly-2024-08-16-175235"
              },
              {
                "id": "openshift-v4.12.0-0.nightly-2024-08-19-053019-nightly",
                "name": "4.12.0-0.nightly-2024-08-19-053019"
              },
              {
                "id": "openshift-v4.12.0-0.nightly-2024-08-19-113019-nightly",
                "name": "4.12.0-0.nightly-2024-08-19-113019"
              },
              {
                "id": "openshift-v4.12.0-0.nightly-2024-08-19-173019-nightly",
                "name": "4.12.0-0.nightly-2024-08-19-173019"
              },
              {
                "id": "openshift-v4.12.0-0.nightly-2024-08-23-074546-nightly",
                "name": "4.12.0-0.nightly-2024-08-23-074546"
              },
              {
                "id": "openshift-v4.12.0-0.nightly-2024-08-26-080100-nightly",
                "name": "4.12.0-0.nightly-2024-08-26-080100"
              },
              {
                "id": "openshift-v4.12.0-0.nightly-2024-08-27-050258-nightly",
                "name": "4.12.0-0.nightly-2024-08-27-050258"
              },
              {
                "id": "openshift-v4.12.0-0.nightly-2024-08-27-110258-nightly",
                "name": "4.12.0-0.nightly-2024-08-27-110258"
              },
              {
                "id": "openshift-v4.12.0-0.nightly-2024-09-03-205352-nightly",
                "name": "4.12.0-0.nightly-2024-09-03-205352"
              },
              {
                "id": "openshift-v4.12.0-0.nightly-2024-09-04-103217-nightly",
                "name": "4.12.0-0.nightly-2024-09-04-103217"
              },
              {
                "id": "openshift-v4.12.0-0.nightly-2024-09-10-205922-nightly",
                "name": "4.12.0-0.nightly-2024-09-10-205922"
              },
              {
                "id": "openshift-v4.12.0-0.nightly-2024-09-11-164455-nightly",
                "name": "4.12.0-0.nightly-2024-09-11-164455"
              },
              {
                "id": "openshift-v4.12.0-0.nightly-2024-09-12-010430-nightly",
                "name": "4.12.0-0.nightly-2024-09-12-010430"
              },
              {
                "id": "openshift-v4.12.0-0.nightly-2024-09-12-141356-nightly",
                "name": "4.12.0-0.nightly-2024-09-12-141356"
              },
              {
                "id": "openshift-v4.12.0-0.nightly-2024-09-20-143200-nightly",
                "name": "4.12.0-0.nightly-2024-09-20-143200"
              },
              {
                "id": "openshift-v4.12.0-0.nightly-2024-09-20-213750-nightly",
                "name": "4.12.0-0.nightly-2024-09-20-213750"
              },
              {
                "id": "openshift-v4.12.0-0.nightly-2024-09-23-023600-nightly",
                "name": "4.12.0-0.nightly-2024-09-23-023600"
              },
              {
                "id": "openshift-v4.12.0-0.nightly-2024-09-25-184201-nightly",
                "name": "4.12.0-0.nightly-2024-09-25-184201"
              },
              {
                "id": "openshift-v4.12.0-0.nightly-2024-09-27-050436-nightly",
                "name": "4.12.0-0.nightly-2024-09-27-050436"
              },
              {
                "id": "openshift-v4.12.0-0.nightly-2024-09-29-183925-nightly",
                "name": "4.12.0-0.nightly-2024-09-29-183925"
              },
              {
                "id": "openshift-v4.12.0-0.nightly-2024-09-30-040417-nightly",
                "name": "4.12.0-0.nightly-2024-09-30-040417"
              },
              {
                "id": "openshift-v4.12.0-0.nightly-2024-10-01-035743-nightly",
                "name": "4.12.0-0.nightly-2024-10-01-035743"
              },
              {
                "id": "openshift-v4.12.0-0.nightly-2024-10-01-192153-nightly",
                "name": "4.12.0-0.nightly-2024-10-01-192153"
              },
              {
                "id": "openshift-v4.12.0-0.nightly-2024-10-02-024549-nightly",
                "name": "4.12.0-0.nightly-2024-10-02-024549"
              },
              {
                "id": "openshift-v4.12.0-0.nightly-2024-10-02-113011-nightly",
                "name": "4.12.0-0.nightly-2024-10-02-113011"
              },
              {
                "id": "openshift-v4.12.0-0.nightly-2024-10-04-143908-nightly",
                "name": "4.12.0-0.nightly-2024-10-04-143908"
              },
              {
                "id": "openshift-v4.12.0-0.nightly-2024-10-08-130134-nightly",
                "name": "4.12.0-0.nightly-2024-10-08-130134"
              },
              {
                "id": "openshift-v4.12.0-0.nightly-2024-10-09-003231-nightly",
                "name": "4.12.0-0.nightly-2024-10-09-003231"
              },
              {
                "id": "openshift-v4.12.0-0.nightly-2024-10-09-170259-nightly",
                "name": "4.12.0-0.nightly-2024-10-09-170259"
              },
              {
                "id": "openshift-v4.12.0-0.nightly-2024-10-15-220223-nightly",
                "name": "4.12.0-0.nightly-2024-10-15-220223"
              },
              {
                "id": "openshift-v4.12.0-0.nightly-2024-10-17-131432-nightly",
                "name": "4.12.0-0.nightly-2024-10-17-131432"
              },
              {
                "id": "openshift-v4.12.0-0.nightly-2024-10-23-142622-nightly",
                "name": "4.12.0-0.nightly-2024-10-23-142622"
              },
              {
                "id": "openshift-v4.12.0-0.nightly-2024-10-24-204949-nightly",
                "name": "4.12.0-0.nightly-2024-10-24-204949"
              },
              {
                "id": "openshift-v4.12.0-0.nightly-2024-10-25-035846-nightly",
                "name": "4.12.0-0.nightly-2024-10-25-035846"
              },
              {
                "id": "openshift-v4.12.0-0.nightly-2024-10-28-233940-nightly",
                "name": "4.12.0-0.nightly-2024-10-28-233940"
              },
              {
                "id": "openshift-v4.12.0-0.nightly-2024-10-30-135126-nightly",
                "name": "4.12.0-0.nightly-2024-10-30-135126"
              },
              {
                "id": "openshift-v4.12.0-0.nightly-2024-10-31-141700-nightly",
                "name": "4.12.0-0.nightly-2024-10-31-141700"
              },
              {
                "id": "openshift-v4.12.0-0.nightly-2024-11-05-090000-nightly",
                "name": "4.12.0-0.nightly-2024-11-05-090000"
              },
              {
                "id": "openshift-v4.12.0-0.nightly-2024-11-07-052924-nightly",
                "name": "4.12.0-0.nightly-2024-11-07-052924"
              },
              {
                "id": "openshift-v4.12.0-0.nightly-2024-11-08-161304-nightly",
                "name": "4.12.0-0.nightly-2024-11-08-161304"
              },
              {
                "id": "openshift-v4.12.0-0.nightly-2024-11-11-204249-nightly",
                "name": "4.12.0-0.nightly-2024-11-11-204249"
              },
              {
                "id": "openshift-v4.12.0-0.nightly-2024-11-13-010326-nightly",
                "name": "4.12.0-0.nightly-2024-11-13-010326"
              },
              {
                "id": "openshift-v4.12.0-0.nightly-2024-11-18-021414-nightly",
                "name": "4.12.0-0.nightly-2024-11-18-021414"
              },
              {
                "id": "openshift-v4.12.0-0.nightly-2024-11-20-124756-nightly",
                "name": "4.12.0-0.nightly-2024-11-20-124756"
              },
              {
                "id": "openshift-v4.12.0-0.nightly-2024-11-28-002254-nightly",
                "name": "4.12.0-0.nightly-2024-11-28-002254"
              },
              {
                "id": "openshift-v4.12.0-0.nightly-2024-12-02-044358-nightly",
                "name": "4.12.0-0.nightly-2024-12-02-044358"
              },
              {
                "id": "openshift-v4.12.0-0.nightly-2024-12-02-183208-nightly",
                "name": "4.12.0-0.nightly-2024-12-02-183208"
              },
              {
                "id": "openshift-v4.12.0-0.nightly-2024-12-18-093146-nightly",
                "name": "4.12.0-0.nightly-2024-12-18-093146"
              },
              {
                "id": "openshift-v4.12.0-0.nightly-2024-12-18-205618-nightly",
                "name": "4.12.0-0.nightly-2024-12-18-205618"
              },
              {
                "id": "openshift-v4.12.0-0.nightly-2025-01-08-021524-nightly",
                "name": "4.12.0-0.nightly-2025-01-08-021524"
              },
              {
                "id": "openshift-v4.12.0-0.nightly-2025-01-16-194956-nightly",
                "name": "4.12.0-0.nightly-2025-01-16-194956"
              },
              {
                "id": "openshift-v4.12.0-0.nightly-2025-01-17-100845-nightly",
                "name": "4.12.0-0.nightly-2025-01-17-100845"
              },
              {
                "id": "openshift-v4.12.0-0.nightly-2025-01-20-152108-nightly",
                "name": "4.12.0-0.nightly-2025-01-20-152108"
              },
              {
                "id": "openshift-v4.12.0-0.nightly-2025-01-21-104049-nightly",
                "name": "4.12.0-0.nightly-2025-01-21-104049"
              },
              {
                "id": "openshift-v4.12.0-0.nightly-2025-01-22-011156-nightly",
                "name": "4.12.0-0.nightly-2025-01-22-011156"
              },
              {
                "id": "openshift-v4.12.0-0.nightly-2025-01-22-150841-nightly",
                "name": "4.12.0-0.nightly-2025-01-22-150841"
              },
              {
                "id": "openshift-v4.12.0-0.nightly-2025-01-25-135326-nightly",
                "name": "4.12.0-0.nightly-2025-01-25-135326"
              },
              {
                "id": "openshift-v4.12.0-0.nightly-2025-01-28-140611-nightly",
                "name": "4.12.0-0.nightly-2025-01-28-140611"
              },
              {
                "id": "openshift-v4.12.0-0.nightly-2025-01-28-200611-nightly",
                "name": "4.12.0-0.nightly-2025-01-28-200611"
              },
              {
                "id": "openshift-v4.12.0-0.nightly-2025-01-30-004507-nightly",
                "name": "4.12.0-0.nightly-2025-01-30-004507"
              },
              {
                "id": "openshift-v4.12.0-0.nightly-2025-02-03-010033-nightly",
                "name": "4.12.0-0.nightly-2025-02-03-010033"
              },
              {
                "id": "openshift-v4.12.0-0.nightly-2025-02-04-093231-nightly",
                "name": "4.12.0-0.nightly-2025-02-04-093231"
              },
              {
                "id": "openshift-v4.12.0-0.nightly-2025-02-10-053932-nightly",
                "name": "4.12.0-0.nightly-2025-02-10-053932"
              },
              {
                "id": "openshift-v4.12.0-0.nightly-2025-02-10-140044-nightly",
                "name": "4.12.0-0.nightly-2025-02-10-140044"
              },
              {
                "id": "openshift-v4.12.0-0.nightly-2025-02-11-042953-nightly",
                "name": "4.12.0-0.nightly-2025-02-11-042953"
              },
              {
                "id": "openshift-v4.12.0-0.nightly-2025-02-11-181804-nightly",
                "name": "4.12.0-0.nightly-2025-02-11-181804"
              },
              {
                "id": "openshift-v4.12.0-0.nightly-2025-02-12-001804-nightly",
                "name": "4.12.0-0.nightly-2025-02-12-001804"
              },
              {
                "id": "openshift-v4.12.0-0.nightly-2025-02-13-180522-nightly",
                "name": "4.12.0-0.nightly-2025-02-13-180522"
              },
              {
                "id": "openshift-v4.12.0-0.nightly-2025-02-18-120116-nightly",
                "name": "4.12.0-0.nightly-2025-02-18-120116"
              },
              {
                "id": "openshift-v4.12.0-0.nightly-2025-02-18-233829-nightly",
                "name": "4.12.0-0.nightly-2025-02-18-233829"
              },
              {
                "id": "openshift-v4.12.0-0.nightly-2025-02-19-084256-nightly",
                "name": "4.12.0-0.nightly-2025-02-19-084256"
              },
              {
                "id": "openshift-v4.12.0-0.nightly-2025-02-20-054309-nightly",
                "name": "4.12.0-0.nightly-2025-02-20-054309"
              },
              {
                "id": "openshift-v4.12.0-0.nightly-2025-02-25-060909-nightly",
                "name": "4.12.0-0.nightly-2025-02-25-060909"
              },
              {
                "id": "openshift-v4.12.0-0.nightly-2025-02-26-093318-nightly",
                "name": "4.12.0-0.nightly-2025-02-26-093318"
              },
              {
                "id": "openshift-v4.12.0-0.nightly-2025-03-03-023357-nightly",
                "name": "4.12.0-0.nightly-2025-03-03-023357"
              },
              {
                "id": "openshift-v4.12.0-0.nightly-2025-03-05-011541-nightly",
                "name": "4.12.0-0.nightly-2025-03-05-011541"
              },
              {
                "id": "openshift-v4.12.0-0.nightly-2025-03-06-021552-nightly",
                "name": "4.12.0-0.nightly-2025-03-06-021552"
              },
              {
                "id": "openshift-v4.12.0-0.nightly-2025-03-11-194742-nightly",
                "name": "4.12.0-0.nightly-2025-03-11-194742"
              },
              {
                "id": "openshift-v4.12.0-0.nightly-2025-03-12-165725-nightly",
                "name": "4.12.0-0.nightly-2025-03-12-165725"
              },
              {
                "id": "openshift-v4.12.0-0.nightly-2025-03-14-103845-nightly",
                "name": "4.12.0-0.nightly-2025-03-14-103845"
              },
              {
                "id": "openshift-v4.12.0-0.nightly-2025-03-19-011650-nightly",
                "name": "4.12.0-0.nightly-2025-03-19-011650"
              },
              {
                "id": "openshift-v4.12.0-0.nightly-2025-03-20-034035-nightly",
                "name": "4.12.0-0.nightly-2025-03-20-034035"
              },
              {
                "id": "openshift-v4.12.0-0.nightly-2025-03-20-094313-nightly",
                "name": "4.12.0-0.nightly-2025-03-20-094313"
              },
              {
                "id": "openshift-v4.12.0-0.nightly-2025-03-26-020806-nightly",
                "name": "4.12.0-0.nightly-2025-03-26-020806"
              },
              {
                "id": "openshift-v4.12.0-0.nightly-2025-03-26-080806-nightly",
                "name": "4.12.0-0.nightly-2025-03-26-080806"
              },
              {
                "id": "openshift-v4.12.0-0.nightly-2025-03-27-172706-nightly",
                "name": "4.12.0-0.nightly-2025-03-27-172706"
              },
              {
                "id": "openshift-v4.12.0-0.nightly-2025-03-28-151639-nightly",
                "name": "4.12.0-0.nightly-2025-03-28-151639"
              },
              {
                "id": "openshift-v4.12.0-0.nightly-2025-03-31-022843-nightly",
                "name": "4.12.0-0.nightly-2025-03-31-022843"
              },
              {
                "id": "openshift-v4.12.0-0.nightly-2025-03-31-082843-nightly",
                "name": "4.12.0-0.nightly-2025-03-31-082843"
              },
              {
                "id": "openshift-v4.12.0-0.nightly-2025-04-25-161402-nightly",
                "name": "4.12.0-0.nightly-2025-04-25-161402"
              },
              {
                "id": "openshift-v4.12.0-0.nightly-2025-04-26-041703-nightly",
                "name": "4.12.0-0.nightly-2025-04-26-041703"
              },
              {
                "id": "openshift-v4.12.0-0.nightly-2025-04-30-011041-nightly",
                "name": "4.12.0-0.nightly-2025-04-30-011041"
              },
              {
                "id": "openshift-v4.12.0-candidate",
                "name": "4.12.0"
              },
              {
                "id": "openshift-v4.12.0-fast",
                "name": "4.12.0"
              },
              {
                "id": "openshift-v4.12.0-rc.0-candidate",
                "name": "4.12.0-rc.0"
              },
              {
                "id": "openshift-v4.12.0-rc.1-candidate",
                "name": "4.12.0-rc.1"
              },
              {
                "id": "openshift-v4.12.0-rc.2-candidate",
                "name": "4.12.0-rc.2"
              },
              {
                "id": "openshift-v4.12.0-rc.3-candidate",
                "name": "4.12.0-rc.3"
              },
              {
                "id": "openshift-v4.12.0-rc.4-candidate",
                "name": "4.12.0-rc.4"
              },
              {
                "id": "openshift-v4.12.0-rc.5-candidate",
                "name": "4.12.0-rc.5"
              },
              {
                "id": "openshift-v4.12.0-rc.6-candidate",
                "name": "4.12.0-rc.6"
              },
              {
                "id": "openshift-v4.12.0-rc.7-candidate",
                "name": "4.12.0-rc.7"
              },
              {
                "id": "openshift-v4.12.0-rc.8-candidate",
                "name": "4.12.0-rc.8"
              },
              {
                "id": "openshift-v4.12.10-candidate",
                "name": "4.12.10"
              },
              {
                "id": "openshift-v4.12.10-fast",
                "name": "4.12.10"
              },
              {
                "id": "openshift-v4.12.11-candidate",
                "name": "4.12.11"
              },
              {
                "id": "openshift-v4.12.11-fast",
                "name": "4.12.11"
              },
              {
                "id": "openshift-v4.12.12",
                "name": "4.12.12"
              },
              {
                "id": "openshift-v4.12.12-candidate",
                "name": "4.12.12"
              },
              {
                "id": "openshift-v4.12.12-fast",
                "name": "4.12.12"
              },
              {
                "id": "openshift-v4.12.13",
                "name": "4.12.13"
              },
              {
                "id": "openshift-v4.12.13-candidate",
                "name": "4.12.13"
              },
              {
                "id": "openshift-v4.12.13-fast",
                "name": "4.12.13"
              },
              {
                "id": "openshift-v4.12.14",
                "name": "4.12.14"
              },
              {
                "id": "openshift-v4.12.14-candidate",
                "name": "4.12.14"
              },
              {
                "id": "openshift-v4.12.14-fast",
                "name": "4.12.14"
              },
              {
                "id": "openshift-v4.12.15",
                "name": "4.12.15"
              },
              {
                "id": "openshift-v4.12.15-candidate",
                "name": "4.12.15"
              },
              {
                "id": "openshift-v4.12.15-fast",
                "name": "4.12.15"
              },
              {
                "id": "openshift-v4.12.16",
                "name": "4.12.16"
              },
              {
                "id": "openshift-v4.12.16-candidate",
                "name": "4.12.16"
              },
              {
                "id": "openshift-v4.12.16-fast",
                "name": "4.12.16"
              },
              {
                "id": "openshift-v4.12.17",
                "name": "4.12.17"
              },
              {
                "id": "openshift-v4.12.17-candidate",
                "name": "4.12.17"
              },
              {
                "id": "openshift-v4.12.17-fast",
                "name": "4.12.17"
              },
              {
                "id": "openshift-v4.12.18",
                "name": "4.12.18"
              },
              {
                "id": "openshift-v4.12.18-candidate",
                "name": "4.12.18"
              },
              {
                "id": "openshift-v4.12.18-fast",
                "name": "4.12.18"
              },
              {
                "id": "openshift-v4.12.19",
                "name": "4.12.19"
              },
              {
                "id": "openshift-v4.12.19-candidate",
                "name": "4.12.19"
              },
              {
                "id": "openshift-v4.12.19-fast",
                "name": "4.12.19"
              },
              {
                "id": "openshift-v4.12.1-candidate",
                "name": "4.12.1"
              },
              {
                "id": "openshift-v4.12.1-fast",
                "name": "4.12.1"
              },
              {
                "id": "openshift-v4.12.20",
                "name": "4.12.20"
              },
              {
                "id": "openshift-v4.12.20-candidate",
                "name": "4.12.20"
              },
              {
                "id": "openshift-v4.12.20-fast",
                "name": "4.12.20"
              },
              {
                "id": "openshift-v4.12.21",
                "name": "4.12.21"
              },
              {
                "id": "openshift-v4.12.21-candidate",
                "name": "4.12.21"
              },
              {
                "id": "openshift-v4.12.21-fast",
                "name": "4.12.21"
              },
              {
                "id": "openshift-v4.12.22",
                "name": "4.12.22"
              },
              {
                "id": "openshift-v4.12.22-candidate",
                "name": "4.12.22"
              },
              {
                "id": "openshift-v4.12.22-fast",
                "name": "4.12.22"
              },
              {
                "id": "openshift-v4.12.23",
                "name": "4.12.23"
              },
              {
                "id": "openshift-v4.12.23-candidate",
                "name": "4.12.23"
              },
              {
                "id": "openshift-v4.12.23-fast",
                "name": "4.12.23"
              },
              {
                "id": "openshift-v4.12.24",
                "name": "4.12.24"
              },
              {
                "id": "openshift-v4.12.24-candidate",
                "name": "4.12.24"
              },
              {
                "id": "openshift-v4.12.24-fast",
                "name": "4.12.24"
              },
              {
                "id": "openshift-v4.12.25",
                "name": "4.12.25"
              },
              {
                "id": "openshift-v4.12.25-candidate",
                "name": "4.12.25"
              },
              {
                "id": "openshift-v4.12.25-fast",
                "name": "4.12.25"
              },
              {
                "id": "openshift-v4.12.26",
                "name": "4.12.26"
              },
              {
                "id": "openshift-v4.12.26-candidate",
                "name": "4.12.26"
              },
              {
                "id": "openshift-v4.12.26-fast",
                "name": "4.12.26"
              },
              {
                "id": "openshift-v4.12.27",
                "name": "4.12.27"
              },
              {
                "id": "openshift-v4.12.27-candidate",
                "name": "4.12.27"
              },
              {
                "id": "openshift-v4.12.27-fast",
                "name": "4.12.27"
              },
              {
                "id": "openshift-v4.12.28",
                "name": "4.12.28"
              },
              {
                "id": "openshift-v4.12.28-candidate",
                "name": "4.12.28"
              },
              {
                "id": "openshift-v4.12.28-fast",
                "name": "4.12.28"
              },
              {
                "id": "openshift-v4.12.29",
                "name": "4.12.29"
              },
              {
                "id": "openshift-v4.12.29-candidate",
                "name": "4.12.29"
              },
              {
                "id": "openshift-v4.12.29-fast",
                "name": "4.12.29"
              },
              {
                "id": "openshift-v4.12.2-candidate",
                "name": "4.12.2"
              },
              {
                "id": "openshift-v4.12.2-fast",
                "name": "4.12.2"
              },
              {
                "id": "openshift-v4.12.30",
                "name": "4.12.30"
              },
              {
                "id": "openshift-v4.12.30-candidate",
                "name": "4.12.30"
              },
              {
                "id": "openshift-v4.12.30-fast",
                "name": "4.12.30"
              },
              {
                "id": "openshift-v4.12.31",
                "name": "4.12.31"
              },
              {
                "id": "openshift-v4.12.31-candidate",
                "name": "4.12.31"
              },
              {
                "id": "openshift-v4.12.31-fast",
                "name": "4.12.31"
              },
              {
                "id": "openshift-v4.12.32",
                "name": "4.12.32"
              },
              {
                "id": "openshift-v4.12.32-candidate",
                "name": "4.12.32"
              },
              {
                "id": "openshift-v4.12.32-fast",
                "name": "4.12.32"
              },
              {
                "id": "openshift-v4.12.33",
                "name": "4.12.33"
              },
              {
                "id": "openshift-v4.12.33-candidate",
                "name": "4.12.33"
              },
              {
                "id": "openshift-v4.12.33-fast",
                "name": "4.12.33"
              },
              {
                "id": "openshift-v4.12.34",
                "name": "4.12.34"
              },
              {
                "id": "openshift-v4.12.34-candidate",
                "name": "4.12.34"
              },
              {
                "id": "openshift-v4.12.34-fast",
                "name": "4.12.34"
              },
              {
                "id": "openshift-v4.12.35",
                "name": "4.12.35"
              },
              {
                "id": "openshift-v4.12.35-candidate",
                "name": "4.12.35"
              },
              {
                "id": "openshift-v4.12.35-fast",
                "name": "4.12.35"
              },
              {
                "id": "openshift-v4.12.36",
                "name": "4.12.36"
              },
              {
                "id": "openshift-v4.12.36-candidate",
                "name": "4.12.36"
              },
              {
                "id": "openshift-v4.12.36-fast",
                "name": "4.12.36"
              },
              {
                "id": "openshift-v4.12.37",
                "name": "4.12.37"
              },
              {
                "id": "openshift-v4.12.37-candidate",
                "name": "4.12.37"
              },
              {
                "id": "openshift-v4.12.37-fast",
                "name": "4.12.37"
              },
              {
                "id": "openshift-v4.12.38-candidate",
                "name": "4.12.38"
              },
              {
                "id": "openshift-v4.12.39",
                "name": "4.12.39"
              },
              {
                "id": "openshift-v4.12.39-candidate",
                "name": "4.12.39"
              },
              {
                "id": "openshift-v4.12.39-fast",
                "name": "4.12.39"
              },
              {
                "id": "openshift-v4.12.3-candidate",
                "name": "4.12.3"
              },
              {
                "id": "openshift-v4.12.3-fast",
                "name": "4.12.3"
              },
              {
                "id": "openshift-v4.12.40",
                "name": "4.12.40"
              },
              {
                "id": "openshift-v4.12.40-candidate",
                "name": "4.12.40"
              },
              {
                "id": "openshift-v4.12.40-fast",
                "name": "4.12.40"
              },
              {
                "id": "openshift-v4.12.41",
                "name": "4.12.41"
              },
              {
                "id": "openshift-v4.12.41-candidate",
                "name": "4.12.41"
              },
              {
                "id": "openshift-v4.12.41-fast",
                "name": "4.12.41"
              },
              {
                "id": "openshift-v4.12.42",
                "name": "4.12.42"
              },
              {
                "id": "openshift-v4.12.42-candidate",
                "name": "4.12.42"
              },
              {
                "id": "openshift-v4.12.42-fast",
                "name": "4.12.42"
              },
              {
                "id": "openshift-v4.12.43",
                "name": "4.12.43"
              },
              {
                "id": "openshift-v4.12.43-candidate",
                "name": "4.12.43"
              },
              {
                "id": "openshift-v4.12.43-fast",
                "name": "4.12.43"
              },
              {
                "id": "openshift-v4.12.44",
                "name": "4.12.44"
              },
              {
                "id": "openshift-v4.12.44-candidate",
                "name": "4.12.44"
              },
              {
                "id": "openshift-v4.12.44-fast",
                "name": "4.12.44"
              },
              {
                "id": "openshift-v4.12.45",
                "name": "4.12.45"
              },
              {
                "id": "openshift-v4.12.45-candidate",
                "name": "4.12.45"
              },
              {
                "id": "openshift-v4.12.45-fast",
                "name": "4.12.45"
              },
              {
                "id": "openshift-v4.12.46",
                "name": "4.12.46"
              },
              {
                "id": "openshift-v4.12.46-candidate",
                "name": "4.12.46"
              },
              {
                "id": "openshift-v4.12.46-fast",
                "name": "4.12.46"
              },
              {
                "id": "openshift-v4.12.47",
                "name": "4.12.47"
              },
              {
                "id": "openshift-v4.12.47-candidate",
                "name": "4.12.47"
              },
              {
                "id": "openshift-v4.12.47-fast",
                "name": "4.12.47"
              },
              {
                "id": "openshift-v4.12.48",
                "name": "4.12.48"
              },
              {
                "id": "openshift-v4.12.48-candidate",
                "name": "4.12.48"
              },
              {
                "id": "openshift-v4.12.48-fast",
                "name": "4.12.48"
              },
              {
                "id": "openshift-v4.12.49",
                "name": "4.12.49"
              },
              {
                "id": "openshift-v4.12.49-candidate",
                "name": "4.12.49"
              },
              {
                "id": "openshift-v4.12.49-fast",
                "name": "4.12.49"
              },
              {
                "id": "openshift-v4.12.4-candidate",
                "name": "4.12.4"
              },
              {
                "id": "openshift-v4.12.4-fast",
                "name": "4.12.4"
              },
              {
                "id": "openshift-v4.12.50",
                "name": "4.12.50"
              },
              {
                "id": "openshift-v4.12.50-candidate",
                "name": "4.12.50"
              },
              {
                "id": "openshift-v4.12.50-fast",
                "name": "4.12.50"
              },
              {
                "id": "openshift-v4.12.51",
                "name": "4.12.51"
              },
              {
                "id": "openshift-v4.12.51-candidate",
                "name": "4.12.51"
              },
              {
                "id": "openshift-v4.12.51-fast",
                "name": "4.12.51"
              },
              {
                "id": "openshift-v4.12.53",
                "name": "4.12.53"
              },
              {
                "id": "openshift-v4.12.53-candidate",
                "name": "4.12.53"
              },
              {
                "id": "openshift-v4.12.53-fast",
                "name": "4.12.53"
              },
              {
                "id": "openshift-v4.12.54",
                "name": "4.12.54"
              },
              {
                "id": "openshift-v4.12.54-candidate",
                "name": "4.12.54"
              },
              {
                "id": "openshift-v4.12.54-fast",
                "name": "4.12.54"
              },
              {
                "id": "openshift-v4.12.55",
                "name": "4.12.55"
              },
              {
                "id": "openshift-v4.12.55-candidate",
                "name": "4.12.55"
              },
              {
                "id": "openshift-v4.12.55-fast",
                "name": "4.12.55"
              },
              {
                "id": "openshift-v4.12.56",
                "name": "4.12.56"
              },
              {
                "id": "openshift-v4.12.56-candidate",
                "name": "4.12.56"
              },
              {
                "id": "openshift-v4.12.56-fast",
                "name": "4.12.56"
              },
              {
                "id": "openshift-v4.12.57",
                "name": "4.12.57"
              },
              {
                "id": "openshift-v4.12.57-candidate",
                "name": "4.12.57"
              },
              {
                "id": "openshift-v4.12.57-fast",
                "name": "4.12.57"
              },
              {
                "id": "openshift-v4.12.58",
                "name": "4.12.58"
              },
              {
                "id": "openshift-v4.12.58-candidate",
                "name": "4.12.58"
              },
              {
                "id": "openshift-v4.12.58-fast",
                "name": "4.12.58"
              },
              {
                "id": "openshift-v4.12.59",
                "name": "4.12.59"
              },
              {
                "id": "openshift-v4.12.59-candidate",
                "name": "4.12.59"
              },
              {
                "id": "openshift-v4.12.59-fast",
                "name": "4.12.59"
              },
              {
                "id": "openshift-v4.12.5-candidate",
                "name": "4.12.5"
              },
              {
                "id": "openshift-v4.12.5-fast",
                "name": "4.12.5"
              },
              {
                "id": "openshift-v4.12.60",
                "name": "4.12.60"
              },
              {
                "id": "openshift-v4.12.60-candidate",
                "name": "4.12.60"
              },
              {
                "id": "openshift-v4.12.60-fast",
                "name": "4.12.60"
              },
              {
                "id": "openshift-v4.12.61",
                "name": "4.12.61"
              },
              {
                "id": "openshift-v4.12.61-candidate",
                "name": "4.12.61"
              },
              {
                "id": "openshift-v4.12.61-fast",
                "name": "4.12.61"
              },
              {
                "id": "openshift-v4.12.62-candidate",
                "name": "4.12.62"
              },
              {
                "id": "openshift-v4.12.63",
                "name": "4.12.63"
              },
              {
                "id": "openshift-v4.12.63-candidate",
                "name": "4.12.63"
              },
              {
                "id": "openshift-v4.12.63-fast",
                "name": "4.12.63"
              },
              {
                "id": "openshift-v4.12.64",
                "name": "4.12.64"
              },
              {
                "id": "openshift-v4.12.64-candidate",
                "name": "4.12.64"
              },
              {
                "id": "openshift-v4.12.64-fast",
                "name": "4.12.64"
              },
              {
                "id": "openshift-v4.12.65",
                "name": "4.12.65"
              },
              {
                "id": "openshift-v4.12.65-candidate",
                "name": "4.12.65"
              },
              {
                "id": "openshift-v4.12.65-fast",
                "name": "4.12.65"
              },
              {
                "id": "openshift-v4.12.66",
                "name": "4.12.66"
              },
              {
                "id": "openshift-v4.12.66-candidate",
                "name": "4.12.66"
              },
              {
                "id": "openshift-v4.12.66-fast",
                "name": "4.12.66"
              },
              {
                "id": "openshift-v4.12.67",
                "name": "4.12.67"
              },
              {
                "id": "openshift-v4.12.67-candidate",
                "name": "4.12.67"
              },
              {
                "id": "openshift-v4.12.67-fast",
                "name": "4.12.67"
              },
              {
                "id": "openshift-v4.12.68",
                "name": "4.12.68"
              },
              {
                "id": "openshift-v4.12.68-candidate",
                "name": "4.12.68"
              },
              {
                "id": "openshift-v4.12.68-fast",
                "name": "4.12.68"
              },
              {
                "id": "openshift-v4.12.69",
                "name": "4.12.69"
              },
              {
                "id": "openshift-v4.12.69-candidate",
                "name": "4.12.69"
              },
              {
                "id": "openshift-v4.12.69-fast",
                "name": "4.12.69"
              },
              {
                "id": "openshift-v4.12.6-candidate",
                "name": "4.12.6"
              },
              {
                "id": "openshift-v4.12.6-fast",
                "name": "4.12.6"
              },
              {
                "id": "openshift-v4.12.70",
                "name": "4.12.70"
              },
              {
                "id": "openshift-v4.12.70-candidate",
                "name": "4.12.70"
              },
              {
                "id": "openshift-v4.12.70-fast",
                "name": "4.12.70"
              },
              {
                "id": "openshift-v4.12.71",
                "name": "4.12.71"
              },
              {
                "id": "openshift-v4.12.71-candidate",
                "name": "4.12.71"
              },
              {
                "id": "openshift-v4.12.71-fast",
                "name": "4.12.71"
              },
              {
                "id": "openshift-v4.12.72-candidate",
                "name": "4.12.72"
              },
              {
                "id": "openshift-v4.12.72-fast",
                "name": "4.12.72"
              },
              {
                "id": "openshift-v4.12.73-candidate",
                "name": "4.12.73"
              },
              {
                "id": "openshift-v4.12.73-fast",
                "name": "4.12.73"
              },
              {
                "id": "openshift-v4.12.74-candidate",
                "name": "4.12.74"
              },
              {
                "id": "openshift-v4.12.74-fast",
                "name": "4.12.74"
              },
              {
                "id": "openshift-v4.12.75-candidate",
                "name": "4.12.75"
              },
              {
                "id": "openshift-v4.12.75-fast",
                "name": "4.12.75"
              },
              {
                "id": "openshift-v4.12.7-candidate",
                "name": "4.12.7"
              },
              {
                "id": "openshift-v4.12.7-fast",
                "name": "4.12.7"
              },
              {
                "id": "openshift-v4.12.8-candidate",
                "name": "4.12.8"
              },
              {
                "id": "openshift-v4.12.8-fast",
                "name": "4.12.8"
              },
              {
                "id": "openshift-v4.12.9-candidate",
                "name": "4.12.9"
              },
              {
                "id": "openshift-v4.12.9-fast",
                "name": "4.12.9"
              },
              {
                "id": "openshift-v4.13.0-0.nightly-2024-07-04-182100-nightly",
                "name": "4.13.0-0.nightly-2024-07-04-182100"
              },
              {
                "id": "openshift-v4.13.0-0.nightly-2024-07-05-223724-nightly",
                "name": "4.13.0-0.nightly-2024-07-05-223724"
              },
              {
                "id": "openshift-v4.13.0-0.nightly-2024-07-06-043724-nightly",
                "name": "4.13.0-0.nightly-2024-07-06-043724"
              },
              {
                "id": "openshift-v4.13.0-0.nightly-2024-07-07-131032-nightly",
                "name": "4.13.0-0.nightly-2024-07-07-131032"
              },
              {
                "id": "openshift-v4.13.0-0.nightly-2024-07-07-191032-nightly",
                "name": "4.13.0-0.nightly-2024-07-07-191032"
              },
              {
                "id": "openshift-v4.13.0-0.nightly-2024-07-08-125413-nightly",
                "name": "4.13.0-0.nightly-2024-07-08-125413"
              },
              {
                "id": "openshift-v4.13.0-0.nightly-2024-07-08-201223-nightly",
                "name": "4.13.0-0.nightly-2024-07-08-201223"
              },
              {
                "id": "openshift-v4.13.0-0.nightly-2024-07-09-021223-nightly",
                "name": "4.13.0-0.nightly-2024-07-09-021223"
              },
              {
                "id": "openshift-v4.13.0-0.nightly-2024-07-09-081223-nightly",
                "name": "4.13.0-0.nightly-2024-07-09-081223"
              },
              {
                "id": "openshift-v4.13.0-0.nightly-2024-07-09-141223-nightly",
                "name": "4.13.0-0.nightly-2024-07-09-141223"
              },
              {
                "id": "openshift-v4.13.0-0.nightly-2024-07-11-010152-nightly",
                "name": "4.13.0-0.nightly-2024-07-11-010152"
              },
              {
                "id": "openshift-v4.13.0-0.nightly-2024-07-11-133623-nightly",
                "name": "4.13.0-0.nightly-2024-07-11-133623"
              },
              {
                "id": "openshift-v4.13.0-0.nightly-2024-07-17-135802-nightly",
                "name": "4.13.0-0.nightly-2024-07-17-135802"
              },
              {
                "id": "openshift-v4.13.0-0.nightly-2024-07-19-230633-nightly",
                "name": "4.13.0-0.nightly-2024-07-19-230633"
              },
              {
                "id": "openshift-v4.13.0-0.nightly-2024-07-20-050633-nightly",
                "name": "4.13.0-0.nightly-2024-07-20-050633"
              },
              {
                "id": "openshift-v4.13.0-0.nightly-2024-07-22-025510-nightly",
                "name": "4.13.0-0.nightly-2024-07-22-025510"
              },
              {
                "id": "openshift-v4.13.0-0.nightly-2024-07-22-181044-nightly",
                "name": "4.13.0-0.nightly-2024-07-22-181044"
              },
              {
                "id": "openshift-v4.13.0-0.nightly-2024-07-23-154444-nightly",
                "name": "4.13.0-0.nightly-2024-07-23-154444"
              },
              {
                "id": "openshift-v4.13.0-0.nightly-2024-07-24-145028-nightly",
                "name": "4.13.0-0.nightly-2024-07-24-145028"
              },
              {
                "id": "openshift-v4.13.0-0.nightly-2024-07-25-095710-nightly",
                "name": "4.13.0-0.nightly-2024-07-25-095710"
              },
              {
                "id": "openshift-v4.13.0-0.nightly-2024-07-30-093038-nightly",
                "name": "4.13.0-0.nightly-2024-07-30-093038"
              },
              {
                "id": "openshift-v4.13.0-0.nightly-2024-07-30-153038-nightly",
                "name": "4.13.0-0.nightly-2024-07-30-153038"
              },
              {
                "id": "openshift-v4.13.0-0.nightly-2024-08-05-222059-nightly",
                "name": "4.13.0-0.nightly-2024-08-05-222059"
              },
              {
                "id": "openshift-v4.13.0-0.nightly-2024-08-07-021729-nightly",
                "name": "4.13.0-0.nightly-2024-08-07-021729"
              },
              {
                "id": "openshift-v4.13.0-0.nightly-2024-08-08-112343-nightly",
                "name": "4.13.0-0.nightly-2024-08-08-112343"
              },
              {
                "id": "openshift-v4.13.0-0.nightly-2024-08-08-173851-nightly",
                "name": "4.13.0-0.nightly-2024-08-08-173851"
              },
              {
                "id": "openshift-v4.13.0-0.nightly-2024-08-08-233851-nightly",
                "name": "4.13.0-0.nightly-2024-08-08-233851"
              },
              {
                "id": "openshift-v4.13.0-0.nightly-2024-08-09-160218-nightly",
                "name": "4.13.0-0.nightly-2024-08-09-160218"
              },
              {
                "id": "openshift-v4.13.0-0.nightly-2024-08-10-015958-nightly",
                "name": "4.13.0-0.nightly-2024-08-10-015958"
              },
              {
                "id": "openshift-v4.13.0-0.nightly-2024-08-12-230605-nightly",
                "name": "4.13.0-0.nightly-2024-08-12-230605"
              },
              {
                "id": "openshift-v4.13.0-0.nightly-2024-08-13-050605-nightly",
                "name": "4.13.0-0.nightly-2024-08-13-050605"
              },
              {
                "id": "openshift-v4.13.0-0.nightly-2024-08-14-020653-nightly",
                "name": "4.13.0-0.nightly-2024-08-14-020653"
              },
              {
                "id": "openshift-v4.13.0-0.nightly-2024-08-15-013500-nightly",
                "name": "4.13.0-0.nightly-2024-08-15-013500"
              },
              {
                "id": "openshift-v4.13.0-0.nightly-2024-08-18-115519-nightly",
                "name": "4.13.0-0.nightly-2024-08-18-115519"
              },
              {
                "id": "openshift-v4.13.0-0.nightly-2024-08-20-184905-nightly",
                "name": "4.13.0-0.nightly-2024-08-20-184905"
              },
              {
                "id": "openshift-v4.13.0-0.nightly-2024-08-26-115128-nightly",
                "name": "4.13.0-0.nightly-2024-08-26-115128"
              },
              {
                "id": "openshift-v4.13.0-0.nightly-2024-08-29-072054-nightly",
                "name": "4.13.0-0.nightly-2024-08-29-072054"
              },
              {
                "id": "openshift-v4.13.0-0.nightly-2024-08-30-200941-nightly",
                "name": "4.13.0-0.nightly-2024-08-30-200941"
              },
              {
                "id": "openshift-v4.13.0-0.nightly-2024-08-31-035657-nightly",
                "name": "4.13.0-0.nightly-2024-08-31-035657"
              },
              {
                "id": "openshift-v4.13.0-0.nightly-2024-09-02-042754-nightly",
                "name": "4.13.0-0.nightly-2024-09-02-042754"
              },
              {
                "id": "openshift-v4.13.0-0.nightly-2024-09-04-061435-nightly",
                "name": "4.13.0-0.nightly-2024-09-04-061435"
              },
              {
                "id": "openshift-v4.13.0-0.nightly-2024-09-04-192748-nightly",
                "name": "4.13.0-0.nightly-2024-09-04-192748"
              },
              {
                "id": "openshift-v4.13.0-0.nightly-2024-09-05-234759-nightly",
                "name": "4.13.0-0.nightly-2024-09-05-234759"
              },
              {
                "id": "openshift-v4.13.0-0.nightly-2024-09-10-234807-nightly",
                "name": "4.13.0-0.nightly-2024-09-10-234807"
              },
              {
                "id": "openshift-v4.13.0-0.nightly-2024-09-11-225259-nightly",
                "name": "4.13.0-0.nightly-2024-09-11-225259"
              },
              {
                "id": "openshift-v4.13.0-0.nightly-2024-09-12-105259-nightly",
                "name": "4.13.0-0.nightly-2024-09-12-105259"
              },
              {
                "id": "openshift-v4.13.0-0.nightly-2024-09-12-165259-nightly",
                "name": "4.13.0-0.nightly-2024-09-12-165259"
              },
              {
                "id": "openshift-v4.13.0-0.nightly-2024-09-14-220435-nightly",
                "name": "4.13.0-0.nightly-2024-09-14-220435"
              },
              {
                "id": "openshift-v4.13.0-0.nightly-2024-09-16-072737-nightly",
                "name": "4.13.0-0.nightly-2024-09-16-072737"
              },
              {
                "id": "openshift-v4.13.0-0.nightly-2024-09-16-132737-nightly",
                "name": "4.13.0-0.nightly-2024-09-16-132737"
              },
              {
                "id": "openshift-v4.13.0-0.nightly-2024-09-16-192737-nightly",
                "name": "4.13.0-0.nightly-2024-09-16-192737"
              },
              {
                "id": "openshift-v4.13.0-0.nightly-2024-09-17-140829-nightly",
                "name": "4.13.0-0.nightly-2024-09-17-140829"
              },
              {
                "id": "openshift-v4.13.0-0.nightly-2024-09-17-205651-nightly",
                "name": "4.13.0-0.nightly-2024-09-17-205651"
              },
              {
                "id": "openshift-v4.13.0-0.nightly-2024-09-18-085651-nightly",
                "name": "4.13.0-0.nightly-2024-09-18-085651"
              },
              {
                "id": "openshift-v4.13.0-0.nightly-2024-09-20-145632-nightly",
                "name": "4.13.0-0.nightly-2024-09-20-145632"
              },
              {
                "id": "openshift-v4.13.0-0.nightly-2024-09-20-220019-nightly",
                "name": "4.13.0-0.nightly-2024-09-20-220019"
              },
              {
                "id": "openshift-v4.13.0-0.nightly-2024-09-23-102132-nightly",
                "name": "4.13.0-0.nightly-2024-09-23-102132"
              },
              {
                "id": "openshift-v4.13.0-0.nightly-2024-09-24-133758-nightly",
                "name": "4.13.0-0.nightly-2024-09-24-133758"
              },
              {
                "id": "openshift-v4.13.0-0.nightly-2024-09-26-214440-nightly",
                "name": "4.13.0-0.nightly-2024-09-26-214440"
              },
              {
                "id": "openshift-v4.13.0-0.nightly-2024-09-30-101611-nightly",
                "name": "4.13.0-0.nightly-2024-09-30-101611"
              },
              {
                "id": "openshift-v4.13.0-0.nightly-2024-10-01-031909-nightly",
                "name": "4.13.0-0.nightly-2024-10-01-031909"
              },
              {
                "id": "openshift-v4.13.0-0.nightly-2024-10-01-091909-nightly",
                "name": "4.13.0-0.nightly-2024-10-01-091909"
              },
              {
                "id": "openshift-v4.13.0-0.nightly-2024-10-02-030849-nightly",
                "name": "4.13.0-0.nightly-2024-10-02-030849"
              },
              {
                "id": "openshift-v4.13.0-0.nightly-2024-10-02-113001-nightly",
                "name": "4.13.0-0.nightly-2024-10-02-113001"
              },
              {
                "id": "openshift-v4.13.0-0.nightly-2024-10-04-143937-nightly",
                "name": "4.13.0-0.nightly-2024-10-04-143937"
              },
              {
                "id": "openshift-v4.13.0-0.nightly-2024-10-09-095718-nightly",
                "name": "4.13.0-0.nightly-2024-10-09-095718"
              },
              {
                "id": "openshift-v4.13.0-0.nightly-2024-10-10-161519-nightly",
                "name": "4.13.0-0.nightly-2024-10-10-161519"
              },
              {
                "id": "openshift-v4.13.0-0.nightly-2024-10-10-221519-nightly",
                "name": "4.13.0-0.nightly-2024-10-10-221519"
              },
              {
                "id": "openshift-v4.13.0-0.nightly-2024-10-14-034417-nightly",
                "name": "4.13.0-0.nightly-2024-10-14-034417"
              },
              {
                "id": "openshift-v4.13.0-0.nightly-2024-10-14-182256-nightly",
                "name": "4.13.0-0.nightly-2024-10-14-182256"
              },
              {
                "id": "openshift-v4.13.0-0.nightly-2024-10-15-042651-nightly",
                "name": "4.13.0-0.nightly-2024-10-15-042651"
              },
              {
                "id": "openshift-v4.13.0-0.nightly-2024-10-16-014401-nightly",
                "name": "4.13.0-0.nightly-2024-10-16-014401"
              },
              {
                "id": "openshift-v4.13.0-0.nightly-2024-10-17-135753-nightly",
                "name": "4.13.0-0.nightly-2024-10-17-135753"
              },
              {
                "id": "openshift-v4.13.0-0.nightly-2024-10-22-114213-nightly",
                "name": "4.13.0-0.nightly-2024-10-22-114213"
              },
              {
                "id": "openshift-v4.13.0-0.nightly-2024-10-22-183836-nightly",
                "name": "4.13.0-0.nightly-2024-10-22-183836"
              },
              {
                "id": "openshift-v4.13.0-0.nightly-2024-10-25-022543-nightly",
                "name": "4.13.0-0.nightly-2024-10-25-022543"
              },
              {
                "id": "openshift-v4.13.0-0.nightly-2024-10-28-163638-nightly",
                "name": "4.13.0-0.nightly-2024-10-28-163638"
              },
              {
                "id": "openshift-v4.13.0-0.nightly-2024-10-30-075054-nightly",
                "name": "4.13.0-0.nightly-2024-10-30-075054"
              },
              {
                "id": "openshift-v4.13.0-0.nightly-2024-11-05-124501-nightly",
                "name": "4.13.0-0.nightly-2024-11-05-124501"
              },
              {
                "id": "openshift-v4.13.0-0.nightly-2024-11-06-211846-nightly",
                "name": "4.13.0-0.nightly-2024-11-06-211846"
              },
              {
                "id": "openshift-v4.13.0-0.nightly-2024-11-07-075115-nightly",
                "name": "4.13.0-0.nightly-2024-11-07-075115"
              },
              {
                "id": "openshift-v4.13.0-0.nightly-2024-11-07-160018-nightly",
                "name": "4.13.0-0.nightly-2024-11-07-160018"
              },
              {
                "id": "openshift-v4.13.0-0.nightly-2024-11-11-123738-nightly",
                "name": "4.13.0-0.nightly-2024-11-11-123738"
              },
              {
                "id": "openshift-v4.13.0-0.nightly-2024-11-14-041637-nightly",
                "name": "4.13.0-0.nightly-2024-11-14-041637"
              },
              {
                "id": "openshift-v4.13.0-0.nightly-2024-11-14-220026-nightly",
                "name": "4.13.0-0.nightly-2024-11-14-220026"
              },
              {
                "id": "openshift-v4.13.0-0.nightly-2024-11-18-041323-nightly",
                "name": "4.13.0-0.nightly-2024-11-18-041323"
              },
              {
                "id": "openshift-v4.13.0-0.nightly-2024-11-20-091921-nightly",
                "name": "4.13.0-0.nightly-2024-11-20-091921"
              },
              {
                "id": "openshift-v4.13.0-0.nightly-2024-11-23-101305-nightly",
                "name": "4.13.0-0.nightly-2024-11-23-101305"
              },
              {
                "id": "openshift-v4.13.0-0.nightly-2024-11-30-041900-nightly",
                "name": "4.13.0-0.nightly-2024-11-30-041900"
              },
              {
                "id": "openshift-v4.13.0-0.nightly-2024-12-21-132229-nightly",
                "name": "4.13.0-0.nightly-2024-12-21-132229"
              },
              {
                "id": "openshift-v4.13.0-0.nightly-2025-01-04-044659-nightly",
                "name": "4.13.0-0.nightly-2025-01-04-044659"
              },
              {
                "id": "openshift-v4.13.0-0.nightly-2025-01-11-022931-nightly",
                "name": "4.13.0-0.nightly-2025-01-11-022931"
              },
              {
                "id": "openshift-v4.13.0-0.nightly-2025-01-18-045134-nightly",
                "name": "4.13.0-0.nightly-2025-01-18-045134"
              },
              {
                "id": "openshift-v4.13.0-0.nightly-2025-01-25-015725-nightly",
                "name": "4.13.0-0.nightly-2025-01-25-015725"
              },
              {
                "id": "openshift-v4.13.0-0.nightly-2025-02-05-081954-nightly",
                "name": "4.13.0-0.nightly-2025-02-05-081954"
              },
              {
                "id": "openshift-v4.13.0-0.nightly-2025-02-08-080332-nightly",
                "name": "4.13.0-0.nightly-2025-02-08-080332"
              },
              {
                "id": "openshift-v4.13.0-0.nightly-2025-02-26-074545-nightly",
                "name": "4.13.0-0.nightly-2025-02-26-074545"
              },
              {
                "id": "openshift-v4.13.0-0.nightly-2025-03-03-064357-nightly",
                "name": "4.13.0-0.nightly-2025-03-03-064357"
              },
              {
                "id": "openshift-v4.13.0-0.nightly-2025-03-12-020933-nightly",
                "name": "4.13.0-0.nightly-2025-03-12-020933"
              },
              {
                "id": "openshift-v4.13.0-0.nightly-2025-03-13-214947-nightly",
                "name": "4.13.0-0.nightly-2025-03-13-214947"
              },
              {
                "id": "openshift-v4.13.0-0.nightly-2025-03-14-103822-nightly",
                "name": "4.13.0-0.nightly-2025-03-14-103822"
              },
              {
                "id": "openshift-v4.13.0-0.nightly-2025-03-19-193407-nightly",
                "name": "4.13.0-0.nightly-2025-03-19-193407"
              },
              {
                "id": "openshift-v4.13.0-0.nightly-2025-03-21-121445-nightly",
                "name": "4.13.0-0.nightly-2025-03-21-121445"
              },
              {
                "id": "openshift-v4.13.0-0.nightly-2025-03-24-091830-nightly",
                "name": "4.13.0-0.nightly-2025-03-24-091830"
              },
              {
                "id": "openshift-v4.13.0-0.nightly-2025-03-24-151830-nightly",
                "name": "4.13.0-0.nightly-2025-03-24-151830"
              },
              {
                "id": "openshift-v4.13.0-0.nightly-2025-03-25-153651-nightly",
                "name": "4.13.0-0.nightly-2025-03-25-153651"
              },
              {
                "id": "openshift-v4.13.0-0.nightly-2025-03-26-020950-nightly",
                "name": "4.13.0-0.nightly-2025-03-26-020950"
              },
              {
                "id": "openshift-v4.13.0-0.nightly-2025-03-26-080950-nightly",
                "name": "4.13.0-0.nightly-2025-03-26-080950"
              },
              {
                "id": "openshift-v4.13.0-0.nightly-2025-03-31-024756-nightly",
                "name": "4.13.0-0.nightly-2025-03-31-024756"
              },
              {
                "id": "openshift-v4.13.0-0.nightly-2025-03-31-084756-nightly",
                "name": "4.13.0-0.nightly-2025-03-31-084756"
              },
              {
                "id": "openshift-v4.13.0-0.nightly-2025-04-02-024316-nightly",
                "name": "4.13.0-0.nightly-2025-04-02-024316"
              },
              {
                "id": "openshift-v4.13.0-0.nightly-2025-04-02-144727-nightly",
                "name": "4.13.0-0.nightly-2025-04-02-144727"
              },
              {
                "id": "openshift-v4.13.0-0.nightly-2025-04-02-232144-nightly",
                "name": "4.13.0-0.nightly-2025-04-02-232144"
              },
              {
                "id": "openshift-v4.13.0-0.nightly-2025-04-03-111041-nightly",
                "name": "4.13.0-0.nightly-2025-04-03-111041"
              },
              {
                "id": "openshift-v4.13.0-0.nightly-2025-04-07-173339-nightly",
                "name": "4.13.0-0.nightly-2025-04-07-173339"
              },
              {
                "id": "openshift-v4.13.0-0.nightly-2025-04-08-053324-nightly",
                "name": "4.13.0-0.nightly-2025-04-08-053324"
              },
              {
                "id": "openshift-v4.13.0-0.nightly-2025-04-28-185916-nightly",
                "name": "4.13.0-0.nightly-2025-04-28-185916"
              },
              {
                "id": "openshift-v4.13.0-candidate",
                "name": "4.13.0"
              },
              {
                "id": "openshift-v4.13.0-ec.1-candidate",
                "name": "4.13.0-ec.1"
              },
              {
                "id": "openshift-v4.13.0-ec.2-candidate",
                "name": "4.13.0-ec.2"
              },
              {
                "id": "openshift-v4.13.0-ec.3-candidate",
                "name": "4.13.0-ec.3"
              },
              {
                "id": "openshift-v4.13.0-ec.4-candidate",
                "name": "4.13.0-ec.4"
              },
              {
                "id": "openshift-v4.13.0-fast",
                "name": "4.13.0"
              },
              {
                "id": "openshift-v4.13.0-rc.0-candidate",
                "name": "4.13.0-rc.0"
              },
              {
                "id": "openshift-v4.13.0-rc.2-candidate",
                "name": "4.13.0-rc.2"
              },
              {
                "id": "openshift-v4.13.0-rc.3-candidate",
                "name": "4.13.0-rc.3"
              },
              {
                "id": "openshift-v4.13.0-rc.4-candidate",
                "name": "4.13.0-rc.4"
              },
              {
                "id": "openshift-v4.13.0-rc.5-candidate",
                "name": "4.13.0-rc.5"
              },
              {
                "id": "openshift-v4.13.0-rc.6-candidate",
                "name": "4.13.0-rc.6"
              },
              {
                "id": "openshift-v4.13.0-rc.7-candidate",
                "name": "4.13.0-rc.7"
              },
              {
                "id": "openshift-v4.13.0-rc.8-candidate",
                "name": "4.13.0-rc.8"
              },
              {
                "id": "openshift-v4.13.10",
                "name": "4.13.10"
              },
              {
                "id": "openshift-v4.13.10-candidate",
                "name": "4.13.10"
              },
              {
                "id": "openshift-v4.13.10-fast",
                "name": "4.13.10"
              },
              {
                "id": "openshift-v4.13.11",
                "name": "4.13.11"
              },
              {
                "id": "openshift-v4.13.11-candidate",
                "name": "4.13.11"
              },
              {
                "id": "openshift-v4.13.11-fast",
                "name": "4.13.11"
              },
              {
                "id": "openshift-v4.13.12",
                "name": "4.13.12"
              },
              {
                "id": "openshift-v4.13.12-candidate",
                "name": "4.13.12"
              },
              {
                "id": "openshift-v4.13.12-fast",
                "name": "4.13.12"
              },
              {
                "id": "openshift-v4.13.13",
                "name": "4.13.13"
              },
              {
                "id": "openshift-v4.13.13-candidate",
                "name": "4.13.13"
              },
              {
                "id": "openshift-v4.13.13-fast",
                "name": "4.13.13"
              },
              {
                "id": "openshift-v4.13.14",
                "name": "4.13.14"
              },
              {
                "id": "openshift-v4.13.14-candidate",
                "name": "4.13.14"
              },
              {
                "id": "openshift-v4.13.14-fast",
                "name": "4.13.14"
              },
              {
                "id": "openshift-v4.13.15",
                "name": "4.13.15"
              },
              {
                "id": "openshift-v4.13.15-candidate",
                "name": "4.13.15"
              },
              {
                "id": "openshift-v4.13.15-fast",
                "name": "4.13.15"
              },
              {
                "id": "openshift-v4.13.16-candidate",
                "name": "4.13.16"
              },
              {
                "id": "openshift-v4.13.17",
                "name": "4.13.17"
              },
              {
                "id": "openshift-v4.13.17-candidate",
                "name": "4.13.17"
              },
              {
                "id": "openshift-v4.13.17-fast",
                "name": "4.13.17"
              },
              {
                "id": "openshift-v4.13.18",
                "name": "4.13.18"
              },
              {
                "id": "openshift-v4.13.18-candidate",
                "name": "4.13.18"
              },
              {
                "id": "openshift-v4.13.18-fast",
                "name": "4.13.18"
              },
              {
                "id": "openshift-v4.13.19",
                "name": "4.13.19"
              },
              {
                "id": "openshift-v4.13.19-candidate",
                "name": "4.13.19"
              },
              {
                "id": "openshift-v4.13.19-fast",
                "name": "4.13.19"
              },
              {
                "id": "openshift-v4.13.1-candidate",
                "name": "4.13.1"
              },
              {
                "id": "openshift-v4.13.1-fast",
                "name": "4.13.1"
              },
              {
                "id": "openshift-v4.13.21",
                "name": "4.13.21"
              },
              {
                "id": "openshift-v4.13.21-candidate",
                "name": "4.13.21"
              },
              {
                "id": "openshift-v4.13.21-fast",
                "name": "4.13.21"
              },
              {
                "id": "openshift-v4.13.22",
                "name": "4.13.22"
              },
              {
                "id": "openshift-v4.13.22-candidate",
                "name": "4.13.22"
              },
              {
                "id": "openshift-v4.13.22-fast",
                "name": "4.13.22"
              },
              {
                "id": "openshift-v4.13.23",
                "name": "4.13.23"
              },
              {
                "id": "openshift-v4.13.23-candidate",
                "name": "4.13.23"
              },
              {
                "id": "openshift-v4.13.23-fast",
                "name": "4.13.23"
              },
              {
                "id": "openshift-v4.13.24",
                "name": "4.13.24"
              },
              {
                "id": "openshift-v4.13.24-candidate",
                "name": "4.13.24"
              },
              {
                "id": "openshift-v4.13.24-fast",
                "name": "4.13.24"
              },
              {
                "id": "openshift-v4.13.25",
                "name": "4.13.25"
              },
              {
                "id": "openshift-v4.13.25-candidate",
                "name": "4.13.25"
              },
              {
                "id": "openshift-v4.13.25-fast",
                "name": "4.13.25"
              },
              {
                "id": "openshift-v4.13.26",
                "name": "4.13.26"
              },
              {
                "id": "openshift-v4.13.26-candidate",
                "name": "4.13.26"
              },
              {
                "id": "openshift-v4.13.26-fast",
                "name": "4.13.26"
              },
              {
                "id": "openshift-v4.13.27",
                "name": "4.13.27"
              },
              {
                "id": "openshift-v4.13.27-candidate",
                "name": "4.13.27"
              },
              {
                "id": "openshift-v4.13.27-fast",
                "name": "4.13.27"
              },
              {
                "id": "openshift-v4.13.28",
                "name": "4.13.28"
              },
              {
                "id": "openshift-v4.13.28-candidate",
                "name": "4.13.28"
              },
              {
                "id": "openshift-v4.13.28-fast",
                "name": "4.13.28"
              },
              {
                "id": "openshift-v4.13.29",
                "name": "4.13.29"
              },
              {
                "id": "openshift-v4.13.29-candidate",
                "name": "4.13.29"
              },
              {
                "id": "openshift-v4.13.29-fast",
                "name": "4.13.29"
              },
              {
                "id": "openshift-v4.13.2-candidate",
                "name": "4.13.2"
              },
              {
                "id": "openshift-v4.13.2-fast",
                "name": "4.13.2"
              },
              {
                "id": "openshift-v4.13.30",
                "name": "4.13.30"
              },
              {
                "id": "openshift-v4.13.30-candidate",
                "name": "4.13.30"
              },
              {
                "id": "openshift-v4.13.30-fast",
                "name": "4.13.30"
              },
              {
                "id": "openshift-v4.13.31",
                "name": "4.13.31"
              },
              {
                "id": "openshift-v4.13.31-candidate",
                "name": "4.13.31"
              },
              {
                "id": "openshift-v4.13.31-fast",
                "name": "4.13.31"
              },
              {
                "id": "openshift-v4.13.32",
                "name": "4.13.32"
              },
              {
                "id": "openshift-v4.13.32-candidate",
                "name": "4.13.32"
              },
              {
                "id": "openshift-v4.13.32-fast",
                "name": "4.13.32"
              },
              {
                "id": "openshift-v4.13.33",
                "name": "4.13.33"
              },
              {
                "id": "openshift-v4.13.33-candidate",
                "name": "4.13.33"
              },
              {
                "id": "openshift-v4.13.33-fast",
                "name": "4.13.33"
              },
              {
                "id": "openshift-v4.13.34",
                "name": "4.13.34"
              },
              {
                "id": "openshift-v4.13.34-candidate",
                "name": "4.13.34"
              },
              {
                "id": "openshift-v4.13.34-fast",
                "name": "4.13.34"
              },
              {
                "id": "openshift-v4.13.35",
                "name": "4.13.35"
              },
              {
                "id": "openshift-v4.13.35-candidate",
                "name": "4.13.35"
              },
              {
                "id": "openshift-v4.13.35-fast",
                "name": "4.13.35"
              },
              {
                "id": "openshift-v4.13.36",
                "name": "4.13.36"
              },
              {
                "id": "openshift-v4.13.36-candidate",
                "name": "4.13.36"
              },
              {
                "id": "openshift-v4.13.36-fast",
                "name": "4.13.36"
              },
              {
                "id": "openshift-v4.13.37",
                "name": "4.13.37"
              },
              {
                "id": "openshift-v4.13.37-candidate",
                "name": "4.13.37"
              },
              {
                "id": "openshift-v4.13.37-fast",
                "name": "4.13.37"
              },
              {
                "id": "openshift-v4.13.38",
                "name": "4.13.38"
              },
              {
                "id": "openshift-v4.13.38-candidate",
                "name": "4.13.38"
              },
              {
                "id": "openshift-v4.13.38-fast",
                "name": "4.13.38"
              },
              {
                "id": "openshift-v4.13.39",
                "name": "4.13.39"
              },
              {
                "id": "openshift-v4.13.39-candidate",
                "name": "4.13.39"
              },
              {
                "id": "openshift-v4.13.39-fast",
                "name": "4.13.39"
              },
              {
                "id": "openshift-v4.13.3-candidate",
                "name": "4.13.3"
              },
              {
                "id": "openshift-v4.13.3-fast",
                "name": "4.13.3"
              },
              {
                "id": "openshift-v4.13.40",
                "name": "4.13.40"
              },
              {
                "id": "openshift-v4.13.40-candidate",
                "name": "4.13.40"
              },
              {
                "id": "openshift-v4.13.40-fast",
                "name": "4.13.40"
              },
              {
                "id": "openshift-v4.13.41",
                "name": "4.13.41"
              },
              {
                "id": "openshift-v4.13.41-candidate",
                "name": "4.13.41"
              },
              {
                "id": "openshift-v4.13.41-fast",
                "name": "4.13.41"
              },
              {
                "id": "openshift-v4.13.42",
                "name": "4.13.42"
              },
              {
                "id": "openshift-v4.13.42-candidate",
                "name": "4.13.42"
              },
              {
                "id": "openshift-v4.13.42-fast",
                "name": "4.13.42"
              },
              {
                "id": "openshift-v4.13.43",
                "name": "4.13.43"
              },
              {
                "id": "openshift-v4.13.43-candidate",
                "name": "4.13.43"
              },
              {
                "id": "openshift-v4.13.43-fast",
                "name": "4.13.43"
              },
              {
                "id": "openshift-v4.13.44",
                "name": "4.13.44"
              },
              {
                "id": "openshift-v4.13.44-candidate",
                "name": "4.13.44"
              },
              {
                "id": "openshift-v4.13.44-fast",
                "name": "4.13.44"
              },
              {
                "id": "openshift-v4.13.45",
                "name": "4.13.45"
              },
              {
                "id": "openshift-v4.13.45-candidate",
                "name": "4.13.45"
              },
              {
                "id": "openshift-v4.13.45-fast",
                "name": "4.13.45"
              },
              {
                "id": "openshift-v4.13.46",
                "name": "4.13.46"
              },
              {
                "id": "openshift-v4.13.46-candidate",
                "name": "4.13.46"
              },
              {
                "id": "openshift-v4.13.46-fast",
                "name": "4.13.46"
              },
              {
                "id": "openshift-v4.13.48",
                "name": "4.13.48"
              },
              {
                "id": "openshift-v4.13.48-candidate",
                "name": "4.13.48"
              },
              {
                "id": "openshift-v4.13.48-fast",
                "name": "4.13.48"
              },
              {
                "id": "openshift-v4.13.49",
                "name": "4.13.49"
              },
              {
                "id": "openshift-v4.13.49-candidate",
                "name": "4.13.49"
              },
              {
                "id": "openshift-v4.13.49-fast",
                "name": "4.13.49"
              },
              {
                "id": "openshift-v4.13.4-candidate",
                "name": "4.13.4"
              },
              {
                "id": "openshift-v4.13.4-fast",
                "name": "4.13.4"
              },
              {
                "id": "openshift-v4.13.50",
                "name": "4.13.50"
              },
              {
                "id": "openshift-v4.13.50-candidate",
                "name": "4.13.50"
              },
              {
                "id": "openshift-v4.13.50-fast",
                "name": "4.13.50"
              },
              {
                "id": "openshift-v4.13.51",
                "name": "4.13.51"
              },
              {
                "id": "openshift-v4.13.51-candidate",
                "name": "4.13.51"
              },
              {
                "id": "openshift-v4.13.51-fast",
                "name": "4.13.51"
              },
              {
                "id": "openshift-v4.13.52",
                "name": "4.13.52"
              },
              {
                "id": "openshift-v4.13.52-candidate",
                "name": "4.13.52"
              },
              {
                "id": "openshift-v4.13.52-fast",
                "name": "4.13.52"
              },
              {
                "id": "openshift-v4.13.53",
                "name": "4.13.53"
              },
              {
                "id": "openshift-v4.13.53-candidate",
                "name": "4.13.53"
              },
              {
                "id": "openshift-v4.13.53-fast",
                "name": "4.13.53"
              },
              {
                "id": "openshift-v4.13.54",
                "name": "4.13.54"
              },
              {
                "id": "openshift-v4.13.54-candidate",
                "name": "4.13.54"
              },
              {
                "id": "openshift-v4.13.54-fast",
                "name": "4.13.54"
              },
              {
                "id": "openshift-v4.13.55",
                "name": "4.13.55"
              },
              {
                "id": "openshift-v4.13.55-candidate",
                "name": "4.13.55"
              },
              {
                "id": "openshift-v4.13.55-fast",
                "name": "4.13.55"
              },
              {
                "id": "openshift-v4.13.56",
                "name": "4.13.56"
              },
              {
                "id": "openshift-v4.13.56-candidate",
                "name": "4.13.56"
              },
              {
                "id": "openshift-v4.13.56-fast",
                "name": "4.13.56"
              },
              {
                "id": "openshift-v4.13.57-candidate",
                "name": "4.13.57"
              },
              {
                "id": "openshift-v4.13.57-fast",
                "name": "4.13.57"
              },
              {
                "id": "openshift-v4.13.5-candidate",
                "name": "4.13.5"
              },
              {
                "id": "openshift-v4.13.5-fast",
                "name": "4.13.5"
              },
              {
                "id": "openshift-v4.13.6-candidate",
                "name": "4.13.6"
              },
              {
                "id": "openshift-v4.13.6-fast",
                "name": "4.13.6"
              },
              {
                "id": "openshift-v4.13.7-candidate",
                "name": "4.13.7"
              },
              {
                "id": "openshift-v4.13.8-candidate",
                "name": "4.13.8"
              },
              {
                "id": "openshift-v4.13.8-fast",
                "name": "4.13.8"
              },
              {
                "id": "openshift-v4.13.9-candidate",
                "name": "4.13.9"
              },
              {
                "id": "openshift-v4.13.9-fast",
                "name": "4.13.9"
              },
              {
                "id": "openshift-v4.14.0",
                "name": "4.14.0"
              },
              {
                "id": "openshift-v4.14.0-0.nightly-2023-09-12-195514-nightly",
                "name": "4.14.0-0.nightly-2023-09-12-195514"
              },
              {
                "id": "openshift-v4.14.0-0.nightly-2024-07-04-152929-nightly",
                "name": "4.14.0-0.nightly-2024-07-04-152929"
              },
              {
                "id": "openshift-v4.14.0-0.nightly-2024-07-05-033708-nightly",
                "name": "4.14.0-0.nightly-2024-07-05-033708"
              },
              {
                "id": "openshift-v4.14.0-0.nightly-2024-07-05-083345-nightly",
                "name": "4.14.0-0.nightly-2024-07-05-083345"
              },
              {
                "id": "openshift-v4.14.0-0.nightly-2024-07-05-145251-nightly",
                "name": "4.14.0-0.nightly-2024-07-05-145251"
              },
              {
                "id": "openshift-v4.14.0-0.nightly-2024-07-08-131625-nightly",
                "name": "4.14.0-0.nightly-2024-07-08-131625"
              },
              {
                "id": "openshift-v4.14.0-0.nightly-2024-07-08-170047-nightly",
                "name": "4.14.0-0.nightly-2024-07-08-170047"
              },
              {
                "id": "openshift-v4.14.0-0.nightly-2024-07-08-205954-nightly",
                "name": "4.14.0-0.nightly-2024-07-08-205954"
              },
              {
                "id": "openshift-v4.14.0-0.nightly-2024-07-09-052704-nightly",
                "name": "4.14.0-0.nightly-2024-07-09-052704"
              },
              {
                "id": "openshift-v4.14.0-0.nightly-2024-07-09-131152-nightly",
                "name": "4.14.0-0.nightly-2024-07-09-131152"
              },
              {
                "id": "openshift-v4.14.0-0.nightly-2024-07-09-225539-nightly",
                "name": "4.14.0-0.nightly-2024-07-09-225539"
              },
              {
                "id": "openshift-v4.14.0-0.nightly-2024-07-10-034428-nightly",
                "name": "4.14.0-0.nightly-2024-07-10-034428"
              },
              {
                "id": "openshift-v4.14.0-0.nightly-2024-07-10-100854-nightly",
                "name": "4.14.0-0.nightly-2024-07-10-100854"
              },
              {
                "id": "openshift-v4.14.0-0.nightly-2024-07-11-034901-nightly",
                "name": "4.14.0-0.nightly-2024-07-11-034901"
              },
              {
                "id": "openshift-v4.14.0-0.nightly-2024-07-11-072947-nightly",
                "name": "4.14.0-0.nightly-2024-07-11-072947"
              },
              {
                "id": "openshift-v4.14.0-0.nightly-2024-07-11-135819-nightly",
                "name": "4.14.0-0.nightly-2024-07-11-135819"
              },
              {
                "id": "openshift-v4.14.0-0.nightly-2024-07-11-204310-nightly",
                "name": "4.14.0-0.nightly-2024-07-11-204310"
              },
              {
                "id": "openshift-v4.14.0-0.nightly-2024-07-12-045625-nightly",
                "name": "4.14.0-0.nightly-2024-07-12-045625"
              },
              {
                "id": "openshift-v4.14.0-0.nightly-2024-07-13-005628-nightly",
                "name": "4.14.0-0.nightly-2024-07-13-005628"
              },
              {
                "id": "openshift-v4.14.0-0.nightly-2024-07-13-050515-nightly",
                "name": "4.14.0-0.nightly-2024-07-13-050515"
              },
              {
                "id": "openshift-v4.14.0-0.nightly-2024-07-13-090413-nightly",
                "name": "4.14.0-0.nightly-2024-07-13-090413"
              },
              {
                "id": "openshift-v4.14.0-0.nightly-2024-07-13-160422-nightly",
                "name": "4.14.0-0.nightly-2024-07-13-160422"
              },
              {
                "id": "openshift-v4.14.0-0.nightly-2024-07-13-223636-nightly",
                "name": "4.14.0-0.nightly-2024-07-13-223636"
              },
              {
                "id": "openshift-v4.14.0-0.nightly-2024-07-14-074616-nightly",
                "name": "4.14.0-0.nightly-2024-07-14-074616"
              },
              {
                "id": "openshift-v4.14.0-0.nightly-2024-07-14-115936-nightly",
                "name": "4.14.0-0.nightly-2024-07-14-115936"
              },
              {
                "id": "openshift-v4.14.0-0.nightly-2024-07-14-171332-nightly",
                "name": "4.14.0-0.nightly-2024-07-14-171332"
              },
              {
                "id": "openshift-v4.14.0-0.nightly-2024-07-14-211257-nightly",
                "name": "4.14.0-0.nightly-2024-07-14-211257"
              },
              {
                "id": "openshift-v4.14.0-0.nightly-2024-07-15-005245-nightly",
                "name": "4.14.0-0.nightly-2024-07-15-005245"
              },
              {
                "id": "openshift-v4.14.0-0.nightly-2024-07-15-043243-nightly",
                "name": "4.14.0-0.nightly-2024-07-15-043243"
              },
              {
                "id": "openshift-v4.14.0-0.nightly-2024-07-15-104828-nightly",
                "name": "4.14.0-0.nightly-2024-07-15-104828"
              },
              {
                "id": "openshift-v4.14.0-0.nightly-2024-07-15-150333-nightly",
                "name": "4.14.0-0.nightly-2024-07-15-150333"
              },
              {
                "id": "openshift-v4.14.0-0.nightly-2024-07-15-200447-nightly",
                "name": "4.14.0-0.nightly-2024-07-15-200447"
              },
              {
                "id": "openshift-v4.14.0-0.nightly-2024-07-16-014916-nightly",
                "name": "4.14.0-0.nightly-2024-07-16-014916"
              },
              {
                "id": "openshift-v4.14.0-0.nightly-2024-07-16-095833-nightly",
                "name": "4.14.0-0.nightly-2024-07-16-095833"
              },
              {
                "id": "openshift-v4.14.0-0.nightly-2024-07-18-144042-nightly",
                "name": "4.14.0-0.nightly-2024-07-18-144042"
              },
              {
                "id": "openshift-v4.14.0-0.nightly-2024-07-19-115334-nightly",
                "name": "4.14.0-0.nightly-2024-07-19-115334"
              },
              {
                "id": "openshift-v4.14.0-0.nightly-2024-07-19-234009-nightly",
                "name": "4.14.0-0.nightly-2024-07-19-234009"
              },
              {
                "id": "openshift-v4.14.0-0.nightly-2024-07-20-055906-nightly",
                "name": "4.14.0-0.nightly-2024-07-20-055906"
              },
              {
                "id": "openshift-v4.14.0-0.nightly-2024-07-20-103110-nightly",
                "name": "4.14.0-0.nightly-2024-07-20-103110"
              },
              {
                "id": "openshift-v4.14.0-0.nightly-2024-07-20-165818-nightly",
                "name": "4.14.0-0.nightly-2024-07-20-165818"
              },
              {
                "id": "openshift-v4.14.0-0.nightly-2024-07-20-204642-nightly",
                "name": "4.14.0-0.nightly-2024-07-20-204642"
              },
              {
                "id": "openshift-v4.14.0-0.nightly-2024-07-21-081731-nightly",
                "name": "4.14.0-0.nightly-2024-07-21-081731"
              },
              {
                "id": "openshift-v4.14.0-0.nightly-2024-07-21-185159-nightly",
                "name": "4.14.0-0.nightly-2024-07-21-185159"
              },
              {
                "id": "openshift-v4.14.0-0.nightly-2024-07-22-021024-nightly",
                "name": "4.14.0-0.nightly-2024-07-22-021024"
              },
              {
                "id": "openshift-v4.14.0-0.nightly-2024-07-22-083050-nightly",
                "name": "4.14.0-0.nightly-2024-07-22-083050"
              },
              {
                "id": "openshift-v4.14.0-0.nightly-2024-07-22-124141-nightly",
                "name": "4.14.0-0.nightly-2024-07-22-124141"
              },
              {
                "id": "openshift-v4.14.0-0.nightly-2024-07-22-212218-nightly",
                "name": "4.14.0-0.nightly-2024-07-22-212218"
              },
              {
                "id": "openshift-v4.14.0-0.nightly-2024-07-23-014854-nightly",
                "name": "4.14.0-0.nightly-2024-07-23-014854"
              },
              {
                "id": "openshift-v4.14.0-0.nightly-2024-07-23-062420-nightly",
                "name": "4.14.0-0.nightly-2024-07-23-062420"
              },
              {
                "id": "openshift-v4.14.0-0.nightly-2024-07-23-154424-nightly",
                "name": "4.14.0-0.nightly-2024-07-23-154424"
              },
              {
                "id": "openshift-v4.14.0-0.nightly-2024-07-24-013143-nightly",
                "name": "4.14.0-0.nightly-2024-07-24-013143"
              },
              {
                "id": "openshift-v4.14.0-0.nightly-2024-07-24-130802-nightly",
                "name": "4.14.0-0.nightly-2024-07-24-130802"
              },
              {
                "id": "openshift-v4.14.0-0.nightly-2024-07-24-181010-nightly",
                "name": "4.14.0-0.nightly-2024-07-24-181010"
              },
              {
                "id": "openshift-v4.14.0-0.nightly-2024-07-24-224228-nightly",
                "name": "4.14.0-0.nightly-2024-07-24-224228"
              },
              {
                "id": "openshift-v4.14.0-0.nightly-2024-07-25-023146-nightly",
                "name": "4.14.0-0.nightly-2024-07-25-023146"
              },
              {
                "id": "openshift-v4.14.0-0.nightly-2024-07-25-075815-nightly",
                "name": "4.14.0-0.nightly-2024-07-25-075815"
              },
              {
                "id": "openshift-v4.14.0-0.nightly-2024-07-26-074621-nightly",
                "name": "4.14.0-0.nightly-2024-07-26-074621"
              },
              {
                "id": "openshift-v4.14.0-0.nightly-2024-07-27-055917-nightly",
                "name": "4.14.0-0.nightly-2024-07-27-055917"
              },
              {
                "id": "openshift-v4.14.0-0.nightly-2024-07-27-133210-nightly",
                "name": "4.14.0-0.nightly-2024-07-27-133210"
              },
              {
                "id": "openshift-v4.14.0-0.nightly-2024-07-27-190205-nightly",
                "name": "4.14.0-0.nightly-2024-07-27-190205"
              },
              {
                "id": "openshift-v4.14.0-0.nightly-2024-07-27-232623-nightly",
                "name": "4.14.0-0.nightly-2024-07-27-232623"
              },
              {
                "id": "openshift-v4.14.0-0.nightly-2024-07-28-052923-nightly",
                "name": "4.14.0-0.nightly-2024-07-28-052923"
              },
              {
                "id": "openshift-v4.14.0-0.nightly-2024-07-28-111605-nightly",
                "name": "4.14.0-0.nightly-2024-07-28-111605"
              },
              {
                "id": "openshift-v4.14.0-0.nightly-2024-07-28-152636-nightly",
                "name": "4.14.0-0.nightly-2024-07-28-152636"
              },
              {
                "id": "openshift-v4.14.0-0.nightly-2024-07-28-200101-nightly",
                "name": "4.14.0-0.nightly-2024-07-28-200101"
              },
              {
                "id": "openshift-v4.14.0-0.nightly-2024-07-29-023850-nightly",
                "name": "4.14.0-0.nightly-2024-07-29-023850"
              },
              {
                "id": "openshift-v4.14.0-0.nightly-2024-07-29-095305-nightly",
                "name": "4.14.0-0.nightly-2024-07-29-095305"
              },
              {
                "id": "openshift-v4.14.0-0.nightly-2024-07-29-142049-nightly",
                "name": "4.14.0-0.nightly-2024-07-29-142049"
              },
              {
                "id": "openshift-v4.14.0-0.nightly-2024-07-29-182012-nightly",
                "name": "4.14.0-0.nightly-2024-07-29-182012"
              },
              {
                "id": "openshift-v4.14.0-0.nightly-2024-07-30-054002-nightly",
                "name": "4.14.0-0.nightly-2024-07-30-054002"
              },
              {
                "id": "openshift-v4.14.0-0.nightly-2024-07-30-204415-nightly",
                "name": "4.14.0-0.nightly-2024-07-30-204415"
              },
              {
                "id": "openshift-v4.14.0-0.nightly-2024-07-31-070937-nightly",
                "name": "4.14.0-0.nightly-2024-07-31-070937"
              },
              {
                "id": "openshift-v4.14.0-0.nightly-2024-07-31-175606-nightly",
                "name": "4.14.0-0.nightly-2024-07-31-175606"
              },
              {
                "id": "openshift-v4.14.0-0.nightly-2024-07-31-223556-nightly",
                "name": "4.14.0-0.nightly-2024-07-31-223556"
              },
              {
                "id": "openshift-v4.14.0-0.nightly-2024-08-01-024654-nightly",
                "name": "4.14.0-0.nightly-2024-08-01-024654"
              },
              {
                "id": "openshift-v4.14.0-0.nightly-2024-08-01-081521-nightly",
                "name": "4.14.0-0.nightly-2024-08-01-081521"
              },
              {
                "id": "openshift-v4.14.0-0.nightly-2024-08-02-022930-nightly",
                "name": "4.14.0-0.nightly-2024-08-02-022930"
              },
              {
                "id": "openshift-v4.14.0-0.nightly-2024-08-03-053400-nightly",
                "name": "4.14.0-0.nightly-2024-08-03-053400"
              },
              {
                "id": "openshift-v4.14.0-0.nightly-2024-08-06-063633-nightly",
                "name": "4.14.0-0.nightly-2024-08-06-063633"
              },
              {
                "id": "openshift-v4.14.0-0.nightly-2024-08-06-112959-nightly",
                "name": "4.14.0-0.nightly-2024-08-06-112959"
              },
              {
                "id": "openshift-v4.14.0-0.nightly-2024-08-06-164051-nightly",
                "name": "4.14.0-0.nightly-2024-08-06-164051"
              },
              {
                "id": "openshift-v4.14.0-0.nightly-2024-08-06-221949-nightly",
                "name": "4.14.0-0.nightly-2024-08-06-221949"
              },
              {
                "id": "openshift-v4.14.0-0.nightly-2024-08-07-034516-nightly",
                "name": "4.14.0-0.nightly-2024-08-07-034516"
              },
              {
                "id": "openshift-v4.14.0-0.nightly-2024-08-07-115544-nightly",
                "name": "4.14.0-0.nightly-2024-08-07-115544"
              },
              {
                "id": "openshift-v4.14.0-0.nightly-2024-08-08-072255-nightly",
                "name": "4.14.0-0.nightly-2024-08-08-072255"
              },
              {
                "id": "openshift-v4.14.0-0.nightly-2024-08-08-164026-nightly",
                "name": "4.14.0-0.nightly-2024-08-08-164026"
              },
              {
                "id": "openshift-v4.14.0-0.nightly-2024-08-08-211032-nightly",
                "name": "4.14.0-0.nightly-2024-08-08-211032"
              },
              {
                "id": "openshift-v4.14.0-0.nightly-2024-08-09-023739-nightly",
                "name": "4.14.0-0.nightly-2024-08-09-023739"
              },
              {
                "id": "openshift-v4.14.0-0.nightly-2024-08-09-074238-nightly",
                "name": "4.14.0-0.nightly-2024-08-09-074238"
              },
              {
                "id": "openshift-v4.14.0-0.nightly-2024-08-09-122919-nightly",
                "name": "4.14.0-0.nightly-2024-08-09-122919"
              },
              {
                "id": "openshift-v4.14.0-0.nightly-2024-08-09-165702-nightly",
                "name": "4.14.0-0.nightly-2024-08-09-165702"
              },
              {
                "id": "openshift-v4.14.0-0.nightly-2024-08-10-015906-nightly",
                "name": "4.14.0-0.nightly-2024-08-10-015906"
              },
              {
                "id": "openshift-v4.14.0-0.nightly-2024-08-10-131103-nightly",
                "name": "4.14.0-0.nightly-2024-08-10-131103"
              },
              {
                "id": "openshift-v4.14.0-0.nightly-2024-08-11-003059-nightly",
                "name": "4.14.0-0.nightly-2024-08-11-003059"
              },
              {
                "id": "openshift-v4.14.0-0.nightly-2024-08-11-123127-nightly",
                "name": "4.14.0-0.nightly-2024-08-11-123127"
              },
              {
                "id": "openshift-v4.14.0-0.nightly-2024-08-11-181015-nightly",
                "name": "4.14.0-0.nightly-2024-08-11-181015"
              },
              {
                "id": "openshift-v4.14.0-0.nightly-2024-08-11-223357-nightly",
                "name": "4.14.0-0.nightly-2024-08-11-223357"
              },
              {
                "id": "openshift-v4.14.0-0.nightly-2024-08-12-050807-nightly",
                "name": "4.14.0-0.nightly-2024-08-12-050807"
              },
              {
                "id": "openshift-v4.14.0-0.nightly-2024-08-12-155937-nightly",
                "name": "4.14.0-0.nightly-2024-08-12-155937"
              },
              {
                "id": "openshift-v4.14.0-0.nightly-2024-08-12-213216-nightly",
                "name": "4.14.0-0.nightly-2024-08-12-213216"
              },
              {
                "id": "openshift-v4.14.0-0.nightly-2024-08-13-170824-nightly",
                "name": "4.14.0-0.nightly-2024-08-13-170824"
              },
              {
                "id": "openshift-v4.14.0-0.nightly-2024-08-16-000851-nightly",
                "name": "4.14.0-0.nightly-2024-08-16-000851"
              },
              {
                "id": "openshift-v4.14.0-0.nightly-2024-08-16-055554-nightly",
                "name": "4.14.0-0.nightly-2024-08-16-055554"
              },
              {
                "id": "openshift-v4.14.0-0.nightly-2024-08-16-100958-nightly",
                "name": "4.14.0-0.nightly-2024-08-16-100958"
              },
              {
                "id": "openshift-v4.14.0-0.nightly-2024-08-16-154718-nightly",
                "name": "4.14.0-0.nightly-2024-08-16-154718"
              },
              {
                "id": "openshift-v4.14.0-0.nightly-2024-08-16-193309-nightly",
                "name": "4.14.0-0.nightly-2024-08-16-193309"
              },
              {
                "id": "openshift-v4.14.0-0.nightly-2024-08-16-234705-nightly",
                "name": "4.14.0-0.nightly-2024-08-16-234705"
              },
              {
                "id": "openshift-v4.14.0-0.nightly-2024-08-17-041142-nightly",
                "name": "4.14.0-0.nightly-2024-08-17-041142"
              },
              {
                "id": "openshift-v4.14.0-0.nightly-2024-08-17-082219-nightly",
                "name": "4.14.0-0.nightly-2024-08-17-082219"
              },
              {
                "id": "openshift-v4.14.0-0.nightly-2024-08-17-184209-nightly",
                "name": "4.14.0-0.nightly-2024-08-17-184209"
              },
              {
                "id": "openshift-v4.14.0-0.nightly-2024-08-17-223226-nightly",
                "name": "4.14.0-0.nightly-2024-08-17-223226"
              },
              {
                "id": "openshift-v4.14.0-0.nightly-2024-08-18-024240-nightly",
                "name": "4.14.0-0.nightly-2024-08-18-024240"
              },
              {
                "id": "openshift-v4.14.0-0.nightly-2024-08-18-152339-nightly",
                "name": "4.14.0-0.nightly-2024-08-18-152339"
              },
              {
                "id": "openshift-v4.14.0-0.nightly-2024-08-18-192734-nightly",
                "name": "4.14.0-0.nightly-2024-08-18-192734"
              },
              {
                "id": "openshift-v4.14.0-0.nightly-2024-08-19-005726-nightly",
                "name": "4.14.0-0.nightly-2024-08-19-005726"
              },
              {
                "id": "openshift-v4.14.0-0.nightly-2024-08-19-051257-nightly",
                "name": "4.14.0-0.nightly-2024-08-19-051257"
              },
              {
                "id": "openshift-v4.14.0-0.nightly-2024-08-20-170445-nightly",
                "name": "4.14.0-0.nightly-2024-08-20-170445"
              },
              {
                "id": "openshift-v4.14.0-0.nightly-2024-08-21-120829-nightly",
                "name": "4.14.0-0.nightly-2024-08-21-120829"
              },
              {
                "id": "openshift-v4.14.0-0.nightly-2024-08-21-223007-nightly",
                "name": "4.14.0-0.nightly-2024-08-21-223007"
              },
              {
                "id": "openshift-v4.14.0-0.nightly-2024-08-29-074340-nightly",
                "name": "4.14.0-0.nightly-2024-08-29-074340"
              },
              {
                "id": "openshift-v4.14.0-0.nightly-2024-09-02-091543-nightly",
                "name": "4.14.0-0.nightly-2024-09-02-091543"
              },
              {
                "id": "openshift-v4.14.0-0.nightly-2024-09-03-003119-nightly",
                "name": "4.14.0-0.nightly-2024-09-03-003119"
              },
              {
                "id": "openshift-v4.14.0-0.nightly-2024-09-05-150839-nightly",
                "name": "4.14.0-0.nightly-2024-09-05-150839"
              },
              {
                "id": "openshift-v4.14.0-0.nightly-2024-09-06-094031-nightly",
                "name": "4.14.0-0.nightly-2024-09-06-094031"
              },
              {
                "id": "openshift-v4.14.0-0.nightly-2024-09-07-044213-nightly",
                "name": "4.14.0-0.nightly-2024-09-07-044213"
              },
              {
                "id": "openshift-v4.14.0-0.nightly-2024-09-07-084303-nightly",
                "name": "4.14.0-0.nightly-2024-09-07-084303"
              },
              {
                "id": "openshift-v4.14.0-0.nightly-2024-09-07-143614-nightly",
                "name": "4.14.0-0.nightly-2024-09-07-143614"
              },
              {
                "id": "openshift-v4.14.0-0.nightly-2024-09-07-193942-nightly",
                "name": "4.14.0-0.nightly-2024-09-07-193942"
              },
              {
                "id": "openshift-v4.14.0-0.nightly-2024-09-08-005207-nightly",
                "name": "4.14.0-0.nightly-2024-09-08-005207"
              },
              {
                "id": "openshift-v4.14.0-0.nightly-2024-09-08-110202-nightly",
                "name": "4.14.0-0.nightly-2024-09-08-110202"
              },
              {
                "id": "openshift-v4.14.0-0.nightly-2024-09-09-102626-nightly",
                "name": "4.14.0-0.nightly-2024-09-09-102626"
              },
              {
                "id": "openshift-v4.14.0-0.nightly-2024-09-09-211515-nightly",
                "name": "4.14.0-0.nightly-2024-09-09-211515"
              },
              {
                "id": "openshift-v4.14.0-0.nightly-2024-09-10-030542-nightly",
                "name": "4.14.0-0.nightly-2024-09-10-030542"
              },
              {
                "id": "openshift-v4.14.0-0.nightly-2024-09-10-101947-nightly",
                "name": "4.14.0-0.nightly-2024-09-10-101947"
              },
              {
                "id": "openshift-v4.14.0-0.nightly-2024-09-10-200932-nightly",
                "name": "4.14.0-0.nightly-2024-09-10-200932"
              },
              {
                "id": "openshift-v4.14.0-0.nightly-2024-09-11-095047-nightly",
                "name": "4.14.0-0.nightly-2024-09-11-095047"
              },
              {
                "id": "openshift-v4.14.0-0.nightly-2024-09-11-144356-nightly",
                "name": "4.14.0-0.nightly-2024-09-11-144356"
              },
              {
                "id": "openshift-v4.14.0-0.nightly-2024-09-11-204225-nightly",
                "name": "4.14.0-0.nightly-2024-09-11-204225"
              },
              {
                "id": "openshift-v4.14.0-0.nightly-2024-09-12-050706-nightly",
                "name": "4.14.0-0.nightly-2024-09-12-050706"
              },
              {
                "id": "openshift-v4.14.0-0.nightly-2024-09-12-103826-nightly",
                "name": "4.14.0-0.nightly-2024-09-12-103826"
              },
              {
                "id": "openshift-v4.14.0-0.nightly-2024-09-12-185308-nightly",
                "name": "4.14.0-0.nightly-2024-09-12-185308"
              },
              {
                "id": "openshift-v4.14.0-0.nightly-2024-09-13-014711-nightly",
                "name": "4.14.0-0.nightly-2024-09-13-014711"
              },
              {
                "id": "openshift-v4.14.0-0.nightly-2024-09-13-195952-nightly",
                "name": "4.14.0-0.nightly-2024-09-13-195952"
              },
              {
                "id": "openshift-v4.14.0-0.nightly-2024-09-14-024716-nightly",
                "name": "4.14.0-0.nightly-2024-09-14-024716"
              },
              {
                "id": "openshift-v4.14.0-0.nightly-2024-09-14-085409-nightly",
                "name": "4.14.0-0.nightly-2024-09-14-085409"
              },
              {
                "id": "openshift-v4.14.0-0.nightly-2024-09-14-134037-nightly",
                "name": "4.14.0-0.nightly-2024-09-14-134037"
              },
              {
                "id": "openshift-v4.14.0-0.nightly-2024-09-14-221613-nightly",
                "name": "4.14.0-0.nightly-2024-09-14-221613"
              },
              {
                "id": "openshift-v4.14.0-0.nightly-2024-09-15-031854-nightly",
                "name": "4.14.0-0.nightly-2024-09-15-031854"
              },
              {
                "id": "openshift-v4.14.0-0.nightly-2024-09-15-072420-nightly",
                "name": "4.14.0-0.nightly-2024-09-15-072420"
              },
              {
                "id": "openshift-v4.14.0-0.nightly-2024-09-15-160610-nightly",
                "name": "4.14.0-0.nightly-2024-09-15-160610"
              },
              {
                "id": "openshift-v4.14.0-0.nightly-2024-09-15-220824-nightly",
                "name": "4.14.0-0.nightly-2024-09-15-220824"
              },
              {
                "id": "openshift-v4.14.0-0.nightly-2024-09-16-065402-nightly",
                "name": "4.14.0-0.nightly-2024-09-16-065402"
              },
              {
                "id": "openshift-v4.14.0-0.nightly-2024-09-16-121530-nightly",
                "name": "4.14.0-0.nightly-2024-09-16-121530"
              },
              {
                "id": "openshift-v4.14.0-0.nightly-2024-09-17-003228-nightly",
                "name": "4.14.0-0.nightly-2024-09-17-003228"
              },
              {
                "id": "openshift-v4.14.0-0.nightly-2024-09-17-054455-nightly",
                "name": "4.14.0-0.nightly-2024-09-17-054455"
              },
              {
                "id": "openshift-v4.14.0-0.nightly-2024-09-17-095909-nightly",
                "name": "4.14.0-0.nightly-2024-09-17-095909"
              },
              {
                "id": "openshift-v4.14.0-0.nightly-2024-09-17-200753-nightly",
                "name": "4.14.0-0.nightly-2024-09-17-200753"
              },
              {
                "id": "openshift-v4.14.0-0.nightly-2024-09-18-120557-nightly",
                "name": "4.14.0-0.nightly-2024-09-18-120557"
              },
              {
                "id": "openshift-v4.14.0-0.nightly-2024-09-18-164847-nightly",
                "name": "4.14.0-0.nightly-2024-09-18-164847"
              },
              {
                "id": "openshift-v4.14.0-0.nightly-2024-09-19-035446-nightly",
                "name": "4.14.0-0.nightly-2024-09-19-035446"
              },
              {
                "id": "openshift-v4.14.0-0.nightly-2024-09-19-075522-nightly",
                "name": "4.14.0-0.nightly-2024-09-19-075522"
              },
              {
                "id": "openshift-v4.14.0-0.nightly-2024-09-19-130305-nightly",
                "name": "4.14.0-0.nightly-2024-09-19-130305"
              },
              {
                "id": "openshift-v4.14.0-0.nightly-2024-09-19-180802-nightly",
                "name": "4.14.0-0.nightly-2024-09-19-180802"
              },
              {
                "id": "openshift-v4.14.0-0.nightly-2024-09-20-005437-nightly",
                "name": "4.14.0-0.nightly-2024-09-20-005437"
              },
              {
                "id": "openshift-v4.14.0-0.nightly-2024-09-20-052203-nightly",
                "name": "4.14.0-0.nightly-2024-09-20-052203"
              },
              {
                "id": "openshift-v4.14.0-0.nightly-2024-09-20-130458-nightly",
                "name": "4.14.0-0.nightly-2024-09-20-130458"
              },
              {
                "id": "openshift-v4.14.0-0.nightly-2024-09-20-182329-nightly",
                "name": "4.14.0-0.nightly-2024-09-20-182329"
              },
              {
                "id": "openshift-v4.14.0-0.nightly-2024-09-21-030547-nightly",
                "name": "4.14.0-0.nightly-2024-09-21-030547"
              },
              {
                "id": "openshift-v4.14.0-0.nightly-2024-09-21-121540-nightly",
                "name": "4.14.0-0.nightly-2024-09-21-121540"
              },
              {
                "id": "openshift-v4.14.0-0.nightly-2024-09-22-095108-nightly",
                "name": "4.14.0-0.nightly-2024-09-22-095108"
              },
              {
                "id": "openshift-v4.14.0-0.nightly-2024-09-22-165641-nightly",
                "name": "4.14.0-0.nightly-2024-09-22-165641"
              },
              {
                "id": "openshift-v4.14.0-0.nightly-2024-09-22-212240-nightly",
                "name": "4.14.0-0.nightly-2024-09-22-212240"
              },
              {
                "id": "openshift-v4.14.0-0.nightly-2024-09-23-041122-nightly",
                "name": "4.14.0-0.nightly-2024-09-23-041122"
              },
              {
                "id": "openshift-v4.14.0-0.nightly-2024-09-23-091935-nightly",
                "name": "4.14.0-0.nightly-2024-09-23-091935"
              },
              {
                "id": "openshift-v4.14.0-0.nightly-2024-09-23-132102-nightly",
                "name": "4.14.0-0.nightly-2024-09-23-132102"
              },
              {
                "id": "openshift-v4.14.0-0.nightly-2024-09-23-173207-nightly",
                "name": "4.14.0-0.nightly-2024-09-23-173207"
              },
              {
                "id": "openshift-v4.14.0-0.nightly-2024-09-25-024242-nightly",
                "name": "4.14.0-0.nightly-2024-09-25-024242"
              },
              {
                "id": "openshift-v4.14.0-0.nightly-2024-09-25-113148-nightly",
                "name": "4.14.0-0.nightly-2024-09-25-113148"
              },
              {
                "id": "openshift-v4.14.0-0.nightly-2024-09-26-212408-nightly",
                "name": "4.14.0-0.nightly-2024-09-26-212408"
              },
              {
                "id": "openshift-v4.14.0-0.nightly-2024-09-27-043700-nightly",
                "name": "4.14.0-0.nightly-2024-09-27-043700"
              },
              {
                "id": "openshift-v4.14.0-0.nightly-2024-09-27-085122-nightly",
                "name": "4.14.0-0.nightly-2024-09-27-085122"
              },
              {
                "id": "openshift-v4.14.0-0.nightly-2024-09-27-135154-nightly",
                "name": "4.14.0-0.nightly-2024-09-27-135154"
              },
              {
                "id": "openshift-v4.14.0-0.nightly-2024-09-28-034926-nightly",
                "name": "4.14.0-0.nightly-2024-09-28-034926"
              },
              {
                "id": "openshift-v4.14.0-0.nightly-2024-09-28-080727-nightly",
                "name": "4.14.0-0.nightly-2024-09-28-080727"
              },
              {
                "id": "openshift-v4.14.0-0.nightly-2024-09-28-175234-nightly",
                "name": "4.14.0-0.nightly-2024-09-28-175234"
              },
              {
                "id": "openshift-v4.14.0-0.nightly-2024-09-29-044008-nightly",
                "name": "4.14.0-0.nightly-2024-09-29-044008"
              },
              {
                "id": "openshift-v4.14.0-0.nightly-2024-09-29-103744-nightly",
                "name": "4.14.0-0.nightly-2024-09-29-103744"
              },
              {
                "id": "openshift-v4.14.0-0.nightly-2024-09-29-193638-nightly",
                "name": "4.14.0-0.nightly-2024-09-29-193638"
              },
              {
                "id": "openshift-v4.14.0-0.nightly-2024-09-30-003611-nightly",
                "name": "4.14.0-0.nightly-2024-09-30-003611"
              },
              {
                "id": "openshift-v4.14.0-0.nightly-2024-09-30-054214-nightly",
                "name": "4.14.0-0.nightly-2024-09-30-054214"
              },
              {
                "id": "openshift-v4.14.0-0.nightly-2024-09-30-104151-nightly",
                "name": "4.14.0-0.nightly-2024-09-30-104151"
              },
              {
                "id": "openshift-v4.14.0-0.nightly-2024-09-30-153334-nightly",
                "name": "4.14.0-0.nightly-2024-09-30-153334"
              },
              {
                "id": "openshift-v4.14.0-0.nightly-2024-09-30-222055-nightly",
                "name": "4.14.0-0.nightly-2024-09-30-222055"
              },
              {
                "id": "openshift-v4.14.0-0.nightly-2024-10-01-033106-nightly",
                "name": "4.14.0-0.nightly-2024-10-01-033106"
              },
              {
                "id": "openshift-v4.14.0-0.nightly-2024-10-01-104334-nightly",
                "name": "4.14.0-0.nightly-2024-10-01-104334"
              },
              {
                "id": "openshift-v4.14.0-0.nightly-2024-10-01-205207-nightly",
                "name": "4.14.0-0.nightly-2024-10-01-205207"
              },
              {
                "id": "openshift-v4.14.0-0.nightly-2024-10-02-030512-nightly",
                "name": "4.14.0-0.nightly-2024-10-02-030512"
              },
              {
                "id": "openshift-v4.14.0-0.nightly-2024-10-02-065102-nightly",
                "name": "4.14.0-0.nightly-2024-10-02-065102"
              },
              {
                "id": "openshift-v4.14.0-0.nightly-2024-10-02-194202-nightly",
                "name": "4.14.0-0.nightly-2024-10-02-194202"
              },
              {
                "id": "openshift-v4.14.0-0.nightly-2024-10-02-235505-nightly",
                "name": "4.14.0-0.nightly-2024-10-02-235505"
              },
              {
                "id": "openshift-v4.14.0-0.nightly-2024-10-03-035441-nightly",
                "name": "4.14.0-0.nightly-2024-10-03-035441"
              },
              {
                "id": "openshift-v4.14.0-0.nightly-2024-10-03-091648-nightly",
                "name": "4.14.0-0.nightly-2024-10-03-091648"
              },
              {
                "id": "openshift-v4.14.0-0.nightly-2024-10-03-163410-nightly",
                "name": "4.14.0-0.nightly-2024-10-03-163410"
              },
              {
                "id": "openshift-v4.14.0-0.nightly-2024-10-04-000309-nightly",
                "name": "4.14.0-0.nightly-2024-10-04-000309"
              },
              {
                "id": "openshift-v4.14.0-0.nightly-2024-10-04-052122-nightly",
                "name": "4.14.0-0.nightly-2024-10-04-052122"
              },
              {
                "id": "openshift-v4.14.0-0.nightly-2024-10-04-103013-nightly",
                "name": "4.14.0-0.nightly-2024-10-04-103013"
              },
              {
                "id": "openshift-v4.14.0-0.nightly-2024-10-04-230606-nightly",
                "name": "4.14.0-0.nightly-2024-10-04-230606"
              },
              {
                "id": "openshift-v4.14.0-0.nightly-2024-10-05-050508-nightly",
                "name": "4.14.0-0.nightly-2024-10-05-050508"
              },
              {
                "id": "openshift-v4.14.0-0.nightly-2024-10-05-110547-nightly",
                "name": "4.14.0-0.nightly-2024-10-05-110547"
              },
              {
                "id": "openshift-v4.14.0-0.nightly-2024-10-05-153731-nightly",
                "name": "4.14.0-0.nightly-2024-10-05-153731"
              },
              {
                "id": "openshift-v4.14.0-0.nightly-2024-10-05-203442-nightly",
                "name": "4.14.0-0.nightly-2024-10-05-203442"
              },
              {
                "id": "openshift-v4.14.0-0.nightly-2024-10-06-024811-nightly",
                "name": "4.14.0-0.nightly-2024-10-06-024811"
              },
              {
                "id": "openshift-v4.14.0-0.nightly-2024-10-06-082336-nightly",
                "name": "4.14.0-0.nightly-2024-10-06-082336"
              },
              {
                "id": "openshift-v4.14.0-0.nightly-2024-10-06-143328-nightly",
                "name": "4.14.0-0.nightly-2024-10-06-143328"
              },
              {
                "id": "openshift-v4.14.0-0.nightly-2024-10-07-005809-nightly",
                "name": "4.14.0-0.nightly-2024-10-07-005809"
              },
              {
                "id": "openshift-v4.14.0-0.nightly-2024-10-07-151837-nightly",
                "name": "4.14.0-0.nightly-2024-10-07-151837"
              },
              {
                "id": "openshift-v4.14.0-0.nightly-2024-10-07-214423-nightly",
                "name": "4.14.0-0.nightly-2024-10-07-214423"
              },
              {
                "id": "openshift-v4.14.0-0.nightly-2024-10-08-015824-nightly",
                "name": "4.14.0-0.nightly-2024-10-08-015824"
              },
              {
                "id": "openshift-v4.14.0-0.nightly-2024-10-08-071125-nightly",
                "name": "4.14.0-0.nightly-2024-10-08-071125"
              },
              {
                "id": "openshift-v4.14.0-0.nightly-2024-10-08-132251-nightly",
                "name": "4.14.0-0.nightly-2024-10-08-132251"
              },
              {
                "id": "openshift-v4.14.0-0.nightly-2024-10-08-172345-nightly",
                "name": "4.14.0-0.nightly-2024-10-08-172345"
              },
              {
                "id": "openshift-v4.14.0-0.nightly-2024-10-08-220038-nightly",
                "name": "4.14.0-0.nightly-2024-10-08-220038"
              },
              {
                "id": "openshift-v4.14.0-0.nightly-2024-10-09-094018-nightly",
                "name": "4.14.0-0.nightly-2024-10-09-094018"
              },
              {
                "id": "openshift-v4.14.0-0.nightly-2024-10-09-162651-nightly",
                "name": "4.14.0-0.nightly-2024-10-09-162651"
              },
              {
                "id": "openshift-v4.14.0-0.nightly-2024-10-10-005532-nightly",
                "name": "4.14.0-0.nightly-2024-10-10-005532"
              },
              {
                "id": "openshift-v4.14.0-0.nightly-2024-10-10-071509-nightly",
                "name": "4.14.0-0.nightly-2024-10-10-071509"
              },
              {
                "id": "openshift-v4.14.0-0.nightly-2024-10-10-183431-nightly",
                "name": "4.14.0-0.nightly-2024-10-10-183431"
              },
              {
                "id": "openshift-v4.14.0-0.nightly-2024-10-11-003205-nightly",
                "name": "4.14.0-0.nightly-2024-10-11-003205"
              },
              {
                "id": "openshift-v4.14.0-0.nightly-2024-10-11-142409-nightly",
                "name": "4.14.0-0.nightly-2024-10-11-142409"
              },
              {
                "id": "openshift-v4.14.0-0.nightly-2024-10-11-181710-nightly",
                "name": "4.14.0-0.nightly-2024-10-11-181710"
              },
              {
                "id": "openshift-v4.14.0-0.nightly-2024-10-12-093248-nightly",
                "name": "4.14.0-0.nightly-2024-10-12-093248"
              },
              {
                "id": "openshift-v4.14.0-0.nightly-2024-10-12-153708-nightly",
                "name": "4.14.0-0.nightly-2024-10-12-153708"
              },
              {
                "id": "openshift-v4.14.0-0.nightly-2024-10-12-191618-nightly",
                "name": "4.14.0-0.nightly-2024-10-12-191618"
              },
              {
                "id": "openshift-v4.14.0-0.nightly-2024-10-13-001151-nightly",
                "name": "4.14.0-0.nightly-2024-10-13-001151"
              },
              {
                "id": "openshift-v4.14.0-0.nightly-2024-10-13-071414-nightly",
                "name": "4.14.0-0.nightly-2024-10-13-071414"
              },
              {
                "id": "openshift-v4.14.0-0.nightly-2024-10-13-131646-nightly",
                "name": "4.14.0-0.nightly-2024-10-13-131646"
              },
              {
                "id": "openshift-v4.14.0-0.nightly-2024-10-13-172726-nightly",
                "name": "4.14.0-0.nightly-2024-10-13-172726"
              },
              {
                "id": "openshift-v4.14.0-0.nightly-2024-10-13-215036-nightly",
                "name": "4.14.0-0.nightly-2024-10-13-215036"
              },
              {
                "id": "openshift-v4.14.0-0.nightly-2024-10-14-102259-nightly",
                "name": "4.14.0-0.nightly-2024-10-14-102259"
              },
              {
                "id": "openshift-v4.14.0-0.nightly-2024-10-14-195434-nightly",
                "name": "4.14.0-0.nightly-2024-10-14-195434"
              },
              {
                "id": "openshift-v4.14.0-0.nightly-2024-10-15-011210-nightly",
                "name": "4.14.0-0.nightly-2024-10-15-011210"
              },
              {
                "id": "openshift-v4.14.0-0.nightly-2024-10-15-045817-nightly",
                "name": "4.14.0-0.nightly-2024-10-15-045817"
              },
              {
                "id": "openshift-v4.14.0-0.nightly-2024-10-15-085417-nightly",
                "name": "4.14.0-0.nightly-2024-10-15-085417"
              },
              {
                "id": "openshift-v4.14.0-0.nightly-2024-10-15-122824-nightly",
                "name": "4.14.0-0.nightly-2024-10-15-122824"
              },
              {
                "id": "openshift-v4.14.0-0.nightly-2024-10-15-230501-nightly",
                "name": "4.14.0-0.nightly-2024-10-15-230501"
              },
              {
                "id": "openshift-v4.14.0-0.nightly-2024-10-16-145648-nightly",
                "name": "4.14.0-0.nightly-2024-10-16-145648"
              },
              {
                "id": "openshift-v4.14.0-0.nightly-2024-10-16-193425-nightly",
                "name": "4.14.0-0.nightly-2024-10-16-193425"
              },
              {
                "id": "openshift-v4.14.0-0.nightly-2024-10-16-233537-nightly",
                "name": "4.14.0-0.nightly-2024-10-16-233537"
              },
              {
                "id": "openshift-v4.14.0-0.nightly-2024-10-17-043541-nightly",
                "name": "4.14.0-0.nightly-2024-10-17-043541"
              },
              {
                "id": "openshift-v4.14.0-0.nightly-2024-10-17-174429-nightly",
                "name": "4.14.0-0.nightly-2024-10-17-174429"
              },
              {
                "id": "openshift-v4.14.0-0.nightly-2024-10-17-220001-nightly",
                "name": "4.14.0-0.nightly-2024-10-17-220001"
              },
              {
                "id": "openshift-v4.14.0-0.nightly-2024-10-18-142848-nightly",
                "name": "4.14.0-0.nightly-2024-10-18-142848"
              },
              {
                "id": "openshift-v4.14.0-0.nightly-2024-10-18-191042-nightly",
                "name": "4.14.0-0.nightly-2024-10-18-191042"
              },
              {
                "id": "openshift-v4.14.0-0.nightly-2024-10-19-092601-nightly",
                "name": "4.14.0-0.nightly-2024-10-19-092601"
              },
              {
                "id": "openshift-v4.14.0-0.nightly-2024-10-19-233643-nightly",
                "name": "4.14.0-0.nightly-2024-10-19-233643"
              },
              {
                "id": "openshift-v4.14.0-0.nightly-2024-10-25-040322-nightly",
                "name": "4.14.0-0.nightly-2024-10-25-040322"
              },
              {
                "id": "openshift-v4.14.0-0.nightly-2024-10-25-210655-nightly",
                "name": "4.14.0-0.nightly-2024-10-25-210655"
              },
              {
                "id": "openshift-v4.14.0-0.nightly-2024-10-28-155236-nightly",
                "name": "4.14.0-0.nightly-2024-10-28-155236"
              },
              {
                "id": "openshift-v4.14.0-0.nightly-2024-10-30-121159-nightly",
                "name": "4.14.0-0.nightly-2024-10-30-121159"
              },
              {
                "id": "openshift-v4.14.0-0.nightly-2024-10-31-123546-nightly",
                "name": "4.14.0-0.nightly-2024-10-31-123546"
              },
              {
                "id": "openshift-v4.14.0-0.nightly-2024-10-31-202319-nightly",
                "name": "4.14.0-0.nightly-2024-10-31-202319"
              },
              {
                "id": "openshift-v4.14.0-0.nightly-2024-11-01-015016-nightly",
                "name": "4.14.0-0.nightly-2024-11-01-015016"
              },
              {
                "id": "openshift-v4.14.0-0.nightly-2024-11-01-070753-nightly",
                "name": "4.14.0-0.nightly-2024-11-01-070753"
              },
              {
                "id": "openshift-v4.14.0-0.nightly-2024-11-01-112001-nightly",
                "name": "4.14.0-0.nightly-2024-11-01-112001"
              },
              {
                "id": "openshift-v4.14.0-0.nightly-2024-11-01-174017-nightly",
                "name": "4.14.0-0.nightly-2024-11-01-174017"
              },
              {
                "id": "openshift-v4.14.0-0.nightly-2024-11-02-112015-nightly",
                "name": "4.14.0-0.nightly-2024-11-02-112015"
              },
              {
                "id": "openshift-v4.14.0-0.nightly-2024-11-03-074706-nightly",
                "name": "4.14.0-0.nightly-2024-11-03-074706"
              },
              {
                "id": "openshift-v4.14.0-0.nightly-2024-11-04-211041-nightly",
                "name": "4.14.0-0.nightly-2024-11-04-211041"
              },
              {
                "id": "openshift-v4.14.0-0.nightly-2024-11-06-000853-nightly",
                "name": "4.14.0-0.nightly-2024-11-06-000853"
              },
              {
                "id": "openshift-v4.14.0-0.nightly-2024-11-06-115311-nightly",
                "name": "4.14.0-0.nightly-2024-11-06-115311"
              },
              {
                "id": "openshift-v4.14.0-0.nightly-2024-11-06-153822-nightly",
                "name": "4.14.0-0.nightly-2024-11-06-153822"
              },
              {
                "id": "openshift-v4.14.0-0.nightly-2024-11-08-002228-nightly",
                "name": "4.14.0-0.nightly-2024-11-08-002228"
              },
              {
                "id": "openshift-v4.14.0-0.nightly-2024-11-08-043134-nightly",
                "name": "4.14.0-0.nightly-2024-11-08-043134"
              },
              {
                "id": "openshift-v4.14.0-0.nightly-2024-11-11-222143-nightly",
                "name": "4.14.0-0.nightly-2024-11-11-222143"
              },
              {
                "id": "openshift-v4.14.0-0.nightly-2024-11-12-075405-nightly",
                "name": "4.14.0-0.nightly-2024-11-12-075405"
              },
              {
                "id": "openshift-v4.14.0-0.nightly-2024-11-12-152934-nightly",
                "name": "4.14.0-0.nightly-2024-11-12-152934"
              },
              {
                "id": "openshift-v4.14.0-0.nightly-2024-11-13-115434-nightly",
                "name": "4.14.0-0.nightly-2024-11-13-115434"
              },
              {
                "id": "openshift-v4.14.0-0.nightly-2024-11-13-182110-nightly",
                "name": "4.14.0-0.nightly-2024-11-13-182110"
              },
              {
                "id": "openshift-v4.14.0-0.nightly-2024-11-14-202600-nightly",
                "name": "4.14.0-0.nightly-2024-11-14-202600"
              },
              {
                "id": "openshift-v4.14.0-0.nightly-2024-11-15-004545-nightly",
                "name": "4.14.0-0.nightly-2024-11-15-004545"
              },
              {
                "id": "openshift-v4.14.0-0.nightly-2024-11-15-140509-nightly",
                "name": "4.14.0-0.nightly-2024-11-15-140509"
              },
              {
                "id": "openshift-v4.14.0-0.nightly-2024-11-15-175723-nightly",
                "name": "4.14.0-0.nightly-2024-11-15-175723"
              },
              {
                "id": "openshift-v4.14.0-0.nightly-2024-11-17-044824-nightly",
                "name": "4.14.0-0.nightly-2024-11-17-044824"
              },
              {
                "id": "openshift-v4.14.0-0.nightly-2024-11-19-145426-nightly",
                "name": "4.14.0-0.nightly-2024-11-19-145426"
              },
              {
                "id": "openshift-v4.14.0-0.nightly-2024-11-25-152425-nightly",
                "name": "4.14.0-0.nightly-2024-11-25-152425"
              },
              {
                "id": "openshift-v4.14.0-0.nightly-2024-11-25-203302-nightly",
                "name": "4.14.0-0.nightly-2024-11-25-203302"
              },
              {
                "id": "openshift-v4.14.0-0.nightly-2024-11-26-044527-nightly",
                "name": "4.14.0-0.nightly-2024-11-26-044527"
              },
              {
                "id": "openshift-v4.14.0-0.nightly-2024-11-26-101817-nightly",
                "name": "4.14.0-0.nightly-2024-11-26-101817"
              },
              {
                "id": "openshift-v4.14.0-0.nightly-2024-11-26-165121-nightly",
                "name": "4.14.0-0.nightly-2024-11-26-165121"
              },
              {
                "id": "openshift-v4.14.0-0.nightly-2024-11-27-015543-nightly",
                "name": "4.14.0-0.nightly-2024-11-27-015543"
              },
              {
                "id": "openshift-v4.14.0-0.nightly-2024-11-27-073507-nightly",
                "name": "4.14.0-0.nightly-2024-11-27-073507"
              },
              {
                "id": "openshift-v4.14.0-0.nightly-2024-11-29-081938-nightly",
                "name": "4.14.0-0.nightly-2024-11-29-081938"
              },
              {
                "id": "openshift-v4.14.0-0.nightly-2024-12-02-205011-nightly",
                "name": "4.14.0-0.nightly-2024-12-02-205011"
              },
              {
                "id": "openshift-v4.14.0-0.nightly-2024-12-03-214554-nightly",
                "name": "4.14.0-0.nightly-2024-12-03-214554"
              },
              {
                "id": "openshift-v4.14.0-0.nightly-2024-12-04-042207-nightly",
                "name": "4.14.0-0.nightly-2024-12-04-042207"
              },
              {
                "id": "openshift-v4.14.0-0.nightly-2024-12-04-165319-nightly",
                "name": "4.14.0-0.nightly-2024-12-04-165319"
              },
              {
                "id": "openshift-v4.14.0-0.nightly-2024-12-05-023928-nightly",
                "name": "4.14.0-0.nightly-2024-12-05-023928"
              },
              {
                "id": "openshift-v4.14.0-0.nightly-2024-12-06-042433-nightly",
                "name": "4.14.0-0.nightly-2024-12-06-042433"
              },
              {
                "id": "openshift-v4.14.0-0.nightly-2024-12-10-184304-nightly",
                "name": "4.14.0-0.nightly-2024-12-10-184304"
              },
              {
                "id": "openshift-v4.14.0-0.nightly-2024-12-11-033016-nightly",
                "name": "4.14.0-0.nightly-2024-12-11-033016"
              },
              {
                "id": "openshift-v4.14.0-0.nightly-2024-12-11-235050-nightly",
                "name": "4.14.0-0.nightly-2024-12-11-235050"
              },
              {
                "id": "openshift-v4.14.0-0.nightly-2024-12-12-043049-nightly",
                "name": "4.14.0-0.nightly-2024-12-12-043049"
              },
              {
                "id": "openshift-v4.14.0-0.nightly-2024-12-12-194106-nightly",
                "name": "4.14.0-0.nightly-2024-12-12-194106"
              },
              {
                "id": "openshift-v4.14.0-0.nightly-2024-12-18-081824-nightly",
                "name": "4.14.0-0.nightly-2024-12-18-081824"
              },
              {
                "id": "openshift-v4.14.0-0.nightly-2024-12-18-170256-nightly",
                "name": "4.14.0-0.nightly-2024-12-18-170256"
              },
              {
                "id": "openshift-v4.14.0-0.nightly-2024-12-19-002924-nightly",
                "name": "4.14.0-0.nightly-2024-12-19-002924"
              },
              {
                "id": "openshift-v4.14.0-0.nightly-2024-12-19-081645-nightly",
                "name": "4.14.0-0.nightly-2024-12-19-081645"
              },
              {
                "id": "openshift-v4.14.0-0.nightly-2024-12-20-035519-nightly",
                "name": "4.14.0-0.nightly-2024-12-20-035519"
              },
              {
                "id": "openshift-v4.14.0-0.nightly-2024-12-20-115909-nightly",
                "name": "4.14.0-0.nightly-2024-12-20-115909"
              },
              {
                "id": "openshift-v4.14.0-0.nightly-2024-12-20-232226-nightly",
                "name": "4.14.0-0.nightly-2024-12-20-232226"
              },
              {
                "id": "openshift-v4.14.0-0.nightly-2024-12-21-092603-nightly",
                "name": "4.14.0-0.nightly-2024-12-21-092603"
              },
              {
                "id": "openshift-v4.14.0-0.nightly-2024-12-23-232426-nightly",
                "name": "4.14.0-0.nightly-2024-12-23-232426"
              },
              {
                "id": "openshift-v4.14.0-0.nightly-2024-12-27-152936-nightly",
                "name": "4.14.0-0.nightly-2024-12-27-152936"
              },
              {
                "id": "openshift-v4.14.0-0.nightly-2025-01-05-131104-nightly",
                "name": "4.14.0-0.nightly-2025-01-05-131104"
              },
              {
                "id": "openshift-v4.14.0-0.nightly-2025-01-07-232721-nightly",
                "name": "4.14.0-0.nightly-2025-01-07-232721"
              },
              {
                "id": "openshift-v4.14.0-0.nightly-2025-01-08-033759-nightly",
                "name": "4.14.0-0.nightly-2025-01-08-033759"
              },
              {
                "id": "openshift-v4.14.0-0.nightly-2025-01-08-132340-nightly",
                "name": "4.14.0-0.nightly-2025-01-08-132340"
              },
              {
                "id": "openshift-v4.14.0-0.nightly-2025-01-09-023909-nightly",
                "name": "4.14.0-0.nightly-2025-01-09-023909"
              },
              {
                "id": "openshift-v4.14.0-0.nightly-2025-01-09-162020-nightly",
                "name": "4.14.0-0.nightly-2025-01-09-162020"
              },
              {
                "id": "openshift-v4.14.0-0.nightly-2025-01-10-012014-nightly",
                "name": "4.14.0-0.nightly-2025-01-10-012014"
              },
              {
                "id": "openshift-v4.14.0-0.nightly-2025-01-10-075047-nightly",
                "name": "4.14.0-0.nightly-2025-01-10-075047"
              },
              {
                "id": "openshift-v4.14.0-0.nightly-2025-01-10-143021-nightly",
                "name": "4.14.0-0.nightly-2025-01-10-143021"
              },
              {
                "id": "openshift-v4.14.0-0.nightly-2025-01-11-011425-nightly",
                "name": "4.14.0-0.nightly-2025-01-11-011425"
              },
              {
                "id": "openshift-v4.14.0-0.nightly-2025-01-15-185800-nightly",
                "name": "4.14.0-0.nightly-2025-01-15-185800"
              },
              {
                "id": "openshift-v4.14.0-0.nightly-2025-01-16-112156-nightly",
                "name": "4.14.0-0.nightly-2025-01-16-112156"
              },
              {
                "id": "openshift-v4.14.0-0.nightly-2025-01-16-185840-nightly",
                "name": "4.14.0-0.nightly-2025-01-16-185840"
              },
              {
                "id": "openshift-v4.14.0-0.nightly-2025-01-17-123058-nightly",
                "name": "4.14.0-0.nightly-2025-01-17-123058"
              },
              {
                "id": "openshift-v4.14.0-0.nightly-2025-01-17-180247-nightly",
                "name": "4.14.0-0.nightly-2025-01-17-180247"
              },
              {
                "id": "openshift-v4.14.0-0.nightly-2025-01-19-193149-nightly",
                "name": "4.14.0-0.nightly-2025-01-19-193149"
              },
              {
                "id": "openshift-v4.14.0-0.nightly-2025-01-20-164753-nightly",
                "name": "4.14.0-0.nightly-2025-01-20-164753"
              },
              {
                "id": "openshift-v4.14.0-0.nightly-2025-01-20-223741-nightly",
                "name": "4.14.0-0.nightly-2025-01-20-223741"
              },
              {
                "id": "openshift-v4.14.0-0.nightly-2025-01-21-070157-nightly",
                "name": "4.14.0-0.nightly-2025-01-21-070157"
              },
              {
                "id": "openshift-v4.14.0-0.nightly-2025-01-22-024525-nightly",
                "name": "4.14.0-0.nightly-2025-01-22-024525"
              },
              {
                "id": "openshift-v4.14.0-0.nightly-2025-01-23-083239-nightly",
                "name": "4.14.0-0.nightly-2025-01-23-083239"
              },
              {
                "id": "openshift-v4.14.0-0.nightly-2025-01-24-014635-nightly",
                "name": "4.14.0-0.nightly-2025-01-24-014635"
              },
              {
                "id": "openshift-v4.14.0-0.nightly-2025-01-24-093013-nightly",
                "name": "4.14.0-0.nightly-2025-01-24-093013"
              },
              {
                "id": "openshift-v4.14.0-0.nightly-2025-01-24-182800-nightly",
                "name": "4.14.0-0.nightly-2025-01-24-182800"
              },
              {
                "id": "openshift-v4.14.0-0.nightly-2025-01-25-021323-nightly",
                "name": "4.14.0-0.nightly-2025-01-25-021323"
              },
              {
                "id": "openshift-v4.14.0-0.nightly-2025-01-25-192431-nightly",
                "name": "4.14.0-0.nightly-2025-01-25-192431"
              },
              {
                "id": "openshift-v4.14.0-0.nightly-2025-01-27-102654-nightly",
                "name": "4.14.0-0.nightly-2025-01-27-102654"
              },
              {
                "id": "openshift-v4.14.0-0.nightly-2025-01-27-172510-nightly",
                "name": "4.14.0-0.nightly-2025-01-27-172510"
              },
              {
                "id": "openshift-v4.14.0-0.nightly-2025-01-28-021348-nightly",
                "name": "4.14.0-0.nightly-2025-01-28-021348"
              },
              {
                "id": "openshift-v4.14.0-0.nightly-2025-01-28-103342-nightly",
                "name": "4.14.0-0.nightly-2025-01-28-103342"
              },
              {
                "id": "openshift-v4.14.0-0.nightly-2025-01-28-143126-nightly",
                "name": "4.14.0-0.nightly-2025-01-28-143126"
              },
              {
                "id": "openshift-v4.14.0-0.nightly-2025-01-28-221641-nightly",
                "name": "4.14.0-0.nightly-2025-01-28-221641"
              },
              {
                "id": "openshift-v4.14.0-0.nightly-2025-01-30-145111-nightly",
                "name": "4.14.0-0.nightly-2025-01-30-145111"
              },
              {
                "id": "openshift-v4.14.0-0.nightly-2025-01-30-231906-nightly",
                "name": "4.14.0-0.nightly-2025-01-30-231906"
              },
              {
                "id": "openshift-v4.14.0-0.nightly-2025-01-31-072527-nightly",
                "name": "4.14.0-0.nightly-2025-01-31-072527"
              },
              {
                "id": "openshift-v4.14.0-0.nightly-2025-02-03-013025-nightly",
                "name": "4.14.0-0.nightly-2025-02-03-013025"
              },
              {
                "id": "openshift-v4.14.0-0.nightly-2025-02-03-154622-nightly",
                "name": "4.14.0-0.nightly-2025-02-03-154622"
              },
              {
                "id": "openshift-v4.14.0-0.nightly-2025-02-04-134601-nightly",
                "name": "4.14.0-0.nightly-2025-02-04-134601"
              },
              {
                "id": "openshift-v4.14.0-0.nightly-2025-02-05-042159-nightly",
                "name": "4.14.0-0.nightly-2025-02-05-042159"
              },
              {
                "id": "openshift-v4.14.0-0.nightly-2025-02-07-092236-nightly",
                "name": "4.14.0-0.nightly-2025-02-07-092236"
              },
              {
                "id": "openshift-v4.14.0-0.nightly-2025-02-09-015729-nightly",
                "name": "4.14.0-0.nightly-2025-02-09-015729"
              },
              {
                "id": "openshift-v4.14.0-0.nightly-2025-02-09-092343-nightly",
                "name": "4.14.0-0.nightly-2025-02-09-092343"
              },
              {
                "id": "openshift-v4.14.0-0.nightly-2025-02-10-171503-nightly",
                "name": "4.14.0-0.nightly-2025-02-10-171503"
              },
              {
                "id": "openshift-v4.14.0-0.nightly-2025-02-10-215420-nightly",
                "name": "4.14.0-0.nightly-2025-02-10-215420"
              },
              {
                "id": "openshift-v4.14.0-0.nightly-2025-02-11-061249-nightly",
                "name": "4.14.0-0.nightly-2025-02-11-061249"
              },
              {
                "id": "openshift-v4.14.0-0.nightly-2025-02-11-193826-nightly",
                "name": "4.14.0-0.nightly-2025-02-11-193826"
              },
              {
                "id": "openshift-v4.14.0-0.nightly-2025-02-12-172141-nightly",
                "name": "4.14.0-0.nightly-2025-02-12-172141"
              },
              {
                "id": "openshift-v4.14.0-0.nightly-2025-02-13-184836-nightly",
                "name": "4.14.0-0.nightly-2025-02-13-184836"
              },
              {
                "id": "openshift-v4.14.0-0.nightly-2025-02-14-062318-nightly",
                "name": "4.14.0-0.nightly-2025-02-14-062318"
              },
              {
                "id": "openshift-v4.14.0-0.nightly-2025-02-14-132116-nightly",
                "name": "4.14.0-0.nightly-2025-02-14-132116"
              },
              {
                "id": "openshift-v4.14.0-0.nightly-2025-02-14-202128-nightly",
                "name": "4.14.0-0.nightly-2025-02-14-202128"
              },
              {
                "id": "openshift-v4.14.0-0.nightly-2025-02-18-022555-nightly",
                "name": "4.14.0-0.nightly-2025-02-18-022555"
              },
              {
                "id": "openshift-v4.14.0-0.nightly-2025-02-18-072415-nightly",
                "name": "4.14.0-0.nightly-2025-02-18-072415"
              },
              {
                "id": "openshift-v4.14.0-0.nightly-2025-02-19-013648-nightly",
                "name": "4.14.0-0.nightly-2025-02-19-013648"
              },
              {
                "id": "openshift-v4.14.0-0.nightly-2025-02-19-075817-nightly",
                "name": "4.14.0-0.nightly-2025-02-19-075817"
              },
              {
                "id": "openshift-v4.14.0-0.nightly-2025-02-19-115923-nightly",
                "name": "4.14.0-0.nightly-2025-02-19-115923"
              },
              {
                "id": "openshift-v4.14.0-0.nightly-2025-02-19-155533-nightly",
                "name": "4.14.0-0.nightly-2025-02-19-155533"
              },
              {
                "id": "openshift-v4.14.0-0.nightly-2025-02-20-023649-nightly",
                "name": "4.14.0-0.nightly-2025-02-20-023649"
              },
              {
                "id": "openshift-v4.14.0-0.nightly-2025-02-20-131712-nightly",
                "name": "4.14.0-0.nightly-2025-02-20-131712"
              },
              {
                "id": "openshift-v4.14.0-0.nightly-2025-02-26-075318-nightly",
                "name": "4.14.0-0.nightly-2025-02-26-075318"
              },
              {
                "id": "openshift-v4.14.0-0.nightly-2025-02-26-130611-nightly",
                "name": "4.14.0-0.nightly-2025-02-26-130611"
              },
              {
                "id": "openshift-v4.14.0-0.nightly-2025-02-27-090323-nightly",
                "name": "4.14.0-0.nightly-2025-02-27-090323"
              },
              {
                "id": "openshift-v4.14.0-0.nightly-2025-02-27-192731-nightly",
                "name": "4.14.0-0.nightly-2025-02-27-192731"
              },
              {
                "id": "openshift-v4.14.0-0.nightly-2025-02-28-000108-nightly",
                "name": "4.14.0-0.nightly-2025-02-28-000108"
              },
              {
                "id": "openshift-v4.14.0-0.nightly-2025-02-28-143303-nightly",
                "name": "4.14.0-0.nightly-2025-02-28-143303"
              },
              {
                "id": "openshift-v4.14.0-0.nightly-2025-03-01-190541-nightly",
                "name": "4.14.0-0.nightly-2025-03-01-190541"
              },
              {
                "id": "openshift-v4.14.0-0.nightly-2025-03-03-023426-nightly",
                "name": "4.14.0-0.nightly-2025-03-03-023426"
              },
              {
                "id": "openshift-v4.14.0-0.nightly-2025-03-04-002309-nightly",
                "name": "4.14.0-0.nightly-2025-03-04-002309"
              },
              {
                "id": "openshift-v4.14.0-0.nightly-2025-03-05-020137-nightly",
                "name": "4.14.0-0.nightly-2025-03-05-020137"
              },
              {
                "id": "openshift-v4.14.0-0.nightly-2025-03-05-135148-nightly",
                "name": "4.14.0-0.nightly-2025-03-05-135148"
              },
              {
                "id": "openshift-v4.14.0-0.nightly-2025-03-06-104841-nightly",
                "name": "4.14.0-0.nightly-2025-03-06-104841"
              },
              {
                "id": "openshift-v4.14.0-0.nightly-2025-03-12-081139-nightly",
                "name": "4.14.0-0.nightly-2025-03-12-081139"
              },
              {
                "id": "openshift-v4.14.0-0.nightly-2025-03-14-070813-nightly",
                "name": "4.14.0-0.nightly-2025-03-14-070813"
              },
              {
                "id": "openshift-v4.14.0-0.nightly-2025-03-14-132329-nightly",
                "name": "4.14.0-0.nightly-2025-03-14-132329"
              },
              {
                "id": "openshift-v4.14.0-0.nightly-2025-03-14-221926-nightly",
                "name": "4.14.0-0.nightly-2025-03-14-221926"
              },
              {
                "id": "openshift-v4.14.0-0.nightly-2025-03-17-213931-nightly",
                "name": "4.14.0-0.nightly-2025-03-17-213931"
              },
              {
                "id": "openshift-v4.14.0-0.nightly-2025-03-18-074406-nightly",
                "name": "4.14.0-0.nightly-2025-03-18-074406"
              },
              {
                "id": "openshift-v4.14.0-0.nightly-2025-03-18-233837-nightly",
                "name": "4.14.0-0.nightly-2025-03-18-233837"
              },
              {
                "id": "openshift-v4.14.0-0.nightly-2025-03-19-051809-nightly",
                "name": "4.14.0-0.nightly-2025-03-19-051809"
              },
              {
                "id": "openshift-v4.14.0-0.nightly-2025-03-19-145035-nightly",
                "name": "4.14.0-0.nightly-2025-03-19-145035"
              },
              {
                "id": "openshift-v4.14.0-0.nightly-2025-03-19-215142-nightly",
                "name": "4.14.0-0.nightly-2025-03-19-215142"
              },
              {
                "id": "openshift-v4.14.0-0.nightly-2025-03-20-104323-nightly",
                "name": "4.14.0-0.nightly-2025-03-20-104323"
              },
              {
                "id": "openshift-v4.14.0-0.nightly-2025-03-20-143958-nightly",
                "name": "4.14.0-0.nightly-2025-03-20-143958"
              },
              {
                "id": "openshift-v4.14.0-0.nightly-2025-03-21-053056-nightly",
                "name": "4.14.0-0.nightly-2025-03-21-053056"
              },
              {
                "id": "openshift-v4.14.0-0.nightly-2025-03-25-180825-nightly",
                "name": "4.14.0-0.nightly-2025-03-25-180825"
              },
              {
                "id": "openshift-v4.14.0-0.nightly-2025-03-26-002938-nightly",
                "name": "4.14.0-0.nightly-2025-03-26-002938"
              },
              {
                "id": "openshift-v4.14.0-0.nightly-2025-03-28-051255-nightly",
                "name": "4.14.0-0.nightly-2025-03-28-051255"
              },
              {
                "id": "openshift-v4.14.0-0.nightly-2025-03-29-024151-nightly",
                "name": "4.14.0-0.nightly-2025-03-29-024151"
              },
              {
                "id": "openshift-v4.14.0-0.nightly-2025-03-30-095552-nightly",
                "name": "4.14.0-0.nightly-2025-03-30-095552"
              },
              {
                "id": "openshift-v4.14.0-0.nightly-2025-03-31-031450-nightly",
                "name": "4.14.0-0.nightly-2025-03-31-031450"
              },
              {
                "id": "openshift-v4.14.0-0.nightly-2025-03-31-155128-nightly",
                "name": "4.14.0-0.nightly-2025-03-31-155128"
              },
              {
                "id": "openshift-v4.14.0-0.nightly-2025-04-01-045530-nightly",
                "name": "4.14.0-0.nightly-2025-04-01-045530"
              },
              {
                "id": "openshift-v4.14.0-0.nightly-2025-04-01-092713-nightly",
                "name": "4.14.0-0.nightly-2025-04-01-092713"
              },
              {
                "id": "openshift-v4.14.0-0.nightly-2025-04-01-191044-nightly",
                "name": "4.14.0-0.nightly-2025-04-01-191044"
              },
              {
                "id": "openshift-v4.14.0-0.nightly-2025-04-02-005717-nightly",
                "name": "4.14.0-0.nightly-2025-04-02-005717"
              },
              {
                "id": "openshift-v4.14.0-0.nightly-2025-04-02-050907-nightly",
                "name": "4.14.0-0.nightly-2025-04-02-050907"
              },
              {
                "id": "openshift-v4.14.0-0.nightly-2025-04-02-152439-nightly",
                "name": "4.14.0-0.nightly-2025-04-02-152439"
              },
              {
                "id": "openshift-v4.14.0-0.nightly-2025-04-03-062919-nightly",
                "name": "4.14.0-0.nightly-2025-04-03-062919"
              },
              {
                "id": "openshift-v4.14.0-0.nightly-2025-04-07-185142-nightly",
                "name": "4.14.0-0.nightly-2025-04-07-185142"
              },
              {
                "id": "openshift-v4.14.0-0.nightly-2025-04-10-211128-nightly",
                "name": "4.14.0-0.nightly-2025-04-10-211128"
              },
              {
                "id": "openshift-v4.14.0-0.nightly-2025-04-11-060520-nightly",
                "name": "4.14.0-0.nightly-2025-04-11-060520"
              },
              {
                "id": "openshift-v4.14.0-0.nightly-2025-04-21-031719-nightly",
                "name": "4.14.0-0.nightly-2025-04-21-031719"
              },
              {
                "id": "openshift-v4.14.0-0.nightly-2025-04-25-194242-nightly",
                "name": "4.14.0-0.nightly-2025-04-25-194242"
              },
              {
                "id": "openshift-v4.14.0-0.nightly-2025-04-28-152225-nightly",
                "name": "4.14.0-0.nightly-2025-04-28-152225"
              },
              {
                "id": "openshift-v4.14.0-0.nightly-2025-04-29-030623-nightly",
                "name": "4.14.0-0.nightly-2025-04-29-030623"
              },
              {
                "id": "openshift-v4.14.0-0.nightly-2025-04-29-083146-nightly",
                "name": "4.14.0-0.nightly-2025-04-29-083146"
              },
              {
                "id": "openshift-v4.14.0-0.nightly-2025-04-30-024220-nightly",
                "name": "4.14.0-0.nightly-2025-04-30-024220"
              },
              {
                "id": "openshift-v4.14.0-candidate",
                "name": "4.14.0"
              },
              {
                "id": "openshift-v4.14.0-ec.0-candidate",
                "name": "4.14.0-ec.0"
              },
              {
                "id": "openshift-v4.14.0-ec.1-candidate",
                "name": "4.14.0-ec.1"
              },
              {
                "id": "openshift-v4.14.0-ec.2-candidate",
                "name": "4.14.0-ec.2"
              },
              {
                "id": "openshift-v4.14.0-ec.3-candidate",
                "name": "4.14.0-ec.3"
              },
              {
                "id": "openshift-v4.14.0-ec.4-candidate",
                "name": "4.14.0-ec.4"
              },
              {
                "id": "openshift-v4.14.0-fast",
                "name": "4.14.0"
              },
              {
                "id": "openshift-v4.14.0-rc.0-candidate",
                "name": "4.14.0-rc.0"
              },
              {
                "id": "openshift-v4.14.0-rc.1-candidate",
                "name": "4.14.0-rc.1"
              },
              {
                "id": "openshift-v4.14.0-rc.2-candidate",
                "name": "4.14.0-rc.2"
              },
              {
                "id": "openshift-v4.14.0-rc.3-candidate",
                "name": "4.14.0-rc.3"
              },
              {
                "id": "openshift-v4.14.0-rc.4-candidate",
                "name": "4.14.0-rc.4"
              },
              {
                "id": "openshift-v4.14.0-rc.5-candidate",
                "name": "4.14.0-rc.5"
              },
              {
                "id": "openshift-v4.14.0-rc.6-candidate",
                "name": "4.14.0-rc.6"
              },
              {
                "id": "openshift-v4.14.0-rc.7-candidate",
                "name": "4.14.0-rc.7"
              },
              {
                "id": "openshift-v4.14.1",
                "name": "4.14.1"
              },
              {
                "id": "openshift-v4.14.10",
                "name": "4.14.10"
              },
              {
                "id": "openshift-v4.14.10-candidate",
                "name": "4.14.10"
              },
              {
                "id": "openshift-v4.14.10-fast",
                "name": "4.14.10"
              },
              {
                "id": "openshift-v4.14.11",
                "name": "4.14.11"
              },
              {
                "id": "openshift-v4.14.11-candidate",
                "name": "4.14.11"
              },
              {
                "id": "openshift-v4.14.11-fast",
                "name": "4.14.11"
              },
              {
                "id": "openshift-v4.14.12",
                "name": "4.14.12"
              },
              {
                "id": "openshift-v4.14.12-candidate",
                "name": "4.14.12"
              },
              {
                "id": "openshift-v4.14.12-fast",
                "name": "4.14.12"
              },
              {
                "id": "openshift-v4.14.13",
                "name": "4.14.13"
              },
              {
                "id": "openshift-v4.14.13-candidate",
                "name": "4.14.13"
              },
              {
                "id": "openshift-v4.14.13-fast",
                "name": "4.14.13"
              },
              {
                "id": "openshift-v4.14.14",
                "name": "4.14.14"
              },
              {
                "id": "openshift-v4.14.14-candidate",
                "name": "4.14.14"
              },
              {
                "id": "openshift-v4.14.14-fast",
                "name": "4.14.14"
              },
              {
                "id": "openshift-v4.14.15",
                "name": "4.14.15"
              },
              {
                "id": "openshift-v4.14.15-candidate",
                "name": "4.14.15"
              },
              {
                "id": "openshift-v4.14.15-fast",
                "name": "4.14.15"
              },
              {
                "id": "openshift-v4.14.16",
                "name": "4.14.16"
              },
              {
                "id": "openshift-v4.14.16-candidate",
                "name": "4.14.16"
              },
              {
                "id": "openshift-v4.14.16-fast",
                "name": "4.14.16"
              },
              {
                "id": "openshift-v4.14.17",
                "name": "4.14.17"
              },
              {
                "id": "openshift-v4.14.17-candidate",
                "name": "4.14.17"
              },
              {
                "id": "openshift-v4.14.17-fast",
                "name": "4.14.17"
              },
              {
                "id": "openshift-v4.14.18",
                "name": "4.14.18"
              },
              {
                "id": "openshift-v4.14.18-candidate",
                "name": "4.14.18"
              },
              {
                "id": "openshift-v4.14.18-fast",
                "name": "4.14.18"
              },
              {
                "id": "openshift-v4.14.19",
                "name": "4.14.19"
              },
              {
                "id": "openshift-v4.14.19-candidate",
                "name": "4.14.19"
              },
              {
                "id": "openshift-v4.14.19-fast",
                "name": "4.14.19"
              },
              {
                "id": "openshift-v4.14.1-candidate",
                "name": "4.14.1"
              },
              {
                "id": "openshift-v4.14.1-fast",
                "name": "4.14.1"
              },
              {
                "id": "openshift-v4.14.2",
                "name": "4.14.2"
              },
              {
                "id": "openshift-v4.14.20",
                "name": "4.14.20"
              },
              {
                "id": "openshift-v4.14.20-candidate",
                "name": "4.14.20"
              },
              {
                "id": "openshift-v4.14.20-fast",
                "name": "4.14.20"
              },
              {
                "id": "openshift-v4.14.21",
                "name": "4.14.21"
              },
              {
                "id": "openshift-v4.14.21-candidate",
                "name": "4.14.21"
              },
              {
                "id": "openshift-v4.14.21-fast",
                "name": "4.14.21"
              },
              {
                "id": "openshift-v4.14.22",
                "name": "4.14.22"
              },
              {
                "id": "openshift-v4.14.22-candidate",
                "name": "4.14.22"
              },
              {
                "id": "openshift-v4.14.22-fast",
                "name": "4.14.22"
              },
              {
                "id": "openshift-v4.14.23",
                "name": "4.14.23"
              },
              {
                "id": "openshift-v4.14.23-candidate",
                "name": "4.14.23"
              },
              {
                "id": "openshift-v4.14.23-fast",
                "name": "4.14.23"
              },
              {
                "id": "openshift-v4.14.24",
                "name": "4.14.24"
              },
              {
                "id": "openshift-v4.14.24-candidate",
                "name": "4.14.24"
              },
              {
                "id": "openshift-v4.14.24-fast",
                "name": "4.14.24"
              },
              {
                "id": "openshift-v4.14.25",
                "name": "4.14.25"
              },
              {
                "id": "openshift-v4.14.25-candidate",
                "name": "4.14.25"
              },
              {
                "id": "openshift-v4.14.25-fast",
                "name": "4.14.25"
              },
              {
                "id": "openshift-v4.14.26",
                "name": "4.14.26"
              },
              {
                "id": "openshift-v4.14.26-candidate",
                "name": "4.14.26"
              },
              {
                "id": "openshift-v4.14.26-fast",
                "name": "4.14.26"
              },
              {
                "id": "openshift-v4.14.27",
                "name": "4.14.27"
              },
              {
                "id": "openshift-v4.14.27-candidate",
                "name": "4.14.27"
              },
              {
                "id": "openshift-v4.14.27-fast",
                "name": "4.14.27"
              },
              {
                "id": "openshift-v4.14.28",
                "name": "4.14.28"
              },
              {
                "id": "openshift-v4.14.28-candidate",
                "name": "4.14.28"
              },
              {
                "id": "openshift-v4.14.28-fast",
                "name": "4.14.28"
              },
              {
                "id": "openshift-v4.14.29",
                "name": "4.14.29"
              },
              {
                "id": "openshift-v4.14.29-candidate",
                "name": "4.14.29"
              },
              {
                "id": "openshift-v4.14.29-fast",
                "name": "4.14.29"
              },
              {
                "id": "openshift-v4.14.2-candidate",
                "name": "4.14.2"
              },
              {
                "id": "openshift-v4.14.2-fast",
                "name": "4.14.2"
              },
              {
                "id": "openshift-v4.14.3",
                "name": "4.14.3"
              },
              {
                "id": "openshift-v4.14.30",
                "name": "4.14.30"
              },
              {
                "id": "openshift-v4.14.30-candidate",
                "name": "4.14.30"
              },
              {
                "id": "openshift-v4.14.30-fast",
                "name": "4.14.30"
              },
              {
                "id": "openshift-v4.14.31",
                "name": "4.14.31"
              },
              {
                "id": "openshift-v4.14.31-candidate",
                "name": "4.14.31"
              },
              {
                "id": "openshift-v4.14.31-fast",
                "name": "4.14.31"
              },
              {
                "id": "openshift-v4.14.32",
                "name": "4.14.32"
              },
              {
                "id": "openshift-v4.14.32-candidate",
                "name": "4.14.32"
              },
              {
                "id": "openshift-v4.14.32-fast",
                "name": "4.14.32"
              },
              {
                "id": "openshift-v4.14.33",
                "name": "4.14.33"
              },
              {
                "id": "openshift-v4.14.33-candidate",
                "name": "4.14.33"
              },
              {
                "id": "openshift-v4.14.33-fast",
                "name": "4.14.33"
              },
              {
                "id": "openshift-v4.14.34",
                "name": "4.14.34"
              },
              {
                "id": "openshift-v4.14.34-candidate",
                "name": "4.14.34"
              },
              {
                "id": "openshift-v4.14.34-fast",
                "name": "4.14.34"
              },
              {
                "id": "openshift-v4.14.35",
                "name": "4.14.35"
              },
              {
                "id": "openshift-v4.14.35-candidate",
                "name": "4.14.35"
              },
              {
                "id": "openshift-v4.14.35-fast",
                "name": "4.14.35"
              },
              {
                "id": "openshift-v4.14.36",
                "name": "4.14.36"
              },
              {
                "id": "openshift-v4.14.36-candidate",
                "name": "4.14.36"
              },
              {
                "id": "openshift-v4.14.36-fast",
                "name": "4.14.36"
              },
              {
                "id": "openshift-v4.14.37",
                "name": "4.14.37"
              },
              {
                "id": "openshift-v4.14.37-candidate",
                "name": "4.14.37"
              },
              {
                "id": "openshift-v4.14.37-fast",
                "name": "4.14.37"
              },
              {
                "id": "openshift-v4.14.38",
                "name": "4.14.38"
              },
              {
                "id": "openshift-v4.14.38-candidate",
                "name": "4.14.38"
              },
              {
                "id": "openshift-v4.14.38-fast",
                "name": "4.14.38"
              },
              {
                "id": "openshift-v4.14.39",
                "name": "4.14.39"
              },
              {
                "id": "openshift-v4.14.39-candidate",
                "name": "4.14.39"
              },
              {
                "id": "openshift-v4.14.39-fast",
                "name": "4.14.39"
              },
              {
                "id": "openshift-v4.14.3-candidate",
                "name": "4.14.3"
              },
              {
                "id": "openshift-v4.14.3-fast",
                "name": "4.14.3"
              },
              {
                "id": "openshift-v4.14.4",
                "name": "4.14.4"
              },
              {
                "id": "openshift-v4.14.40",
                "name": "4.14.40"
              },
              {
                "id": "openshift-v4.14.40-candidate",
                "name": "4.14.40"
              },
              {
                "id": "openshift-v4.14.40-fast",
                "name": "4.14.40"
              },
              {
                "id": "openshift-v4.14.41",
                "name": "4.14.41"
              },
              {
                "id": "openshift-v4.14.41-candidate",
                "name": "4.14.41"
              },
              {
                "id": "openshift-v4.14.41-fast",
                "name": "4.14.41"
              },
              {
                "id": "openshift-v4.14.42",
                "name": "4.14.42"
              },
              {
                "id": "openshift-v4.14.42-candidate",
                "name": "4.14.42"
              },
              {
                "id": "openshift-v4.14.42-fast",
                "name": "4.14.42"
              },
              {
                "id": "openshift-v4.14.43",
                "name": "4.14.43"
              },
              {
                "id": "openshift-v4.14.43-candidate",
                "name": "4.14.43"
              },
              {
                "id": "openshift-v4.14.43-fast",
                "name": "4.14.43"
              },
              {
                "id": "openshift-v4.14.44",
                "name": "4.14.44"
              },
              {
                "id": "openshift-v4.14.44-candidate",
                "name": "4.14.44"
              },
              {
                "id": "openshift-v4.14.44-fast",
                "name": "4.14.44"
              },
              {
                "id": "openshift-v4.14.45",
                "name": "4.14.45"
              },
              {
                "id": "openshift-v4.14.45-candidate",
                "name": "4.14.45"
              },
              {
                "id": "openshift-v4.14.45-fast",
                "name": "4.14.45"
              },
              {
                "id": "openshift-v4.14.46",
                "name": "4.14.46"
              },
              {
                "id": "openshift-v4.14.46-candidate",
                "name": "4.14.46"
              },
              {
                "id": "openshift-v4.14.46-fast",
                "name": "4.14.46"
              },
              {
                "id": "openshift-v4.14.48",
                "name": "4.14.48"
              },
              {
                "id": "openshift-v4.14.48-candidate",
                "name": "4.14.48"
              },
              {
                "id": "openshift-v4.14.48-fast",
                "name": "4.14.48"
              },
              {
                "id": "openshift-v4.14.49",
                "name": "4.14.49"
              },
              {
                "id": "openshift-v4.14.49-candidate",
                "name": "4.14.49"
              },
              {
                "id": "openshift-v4.14.49-fast",
                "name": "4.14.49"
              },
              {
                "id": "openshift-v4.14.4-candidate",
                "name": "4.14.4"
              },
              {
                "id": "openshift-v4.14.4-fast",
                "name": "4.14.4"
              },
              {
                "id": "openshift-v4.14.5",
                "name": "4.14.5"
              },
              {
                "id": "openshift-v4.14.50",
                "name": "4.14.50"
              },
              {
                "id": "openshift-v4.14.50-candidate",
                "name": "4.14.50"
              },
              {
                "id": "openshift-v4.14.50-fast",
                "name": "4.14.50"
              },
              {
                "id": "openshift-v4.14.51-candidate",
                "name": "4.14.51"
              },
              {
                "id": "openshift-v4.14.51-fast",
                "name": "4.14.51"
              },
              {
                "id": "openshift-v4.14.5-candidate",
                "name": "4.14.5"
              },
              {
                "id": "openshift-v4.14.5-fast",
                "name": "4.14.5"
              },
              {
                "id": "openshift-v4.14.6",
                "name": "4.14.6"
              },
              {
                "id": "openshift-v4.14.6-candidate",
                "name": "4.14.6"
              },
              {
                "id": "openshift-v4.14.6-fast",
                "name": "4.14.6"
              },
              {
                "id": "openshift-v4.14.7",
                "name": "4.14.7"
              },
              {
                "id": "openshift-v4.14.7-candidate",
                "name": "4.14.7"
              },
              {
                "id": "openshift-v4.14.7-fast",
                "name": "4.14.7"
              },
              {
                "id": "openshift-v4.14.8",
                "name": "4.14.8"
              },
              {
                "id": "openshift-v4.14.8-candidate",
                "name": "4.14.8"
              },
              {
                "id": "openshift-v4.14.8-fast",
                "name": "4.14.8"
              },
              {
                "id": "openshift-v4.14.9",
                "name": "4.14.9"
              },
              {
                "id": "openshift-v4.14.9-candidate",
                "name": "4.14.9"
              },
              {
                "id": "openshift-v4.14.9-fast",
                "name": "4.14.9"
              },
              {
                "id": "openshift-v4.15.0",
                "name": "4.15.0"
              },
              {
                "id": "openshift-v4.15.0-0.nightly-2024-07-04-091603-nightly",
                "name": "4.15.0-0.nightly-2024-07-04-091603"
              },
              {
                "id": "openshift-v4.15.0-0.nightly-2024-07-04-171958-nightly",
                "name": "4.15.0-0.nightly-2024-07-04-171958"
              },
              {
                "id": "openshift-v4.15.0-0.nightly-2024-07-05-034620-nightly",
                "name": "4.15.0-0.nightly-2024-07-05-034620"
              },
              {
                "id": "openshift-v4.15.0-0.nightly-2024-07-05-102606-nightly",
                "name": "4.15.0-0.nightly-2024-07-05-102606"
              },
              {
                "id": "openshift-v4.15.0-0.nightly-2024-07-05-163247-nightly",
                "name": "4.15.0-0.nightly-2024-07-05-163247"
              },
              {
                "id": "openshift-v4.15.0-0.nightly-2024-07-05-224930-nightly",
                "name": "4.15.0-0.nightly-2024-07-05-224930"
              },
              {
                "id": "openshift-v4.15.0-0.nightly-2024-07-06-140559-nightly",
                "name": "4.15.0-0.nightly-2024-07-06-140559"
              },
              {
                "id": "openshift-v4.15.0-0.nightly-2024-07-07-041929-nightly",
                "name": "4.15.0-0.nightly-2024-07-07-041929"
              },
              {
                "id": "openshift-v4.15.0-0.nightly-2024-07-07-225951-nightly",
                "name": "4.15.0-0.nightly-2024-07-07-225951"
              },
              {
                "id": "openshift-v4.15.0-0.nightly-2024-07-08-054150-nightly",
                "name": "4.15.0-0.nightly-2024-07-08-054150"
              },
              {
                "id": "openshift-v4.15.0-0.nightly-2024-07-08-120008-nightly",
                "name": "4.15.0-0.nightly-2024-07-08-120008"
              },
              {
                "id": "openshift-v4.15.0-0.nightly-2024-07-08-190040-nightly",
                "name": "4.15.0-0.nightly-2024-07-08-190040"
              },
              {
                "id": "openshift-v4.15.0-0.nightly-2024-07-09-015229-nightly",
                "name": "4.15.0-0.nightly-2024-07-09-015229"
              },
              {
                "id": "openshift-v4.15.0-0.nightly-2024-07-09-085503-nightly",
                "name": "4.15.0-0.nightly-2024-07-09-085503"
              },
              {
                "id": "openshift-v4.15.0-0.nightly-2024-07-09-221916-nightly",
                "name": "4.15.0-0.nightly-2024-07-09-221916"
              },
              {
                "id": "openshift-v4.15.0-0.nightly-2024-07-10-052053-nightly",
                "name": "4.15.0-0.nightly-2024-07-10-052053"
              },
              {
                "id": "openshift-v4.15.0-0.nightly-2024-07-10-115144-nightly",
                "name": "4.15.0-0.nightly-2024-07-10-115144"
              },
              {
                "id": "openshift-v4.15.0-0.nightly-2024-07-10-185419-nightly",
                "name": "4.15.0-0.nightly-2024-07-10-185419"
              },
              {
                "id": "openshift-v4.15.0-0.nightly-2024-07-11-014354-nightly",
                "name": "4.15.0-0.nightly-2024-07-11-014354"
              },
              {
                "id": "openshift-v4.15.0-0.nightly-2024-07-11-080553-nightly",
                "name": "4.15.0-0.nightly-2024-07-11-080553"
              },
              {
                "id": "openshift-v4.15.0-0.nightly-2024-07-11-215143-nightly",
                "name": "4.15.0-0.nightly-2024-07-11-215143"
              },
              {
                "id": "openshift-v4.15.0-0.nightly-2024-07-12-193851-nightly",
                "name": "4.15.0-0.nightly-2024-07-12-193851"
              },
              {
                "id": "openshift-v4.15.0-0.nightly-2024-07-13-024640-nightly",
                "name": "4.15.0-0.nightly-2024-07-13-024640"
              },
              {
                "id": "openshift-v4.15.0-0.nightly-2024-07-13-071125-nightly",
                "name": "4.15.0-0.nightly-2024-07-13-071125"
              },
              {
                "id": "openshift-v4.15.0-0.nightly-2024-07-13-204028-nightly",
                "name": "4.15.0-0.nightly-2024-07-13-204028"
              },
              {
                "id": "openshift-v4.15.0-0.nightly-2024-07-14-032011-nightly",
                "name": "4.15.0-0.nightly-2024-07-14-032011"
              },
              {
                "id": "openshift-v4.15.0-0.nightly-2024-07-14-093612-nightly",
                "name": "4.15.0-0.nightly-2024-07-14-093612"
              },
              {
                "id": "openshift-v4.15.0-0.nightly-2024-07-14-160647-nightly",
                "name": "4.15.0-0.nightly-2024-07-14-160647"
              },
              {
                "id": "openshift-v4.15.0-0.nightly-2024-07-15-054110-nightly",
                "name": "4.15.0-0.nightly-2024-07-15-054110"
              },
              {
                "id": "openshift-v4.15.0-0.nightly-2024-07-15-121802-nightly",
                "name": "4.15.0-0.nightly-2024-07-15-121802"
              },
              {
                "id": "openshift-v4.15.0-0.nightly-2024-07-15-182626-nightly",
                "name": "4.15.0-0.nightly-2024-07-15-182626"
              },
              {
                "id": "openshift-v4.15.0-0.nightly-2024-07-16-005756-nightly",
                "name": "4.15.0-0.nightly-2024-07-16-005756"
              },
              {
                "id": "openshift-v4.15.0-0.nightly-2024-07-16-073749-nightly",
                "name": "4.15.0-0.nightly-2024-07-16-073749"
              },
              {
                "id": "openshift-v4.15.0-0.nightly-2024-07-18-063818-nightly",
                "name": "4.15.0-0.nightly-2024-07-18-063818"
              },
              {
                "id": "openshift-v4.15.0-0.nightly-2024-07-20-065442-nightly",
                "name": "4.15.0-0.nightly-2024-07-20-065442"
              },
              {
                "id": "openshift-v4.15.0-0.nightly-2024-07-20-131728-nightly",
                "name": "4.15.0-0.nightly-2024-07-20-131728"
              },
              {
                "id": "openshift-v4.15.0-0.nightly-2024-07-21-094640-nightly",
                "name": "4.15.0-0.nightly-2024-07-21-094640"
              },
              {
                "id": "openshift-v4.15.0-0.nightly-2024-07-21-221825-nightly",
                "name": "4.15.0-0.nightly-2024-07-21-221825"
              },
              {
                "id": "openshift-v4.15.0-0.nightly-2024-07-22-104333-nightly",
                "name": "4.15.0-0.nightly-2024-07-22-104333"
              },
              {
                "id": "openshift-v4.15.0-0.nightly-2024-07-22-164621-nightly",
                "name": "4.15.0-0.nightly-2024-07-22-164621"
              },
              {
                "id": "openshift-v4.15.0-0.nightly-2024-07-22-232437-nightly",
                "name": "4.15.0-0.nightly-2024-07-22-232437"
              },
              {
                "id": "openshift-v4.15.0-0.nightly-2024-07-23-055722-nightly",
                "name": "4.15.0-0.nightly-2024-07-23-055722"
              },
              {
                "id": "openshift-v4.15.0-0.nightly-2024-07-23-123403-nightly",
                "name": "4.15.0-0.nightly-2024-07-23-123403"
              },
              {
                "id": "openshift-v4.15.0-0.nightly-2024-07-23-185402-nightly",
                "name": "4.15.0-0.nightly-2024-07-23-185402"
              },
              {
                "id": "openshift-v4.15.0-0.nightly-2024-07-24-010712-nightly",
                "name": "4.15.0-0.nightly-2024-07-24-010712"
              },
              {
                "id": "openshift-v4.15.0-0.nightly-2024-07-24-082056-nightly",
                "name": "4.15.0-0.nightly-2024-07-24-082056"
              },
              {
                "id": "openshift-v4.15.0-0.nightly-2024-07-24-150754-nightly",
                "name": "4.15.0-0.nightly-2024-07-24-150754"
              },
              {
                "id": "openshift-v4.15.0-0.nightly-2024-07-24-220920-nightly",
                "name": "4.15.0-0.nightly-2024-07-24-220920"
              },
              {
                "id": "openshift-v4.15.0-0.nightly-2024-07-25-041013-nightly",
                "name": "4.15.0-0.nightly-2024-07-25-041013"
              },
              {
                "id": "openshift-v4.15.0-0.nightly-2024-07-25-103218-nightly",
                "name": "4.15.0-0.nightly-2024-07-25-103218"
              },
              {
                "id": "openshift-v4.15.0-0.nightly-2024-07-25-172725-nightly",
                "name": "4.15.0-0.nightly-2024-07-25-172725"
              },
              {
                "id": "openshift-v4.15.0-0.nightly-2024-07-26-003027-nightly",
                "name": "4.15.0-0.nightly-2024-07-26-003027"
              },
              {
                "id": "openshift-v4.15.0-0.nightly-2024-07-26-070343-nightly",
                "name": "4.15.0-0.nightly-2024-07-26-070343"
              },
              {
                "id": "openshift-v4.15.0-0.nightly-2024-07-26-120703-nightly",
                "name": "4.15.0-0.nightly-2024-07-26-120703"
              },
              {
                "id": "openshift-v4.15.0-0.nightly-2024-07-27-160339-nightly",
                "name": "4.15.0-0.nightly-2024-07-27-160339"
              },
              {
                "id": "openshift-v4.15.0-0.nightly-2024-07-27-221554-nightly",
                "name": "4.15.0-0.nightly-2024-07-27-221554"
              },
              {
                "id": "openshift-v4.15.0-0.nightly-2024-07-28-040046-nightly",
                "name": "4.15.0-0.nightly-2024-07-28-040046"
              },
              {
                "id": "openshift-v4.15.0-0.nightly-2024-07-28-170019-nightly",
                "name": "4.15.0-0.nightly-2024-07-28-170019"
              },
              {
                "id": "openshift-v4.15.0-0.nightly-2024-07-28-230444-nightly",
                "name": "4.15.0-0.nightly-2024-07-28-230444"
              },
              {
                "id": "openshift-v4.15.0-0.nightly-2024-07-29-053620-nightly",
                "name": "4.15.0-0.nightly-2024-07-29-053620"
              },
              {
                "id": "openshift-v4.15.0-0.nightly-2024-07-29-185318-nightly",
                "name": "4.15.0-0.nightly-2024-07-29-185318"
              },
              {
                "id": "openshift-v4.15.0-0.nightly-2024-07-30-012242-nightly",
                "name": "4.15.0-0.nightly-2024-07-30-012242"
              },
              {
                "id": "openshift-v4.15.0-0.nightly-2024-07-30-074656-nightly",
                "name": "4.15.0-0.nightly-2024-07-30-074656"
              },
              {
                "id": "openshift-v4.15.0-0.nightly-2024-07-30-141401-nightly",
                "name": "4.15.0-0.nightly-2024-07-30-141401"
              },
              {
                "id": "openshift-v4.15.0-0.nightly-2024-07-30-212846-nightly",
                "name": "4.15.0-0.nightly-2024-07-30-212846"
              },
              {
                "id": "openshift-v4.15.0-0.nightly-2024-07-31-035211-nightly",
                "name": "4.15.0-0.nightly-2024-07-31-035211"
              },
              {
                "id": "openshift-v4.15.0-0.nightly-2024-07-31-193949-nightly",
                "name": "4.15.0-0.nightly-2024-07-31-193949"
              },
              {
                "id": "openshift-v4.15.0-0.nightly-2024-08-01-021604-nightly",
                "name": "4.15.0-0.nightly-2024-08-01-021604"
              },
              {
                "id": "openshift-v4.15.0-0.nightly-2024-08-01-083403-nightly",
                "name": "4.15.0-0.nightly-2024-08-01-083403"
              },
              {
                "id": "openshift-v4.15.0-0.nightly-2024-08-01-223546-nightly",
                "name": "4.15.0-0.nightly-2024-08-01-223546"
              },
              {
                "id": "openshift-v4.15.0-0.nightly-2024-08-02-123344-nightly",
                "name": "4.15.0-0.nightly-2024-08-02-123344"
              },
              {
                "id": "openshift-v4.15.0-0.nightly-2024-08-03-022945-nightly",
                "name": "4.15.0-0.nightly-2024-08-03-022945"
              },
              {
                "id": "openshift-v4.15.0-0.nightly-2024-08-06-042006-nightly",
                "name": "4.15.0-0.nightly-2024-08-06-042006"
              },
              {
                "id": "openshift-v4.15.0-0.nightly-2024-08-06-104448-nightly",
                "name": "4.15.0-0.nightly-2024-08-06-104448"
              },
              {
                "id": "openshift-v4.15.0-0.nightly-2024-08-06-171414-nightly",
                "name": "4.15.0-0.nightly-2024-08-06-171414"
              },
              {
                "id": "openshift-v4.15.0-0.nightly-2024-08-06-235311-nightly",
                "name": "4.15.0-0.nightly-2024-08-06-235311"
              },
              {
                "id": "openshift-v4.15.0-0.nightly-2024-08-10-090823-nightly",
                "name": "4.15.0-0.nightly-2024-08-10-090823"
              },
              {
                "id": "openshift-v4.15.0-0.nightly-2024-08-10-230540-nightly",
                "name": "4.15.0-0.nightly-2024-08-10-230540"
              },
              {
                "id": "openshift-v4.15.0-0.nightly-2024-08-11-072431-nightly",
                "name": "4.15.0-0.nightly-2024-08-11-072431"
              },
              {
                "id": "openshift-v4.15.0-0.nightly-2024-08-11-133219-nightly",
                "name": "4.15.0-0.nightly-2024-08-11-133219"
              },
              {
                "id": "openshift-v4.15.0-0.nightly-2024-08-11-201530-nightly",
                "name": "4.15.0-0.nightly-2024-08-11-201530"
              },
              {
                "id": "openshift-v4.15.0-0.nightly-2024-08-12-030225-nightly",
                "name": "4.15.0-0.nightly-2024-08-12-030225"
              },
              {
                "id": "openshift-v4.15.0-0.nightly-2024-08-12-095210-nightly",
                "name": "4.15.0-0.nightly-2024-08-12-095210"
              },
              {
                "id": "openshift-v4.15.0-0.nightly-2024-08-12-163247-nightly",
                "name": "4.15.0-0.nightly-2024-08-12-163247"
              },
              {
                "id": "openshift-v4.15.0-0.nightly-2024-08-12-233649-nightly",
                "name": "4.15.0-0.nightly-2024-08-12-233649"
              },
              {
                "id": "openshift-v4.15.0-0.nightly-2024-08-13-065407-nightly",
                "name": "4.15.0-0.nightly-2024-08-13-065407"
              },
              {
                "id": "openshift-v4.15.0-0.nightly-2024-08-13-134622-nightly",
                "name": "4.15.0-0.nightly-2024-08-13-134622"
              },
              {
                "id": "openshift-v4.15.0-0.nightly-2024-08-15-000745-nightly",
                "name": "4.15.0-0.nightly-2024-08-15-000745"
              },
              {
                "id": "openshift-v4.15.0-0.nightly-2024-08-15-071044-nightly",
                "name": "4.15.0-0.nightly-2024-08-15-071044"
              },
              {
                "id": "openshift-v4.15.0-0.nightly-2024-08-15-142706-nightly",
                "name": "4.15.0-0.nightly-2024-08-15-142706"
              },
              {
                "id": "openshift-v4.15.0-0.nightly-2024-08-15-210543-nightly",
                "name": "4.15.0-0.nightly-2024-08-15-210543"
              },
              {
                "id": "openshift-v4.15.0-0.nightly-2024-08-16-013923-nightly",
                "name": "4.15.0-0.nightly-2024-08-16-013923"
              },
              {
                "id": "openshift-v4.15.0-0.nightly-2024-08-16-082854-nightly",
                "name": "4.15.0-0.nightly-2024-08-16-082854"
              },
              {
                "id": "openshift-v4.15.0-0.nightly-2024-08-17-010518-nightly",
                "name": "4.15.0-0.nightly-2024-08-17-010518"
              },
              {
                "id": "openshift-v4.15.0-0.nightly-2024-08-17-075606-nightly",
                "name": "4.15.0-0.nightly-2024-08-17-075606"
              },
              {
                "id": "openshift-v4.15.0-0.nightly-2024-08-17-144001-nightly",
                "name": "4.15.0-0.nightly-2024-08-17-144001"
              },
              {
                "id": "openshift-v4.15.0-0.nightly-2024-08-17-214614-nightly",
                "name": "4.15.0-0.nightly-2024-08-17-214614"
              },
              {
                "id": "openshift-v4.15.0-0.nightly-2024-08-18-061819-nightly",
                "name": "4.15.0-0.nightly-2024-08-18-061819"
              },
              {
                "id": "openshift-v4.15.0-0.nightly-2024-08-18-131728-nightly",
                "name": "4.15.0-0.nightly-2024-08-18-131728"
              },
              {
                "id": "openshift-v4.15.0-0.nightly-2024-08-18-202010-nightly",
                "name": "4.15.0-0.nightly-2024-08-18-202010"
              },
              {
                "id": "openshift-v4.15.0-0.nightly-2024-08-19-025745-nightly",
                "name": "4.15.0-0.nightly-2024-08-19-025745"
              },
              {
                "id": "openshift-v4.15.0-0.nightly-2024-08-21-154101-nightly",
                "name": "4.15.0-0.nightly-2024-08-21-154101"
              },
              {
                "id": "openshift-v4.15.0-0.nightly-2024-08-21-233556-nightly",
                "name": "4.15.0-0.nightly-2024-08-21-233556"
              },
              {
                "id": "openshift-v4.15.0-0.nightly-2024-08-28-202817-nightly",
                "name": "4.15.0-0.nightly-2024-08-28-202817"
              },
              {
                "id": "openshift-v4.15.0-0.nightly-2024-08-29-113827-nightly",
                "name": "4.15.0-0.nightly-2024-08-29-113827"
              },
              {
                "id": "openshift-v4.15.0-0.nightly-2024-08-30-075509-nightly",
                "name": "4.15.0-0.nightly-2024-08-30-075509"
              },
              {
                "id": "openshift-v4.15.0-0.nightly-2024-08-30-132012-nightly",
                "name": "4.15.0-0.nightly-2024-08-30-132012"
              },
              {
                "id": "openshift-v4.15.0-0.nightly-2024-08-30-211251-nightly",
                "name": "4.15.0-0.nightly-2024-08-30-211251"
              },
              {
                "id": "openshift-v4.15.0-0.nightly-2024-09-01-180035-nightly",
                "name": "4.15.0-0.nightly-2024-09-01-180035"
              },
              {
                "id": "openshift-v4.15.0-0.nightly-2024-09-02-011513-nightly",
                "name": "4.15.0-0.nightly-2024-09-02-011513"
              },
              {
                "id": "openshift-v4.15.0-0.nightly-2024-09-02-081151-nightly",
                "name": "4.15.0-0.nightly-2024-09-02-081151"
              },
              {
                "id": "openshift-v4.15.0-0.nightly-2024-09-02-151537-nightly",
                "name": "4.15.0-0.nightly-2024-09-02-151537"
              },
              {
                "id": "openshift-v4.15.0-0.nightly-2024-09-02-235727-nightly",
                "name": "4.15.0-0.nightly-2024-09-02-235727"
              },
              {
                "id": "openshift-v4.15.0-0.nightly-2024-09-03-060646-nightly",
                "name": "4.15.0-0.nightly-2024-09-03-060646"
              },
              {
                "id": "openshift-v4.15.0-0.nightly-2024-09-03-120221-nightly",
                "name": "4.15.0-0.nightly-2024-09-03-120221"
              },
              {
                "id": "openshift-v4.15.0-0.nightly-2024-09-03-193451-nightly",
                "name": "4.15.0-0.nightly-2024-09-03-193451"
              },
              {
                "id": "openshift-v4.15.0-0.nightly-2024-09-05-104722-nightly",
                "name": "4.15.0-0.nightly-2024-09-05-104722"
              },
              {
                "id": "openshift-v4.15.0-0.nightly-2024-09-05-174432-nightly",
                "name": "4.15.0-0.nightly-2024-09-05-174432"
              },
              {
                "id": "openshift-v4.15.0-0.nightly-2024-09-06-042541-nightly",
                "name": "4.15.0-0.nightly-2024-09-06-042541"
              },
              {
                "id": "openshift-v4.15.0-0.nightly-2024-09-06-185955-nightly",
                "name": "4.15.0-0.nightly-2024-09-06-185955"
              },
              {
                "id": "openshift-v4.15.0-0.nightly-2024-09-07-093719-nightly",
                "name": "4.15.0-0.nightly-2024-09-07-093719"
              },
              {
                "id": "openshift-v4.15.0-0.nightly-2024-09-07-162913-nightly",
                "name": "4.15.0-0.nightly-2024-09-07-162913"
              },
              {
                "id": "openshift-v4.15.0-0.nightly-2024-09-07-231850-nightly",
                "name": "4.15.0-0.nightly-2024-09-07-231850"
              },
              {
                "id": "openshift-v4.15.0-0.nightly-2024-09-08-061453-nightly",
                "name": "4.15.0-0.nightly-2024-09-08-061453"
              },
              {
                "id": "openshift-v4.15.0-0.nightly-2024-09-09-175216-nightly",
                "name": "4.15.0-0.nightly-2024-09-09-175216"
              },
              {
                "id": "openshift-v4.15.0-0.nightly-2024-09-10-040255-nightly",
                "name": "4.15.0-0.nightly-2024-09-10-040255"
              },
              {
                "id": "openshift-v4.15.0-0.nightly-2024-09-10-105023-nightly",
                "name": "4.15.0-0.nightly-2024-09-10-105023"
              },
              {
                "id": "openshift-v4.15.0-0.nightly-2024-09-10-194454-nightly",
                "name": "4.15.0-0.nightly-2024-09-10-194454"
              },
              {
                "id": "openshift-v4.15.0-0.nightly-2024-09-11-033049-nightly",
                "name": "4.15.0-0.nightly-2024-09-11-033049"
              },
              {
                "id": "openshift-v4.15.0-0.nightly-2024-09-11-101554-nightly",
                "name": "4.15.0-0.nightly-2024-09-11-101554"
              },
              {
                "id": "openshift-v4.15.0-0.nightly-2024-09-11-181624-nightly",
                "name": "4.15.0-0.nightly-2024-09-11-181624"
              },
              {
                "id": "openshift-v4.15.0-0.nightly-2024-09-12-015120-nightly",
                "name": "4.15.0-0.nightly-2024-09-12-015120"
              },
              {
                "id": "openshift-v4.15.0-0.nightly-2024-09-12-075245-nightly",
                "name": "4.15.0-0.nightly-2024-09-12-075245"
              },
              {
                "id": "openshift-v4.15.0-0.nightly-2024-09-13-021144-nightly",
                "name": "4.15.0-0.nightly-2024-09-13-021144"
              },
              {
                "id": "openshift-v4.15.0-0.nightly-2024-09-13-090332-nightly",
                "name": "4.15.0-0.nightly-2024-09-13-090332"
              },
              {
                "id": "openshift-v4.15.0-0.nightly-2024-09-13-165042-nightly",
                "name": "4.15.0-0.nightly-2024-09-13-165042"
              },
              {
                "id": "openshift-v4.15.0-0.nightly-2024-09-13-233214-nightly",
                "name": "4.15.0-0.nightly-2024-09-13-233214"
              },
              {
                "id": "openshift-v4.15.0-0.nightly-2024-09-14-054922-nightly",
                "name": "4.15.0-0.nightly-2024-09-14-054922"
              },
              {
                "id": "openshift-v4.15.0-0.nightly-2024-09-14-121159-nightly",
                "name": "4.15.0-0.nightly-2024-09-14-121159"
              },
              {
                "id": "openshift-v4.15.0-0.nightly-2024-09-14-182537-nightly",
                "name": "4.15.0-0.nightly-2024-09-14-182537"
              },
              {
                "id": "openshift-v4.15.0-0.nightly-2024-09-15-004601-nightly",
                "name": "4.15.0-0.nightly-2024-09-15-004601"
              },
              {
                "id": "openshift-v4.15.0-0.nightly-2024-09-15-071045-nightly",
                "name": "4.15.0-0.nightly-2024-09-15-071045"
              },
              {
                "id": "openshift-v4.15.0-0.nightly-2024-09-15-132007-nightly",
                "name": "4.15.0-0.nightly-2024-09-15-132007"
              },
              {
                "id": "openshift-v4.15.0-0.nightly-2024-09-15-184852-nightly",
                "name": "4.15.0-0.nightly-2024-09-15-184852"
              },
              {
                "id": "openshift-v4.15.0-0.nightly-2024-09-16-010924-nightly",
                "name": "4.15.0-0.nightly-2024-09-16-010924"
              },
              {
                "id": "openshift-v4.15.0-0.nightly-2024-09-16-073741-nightly",
                "name": "4.15.0-0.nightly-2024-09-16-073741"
              },
              {
                "id": "openshift-v4.15.0-0.nightly-2024-09-16-234225-nightly",
                "name": "4.15.0-0.nightly-2024-09-16-234225"
              },
              {
                "id": "openshift-v4.15.0-0.nightly-2024-09-17-063728-nightly",
                "name": "4.15.0-0.nightly-2024-09-17-063728"
              },
              {
                "id": "openshift-v4.15.0-0.nightly-2024-09-17-132055-nightly",
                "name": "4.15.0-0.nightly-2024-09-17-132055"
              },
              {
                "id": "openshift-v4.15.0-0.nightly-2024-09-17-214942-nightly",
                "name": "4.15.0-0.nightly-2024-09-17-214942"
              },
              {
                "id": "openshift-v4.15.0-0.nightly-2024-09-18-061132-nightly",
                "name": "4.15.0-0.nightly-2024-09-18-061132"
              },
              {
                "id": "openshift-v4.15.0-0.nightly-2024-09-18-131853-nightly",
                "name": "4.15.0-0.nightly-2024-09-18-131853"
              },
              {
                "id": "openshift-v4.15.0-0.nightly-2024-09-18-202248-nightly",
                "name": "4.15.0-0.nightly-2024-09-18-202248"
              },
              {
                "id": "openshift-v4.15.0-0.nightly-2024-09-19-095403-nightly",
                "name": "4.15.0-0.nightly-2024-09-19-095403"
              },
              {
                "id": "openshift-v4.15.0-0.nightly-2024-09-20-001402-nightly",
                "name": "4.15.0-0.nightly-2024-09-20-001402"
              },
              {
                "id": "openshift-v4.15.0-0.nightly-2024-09-20-074019-nightly",
                "name": "4.15.0-0.nightly-2024-09-20-074019"
              },
              {
                "id": "openshift-v4.15.0-0.nightly-2024-09-20-143310-nightly",
                "name": "4.15.0-0.nightly-2024-09-20-143310"
              },
              {
                "id": "openshift-v4.15.0-0.nightly-2024-09-20-220738-nightly",
                "name": "4.15.0-0.nightly-2024-09-20-220738"
              },
              {
                "id": "openshift-v4.15.0-0.nightly-2024-09-21-050608-nightly",
                "name": "4.15.0-0.nightly-2024-09-21-050608"
              },
              {
                "id": "openshift-v4.15.0-0.nightly-2024-09-22-095127-nightly",
                "name": "4.15.0-0.nightly-2024-09-22-095127"
              },
              {
                "id": "openshift-v4.15.0-0.nightly-2024-09-22-200028-nightly",
                "name": "4.15.0-0.nightly-2024-09-22-200028"
              },
              {
                "id": "openshift-v4.15.0-0.nightly-2024-09-23-021730-nightly",
                "name": "4.15.0-0.nightly-2024-09-23-021730"
              },
              {
                "id": "openshift-v4.15.0-0.nightly-2024-09-23-080012-nightly",
                "name": "4.15.0-0.nightly-2024-09-23-080012"
              },
              {
                "id": "openshift-v4.15.0-0.nightly-2024-09-23-152841-nightly",
                "name": "4.15.0-0.nightly-2024-09-23-152841"
              },
              {
                "id": "openshift-v4.15.0-0.nightly-2024-09-24-091205-nightly",
                "name": "4.15.0-0.nightly-2024-09-24-091205"
              },
              {
                "id": "openshift-v4.15.0-0.nightly-2024-09-24-170226-nightly",
                "name": "4.15.0-0.nightly-2024-09-24-170226"
              },
              {
                "id": "openshift-v4.15.0-0.nightly-2024-09-25-113625-nightly",
                "name": "4.15.0-0.nightly-2024-09-25-113625"
              },
              {
                "id": "openshift-v4.15.0-0.nightly-2024-09-25-180844-nightly",
                "name": "4.15.0-0.nightly-2024-09-25-180844"
              },
              {
                "id": "openshift-v4.15.0-0.nightly-2024-09-26-014916-nightly",
                "name": "4.15.0-0.nightly-2024-09-26-014916"
              },
              {
                "id": "openshift-v4.15.0-0.nightly-2024-09-26-091443-nightly",
                "name": "4.15.0-0.nightly-2024-09-26-091443"
              },
              {
                "id": "openshift-v4.15.0-0.nightly-2024-09-26-153350-nightly",
                "name": "4.15.0-0.nightly-2024-09-26-153350"
              },
              {
                "id": "openshift-v4.15.0-0.nightly-2024-09-26-223722-nightly",
                "name": "4.15.0-0.nightly-2024-09-26-223722"
              },
              {
                "id": "openshift-v4.15.0-0.nightly-2024-09-27-054427-nightly",
                "name": "4.15.0-0.nightly-2024-09-27-054427"
              },
              {
                "id": "openshift-v4.15.0-0.nightly-2024-09-27-123659-nightly",
                "name": "4.15.0-0.nightly-2024-09-27-123659"
              },
              {
                "id": "openshift-v4.15.0-0.nightly-2024-09-27-185832-nightly",
                "name": "4.15.0-0.nightly-2024-09-27-185832"
              },
              {
                "id": "openshift-v4.15.0-0.nightly-2024-09-28-020206-nightly",
                "name": "4.15.0-0.nightly-2024-09-28-020206"
              },
              {
                "id": "openshift-v4.15.0-0.nightly-2024-09-28-083101-nightly",
                "name": "4.15.0-0.nightly-2024-09-28-083101"
              },
              {
                "id": "openshift-v4.15.0-0.nightly-2024-09-28-135751-nightly",
                "name": "4.15.0-0.nightly-2024-09-28-135751"
              },
              {
                "id": "openshift-v4.15.0-0.nightly-2024-09-28-201306-nightly",
                "name": "4.15.0-0.nightly-2024-09-28-201306"
              },
              {
                "id": "openshift-v4.15.0-0.nightly-2024-09-29-032055-nightly",
                "name": "4.15.0-0.nightly-2024-09-29-032055"
              },
              {
                "id": "openshift-v4.15.0-0.nightly-2024-09-29-094603-nightly",
                "name": "4.15.0-0.nightly-2024-09-29-094603"
              },
              {
                "id": "openshift-v4.15.0-0.nightly-2024-09-29-161828-nightly",
                "name": "4.15.0-0.nightly-2024-09-29-161828"
              },
              {
                "id": "openshift-v4.15.0-0.nightly-2024-09-30-054758-nightly",
                "name": "4.15.0-0.nightly-2024-09-30-054758"
              },
              {
                "id": "openshift-v4.15.0-0.nightly-2024-09-30-120202-nightly",
                "name": "4.15.0-0.nightly-2024-09-30-120202"
              },
              {
                "id": "openshift-v4.15.0-0.nightly-2024-09-30-184358-nightly",
                "name": "4.15.0-0.nightly-2024-09-30-184358"
              },
              {
                "id": "openshift-v4.15.0-0.nightly-2024-10-01-000154-nightly",
                "name": "4.15.0-0.nightly-2024-10-01-000154"
              },
              {
                "id": "openshift-v4.15.0-0.nightly-2024-10-01-064339-nightly",
                "name": "4.15.0-0.nightly-2024-10-01-064339"
              },
              {
                "id": "openshift-v4.15.0-0.nightly-2024-10-01-130340-nightly",
                "name": "4.15.0-0.nightly-2024-10-01-130340"
              },
              {
                "id": "openshift-v4.15.0-0.nightly-2024-10-01-194308-nightly",
                "name": "4.15.0-0.nightly-2024-10-01-194308"
              },
              {
                "id": "openshift-v4.15.0-0.nightly-2024-10-02-022834-nightly",
                "name": "4.15.0-0.nightly-2024-10-02-022834"
              },
              {
                "id": "openshift-v4.15.0-0.nightly-2024-10-02-093100-nightly",
                "name": "4.15.0-0.nightly-2024-10-02-093100"
              },
              {
                "id": "openshift-v4.15.0-0.nightly-2024-10-02-164209-nightly",
                "name": "4.15.0-0.nightly-2024-10-02-164209"
              },
              {
                "id": "openshift-v4.15.0-0.nightly-2024-10-02-234522-nightly",
                "name": "4.15.0-0.nightly-2024-10-02-234522"
              },
              {
                "id": "openshift-v4.15.0-0.nightly-2024-10-03-064028-nightly",
                "name": "4.15.0-0.nightly-2024-10-03-064028"
              },
              {
                "id": "openshift-v4.15.0-0.nightly-2024-10-03-132117-nightly",
                "name": "4.15.0-0.nightly-2024-10-03-132117"
              },
              {
                "id": "openshift-v4.15.0-0.nightly-2024-10-04-001548-nightly",
                "name": "4.15.0-0.nightly-2024-10-04-001548"
              },
              {
                "id": "openshift-v4.15.0-0.nightly-2024-10-04-070112-nightly",
                "name": "4.15.0-0.nightly-2024-10-04-070112"
              },
              {
                "id": "openshift-v4.15.0-0.nightly-2024-10-04-141810-nightly",
                "name": "4.15.0-0.nightly-2024-10-04-141810"
              },
              {
                "id": "openshift-v4.15.0-0.nightly-2024-10-04-202520-nightly",
                "name": "4.15.0-0.nightly-2024-10-04-202520"
              },
              {
                "id": "openshift-v4.15.0-0.nightly-2024-10-05-031840-nightly",
                "name": "4.15.0-0.nightly-2024-10-05-031840"
              },
              {
                "id": "openshift-v4.15.0-0.nightly-2024-10-05-095321-nightly",
                "name": "4.15.0-0.nightly-2024-10-05-095321"
              },
              {
                "id": "openshift-v4.15.0-0.nightly-2024-10-05-160847-nightly",
                "name": "4.15.0-0.nightly-2024-10-05-160847"
              },
              {
                "id": "openshift-v4.15.0-0.nightly-2024-10-05-223512-nightly",
                "name": "4.15.0-0.nightly-2024-10-05-223512"
              },
              {
                "id": "openshift-v4.15.0-0.nightly-2024-10-06-053150-nightly",
                "name": "4.15.0-0.nightly-2024-10-06-053150"
              },
              {
                "id": "openshift-v4.15.0-0.nightly-2024-10-06-124626-nightly",
                "name": "4.15.0-0.nightly-2024-10-06-124626"
              },
              {
                "id": "openshift-v4.15.0-0.nightly-2024-10-06-201323-nightly",
                "name": "4.15.0-0.nightly-2024-10-06-201323"
              },
              {
                "id": "openshift-v4.15.0-0.nightly-2024-10-07-154606-nightly",
                "name": "4.15.0-0.nightly-2024-10-07-154606"
              },
              {
                "id": "openshift-v4.15.0-0.nightly-2024-10-07-224149-nightly",
                "name": "4.15.0-0.nightly-2024-10-07-224149"
              },
              {
                "id": "openshift-v4.15.0-0.nightly-2024-10-08-135412-nightly",
                "name": "4.15.0-0.nightly-2024-10-08-135412"
              },
              {
                "id": "openshift-v4.15.0-0.nightly-2024-10-08-222623-nightly",
                "name": "4.15.0-0.nightly-2024-10-08-222623"
              },
              {
                "id": "openshift-v4.15.0-0.nightly-2024-10-09-111814-nightly",
                "name": "4.15.0-0.nightly-2024-10-09-111814"
              },
              {
                "id": "openshift-v4.15.0-0.nightly-2024-10-09-215641-nightly",
                "name": "4.15.0-0.nightly-2024-10-09-215641"
              },
              {
                "id": "openshift-v4.15.0-0.nightly-2024-10-10-035425-nightly",
                "name": "4.15.0-0.nightly-2024-10-10-035425"
              },
              {
                "id": "openshift-v4.15.0-0.nightly-2024-10-10-155337-nightly",
                "name": "4.15.0-0.nightly-2024-10-10-155337"
              },
              {
                "id": "openshift-v4.15.0-0.nightly-2024-10-10-223140-nightly",
                "name": "4.15.0-0.nightly-2024-10-10-223140"
              },
              {
                "id": "openshift-v4.15.0-0.nightly-2024-10-11-141906-nightly",
                "name": "4.15.0-0.nightly-2024-10-11-141906"
              },
              {
                "id": "openshift-v4.15.0-0.nightly-2024-10-11-213230-nightly",
                "name": "4.15.0-0.nightly-2024-10-11-213230"
              },
              {
                "id": "openshift-v4.15.0-0.nightly-2024-10-12-041958-nightly",
                "name": "4.15.0-0.nightly-2024-10-12-041958"
              },
              {
                "id": "openshift-v4.15.0-0.nightly-2024-10-12-182612-nightly",
                "name": "4.15.0-0.nightly-2024-10-12-182612"
              },
              {
                "id": "openshift-v4.15.0-0.nightly-2024-10-13-012534-nightly",
                "name": "4.15.0-0.nightly-2024-10-13-012534"
              },
              {
                "id": "openshift-v4.15.0-0.nightly-2024-10-13-075826-nightly",
                "name": "4.15.0-0.nightly-2024-10-13-075826"
              },
              {
                "id": "openshift-v4.15.0-0.nightly-2024-10-13-204201-nightly",
                "name": "4.15.0-0.nightly-2024-10-13-204201"
              },
              {
                "id": "openshift-v4.15.0-0.nightly-2024-10-14-024933-nightly",
                "name": "4.15.0-0.nightly-2024-10-14-024933"
              },
              {
                "id": "openshift-v4.15.0-0.nightly-2024-10-14-095315-nightly",
                "name": "4.15.0-0.nightly-2024-10-14-095315"
              },
              {
                "id": "openshift-v4.15.0-0.nightly-2024-10-15-002032-nightly",
                "name": "4.15.0-0.nightly-2024-10-15-002032"
              },
              {
                "id": "openshift-v4.15.0-0.nightly-2024-10-15-110258-nightly",
                "name": "4.15.0-0.nightly-2024-10-15-110258"
              },
              {
                "id": "openshift-v4.15.0-0.nightly-2024-10-15-174923-nightly",
                "name": "4.15.0-0.nightly-2024-10-15-174923"
              },
              {
                "id": "openshift-v4.15.0-0.nightly-2024-10-16-002826-nightly",
                "name": "4.15.0-0.nightly-2024-10-16-002826"
              },
              {
                "id": "openshift-v4.15.0-0.nightly-2024-10-16-173548-nightly",
                "name": "4.15.0-0.nightly-2024-10-16-173548"
              },
              {
                "id": "openshift-v4.15.0-0.nightly-2024-10-17-002848-nightly",
                "name": "4.15.0-0.nightly-2024-10-17-002848"
              },
              {
                "id": "openshift-v4.15.0-0.nightly-2024-10-17-065241-nightly",
                "name": "4.15.0-0.nightly-2024-10-17-065241"
              },
              {
                "id": "openshift-v4.15.0-0.nightly-2024-10-17-161108-nightly",
                "name": "4.15.0-0.nightly-2024-10-17-161108"
              },
              {
                "id": "openshift-v4.15.0-0.nightly-2024-10-17-222728-nightly",
                "name": "4.15.0-0.nightly-2024-10-17-222728"
              },
              {
                "id": "openshift-v4.15.0-0.nightly-2024-10-18-051734-nightly",
                "name": "4.15.0-0.nightly-2024-10-18-051734"
              },
              {
                "id": "openshift-v4.15.0-0.nightly-2024-10-18-130012-nightly",
                "name": "4.15.0-0.nightly-2024-10-18-130012"
              },
              {
                "id": "openshift-v4.15.0-0.nightly-2024-10-20-002028-nightly",
                "name": "4.15.0-0.nightly-2024-10-20-002028"
              },
              {
                "id": "openshift-v4.15.0-0.nightly-2024-10-21-235903-nightly",
                "name": "4.15.0-0.nightly-2024-10-21-235903"
              },
              {
                "id": "openshift-v4.15.0-0.nightly-2024-10-24-101048-nightly",
                "name": "4.15.0-0.nightly-2024-10-24-101048"
              },
              {
                "id": "openshift-v4.15.0-0.nightly-2024-10-25-183531-nightly",
                "name": "4.15.0-0.nightly-2024-10-25-183531"
              },
              {
                "id": "openshift-v4.15.0-0.nightly-2024-10-26-013610-nightly",
                "name": "4.15.0-0.nightly-2024-10-26-013610"
              },
              {
                "id": "openshift-v4.15.0-0.nightly-2024-10-28-181058-nightly",
                "name": "4.15.0-0.nightly-2024-10-28-181058"
              },
              {
                "id": "openshift-v4.15.0-0.nightly-2024-10-29-014017-nightly",
                "name": "4.15.0-0.nightly-2024-10-29-014017"
              },
              {
                "id": "openshift-v4.15.0-0.nightly-2024-10-29-101712-nightly",
                "name": "4.15.0-0.nightly-2024-10-29-101712"
              },
              {
                "id": "openshift-v4.15.0-0.nightly-2024-10-29-164709-nightly",
                "name": "4.15.0-0.nightly-2024-10-29-164709"
              },
              {
                "id": "openshift-v4.15.0-0.nightly-2024-10-30-000820-nightly",
                "name": "4.15.0-0.nightly-2024-10-30-000820"
              },
              {
                "id": "openshift-v4.15.0-0.nightly-2024-10-30-070327-nightly",
                "name": "4.15.0-0.nightly-2024-10-30-070327"
              },
              {
                "id": "openshift-v4.15.0-0.nightly-2024-10-30-142614-nightly",
                "name": "4.15.0-0.nightly-2024-10-30-142614"
              },
              {
                "id": "openshift-v4.15.0-0.nightly-2024-10-30-220256-nightly",
                "name": "4.15.0-0.nightly-2024-10-30-220256"
              },
              {
                "id": "openshift-v4.15.0-0.nightly-2024-10-31-144857-nightly",
                "name": "4.15.0-0.nightly-2024-10-31-144857"
              },
              {
                "id": "openshift-v4.15.0-0.nightly-2024-10-31-215129-nightly",
                "name": "4.15.0-0.nightly-2024-10-31-215129"
              },
              {
                "id": "openshift-v4.15.0-0.nightly-2024-11-01-044750-nightly",
                "name": "4.15.0-0.nightly-2024-11-01-044750"
              },
              {
                "id": "openshift-v4.15.0-0.nightly-2024-11-04-211539-nightly",
                "name": "4.15.0-0.nightly-2024-11-04-211539"
              },
              {
                "id": "openshift-v4.15.0-0.nightly-2024-11-05-111313-nightly",
                "name": "4.15.0-0.nightly-2024-11-05-111313"
              },
              {
                "id": "openshift-v4.15.0-0.nightly-2024-11-05-213253-nightly",
                "name": "4.15.0-0.nightly-2024-11-05-213253"
              },
              {
                "id": "openshift-v4.15.0-0.nightly-2024-11-06-123201-nightly",
                "name": "4.15.0-0.nightly-2024-11-06-123201"
              },
              {
                "id": "openshift-v4.15.0-0.nightly-2024-11-06-192926-nightly",
                "name": "4.15.0-0.nightly-2024-11-06-192926"
              },
              {
                "id": "openshift-v4.15.0-0.nightly-2024-11-07-071656-nightly",
                "name": "4.15.0-0.nightly-2024-11-07-071656"
              },
              {
                "id": "openshift-v4.15.0-0.nightly-2024-11-07-140857-nightly",
                "name": "4.15.0-0.nightly-2024-11-07-140857"
              },
              {
                "id": "openshift-v4.15.0-0.nightly-2024-11-08-004059-nightly",
                "name": "4.15.0-0.nightly-2024-11-08-004059"
              },
              {
                "id": "openshift-v4.15.0-0.nightly-2024-11-08-074551-nightly",
                "name": "4.15.0-0.nightly-2024-11-08-074551"
              },
              {
                "id": "openshift-v4.15.0-0.nightly-2024-11-08-183130-nightly",
                "name": "4.15.0-0.nightly-2024-11-08-183130"
              },
              {
                "id": "openshift-v4.15.0-0.nightly-2024-11-09-031159-nightly",
                "name": "4.15.0-0.nightly-2024-11-09-031159"
              },
              {
                "id": "openshift-v4.15.0-0.nightly-2024-11-11-124105-nightly",
                "name": "4.15.0-0.nightly-2024-11-11-124105"
              },
              {
                "id": "openshift-v4.15.0-0.nightly-2024-11-11-203512-nightly",
                "name": "4.15.0-0.nightly-2024-11-11-203512"
              },
              {
                "id": "openshift-v4.15.0-0.nightly-2024-11-13-012750-nightly",
                "name": "4.15.0-0.nightly-2024-11-13-012750"
              },
              {
                "id": "openshift-v4.15.0-0.nightly-2024-11-13-102137-nightly",
                "name": "4.15.0-0.nightly-2024-11-13-102137"
              },
              {
                "id": "openshift-v4.15.0-0.nightly-2024-11-13-173318-nightly",
                "name": "4.15.0-0.nightly-2024-11-13-173318"
              },
              {
                "id": "openshift-v4.15.0-0.nightly-2024-11-14-004838-nightly",
                "name": "4.15.0-0.nightly-2024-11-14-004838"
              },
              {
                "id": "openshift-v4.15.0-0.nightly-2024-11-14-071048-nightly",
                "name": "4.15.0-0.nightly-2024-11-14-071048"
              },
              {
                "id": "openshift-v4.15.0-0.nightly-2024-11-14-191855-nightly",
                "name": "4.15.0-0.nightly-2024-11-14-191855"
              },
              {
                "id": "openshift-v4.15.0-0.nightly-2024-11-15-022100-nightly",
                "name": "4.15.0-0.nightly-2024-11-15-022100"
              },
              {
                "id": "openshift-v4.15.0-0.nightly-2024-11-15-093503-nightly",
                "name": "4.15.0-0.nightly-2024-11-15-093503"
              },
              {
                "id": "openshift-v4.15.0-0.nightly-2024-11-15-165720-nightly",
                "name": "4.15.0-0.nightly-2024-11-15-165720"
              },
              {
                "id": "openshift-v4.15.0-0.nightly-2024-11-19-015320-nightly",
                "name": "4.15.0-0.nightly-2024-11-19-015320"
              },
              {
                "id": "openshift-v4.15.0-0.nightly-2024-11-20-061231-nightly",
                "name": "4.15.0-0.nightly-2024-11-20-061231"
              },
              {
                "id": "openshift-v4.15.0-0.nightly-2024-11-20-111313-nightly",
                "name": "4.15.0-0.nightly-2024-11-20-111313"
              },
              {
                "id": "openshift-v4.15.0-0.nightly-2024-11-21-062759-nightly",
                "name": "4.15.0-0.nightly-2024-11-21-062759"
              },
              {
                "id": "openshift-v4.15.0-0.nightly-2024-11-21-143932-nightly",
                "name": "4.15.0-0.nightly-2024-11-21-143932"
              },
              {
                "id": "openshift-v4.15.0-0.nightly-2024-11-21-234502-nightly",
                "name": "4.15.0-0.nightly-2024-11-21-234502"
              },
              {
                "id": "openshift-v4.15.0-0.nightly-2024-11-25-143921-nightly",
                "name": "4.15.0-0.nightly-2024-11-25-143921"
              },
              {
                "id": "openshift-v4.15.0-0.nightly-2024-11-25-214256-nightly",
                "name": "4.15.0-0.nightly-2024-11-25-214256"
              },
              {
                "id": "openshift-v4.15.0-0.nightly-2024-11-26-045032-nightly",
                "name": "4.15.0-0.nightly-2024-11-26-045032"
              },
              {
                "id": "openshift-v4.15.0-0.nightly-2024-11-26-122517-nightly",
                "name": "4.15.0-0.nightly-2024-11-26-122517"
              },
              {
                "id": "openshift-v4.15.0-0.nightly-2024-11-27-131420-nightly",
                "name": "4.15.0-0.nightly-2024-11-27-131420"
              },
              {
                "id": "openshift-v4.15.0-0.nightly-2024-11-28-042237-nightly",
                "name": "4.15.0-0.nightly-2024-11-28-042237"
              },
              {
                "id": "openshift-v4.15.0-0.nightly-2024-11-29-192043-nightly",
                "name": "4.15.0-0.nightly-2024-11-29-192043"
              },
              {
                "id": "openshift-v4.15.0-0.nightly-2024-12-02-201926-nightly",
                "name": "4.15.0-0.nightly-2024-12-02-201926"
              },
              {
                "id": "openshift-v4.15.0-0.nightly-2024-12-03-221915-nightly",
                "name": "4.15.0-0.nightly-2024-12-03-221915"
              },
              {
                "id": "openshift-v4.15.0-0.nightly-2024-12-04-060522-nightly",
                "name": "4.15.0-0.nightly-2024-12-04-060522"
              },
              {
                "id": "openshift-v4.15.0-0.nightly-2024-12-04-164005-nightly",
                "name": "4.15.0-0.nightly-2024-12-04-164005"
              },
              {
                "id": "openshift-v4.15.0-0.nightly-2024-12-05-040454-nightly",
                "name": "4.15.0-0.nightly-2024-12-05-040454"
              },
              {
                "id": "openshift-v4.15.0-0.nightly-2024-12-05-141353-nightly",
                "name": "4.15.0-0.nightly-2024-12-05-141353"
              },
              {
                "id": "openshift-v4.15.0-0.nightly-2024-12-06-101849-nightly",
                "name": "4.15.0-0.nightly-2024-12-06-101849"
              },
              {
                "id": "openshift-v4.15.0-0.nightly-2024-12-10-190621-nightly",
                "name": "4.15.0-0.nightly-2024-12-10-190621"
              },
              {
                "id": "openshift-v4.15.0-0.nightly-2024-12-11-104050-nightly",
                "name": "4.15.0-0.nightly-2024-12-11-104050"
              },
              {
                "id": "openshift-v4.15.0-0.nightly-2024-12-16-194131-nightly",
                "name": "4.15.0-0.nightly-2024-12-16-194131"
              },
              {
                "id": "openshift-v4.15.0-0.nightly-2024-12-17-004907-nightly",
                "name": "4.15.0-0.nightly-2024-12-17-004907"
              },
              {
                "id": "openshift-v4.15.0-0.nightly-2024-12-17-124224-nightly",
                "name": "4.15.0-0.nightly-2024-12-17-124224"
              },
              {
                "id": "openshift-v4.15.0-0.nightly-2024-12-17-193717-nightly",
                "name": "4.15.0-0.nightly-2024-12-17-193717"
              },
              {
                "id": "openshift-v4.15.0-0.nightly-2024-12-18-023538-nightly",
                "name": "4.15.0-0.nightly-2024-12-18-023538"
              },
              {
                "id": "openshift-v4.15.0-0.nightly-2024-12-18-094645-nightly",
                "name": "4.15.0-0.nightly-2024-12-18-094645"
              },
              {
                "id": "openshift-v4.15.0-0.nightly-2024-12-18-142428-nightly",
                "name": "4.15.0-0.nightly-2024-12-18-142428"
              },
              {
                "id": "openshift-v4.15.0-0.nightly-2024-12-18-212158-nightly",
                "name": "4.15.0-0.nightly-2024-12-18-212158"
              },
              {
                "id": "openshift-v4.15.0-0.nightly-2024-12-19-025904-nightly",
                "name": "4.15.0-0.nightly-2024-12-19-025904"
              },
              {
                "id": "openshift-v4.15.0-0.nightly-2024-12-19-083653-nightly",
                "name": "4.15.0-0.nightly-2024-12-19-083653"
              },
              {
                "id": "openshift-v4.15.0-0.nightly-2024-12-19-175042-nightly",
                "name": "4.15.0-0.nightly-2024-12-19-175042"
              },
              {
                "id": "openshift-v4.15.0-0.nightly-2024-12-20-040119-nightly",
                "name": "4.15.0-0.nightly-2024-12-20-040119"
              },
              {
                "id": "openshift-v4.15.0-0.nightly-2025-01-08-113736-nightly",
                "name": "4.15.0-0.nightly-2025-01-08-113736"
              },
              {
                "id": "openshift-v4.15.0-0.nightly-2025-01-08-181146-nightly",
                "name": "4.15.0-0.nightly-2025-01-08-181146"
              },
              {
                "id": "openshift-v4.15.0-0.nightly-2025-01-08-233846-nightly",
                "name": "4.15.0-0.nightly-2025-01-08-233846"
              },
              {
                "id": "openshift-v4.15.0-0.nightly-2025-01-09-081035-nightly",
                "name": "4.15.0-0.nightly-2025-01-09-081035"
              },
              {
                "id": "openshift-v4.15.0-0.nightly-2025-01-09-223437-nightly",
                "name": "4.15.0-0.nightly-2025-01-09-223437"
              },
              {
                "id": "openshift-v4.15.0-0.nightly-2025-01-10-090847-nightly",
                "name": "4.15.0-0.nightly-2025-01-10-090847"
              },
              {
                "id": "openshift-v4.15.0-0.nightly-2025-01-11-001833-nightly",
                "name": "4.15.0-0.nightly-2025-01-11-001833"
              },
              {
                "id": "openshift-v4.15.0-0.nightly-2025-01-16-082110-nightly",
                "name": "4.15.0-0.nightly-2025-01-16-082110"
              },
              {
                "id": "openshift-v4.15.0-0.nightly-2025-01-16-174506-nightly",
                "name": "4.15.0-0.nightly-2025-01-16-174506"
              },
              {
                "id": "openshift-v4.15.0-0.nightly-2025-01-16-234327-nightly",
                "name": "4.15.0-0.nightly-2025-01-16-234327"
              },
              {
                "id": "openshift-v4.15.0-0.nightly-2025-01-17-213922-nightly",
                "name": "4.15.0-0.nightly-2025-01-17-213922"
              },
              {
                "id": "openshift-v4.15.0-0.nightly-2025-01-18-123737-nightly",
                "name": "4.15.0-0.nightly-2025-01-18-123737"
              },
              {
                "id": "openshift-v4.15.0-0.nightly-2025-01-19-194338-nightly",
                "name": "4.15.0-0.nightly-2025-01-19-194338"
              },
              {
                "id": "openshift-v4.15.0-0.nightly-2025-01-20-164154-nightly",
                "name": "4.15.0-0.nightly-2025-01-20-164154"
              },
              {
                "id": "openshift-v4.15.0-0.nightly-2025-01-21-031331-nightly",
                "name": "4.15.0-0.nightly-2025-01-21-031331"
              },
              {
                "id": "openshift-v4.15.0-0.nightly-2025-01-21-202431-nightly",
                "name": "4.15.0-0.nightly-2025-01-21-202431"
              },
              {
                "id": "openshift-v4.15.0-0.nightly-2025-01-22-041154-nightly",
                "name": "4.15.0-0.nightly-2025-01-22-041154"
              },
              {
                "id": "openshift-v4.15.0-0.nightly-2025-01-22-112731-nightly",
                "name": "4.15.0-0.nightly-2025-01-22-112731"
              },
              {
                "id": "openshift-v4.15.0-0.nightly-2025-01-23-102558-nightly",
                "name": "4.15.0-0.nightly-2025-01-23-102558"
              },
              {
                "id": "openshift-v4.15.0-0.nightly-2025-01-23-172028-nightly",
                "name": "4.15.0-0.nightly-2025-01-23-172028"
              },
              {
                "id": "openshift-v4.15.0-0.nightly-2025-01-23-232520-nightly",
                "name": "4.15.0-0.nightly-2025-01-23-232520"
              },
              {
                "id": "openshift-v4.15.0-0.nightly-2025-01-24-100009-nightly",
                "name": "4.15.0-0.nightly-2025-01-24-100009"
              },
              {
                "id": "openshift-v4.15.0-0.nightly-2025-01-24-163007-nightly",
                "name": "4.15.0-0.nightly-2025-01-24-163007"
              },
              {
                "id": "openshift-v4.15.0-0.nightly-2025-01-24-231357-nightly",
                "name": "4.15.0-0.nightly-2025-01-24-231357"
              },
              {
                "id": "openshift-v4.15.0-0.nightly-2025-01-27-172657-nightly",
                "name": "4.15.0-0.nightly-2025-01-27-172657"
              },
              {
                "id": "openshift-v4.15.0-0.nightly-2025-01-28-084323-nightly",
                "name": "4.15.0-0.nightly-2025-01-28-084323"
              },
              {
                "id": "openshift-v4.15.0-0.nightly-2025-01-28-152033-nightly",
                "name": "4.15.0-0.nightly-2025-01-28-152033"
              },
              {
                "id": "openshift-v4.15.0-0.nightly-2025-01-29-030403-nightly",
                "name": "4.15.0-0.nightly-2025-01-29-030403"
              },
              {
                "id": "openshift-v4.15.0-0.nightly-2025-01-29-102819-nightly",
                "name": "4.15.0-0.nightly-2025-01-29-102819"
              },
              {
                "id": "openshift-v4.15.0-0.nightly-2025-01-29-180352-nightly",
                "name": "4.15.0-0.nightly-2025-01-29-180352"
              },
              {
                "id": "openshift-v4.15.0-0.nightly-2025-01-30-150023-nightly",
                "name": "4.15.0-0.nightly-2025-01-30-150023"
              },
              {
                "id": "openshift-v4.15.0-0.nightly-2025-01-31-030210-nightly",
                "name": "4.15.0-0.nightly-2025-01-31-030210"
              },
              {
                "id": "openshift-v4.15.0-0.nightly-2025-01-31-092220-nightly",
                "name": "4.15.0-0.nightly-2025-01-31-092220"
              },
              {
                "id": "openshift-v4.15.0-0.nightly-2025-02-03-013508-nightly",
                "name": "4.15.0-0.nightly-2025-02-03-013508"
              },
              {
                "id": "openshift-v4.15.0-0.nightly-2025-02-03-102940-nightly",
                "name": "4.15.0-0.nightly-2025-02-03-102940"
              },
              {
                "id": "openshift-v4.15.0-0.nightly-2025-02-03-164127-nightly",
                "name": "4.15.0-0.nightly-2025-02-03-164127"
              },
              {
                "id": "openshift-v4.15.0-0.nightly-2025-02-06-020928-nightly",
                "name": "4.15.0-0.nightly-2025-02-06-020928"
              },
              {
                "id": "openshift-v4.15.0-0.nightly-2025-02-06-165002-nightly",
                "name": "4.15.0-0.nightly-2025-02-06-165002"
              },
              {
                "id": "openshift-v4.15.0-0.nightly-2025-02-07-025303-nightly",
                "name": "4.15.0-0.nightly-2025-02-07-025303"
              },
              {
                "id": "openshift-v4.15.0-0.nightly-2025-02-07-184157-nightly",
                "name": "4.15.0-0.nightly-2025-02-07-184157"
              },
              {
                "id": "openshift-v4.15.0-0.nightly-2025-02-08-002445-nightly",
                "name": "4.15.0-0.nightly-2025-02-08-002445"
              },
              {
                "id": "openshift-v4.15.0-0.nightly-2025-02-09-001652-nightly",
                "name": "4.15.0-0.nightly-2025-02-09-001652"
              },
              {
                "id": "openshift-v4.15.0-0.nightly-2025-02-10-052622-nightly",
                "name": "4.15.0-0.nightly-2025-02-10-052622"
              },
              {
                "id": "openshift-v4.15.0-0.nightly-2025-02-10-120743-nightly",
                "name": "4.15.0-0.nightly-2025-02-10-120743"
              },
              {
                "id": "openshift-v4.15.0-0.nightly-2025-02-10-191202-nightly",
                "name": "4.15.0-0.nightly-2025-02-10-191202"
              },
              {
                "id": "openshift-v4.15.0-0.nightly-2025-02-11-060734-nightly",
                "name": "4.15.0-0.nightly-2025-02-11-060734"
              },
              {
                "id": "openshift-v4.15.0-0.nightly-2025-02-11-141417-nightly",
                "name": "4.15.0-0.nightly-2025-02-11-141417"
              },
              {
                "id": "openshift-v4.15.0-0.nightly-2025-02-17-104834-nightly",
                "name": "4.15.0-0.nightly-2025-02-17-104834"
              },
              {
                "id": "openshift-v4.15.0-0.nightly-2025-02-17-181011-nightly",
                "name": "4.15.0-0.nightly-2025-02-17-181011"
              },
              {
                "id": "openshift-v4.15.0-0.nightly-2025-02-18-121025-nightly",
                "name": "4.15.0-0.nightly-2025-02-18-121025"
              },
              {
                "id": "openshift-v4.15.0-0.nightly-2025-02-19-014045-nightly",
                "name": "4.15.0-0.nightly-2025-02-19-014045"
              },
              {
                "id": "openshift-v4.15.0-0.nightly-2025-02-19-152233-nightly",
                "name": "4.15.0-0.nightly-2025-02-19-152233"
              },
              {
                "id": "openshift-v4.15.0-0.nightly-2025-02-20-001209-nightly",
                "name": "4.15.0-0.nightly-2025-02-20-001209"
              },
              {
                "id": "openshift-v4.15.0-0.nightly-2025-02-26-092643-nightly",
                "name": "4.15.0-0.nightly-2025-02-26-092643"
              },
              {
                "id": "openshift-v4.15.0-0.nightly-2025-02-26-180211-nightly",
                "name": "4.15.0-0.nightly-2025-02-26-180211"
              },
              {
                "id": "openshift-v4.15.0-0.nightly-2025-02-27-083005-nightly",
                "name": "4.15.0-0.nightly-2025-02-27-083005"
              },
              {
                "id": "openshift-v4.15.0-0.nightly-2025-02-27-212258-nightly",
                "name": "4.15.0-0.nightly-2025-02-27-212258"
              },
              {
                "id": "openshift-v4.15.0-0.nightly-2025-02-28-042849-nightly",
                "name": "4.15.0-0.nightly-2025-02-28-042849"
              },
              {
                "id": "openshift-v4.15.0-0.nightly-2025-02-28-161117-nightly",
                "name": "4.15.0-0.nightly-2025-02-28-161117"
              },
              {
                "id": "openshift-v4.15.0-0.nightly-2025-03-03-023343-nightly",
                "name": "4.15.0-0.nightly-2025-03-03-023343"
              },
              {
                "id": "openshift-v4.15.0-0.nightly-2025-03-03-135634-nightly",
                "name": "4.15.0-0.nightly-2025-03-03-135634"
              },
              {
                "id": "openshift-v4.15.0-0.nightly-2025-03-03-204005-nightly",
                "name": "4.15.0-0.nightly-2025-03-03-204005"
              },
              {
                "id": "openshift-v4.15.0-0.nightly-2025-03-05-015421-nightly",
                "name": "4.15.0-0.nightly-2025-03-05-015421"
              },
              {
                "id": "openshift-v4.15.0-0.nightly-2025-03-05-140138-nightly",
                "name": "4.15.0-0.nightly-2025-03-05-140138"
              },
              {
                "id": "openshift-v4.15.0-0.nightly-2025-03-05-202732-nightly",
                "name": "4.15.0-0.nightly-2025-03-05-202732"
              },
              {
                "id": "openshift-v4.15.0-0.nightly-2025-03-06-152934-nightly",
                "name": "4.15.0-0.nightly-2025-03-06-152934"
              },
              {
                "id": "openshift-v4.15.0-0.nightly-2025-03-11-193745-nightly",
                "name": "4.15.0-0.nightly-2025-03-11-193745"
              },
              {
                "id": "openshift-v4.15.0-0.nightly-2025-03-12-031522-nightly",
                "name": "4.15.0-0.nightly-2025-03-12-031522"
              },
              {
                "id": "openshift-v4.15.0-0.nightly-2025-03-12-163635-nightly",
                "name": "4.15.0-0.nightly-2025-03-12-163635"
              },
              {
                "id": "openshift-v4.15.0-0.nightly-2025-03-13-015911-nightly",
                "name": "4.15.0-0.nightly-2025-03-13-015911"
              },
              {
                "id": "openshift-v4.15.0-0.nightly-2025-03-13-091445-nightly",
                "name": "4.15.0-0.nightly-2025-03-13-091445"
              },
              {
                "id": "openshift-v4.15.0-0.nightly-2025-03-14-041920-nightly",
                "name": "4.15.0-0.nightly-2025-03-14-041920"
              },
              {
                "id": "openshift-v4.15.0-0.nightly-2025-03-14-113724-nightly",
                "name": "4.15.0-0.nightly-2025-03-14-113724"
              },
              {
                "id": "openshift-v4.15.0-0.nightly-2025-03-17-214851-nightly",
                "name": "4.15.0-0.nightly-2025-03-17-214851"
              },
              {
                "id": "openshift-v4.15.0-0.nightly-2025-03-19-042538-nightly",
                "name": "4.15.0-0.nightly-2025-03-19-042538"
              },
              {
                "id": "openshift-v4.15.0-0.nightly-2025-03-19-111125-nightly",
                "name": "4.15.0-0.nightly-2025-03-19-111125"
              },
              {
                "id": "openshift-v4.15.0-0.nightly-2025-03-19-182739-nightly",
                "name": "4.15.0-0.nightly-2025-03-19-182739"
              },
              {
                "id": "openshift-v4.15.0-0.nightly-2025-03-20-012655-nightly",
                "name": "4.15.0-0.nightly-2025-03-20-012655"
              },
              {
                "id": "openshift-v4.15.0-0.nightly-2025-03-20-104954-nightly",
                "name": "4.15.0-0.nightly-2025-03-20-104954"
              },
              {
                "id": "openshift-v4.15.0-0.nightly-2025-03-20-180211-nightly",
                "name": "4.15.0-0.nightly-2025-03-20-180211"
              },
              {
                "id": "openshift-v4.15.0-0.nightly-2025-03-21-005614-nightly",
                "name": "4.15.0-0.nightly-2025-03-21-005614"
              },
              {
                "id": "openshift-v4.15.0-0.nightly-2025-03-24-175824-nightly",
                "name": "4.15.0-0.nightly-2025-03-24-175824"
              },
              {
                "id": "openshift-v4.15.0-0.nightly-2025-03-25-005054-nightly",
                "name": "4.15.0-0.nightly-2025-03-25-005054"
              },
              {
                "id": "openshift-v4.15.0-0.nightly-2025-03-25-143042-nightly",
                "name": "4.15.0-0.nightly-2025-03-25-143042"
              },
              {
                "id": "openshift-v4.15.0-0.nightly-2025-03-25-215407-nightly",
                "name": "4.15.0-0.nightly-2025-03-25-215407"
              },
              {
                "id": "openshift-v4.15.0-0.nightly-2025-03-26-045404-nightly",
                "name": "4.15.0-0.nightly-2025-03-26-045404"
              },
              {
                "id": "openshift-v4.15.0-0.nightly-2025-03-27-071511-nightly",
                "name": "4.15.0-0.nightly-2025-03-27-071511"
              },
              {
                "id": "openshift-v4.15.0-0.nightly-2025-03-27-205715-nightly",
                "name": "4.15.0-0.nightly-2025-03-27-205715"
              },
              {
                "id": "openshift-v4.15.0-0.nightly-2025-03-28-041228-nightly",
                "name": "4.15.0-0.nightly-2025-03-28-041228"
              },
              {
                "id": "openshift-v4.15.0-0.nightly-2025-03-28-131716-nightly",
                "name": "4.15.0-0.nightly-2025-03-28-131716"
              },
              {
                "id": "openshift-v4.15.0-0.nightly-2025-03-28-201810-nightly",
                "name": "4.15.0-0.nightly-2025-03-28-201810"
              },
              {
                "id": "openshift-v4.15.0-0.nightly-2025-03-29-032408-nightly",
                "name": "4.15.0-0.nightly-2025-03-29-032408"
              },
              {
                "id": "openshift-v4.15.0-0.nightly-2025-03-31-201227-nightly",
                "name": "4.15.0-0.nightly-2025-03-31-201227"
              },
              {
                "id": "openshift-v4.15.0-0.nightly-2025-04-01-034058-nightly",
                "name": "4.15.0-0.nightly-2025-04-01-034058"
              },
              {
                "id": "openshift-v4.15.0-0.nightly-2025-04-01-222705-nightly",
                "name": "4.15.0-0.nightly-2025-04-01-222705"
              },
              {
                "id": "openshift-v4.15.0-0.nightly-2025-04-02-090624-nightly",
                "name": "4.15.0-0.nightly-2025-04-02-090624"
              },
              {
                "id": "openshift-v4.15.0-0.nightly-2025-04-02-162137-nightly",
                "name": "4.15.0-0.nightly-2025-04-02-162137"
              },
              {
                "id": "openshift-v4.15.0-0.nightly-2025-04-09-124353-nightly",
                "name": "4.15.0-0.nightly-2025-04-09-124353"
              },
              {
                "id": "openshift-v4.15.0-0.nightly-2025-04-10-112607-nightly",
                "name": "4.15.0-0.nightly-2025-04-10-112607"
              },
              {
                "id": "openshift-v4.15.0-0.nightly-2025-04-10-172011-nightly",
                "name": "4.15.0-0.nightly-2025-04-10-172011"
              },
              {
                "id": "openshift-v4.15.0-0.nightly-2025-04-12-072420-nightly",
                "name": "4.15.0-0.nightly-2025-04-12-072420"
              },
              {
                "id": "openshift-v4.15.0-0.nightly-2025-04-13-042654-nightly",
                "name": "4.15.0-0.nightly-2025-04-13-042654"
              },
              {
                "id": "openshift-v4.15.0-0.nightly-2025-04-14-233951-nightly",
                "name": "4.15.0-0.nightly-2025-04-14-233951"
              },
              {
                "id": "openshift-v4.15.0-0.nightly-2025-04-16-032433-nightly",
                "name": "4.15.0-0.nightly-2025-04-16-032433"
              },
              {
                "id": "openshift-v4.15.0-0.nightly-2025-04-17-082919-nightly",
                "name": "4.15.0-0.nightly-2025-04-17-082919"
              },
              {
                "id": "openshift-v4.15.0-0.nightly-2025-04-17-181925-nightly",
                "name": "4.15.0-0.nightly-2025-04-17-181925"
              },
              {
                "id": "openshift-v4.15.0-0.nightly-2025-04-24-083400-nightly",
                "name": "4.15.0-0.nightly-2025-04-24-083400"
              },
              {
                "id": "openshift-v4.15.0-0.nightly-2025-04-25-133201-nightly",
                "name": "4.15.0-0.nightly-2025-04-25-133201"
              },
              {
                "id": "openshift-v4.15.0-0.nightly-2025-04-27-075916-nightly",
                "name": "4.15.0-0.nightly-2025-04-27-075916"
              },
              {
                "id": "openshift-v4.15.0-0.nightly-2025-04-28-202018-nightly",
                "name": "4.15.0-0.nightly-2025-04-28-202018"
              },
              {
                "id": "openshift-v4.15.0-0.nightly-2025-04-29-030233-nightly",
                "name": "4.15.0-0.nightly-2025-04-29-030233"
              },
              {
                "id": "openshift-v4.15.0-0.nightly-2025-04-30-033949-nightly",
                "name": "4.15.0-0.nightly-2025-04-30-033949"
              },
              {
                "id": "openshift-v4.15.0-candidate",
                "name": "4.15.0"
              },
              {
                "id": "openshift-v4.15.0-ec.0-candidate",
                "name": "4.15.0-ec.0"
              },
              {
                "id": "openshift-v4.15.0-ec.1-candidate",
                "name": "4.15.0-ec.1"
              },
              {
                "id": "openshift-v4.15.0-ec.2-candidate",
                "name": "4.15.0-ec.2"
              },
              {
                "id": "openshift-v4.15.0-ec.3-candidate",
                "name": "4.15.0-ec.3"
              },
              {
                "id": "openshift-v4.15.0-fast",
                "name": "4.15.0"
              },
              {
                "id": "openshift-v4.15.0-rc.0-candidate",
                "name": "4.15.0-rc.0"
              },
              {
                "id": "openshift-v4.15.0-rc.1-candidate",
                "name": "4.15.0-rc.1"
              },
              {
                "id": "openshift-v4.15.0-rc.2-candidate",
                "name": "4.15.0-rc.2"
              },
              {
                "id": "openshift-v4.15.0-rc.3-candidate",
                "name": "4.15.0-rc.3"
              },
              {
                "id": "openshift-v4.15.0-rc.4-candidate",
                "name": "4.15.0-rc.4"
              },
              {
                "id": "openshift-v4.15.0-rc.5-candidate",
                "name": "4.15.0-rc.5"
              },
              {
                "id": "openshift-v4.15.0-rc.7-candidate",
                "name": "4.15.0-rc.7"
              },
              {
                "id": "openshift-v4.15.0-rc.8-candidate",
                "name": "4.15.0-rc.8"
              },
              {
                "id": "openshift-v4.15.10",
                "name": "4.15.10"
              },
              {
                "id": "openshift-v4.15.10-candidate",
                "name": "4.15.10"
              },
              {
                "id": "openshift-v4.15.10-fast",
                "name": "4.15.10"
              },
              {
                "id": "openshift-v4.15.11",
                "name": "4.15.11"
              },
              {
                "id": "openshift-v4.15.11-candidate",
                "name": "4.15.11"
              },
              {
                "id": "openshift-v4.15.11-fast",
                "name": "4.15.11"
              },
              {
                "id": "openshift-v4.15.12",
                "name": "4.15.12"
              },
              {
                "id": "openshift-v4.15.12-candidate",
                "name": "4.15.12"
              },
              {
                "id": "openshift-v4.15.12-fast",
                "name": "4.15.12"
              },
              {
                "id": "openshift-v4.15.13",
                "name": "4.15.13"
              },
              {
                "id": "openshift-v4.15.13-candidate",
                "name": "4.15.13"
              },
              {
                "id": "openshift-v4.15.13-fast",
                "name": "4.15.13"
              },
              {
                "id": "openshift-v4.15.14",
                "name": "4.15.14"
              },
              {
                "id": "openshift-v4.15.14-candidate",
                "name": "4.15.14"
              },
              {
                "id": "openshift-v4.15.14-fast",
                "name": "4.15.14"
              },
              {
                "id": "openshift-v4.15.15",
                "name": "4.15.15"
              },
              {
                "id": "openshift-v4.15.15-candidate",
                "name": "4.15.15"
              },
              {
                "id": "openshift-v4.15.15-fast",
                "name": "4.15.15"
              },
              {
                "id": "openshift-v4.15.16",
                "name": "4.15.16"
              },
              {
                "id": "openshift-v4.15.16-candidate",
                "name": "4.15.16"
              },
              {
                "id": "openshift-v4.15.16-fast",
                "name": "4.15.16"
              },
              {
                "id": "openshift-v4.15.17",
                "name": "4.15.17"
              },
              {
                "id": "openshift-v4.15.17-candidate",
                "name": "4.15.17"
              },
              {
                "id": "openshift-v4.15.17-fast",
                "name": "4.15.17"
              },
              {
                "id": "openshift-v4.15.18",
                "name": "4.15.18"
              },
              {
                "id": "openshift-v4.15.18-candidate",
                "name": "4.15.18"
              },
              {
                "id": "openshift-v4.15.18-fast",
                "name": "4.15.18"
              },
              {
                "id": "openshift-v4.15.19",
                "name": "4.15.19"
              },
              {
                "id": "openshift-v4.15.19-candidate",
                "name": "4.15.19"
              },
              {
                "id": "openshift-v4.15.19-fast",
                "name": "4.15.19"
              },
              {
                "id": "openshift-v4.15.2",
                "name": "4.15.2"
              },
              {
                "id": "openshift-v4.15.20",
                "name": "4.15.20"
              },
              {
                "id": "openshift-v4.15.20-candidate",
                "name": "4.15.20"
              },
              {
                "id": "openshift-v4.15.20-fast",
                "name": "4.15.20"
              },
              {
                "id": "openshift-v4.15.21",
                "name": "4.15.21"
              },
              {
                "id": "openshift-v4.15.21-candidate",
                "name": "4.15.21"
              },
              {
                "id": "openshift-v4.15.21-fast",
                "name": "4.15.21"
              },
              {
                "id": "openshift-v4.15.22",
                "name": "4.15.22"
              },
              {
                "id": "openshift-v4.15.22-candidate",
                "name": "4.15.22"
              },
              {
                "id": "openshift-v4.15.22-fast",
                "name": "4.15.22"
              },
              {
                "id": "openshift-v4.15.23",
                "name": "4.15.23"
              },
              {
                "id": "openshift-v4.15.23-candidate",
                "name": "4.15.23"
              },
              {
                "id": "openshift-v4.15.23-fast",
                "name": "4.15.23"
              },
              {
                "id": "openshift-v4.15.24",
                "name": "4.15.24"
              },
              {
                "id": "openshift-v4.15.24-candidate",
                "name": "4.15.24"
              },
              {
                "id": "openshift-v4.15.24-fast",
                "name": "4.15.24"
              },
              {
                "id": "openshift-v4.15.25",
                "name": "4.15.25"
              },
              {
                "id": "openshift-v4.15.25-candidate",
                "name": "4.15.25"
              },
              {
                "id": "openshift-v4.15.25-fast",
                "name": "4.15.25"
              },
              {
                "id": "openshift-v4.15.26-candidate",
                "name": "4.15.26"
              },
              {
                "id": "openshift-v4.15.27",
                "name": "4.15.27"
              },
              {
                "id": "openshift-v4.15.27-candidate",
                "name": "4.15.27"
              },
              {
                "id": "openshift-v4.15.27-fast",
                "name": "4.15.27"
              },
              {
                "id": "openshift-v4.15.28",
                "name": "4.15.28"
              },
              {
                "id": "openshift-v4.15.28-candidate",
                "name": "4.15.28"
              },
              {
                "id": "openshift-v4.15.28-fast",
                "name": "4.15.28"
              },
              {
                "id": "openshift-v4.15.29",
                "name": "4.15.29"
              },
              {
                "id": "openshift-v4.15.29-candidate",
                "name": "4.15.29"
              },
              {
                "id": "openshift-v4.15.29-fast",
                "name": "4.15.29"
              },
              {
                "id": "openshift-v4.15.2-candidate",
                "name": "4.15.2"
              },
              {
                "id": "openshift-v4.15.2-fast",
                "name": "4.15.2"
              },
              {
                "id": "openshift-v4.15.3",
                "name": "4.15.3"
              },
              {
                "id": "openshift-v4.15.30",
                "name": "4.15.30"
              },
              {
                "id": "openshift-v4.15.30-candidate",
                "name": "4.15.30"
              },
              {
                "id": "openshift-v4.15.30-fast",
                "name": "4.15.30"
              },
              {
                "id": "openshift-v4.15.31",
                "name": "4.15.31"
              },
              {
                "id": "openshift-v4.15.31-candidate",
                "name": "4.15.31"
              },
              {
                "id": "openshift-v4.15.31-fast",
                "name": "4.15.31"
              },
              {
                "id": "openshift-v4.15.32",
                "name": "4.15.32"
              },
              {
                "id": "openshift-v4.15.32-candidate",
                "name": "4.15.32"
              },
              {
                "id": "openshift-v4.15.32-fast",
                "name": "4.15.32"
              },
              {
                "id": "openshift-v4.15.33",
                "name": "4.15.33"
              },
              {
                "id": "openshift-v4.15.33-candidate",
                "name": "4.15.33"
              },
              {
                "id": "openshift-v4.15.33-fast",
                "name": "4.15.33"
              },
              {
                "id": "openshift-v4.15.34",
                "name": "4.15.34"
              },
              {
                "id": "openshift-v4.15.34-candidate",
                "name": "4.15.34"
              },
              {
                "id": "openshift-v4.15.34-fast",
                "name": "4.15.34"
              },
              {
                "id": "openshift-v4.15.35",
                "name": "4.15.35"
              },
              {
                "id": "openshift-v4.15.35-candidate",
                "name": "4.15.35"
              },
              {
                "id": "openshift-v4.15.35-fast",
                "name": "4.15.35"
              },
              {
                "id": "openshift-v4.15.36",
                "name": "4.15.36"
              },
              {
                "id": "openshift-v4.15.36-candidate",
                "name": "4.15.36"
              },
              {
                "id": "openshift-v4.15.36-fast",
                "name": "4.15.36"
              },
              {
                "id": "openshift-v4.15.37",
                "name": "4.15.37"
              },
              {
                "id": "openshift-v4.15.37-candidate",
                "name": "4.15.37"
              },
              {
                "id": "openshift-v4.15.37-fast",
                "name": "4.15.37"
              },
              {
                "id": "openshift-v4.15.38",
                "name": "4.15.38"
              },
              {
                "id": "openshift-v4.15.38-candidate",
                "name": "4.15.38"
              },
              {
                "id": "openshift-v4.15.38-fast",
                "name": "4.15.38"
              },
              {
                "id": "openshift-v4.15.39",
                "name": "4.15.39"
              },
              {
                "id": "openshift-v4.15.39-candidate",
                "name": "4.15.39"
              },
              {
                "id": "openshift-v4.15.39-fast",
                "name": "4.15.39"
              },
              {
                "id": "openshift-v4.15.3-candidate",
                "name": "4.15.3"
              },
              {
                "id": "openshift-v4.15.3-fast",
                "name": "4.15.3"
              },
              {
                "id": "openshift-v4.15.40",
                "name": "4.15.40"
              },
              {
                "id": "openshift-v4.15.40-candidate",
                "name": "4.15.40"
              },
              {
                "id": "openshift-v4.15.40-fast",
                "name": "4.15.40"
              },
              {
                "id": "openshift-v4.15.41",
                "name": "4.15.41"
              },
              {
                "id": "openshift-v4.15.41-candidate",
                "name": "4.15.41"
              },
              {
                "id": "openshift-v4.15.41-fast",
                "name": "4.15.41"
              },
              {
                "id": "openshift-v4.15.42",
                "name": "4.15.42"
              },
              {
                "id": "openshift-v4.15.42-candidate",
                "name": "4.15.42"
              },
              {
                "id": "openshift-v4.15.42-fast",
                "name": "4.15.42"
              },
              {
                "id": "openshift-v4.15.43",
                "name": "4.15.43"
              },
              {
                "id": "openshift-v4.15.43-candidate",
                "name": "4.15.43"
              },
              {
                "id": "openshift-v4.15.43-fast",
                "name": "4.15.43"
              },
              {
                "id": "openshift-v4.15.44",
                "name": "4.15.44"
              },
              {
                "id": "openshift-v4.15.44-candidate",
                "name": "4.15.44"
              },
              {
                "id": "openshift-v4.15.44-fast",
                "name": "4.15.44"
              },
              {
                "id": "openshift-v4.15.45",
                "name": "4.15.45"
              },
              {
                "id": "openshift-v4.15.45-candidate",
                "name": "4.15.45"
              },
              {
                "id": "openshift-v4.15.45-fast",
                "name": "4.15.45"
              },
              {
                "id": "openshift-v4.15.46",
                "name": "4.15.46"
              },
              {
                "id": "openshift-v4.15.46-candidate",
                "name": "4.15.46"
              },
              {
                "id": "openshift-v4.15.46-fast",
                "name": "4.15.46"
              },
              {
                "id": "openshift-v4.15.47",
                "name": "4.15.47"
              },
              {
                "id": "openshift-v4.15.47-candidate",
                "name": "4.15.47"
              },
              {
                "id": "openshift-v4.15.47-fast",
                "name": "4.15.47"
              },
              {
                "id": "openshift-v4.15.48",
                "name": "4.15.48"
              },
              {
                "id": "openshift-v4.15.48-candidate",
                "name": "4.15.48"
              },
              {
                "id": "openshift-v4.15.48-fast",
                "name": "4.15.48"
              },
              {
                "id": "openshift-v4.15.49",
                "name": "4.15.49"
              },
              {
                "id": "openshift-v4.15.49-candidate",
                "name": "4.15.49"
              },
              {
                "id": "openshift-v4.15.49-fast",
                "name": "4.15.49"
              },
              {
                "id": "openshift-v4.15.5",
                "name": "4.15.5"
              },
              {
                "id": "openshift-v4.15.5-candidate",
                "name": "4.15.5"
              },
              {
                "id": "openshift-v4.15.5-fast",
                "name": "4.15.5"
              },
              {
                "id": "openshift-v4.15.6",
                "name": "4.15.6"
              },
              {
                "id": "openshift-v4.15.6-candidate",
                "name": "4.15.6"
              },
              {
                "id": "openshift-v4.15.6-fast",
                "name": "4.15.6"
              },
              {
                "id": "openshift-v4.15.7-candidate",
                "name": "4.15.7"
              },
              {
                "id": "openshift-v4.15.8",
                "name": "4.15.8"
              },
              {
                "id": "openshift-v4.15.8-candidate",
                "name": "4.15.8"
              },
              {
                "id": "openshift-v4.15.8-fast",
                "name": "4.15.8"
              },
              {
                "id": "openshift-v4.15.9",
                "name": "4.15.9"
              },
              {
                "id": "openshift-v4.15.9-candidate",
                "name": "4.15.9"
              },
              {
                "id": "openshift-v4.15.9-fast",
                "name": "4.15.9"
              },
              {
                "id": "openshift-v4.16.0-0.nightly-2024-07-03-080502-nightly",
                "name": "4.16.0-0.nightly-2024-07-03-080502"
              },
              {
                "id": "openshift-v4.16.0-0.nightly-2024-07-04-015518-nightly",
                "name": "4.16.0-0.nightly-2024-07-04-015518"
              },
              {
                "id": "openshift-v4.16.0-0.nightly-2024-07-04-084325-nightly",
                "name": "4.16.0-0.nightly-2024-07-04-084325"
              },
              {
                "id": "openshift-v4.16.0-0.nightly-2024-07-04-133225-nightly",
                "name": "4.16.0-0.nightly-2024-07-04-133225"
              },
              {
                "id": "openshift-v4.16.0-0.nightly-2024-07-05-112004-nightly",
                "name": "4.16.0-0.nightly-2024-07-05-112004"
              },
              {
                "id": "openshift-v4.16.0-0.nightly-2024-07-05-155502-nightly",
                "name": "4.16.0-0.nightly-2024-07-05-155502"
              },
              {
                "id": "openshift-v4.16.0-0.nightly-2024-07-05-201944-nightly",
                "name": "4.16.0-0.nightly-2024-07-05-201944"
              },
              {
                "id": "openshift-v4.16.0-0.nightly-2024-07-06-041923-nightly",
                "name": "4.16.0-0.nightly-2024-07-06-041923"
              },
              {
                "id": "openshift-v4.16.0-0.nightly-2024-07-06-110535-nightly",
                "name": "4.16.0-0.nightly-2024-07-06-110535"
              },
              {
                "id": "openshift-v4.16.0-0.nightly-2024-07-06-152755-nightly",
                "name": "4.16.0-0.nightly-2024-07-06-152755"
              },
              {
                "id": "openshift-v4.16.0-0.nightly-2024-07-06-222620-nightly",
                "name": "4.16.0-0.nightly-2024-07-06-222620"
              },
              {
                "id": "openshift-v4.16.0-0.nightly-2024-07-07-031421-nightly",
                "name": "4.16.0-0.nightly-2024-07-07-031421"
              },
              {
                "id": "openshift-v4.16.0-0.nightly-2024-07-07-085355-nightly",
                "name": "4.16.0-0.nightly-2024-07-07-085355"
              },
              {
                "id": "openshift-v4.16.0-0.nightly-2024-07-07-171226-nightly",
                "name": "4.16.0-0.nightly-2024-07-07-171226"
              },
              {
                "id": "openshift-v4.16.0-0.nightly-2024-07-09-093958-nightly",
                "name": "4.16.0-0.nightly-2024-07-09-093958"
              },
              {
                "id": "openshift-v4.16.0-0.nightly-2024-07-09-215042-nightly",
                "name": "4.16.0-0.nightly-2024-07-09-215042"
              },
              {
                "id": "openshift-v4.16.0-0.nightly-2024-07-10-022831-nightly",
                "name": "4.16.0-0.nightly-2024-07-10-022831"
              },
              {
                "id": "openshift-v4.16.0-0.nightly-2024-07-10-091030-nightly",
                "name": "4.16.0-0.nightly-2024-07-10-091030"
              },
              {
                "id": "openshift-v4.16.0-0.nightly-2024-07-10-162038-nightly",
                "name": "4.16.0-0.nightly-2024-07-10-162038"
              },
              {
                "id": "openshift-v4.16.0-0.nightly-2024-07-10-233059-nightly",
                "name": "4.16.0-0.nightly-2024-07-10-233059"
              },
              {
                "id": "openshift-v4.16.0-0.nightly-2024-07-11-053634-nightly",
                "name": "4.16.0-0.nightly-2024-07-11-053634"
              },
              {
                "id": "openshift-v4.16.0-0.nightly-2024-07-11-101159-nightly",
                "name": "4.16.0-0.nightly-2024-07-11-101159"
              },
              {
                "id": "openshift-v4.16.0-0.nightly-2024-07-12-073128-nightly",
                "name": "4.16.0-0.nightly-2024-07-12-073128"
              },
              {
                "id": "openshift-v4.16.0-0.nightly-2024-07-12-181656-nightly",
                "name": "4.16.0-0.nightly-2024-07-12-181656"
              },
              {
                "id": "openshift-v4.16.0-0.nightly-2024-07-13-011932-nightly",
                "name": "4.16.0-0.nightly-2024-07-13-011932"
              },
              {
                "id": "openshift-v4.16.0-0.nightly-2024-07-13-103210-nightly",
                "name": "4.16.0-0.nightly-2024-07-13-103210"
              },
              {
                "id": "openshift-v4.16.0-0.nightly-2024-07-14-114143-nightly",
                "name": "4.16.0-0.nightly-2024-07-14-114143"
              },
              {
                "id": "openshift-v4.16.0-0.nightly-2024-07-14-164836-nightly",
                "name": "4.16.0-0.nightly-2024-07-14-164836"
              },
              {
                "id": "openshift-v4.16.0-0.nightly-2024-07-14-214459-nightly",
                "name": "4.16.0-0.nightly-2024-07-14-214459"
              },
              {
                "id": "openshift-v4.16.0-0.nightly-2024-07-15-033520-nightly",
                "name": "4.16.0-0.nightly-2024-07-15-033520"
              },
              {
                "id": "openshift-v4.16.0-0.nightly-2024-07-15-091449-nightly",
                "name": "4.16.0-0.nightly-2024-07-15-091449"
              },
              {
                "id": "openshift-v4.16.0-0.nightly-2024-07-15-142719-nightly",
                "name": "4.16.0-0.nightly-2024-07-15-142719"
              },
              {
                "id": "openshift-v4.16.0-0.nightly-2024-07-15-185616-nightly",
                "name": "4.16.0-0.nightly-2024-07-15-185616"
              },
              {
                "id": "openshift-v4.16.0-0.nightly-2024-07-16-161257-nightly",
                "name": "4.16.0-0.nightly-2024-07-16-161257"
              },
              {
                "id": "openshift-v4.16.0-0.nightly-2024-07-16-215052-nightly",
                "name": "4.16.0-0.nightly-2024-07-16-215052"
              },
              {
                "id": "openshift-v4.16.0-0.nightly-2024-07-17-022851-nightly",
                "name": "4.16.0-0.nightly-2024-07-17-022851"
              },
              {
                "id": "openshift-v4.16.0-0.nightly-2024-07-17-092440-nightly",
                "name": "4.16.0-0.nightly-2024-07-17-092440"
              },
              {
                "id": "openshift-v4.16.0-0.nightly-2024-07-17-135454-nightly",
                "name": "4.16.0-0.nightly-2024-07-17-135454"
              },
              {
                "id": "openshift-v4.16.0-0.nightly-2024-07-17-183709-nightly",
                "name": "4.16.0-0.nightly-2024-07-17-183709"
              },
              {
                "id": "openshift-v4.16.0-0.nightly-2024-07-19-103710-nightly",
                "name": "4.16.0-0.nightly-2024-07-19-103710"
              },
              {
                "id": "openshift-v4.16.0-0.nightly-2024-07-20-021731-nightly",
                "name": "4.16.0-0.nightly-2024-07-20-021731"
              },
              {
                "id": "openshift-v4.16.0-0.nightly-2024-07-20-101055-nightly",
                "name": "4.16.0-0.nightly-2024-07-20-101055"
              },
              {
                "id": "openshift-v4.16.0-0.nightly-2024-07-20-182744-nightly",
                "name": "4.16.0-0.nightly-2024-07-20-182744"
              },
              {
                "id": "openshift-v4.16.0-0.nightly-2024-07-21-000842-nightly",
                "name": "4.16.0-0.nightly-2024-07-21-000842"
              },
              {
                "id": "openshift-v4.16.0-0.nightly-2024-07-21-053517-nightly",
                "name": "4.16.0-0.nightly-2024-07-21-053517"
              },
              {
                "id": "openshift-v4.16.0-0.nightly-2024-07-21-130902-nightly",
                "name": "4.16.0-0.nightly-2024-07-21-130902"
              },
              {
                "id": "openshift-v4.16.0-0.nightly-2024-07-21-201123-nightly",
                "name": "4.16.0-0.nightly-2024-07-21-201123"
              },
              {
                "id": "openshift-v4.16.0-0.nightly-2024-07-22-113430-nightly",
                "name": "4.16.0-0.nightly-2024-07-22-113430"
              },
              {
                "id": "openshift-v4.16.0-0.nightly-2024-07-23-032057-nightly",
                "name": "4.16.0-0.nightly-2024-07-23-032057"
              },
              {
                "id": "openshift-v4.16.0-0.nightly-2024-07-23-113802-nightly",
                "name": "4.16.0-0.nightly-2024-07-23-113802"
              },
              {
                "id": "openshift-v4.16.0-0.nightly-2024-07-23-215437-nightly",
                "name": "4.16.0-0.nightly-2024-07-23-215437"
              },
              {
                "id": "openshift-v4.16.0-0.nightly-2024-07-24-055657-nightly",
                "name": "4.16.0-0.nightly-2024-07-24-055657"
              },
              {
                "id": "openshift-v4.16.0-0.nightly-2024-07-24-102229-nightly",
                "name": "4.16.0-0.nightly-2024-07-24-102229"
              },
              {
                "id": "openshift-v4.16.0-0.nightly-2024-07-24-150731-nightly",
                "name": "4.16.0-0.nightly-2024-07-24-150731"
              },
              {
                "id": "openshift-v4.16.0-0.nightly-2024-07-24-232111-nightly",
                "name": "4.16.0-0.nightly-2024-07-24-232111"
              },
              {
                "id": "openshift-v4.16.0-0.nightly-2024-07-25-205349-nightly",
                "name": "4.16.0-0.nightly-2024-07-25-205349"
              },
              {
                "id": "openshift-v4.16.0-0.nightly-2024-07-26-053208-nightly",
                "name": "4.16.0-0.nightly-2024-07-26-053208"
              },
              {
                "id": "openshift-v4.16.0-0.nightly-2024-07-26-120421-nightly",
                "name": "4.16.0-0.nightly-2024-07-26-120421"
              },
              {
                "id": "openshift-v4.16.0-0.nightly-2024-07-27-014337-nightly",
                "name": "4.16.0-0.nightly-2024-07-27-014337"
              },
              {
                "id": "openshift-v4.16.0-0.nightly-2024-07-27-075008-nightly",
                "name": "4.16.0-0.nightly-2024-07-27-075008"
              },
              {
                "id": "openshift-v4.16.0-0.nightly-2024-07-27-153906-nightly",
                "name": "4.16.0-0.nightly-2024-07-27-153906"
              },
              {
                "id": "openshift-v4.16.0-0.nightly-2024-07-27-223725-nightly",
                "name": "4.16.0-0.nightly-2024-07-27-223725"
              },
              {
                "id": "openshift-v4.16.0-0.nightly-2024-07-28-031021-nightly",
                "name": "4.16.0-0.nightly-2024-07-28-031021"
              },
              {
                "id": "openshift-v4.16.0-0.nightly-2024-07-28-084720-nightly",
                "name": "4.16.0-0.nightly-2024-07-28-084720"
              },
              {
                "id": "openshift-v4.16.0-0.nightly-2024-07-28-155803-nightly",
                "name": "4.16.0-0.nightly-2024-07-28-155803"
              },
              {
                "id": "openshift-v4.16.0-0.nightly-2024-07-28-211743-nightly",
                "name": "4.16.0-0.nightly-2024-07-28-211743"
              },
              {
                "id": "openshift-v4.16.0-0.nightly-2024-07-29-013917-nightly",
                "name": "4.16.0-0.nightly-2024-07-29-013917"
              },
              {
                "id": "openshift-v4.16.0-0.nightly-2024-07-29-060919-nightly",
                "name": "4.16.0-0.nightly-2024-07-29-060919"
              },
              {
                "id": "openshift-v4.16.0-0.nightly-2024-07-29-134911-nightly",
                "name": "4.16.0-0.nightly-2024-07-29-134911"
              },
              {
                "id": "openshift-v4.16.0-0.nightly-2024-07-29-205803-nightly",
                "name": "4.16.0-0.nightly-2024-07-29-205803"
              },
              {
                "id": "openshift-v4.16.0-0.nightly-2024-07-30-022047-nightly",
                "name": "4.16.0-0.nightly-2024-07-30-022047"
              },
              {
                "id": "openshift-v4.16.0-0.nightly-2024-07-30-072829-nightly",
                "name": "4.16.0-0.nightly-2024-07-30-072829"
              },
              {
                "id": "openshift-v4.16.0-0.nightly-2024-07-30-123317-nightly",
                "name": "4.16.0-0.nightly-2024-07-30-123317"
              },
              {
                "id": "openshift-v4.16.0-0.nightly-2024-07-30-181230-nightly",
                "name": "4.16.0-0.nightly-2024-07-30-181230"
              },
              {
                "id": "openshift-v4.16.0-0.nightly-2024-07-31-030108-nightly",
                "name": "4.16.0-0.nightly-2024-07-31-030108"
              },
              {
                "id": "openshift-v4.16.0-0.nightly-2024-07-31-131824-nightly",
                "name": "4.16.0-0.nightly-2024-07-31-131824"
              },
              {
                "id": "openshift-v4.16.0-0.nightly-2024-07-31-182118-nightly",
                "name": "4.16.0-0.nightly-2024-07-31-182118"
              },
              {
                "id": "openshift-v4.16.0-0.nightly-2024-08-01-012721-nightly",
                "name": "4.16.0-0.nightly-2024-08-01-012721"
              },
              {
                "id": "openshift-v4.16.0-0.nightly-2024-08-01-082745-nightly",
                "name": "4.16.0-0.nightly-2024-08-01-082745"
              },
              {
                "id": "openshift-v4.16.0-0.nightly-2024-08-01-161309-nightly",
                "name": "4.16.0-0.nightly-2024-08-01-161309"
              },
              {
                "id": "openshift-v4.16.0-0.nightly-2024-08-02-083003-nightly",
                "name": "4.16.0-0.nightly-2024-08-02-083003"
              },
              {
                "id": "openshift-v4.16.0-0.nightly-2024-08-02-211755-nightly",
                "name": "4.16.0-0.nightly-2024-08-02-211755"
              },
              {
                "id": "openshift-v4.16.0-0.nightly-2024-08-06-073514-nightly",
                "name": "4.16.0-0.nightly-2024-08-06-073514"
              },
              {
                "id": "openshift-v4.16.0-0.nightly-2024-08-06-202846-nightly",
                "name": "4.16.0-0.nightly-2024-08-06-202846"
              },
              {
                "id": "openshift-v4.16.0-0.nightly-2024-08-07-052418-nightly",
                "name": "4.16.0-0.nightly-2024-08-07-052418"
              },
              {
                "id": "openshift-v4.16.0-0.nightly-2024-08-07-103404-nightly",
                "name": "4.16.0-0.nightly-2024-08-07-103404"
              },
              {
                "id": "openshift-v4.16.0-0.nightly-2024-08-08-003631-nightly",
                "name": "4.16.0-0.nightly-2024-08-08-003631"
              },
              {
                "id": "openshift-v4.16.0-0.nightly-2024-08-08-055125-nightly",
                "name": "4.16.0-0.nightly-2024-08-08-055125"
              },
              {
                "id": "openshift-v4.16.0-0.nightly-2024-08-08-111530-nightly",
                "name": "4.16.0-0.nightly-2024-08-08-111530"
              },
              {
                "id": "openshift-v4.16.0-0.nightly-2024-08-08-161834-nightly",
                "name": "4.16.0-0.nightly-2024-08-08-161834"
              },
              {
                "id": "openshift-v4.16.0-0.nightly-2024-08-09-023253-nightly",
                "name": "4.16.0-0.nightly-2024-08-09-023253"
              },
              {
                "id": "openshift-v4.16.0-0.nightly-2024-08-09-152921-nightly",
                "name": "4.16.0-0.nightly-2024-08-09-152921"
              },
              {
                "id": "openshift-v4.16.0-0.nightly-2024-08-09-214858-nightly",
                "name": "4.16.0-0.nightly-2024-08-09-214858"
              },
              {
                "id": "openshift-v4.16.0-0.nightly-2024-08-10-025230-nightly",
                "name": "4.16.0-0.nightly-2024-08-10-025230"
              },
              {
                "id": "openshift-v4.16.0-0.nightly-2024-08-10-073026-nightly",
                "name": "4.16.0-0.nightly-2024-08-10-073026"
              },
              {
                "id": "openshift-v4.16.0-0.nightly-2024-08-10-123723-nightly",
                "name": "4.16.0-0.nightly-2024-08-10-123723"
              },
              {
                "id": "openshift-v4.16.0-0.nightly-2024-08-10-170724-nightly",
                "name": "4.16.0-0.nightly-2024-08-10-170724"
              },
              {
                "id": "openshift-v4.16.0-0.nightly-2024-08-10-225513-nightly",
                "name": "4.16.0-0.nightly-2024-08-10-225513"
              },
              {
                "id": "openshift-v4.16.0-0.nightly-2024-08-11-122810-nightly",
                "name": "4.16.0-0.nightly-2024-08-11-122810"
              },
              {
                "id": "openshift-v4.16.0-0.nightly-2024-08-11-182254-nightly",
                "name": "4.16.0-0.nightly-2024-08-11-182254"
              },
              {
                "id": "openshift-v4.16.0-0.nightly-2024-08-12-014959-nightly",
                "name": "4.16.0-0.nightly-2024-08-12-014959"
              },
              {
                "id": "openshift-v4.16.0-0.nightly-2024-08-12-073758-nightly",
                "name": "4.16.0-0.nightly-2024-08-12-073758"
              },
              {
                "id": "openshift-v4.16.0-0.nightly-2024-08-12-150342-nightly",
                "name": "4.16.0-0.nightly-2024-08-12-150342"
              },
              {
                "id": "openshift-v4.16.0-0.nightly-2024-08-12-204857-nightly",
                "name": "4.16.0-0.nightly-2024-08-12-204857"
              },
              {
                "id": "openshift-v4.16.0-0.nightly-2024-08-13-080843-nightly",
                "name": "4.16.0-0.nightly-2024-08-13-080843"
              },
              {
                "id": "openshift-v4.16.0-0.nightly-2024-08-13-161657-nightly",
                "name": "4.16.0-0.nightly-2024-08-13-161657"
              },
              {
                "id": "openshift-v4.16.0-0.nightly-2024-08-14-124952-nightly",
                "name": "4.16.0-0.nightly-2024-08-14-124952"
              },
              {
                "id": "openshift-v4.16.0-0.nightly-2024-08-15-005452-nightly",
                "name": "4.16.0-0.nightly-2024-08-15-005452"
              },
              {
                "id": "openshift-v4.16.0-0.nightly-2024-08-15-081640-nightly",
                "name": "4.16.0-0.nightly-2024-08-15-081640"
              },
              {
                "id": "openshift-v4.16.0-0.nightly-2024-08-15-152452-nightly",
                "name": "4.16.0-0.nightly-2024-08-15-152452"
              },
              {
                "id": "openshift-v4.16.0-0.nightly-2024-08-15-234146-nightly",
                "name": "4.16.0-0.nightly-2024-08-15-234146"
              },
              {
                "id": "openshift-v4.16.0-0.nightly-2024-08-16-041218-nightly",
                "name": "4.16.0-0.nightly-2024-08-16-041218"
              },
              {
                "id": "openshift-v4.16.0-0.nightly-2024-08-16-112128-nightly",
                "name": "4.16.0-0.nightly-2024-08-16-112128"
              },
              {
                "id": "openshift-v4.16.0-0.nightly-2024-08-16-163815-nightly",
                "name": "4.16.0-0.nightly-2024-08-16-163815"
              },
              {
                "id": "openshift-v4.16.0-0.nightly-2024-08-17-001254-nightly",
                "name": "4.16.0-0.nightly-2024-08-17-001254"
              },
              {
                "id": "openshift-v4.16.0-0.nightly-2024-08-17-080226-nightly",
                "name": "4.16.0-0.nightly-2024-08-17-080226"
              },
              {
                "id": "openshift-v4.16.0-0.nightly-2024-08-17-133515-nightly",
                "name": "4.16.0-0.nightly-2024-08-17-133515"
              },
              {
                "id": "openshift-v4.16.0-0.nightly-2024-08-17-205606-nightly",
                "name": "4.16.0-0.nightly-2024-08-17-205606"
              },
              {
                "id": "openshift-v4.16.0-0.nightly-2024-08-18-012335-nightly",
                "name": "4.16.0-0.nightly-2024-08-18-012335"
              },
              {
                "id": "openshift-v4.16.0-0.nightly-2024-08-18-161459-nightly",
                "name": "4.16.0-0.nightly-2024-08-18-161459"
              },
              {
                "id": "openshift-v4.16.0-0.nightly-2024-08-18-204946-nightly",
                "name": "4.16.0-0.nightly-2024-08-18-204946"
              },
              {
                "id": "openshift-v4.16.0-0.nightly-2024-08-19-053157-nightly",
                "name": "4.16.0-0.nightly-2024-08-19-053157"
              },
              {
                "id": "openshift-v4.16.0-0.nightly-2024-08-20-170018-nightly",
                "name": "4.16.0-0.nightly-2024-08-20-170018"
              },
              {
                "id": "openshift-v4.16.0-0.nightly-2024-08-21-135804-nightly",
                "name": "4.16.0-0.nightly-2024-08-21-135804"
              },
              {
                "id": "openshift-v4.16.0-0.nightly-2024-08-21-192930-nightly",
                "name": "4.16.0-0.nightly-2024-08-21-192930"
              },
              {
                "id": "openshift-v4.16.0-0.nightly-2024-08-24-072311-nightly",
                "name": "4.16.0-0.nightly-2024-08-24-072311"
              },
              {
                "id": "openshift-v4.16.0-0.nightly-2024-08-28-181245-nightly",
                "name": "4.16.0-0.nightly-2024-08-28-181245"
              },
              {
                "id": "openshift-v4.16.0-0.nightly-2024-08-29-060830-nightly",
                "name": "4.16.0-0.nightly-2024-08-29-060830"
              },
              {
                "id": "openshift-v4.16.0-0.nightly-2024-08-29-132014-nightly",
                "name": "4.16.0-0.nightly-2024-08-29-132014"
              },
              {
                "id": "openshift-v4.16.0-0.nightly-2024-08-30-061256-nightly",
                "name": "4.16.0-0.nightly-2024-08-30-061256"
              },
              {
                "id": "openshift-v4.16.0-0.nightly-2024-08-30-120507-nightly",
                "name": "4.16.0-0.nightly-2024-08-30-120507"
              },
              {
                "id": "openshift-v4.16.0-0.nightly-2024-08-30-220426-nightly",
                "name": "4.16.0-0.nightly-2024-08-30-220426"
              },
              {
                "id": "openshift-v4.16.0-0.nightly-2024-09-02-065108-nightly",
                "name": "4.16.0-0.nightly-2024-09-02-065108"
              },
              {
                "id": "openshift-v4.16.0-0.nightly-2024-09-02-173242-nightly",
                "name": "4.16.0-0.nightly-2024-09-02-173242"
              },
              {
                "id": "openshift-v4.16.0-0.nightly-2024-09-03-012520-nightly",
                "name": "4.16.0-0.nightly-2024-09-03-012520"
              },
              {
                "id": "openshift-v4.16.0-0.nightly-2024-09-03-071239-nightly",
                "name": "4.16.0-0.nightly-2024-09-03-071239"
              },
              {
                "id": "openshift-v4.16.0-0.nightly-2024-09-03-161040-nightly",
                "name": "4.16.0-0.nightly-2024-09-03-161040"
              },
              {
                "id": "openshift-v4.16.0-0.nightly-2024-09-04-133029-nightly",
                "name": "4.16.0-0.nightly-2024-09-04-133029"
              },
              {
                "id": "openshift-v4.16.0-0.nightly-2024-09-05-003827-nightly",
                "name": "4.16.0-0.nightly-2024-09-05-003827"
              },
              {
                "id": "openshift-v4.16.0-0.nightly-2024-09-05-094648-nightly",
                "name": "4.16.0-0.nightly-2024-09-05-094648"
              },
              {
                "id": "openshift-v4.16.0-0.nightly-2024-09-05-143111-nightly",
                "name": "4.16.0-0.nightly-2024-09-05-143111"
              },
              {
                "id": "openshift-v4.16.0-0.nightly-2024-09-06-042551-nightly",
                "name": "4.16.0-0.nightly-2024-09-06-042551"
              },
              {
                "id": "openshift-v4.16.0-0.nightly-2024-09-06-124228-nightly",
                "name": "4.16.0-0.nightly-2024-09-06-124228"
              },
              {
                "id": "openshift-v4.16.0-0.nightly-2024-09-07-011644-nightly",
                "name": "4.16.0-0.nightly-2024-09-07-011644"
              },
              {
                "id": "openshift-v4.16.0-0.nightly-2024-09-07-090126-nightly",
                "name": "4.16.0-0.nightly-2024-09-07-090126"
              },
              {
                "id": "openshift-v4.16.0-0.nightly-2024-09-09-093643-nightly",
                "name": "4.16.0-0.nightly-2024-09-09-093643"
              },
              {
                "id": "openshift-v4.16.0-0.nightly-2024-09-09-173813-nightly",
                "name": "4.16.0-0.nightly-2024-09-09-173813"
              },
              {
                "id": "openshift-v4.16.0-0.nightly-2024-09-10-093941-nightly",
                "name": "4.16.0-0.nightly-2024-09-10-093941"
              },
              {
                "id": "openshift-v4.16.0-0.nightly-2024-09-10-152826-nightly",
                "name": "4.16.0-0.nightly-2024-09-10-152826"
              },
              {
                "id": "openshift-v4.16.0-0.nightly-2024-09-11-073557-nightly",
                "name": "4.16.0-0.nightly-2024-09-11-073557"
              },
              {
                "id": "openshift-v4.16.0-0.nightly-2024-09-11-171603-nightly",
                "name": "4.16.0-0.nightly-2024-09-11-171603"
              },
              {
                "id": "openshift-v4.16.0-0.nightly-2024-09-12-013246-nightly",
                "name": "4.16.0-0.nightly-2024-09-12-013246"
              },
              {
                "id": "openshift-v4.16.0-0.nightly-2024-09-12-125028-nightly",
                "name": "4.16.0-0.nightly-2024-09-12-125028"
              },
              {
                "id": "openshift-v4.16.0-0.nightly-2024-09-13-011108-nightly",
                "name": "4.16.0-0.nightly-2024-09-13-011108"
              },
              {
                "id": "openshift-v4.16.0-0.nightly-2024-09-13-132522-nightly",
                "name": "4.16.0-0.nightly-2024-09-13-132522"
              },
              {
                "id": "openshift-v4.16.0-0.nightly-2024-09-13-183624-nightly",
                "name": "4.16.0-0.nightly-2024-09-13-183624"
              },
              {
                "id": "openshift-v4.16.0-0.nightly-2024-09-14-002900-nightly",
                "name": "4.16.0-0.nightly-2024-09-14-002900"
              },
              {
                "id": "openshift-v4.16.0-0.nightly-2024-09-16-095421-nightly",
                "name": "4.16.0-0.nightly-2024-09-16-095421"
              },
              {
                "id": "openshift-v4.16.0-0.nightly-2024-09-16-221145-nightly",
                "name": "4.16.0-0.nightly-2024-09-16-221145"
              },
              {
                "id": "openshift-v4.16.0-0.nightly-2024-09-17-060556-nightly",
                "name": "4.16.0-0.nightly-2024-09-17-060556"
              },
              {
                "id": "openshift-v4.16.0-0.nightly-2024-09-17-112842-nightly",
                "name": "4.16.0-0.nightly-2024-09-17-112842"
              },
              {
                "id": "openshift-v4.16.0-0.nightly-2024-09-17-214401-nightly",
                "name": "4.16.0-0.nightly-2024-09-17-214401"
              },
              {
                "id": "openshift-v4.16.0-0.nightly-2024-09-18-053141-nightly",
                "name": "4.16.0-0.nightly-2024-09-18-053141"
              },
              {
                "id": "openshift-v4.16.0-0.nightly-2024-09-18-101027-nightly",
                "name": "4.16.0-0.nightly-2024-09-18-101027"
              },
              {
                "id": "openshift-v4.16.0-0.nightly-2024-09-18-233707-nightly",
                "name": "4.16.0-0.nightly-2024-09-18-233707"
              },
              {
                "id": "openshift-v4.16.0-0.nightly-2024-09-19-060735-nightly",
                "name": "4.16.0-0.nightly-2024-09-19-060735"
              },
              {
                "id": "openshift-v4.16.0-0.nightly-2024-09-19-122638-nightly",
                "name": "4.16.0-0.nightly-2024-09-19-122638"
              },
              {
                "id": "openshift-v4.16.0-0.nightly-2024-09-19-175711-nightly",
                "name": "4.16.0-0.nightly-2024-09-19-175711"
              },
              {
                "id": "openshift-v4.16.0-0.nightly-2024-09-20-021110-nightly",
                "name": "4.16.0-0.nightly-2024-09-20-021110"
              },
              {
                "id": "openshift-v4.16.0-0.nightly-2024-09-20-144115-nightly",
                "name": "4.16.0-0.nightly-2024-09-20-144115"
              },
              {
                "id": "openshift-v4.16.0-0.nightly-2024-09-20-230640-nightly",
                "name": "4.16.0-0.nightly-2024-09-20-230640"
              },
              {
                "id": "openshift-v4.16.0-0.nightly-2024-09-22-173535-nightly",
                "name": "4.16.0-0.nightly-2024-09-22-173535"
              },
              {
                "id": "openshift-v4.16.0-0.nightly-2024-09-23-044111-nightly",
                "name": "4.16.0-0.nightly-2024-09-23-044111"
              },
              {
                "id": "openshift-v4.16.0-0.nightly-2024-09-23-125048-nightly",
                "name": "4.16.0-0.nightly-2024-09-23-125048"
              },
              {
                "id": "openshift-v4.16.0-0.nightly-2024-09-23-183209-nightly",
                "name": "4.16.0-0.nightly-2024-09-23-183209"
              },
              {
                "id": "openshift-v4.16.0-0.nightly-2024-09-24-060552-nightly",
                "name": "4.16.0-0.nightly-2024-09-24-060552"
              },
              {
                "id": "openshift-v4.16.0-0.nightly-2024-09-25-034636-nightly",
                "name": "4.16.0-0.nightly-2024-09-25-034636"
              },
              {
                "id": "openshift-v4.16.0-0.nightly-2024-09-26-011209-nightly",
                "name": "4.16.0-0.nightly-2024-09-26-011209"
              },
              {
                "id": "openshift-v4.16.0-0.nightly-2024-09-26-190411-nightly",
                "name": "4.16.0-0.nightly-2024-09-26-190411"
              },
              {
                "id": "openshift-v4.16.0-0.nightly-2024-09-27-095046-nightly",
                "name": "4.16.0-0.nightly-2024-09-27-095046"
              },
              {
                "id": "openshift-v4.16.0-0.nightly-2024-09-27-205824-nightly",
                "name": "4.16.0-0.nightly-2024-09-27-205824"
              },
              {
                "id": "openshift-v4.16.0-0.nightly-2024-09-28-105948-nightly",
                "name": "4.16.0-0.nightly-2024-09-28-105948"
              },
              {
                "id": "openshift-v4.16.0-0.nightly-2024-09-28-215605-nightly",
                "name": "4.16.0-0.nightly-2024-09-28-215605"
              },
              {
                "id": "openshift-v4.16.0-0.nightly-2024-09-29-050741-nightly",
                "name": "4.16.0-0.nightly-2024-09-29-050741"
              },
              {
                "id": "openshift-v4.16.0-0.nightly-2024-09-29-114626-nightly",
                "name": "4.16.0-0.nightly-2024-09-29-114626"
              },
              {
                "id": "openshift-v4.16.0-0.nightly-2024-09-29-193940-nightly",
                "name": "4.16.0-0.nightly-2024-09-29-193940"
              },
              {
                "id": "openshift-v4.16.0-0.nightly-2024-09-30-013327-nightly",
                "name": "4.16.0-0.nightly-2024-09-30-013327"
              },
              {
                "id": "openshift-v4.16.0-0.nightly-2024-09-30-084313-nightly",
                "name": "4.16.0-0.nightly-2024-09-30-084313"
              },
              {
                "id": "openshift-v4.16.0-0.nightly-2024-09-30-143233-nightly",
                "name": "4.16.0-0.nightly-2024-09-30-143233"
              },
              {
                "id": "openshift-v4.16.0-0.nightly-2024-09-30-200121-nightly",
                "name": "4.16.0-0.nightly-2024-09-30-200121"
              },
              {
                "id": "openshift-v4.16.0-0.nightly-2024-10-01-033607-nightly",
                "name": "4.16.0-0.nightly-2024-10-01-033607"
              },
              {
                "id": "openshift-v4.16.0-0.nightly-2024-10-01-082441-nightly",
                "name": "4.16.0-0.nightly-2024-10-01-082441"
              },
              {
                "id": "openshift-v4.16.0-0.nightly-2024-10-01-130331-nightly",
                "name": "4.16.0-0.nightly-2024-10-01-130331"
              },
              {
                "id": "openshift-v4.16.0-0.nightly-2024-10-02-044616-nightly",
                "name": "4.16.0-0.nightly-2024-10-02-044616"
              },
              {
                "id": "openshift-v4.16.0-0.nightly-2024-10-02-093603-nightly",
                "name": "4.16.0-0.nightly-2024-10-02-093603"
              },
              {
                "id": "openshift-v4.16.0-0.nightly-2024-10-02-143809-nightly",
                "name": "4.16.0-0.nightly-2024-10-02-143809"
              },
              {
                "id": "openshift-v4.16.0-0.nightly-2024-10-02-220852-nightly",
                "name": "4.16.0-0.nightly-2024-10-02-220852"
              },
              {
                "id": "openshift-v4.16.0-0.nightly-2024-10-03-033123-nightly",
                "name": "4.16.0-0.nightly-2024-10-03-033123"
              },
              {
                "id": "openshift-v4.16.0-0.nightly-2024-10-03-085825-nightly",
                "name": "4.16.0-0.nightly-2024-10-03-085825"
              },
              {
                "id": "openshift-v4.16.0-0.nightly-2024-10-03-153612-nightly",
                "name": "4.16.0-0.nightly-2024-10-03-153612"
              },
              {
                "id": "openshift-v4.16.0-0.nightly-2024-10-03-203449-nightly",
                "name": "4.16.0-0.nightly-2024-10-03-203449"
              },
              {
                "id": "openshift-v4.16.0-0.nightly-2024-10-04-074636-nightly",
                "name": "4.16.0-0.nightly-2024-10-04-074636"
              },
              {
                "id": "openshift-v4.16.0-0.nightly-2024-10-04-164536-nightly",
                "name": "4.16.0-0.nightly-2024-10-04-164536"
              },
              {
                "id": "openshift-v4.16.0-0.nightly-2024-10-04-221430-nightly",
                "name": "4.16.0-0.nightly-2024-10-04-221430"
              },
              {
                "id": "openshift-v4.16.0-0.nightly-2024-10-05-053751-nightly",
                "name": "4.16.0-0.nightly-2024-10-05-053751"
              },
              {
                "id": "openshift-v4.16.0-0.nightly-2024-10-05-123018-nightly",
                "name": "4.16.0-0.nightly-2024-10-05-123018"
              },
              {
                "id": "openshift-v4.16.0-0.nightly-2024-10-05-172116-nightly",
                "name": "4.16.0-0.nightly-2024-10-05-172116"
              },
              {
                "id": "openshift-v4.16.0-0.nightly-2024-10-05-214825-nightly",
                "name": "4.16.0-0.nightly-2024-10-05-214825"
              },
              {
                "id": "openshift-v4.16.0-0.nightly-2024-10-06-022902-nightly",
                "name": "4.16.0-0.nightly-2024-10-06-022902"
              },
              {
                "id": "openshift-v4.16.0-0.nightly-2024-10-06-073738-nightly",
                "name": "4.16.0-0.nightly-2024-10-06-073738"
              },
              {
                "id": "openshift-v4.16.0-0.nightly-2024-10-06-124955-nightly",
                "name": "4.16.0-0.nightly-2024-10-06-124955"
              },
              {
                "id": "openshift-v4.16.0-0.nightly-2024-10-06-192106-nightly",
                "name": "4.16.0-0.nightly-2024-10-06-192106"
              },
              {
                "id": "openshift-v4.16.0-0.nightly-2024-10-07-143832-nightly",
                "name": "4.16.0-0.nightly-2024-10-07-143832"
              },
              {
                "id": "openshift-v4.16.0-0.nightly-2024-10-08-021434-nightly",
                "name": "4.16.0-0.nightly-2024-10-08-021434"
              },
              {
                "id": "openshift-v4.16.0-0.nightly-2024-10-08-105655-nightly",
                "name": "4.16.0-0.nightly-2024-10-08-105655"
              },
              {
                "id": "openshift-v4.16.0-0.nightly-2024-10-08-153711-nightly",
                "name": "4.16.0-0.nightly-2024-10-08-153711"
              },
              {
                "id": "openshift-v4.16.0-0.nightly-2024-10-08-205135-nightly",
                "name": "4.16.0-0.nightly-2024-10-08-205135"
              },
              {
                "id": "openshift-v4.16.0-0.nightly-2024-10-09-113154-nightly",
                "name": "4.16.0-0.nightly-2024-10-09-113154"
              },
              {
                "id": "openshift-v4.16.0-0.nightly-2024-10-09-231421-nightly",
                "name": "4.16.0-0.nightly-2024-10-09-231421"
              },
              {
                "id": "openshift-v4.16.0-0.nightly-2024-10-10-061316-nightly",
                "name": "4.16.0-0.nightly-2024-10-10-061316"
              },
              {
                "id": "openshift-v4.16.0-0.nightly-2024-10-10-113821-nightly",
                "name": "4.16.0-0.nightly-2024-10-10-113821"
              },
              {
                "id": "openshift-v4.16.0-0.nightly-2024-10-10-193220-nightly",
                "name": "4.16.0-0.nightly-2024-10-10-193220"
              },
              {
                "id": "openshift-v4.16.0-0.nightly-2024-10-11-025029-nightly",
                "name": "4.16.0-0.nightly-2024-10-11-025029"
              },
              {
                "id": "openshift-v4.16.0-0.nightly-2024-10-11-082210-nightly",
                "name": "4.16.0-0.nightly-2024-10-11-082210"
              },
              {
                "id": "openshift-v4.16.0-0.nightly-2024-10-12-044535-nightly",
                "name": "4.16.0-0.nightly-2024-10-12-044535"
              },
              {
                "id": "openshift-v4.16.0-0.nightly-2024-10-12-102620-nightly",
                "name": "4.16.0-0.nightly-2024-10-12-102620"
              },
              {
                "id": "openshift-v4.16.0-0.nightly-2024-10-13-125413-nightly",
                "name": "4.16.0-0.nightly-2024-10-13-125413"
              },
              {
                "id": "openshift-v4.16.0-0.nightly-2024-10-14-012150-nightly",
                "name": "4.16.0-0.nightly-2024-10-14-012150"
              },
              {
                "id": "openshift-v4.16.0-0.nightly-2024-10-14-184759-nightly",
                "name": "4.16.0-0.nightly-2024-10-14-184759"
              },
              {
                "id": "openshift-v4.16.0-0.nightly-2024-10-17-033052-nightly",
                "name": "4.16.0-0.nightly-2024-10-17-033052"
              },
              {
                "id": "openshift-v4.16.0-0.nightly-2024-10-17-170555-nightly",
                "name": "4.16.0-0.nightly-2024-10-17-170555"
              },
              {
                "id": "openshift-v4.16.0-0.nightly-2024-10-17-214209-nightly",
                "name": "4.16.0-0.nightly-2024-10-17-214209"
              },
              {
                "id": "openshift-v4.16.0-0.nightly-2024-10-18-061923-nightly",
                "name": "4.16.0-0.nightly-2024-10-18-061923"
              },
              {
                "id": "openshift-v4.16.0-0.nightly-2024-10-18-134330-nightly",
                "name": "4.16.0-0.nightly-2024-10-18-134330"
              },
              {
                "id": "openshift-v4.16.0-0.nightly-2024-10-19-015703-nightly",
                "name": "4.16.0-0.nightly-2024-10-19-015703"
              },
              {
                "id": "openshift-v4.16.0-0.nightly-2024-10-19-080422-nightly",
                "name": "4.16.0-0.nightly-2024-10-19-080422"
              },
              {
                "id": "openshift-v4.16.0-0.nightly-2024-10-19-124814-nightly",
                "name": "4.16.0-0.nightly-2024-10-19-124814"
              },
              {
                "id": "openshift-v4.16.0-0.nightly-2024-10-19-171705-nightly",
                "name": "4.16.0-0.nightly-2024-10-19-171705"
              },
              {
                "id": "openshift-v4.16.0-0.nightly-2024-10-20-014834-nightly",
                "name": "4.16.0-0.nightly-2024-10-20-014834"
              },
              {
                "id": "openshift-v4.16.0-0.nightly-2024-10-20-072020-nightly",
                "name": "4.16.0-0.nightly-2024-10-20-072020"
              },
              {
                "id": "openshift-v4.16.0-0.nightly-2024-10-20-122824-nightly",
                "name": "4.16.0-0.nightly-2024-10-20-122824"
              },
              {
                "id": "openshift-v4.16.0-0.nightly-2024-10-20-171422-nightly",
                "name": "4.16.0-0.nightly-2024-10-20-171422"
              },
              {
                "id": "openshift-v4.16.0-0.nightly-2024-10-21-014450-nightly",
                "name": "4.16.0-0.nightly-2024-10-21-014450"
              },
              {
                "id": "openshift-v4.16.0-0.nightly-2024-10-21-072143-nightly",
                "name": "4.16.0-0.nightly-2024-10-21-072143"
              },
              {
                "id": "openshift-v4.16.0-0.nightly-2024-10-21-120029-nightly",
                "name": "4.16.0-0.nightly-2024-10-21-120029"
              },
              {
                "id": "openshift-v4.16.0-0.nightly-2024-10-21-170715-nightly",
                "name": "4.16.0-0.nightly-2024-10-21-170715"
              },
              {
                "id": "openshift-v4.16.0-0.nightly-2024-10-22-003418-nightly",
                "name": "4.16.0-0.nightly-2024-10-22-003418"
              },
              {
                "id": "openshift-v4.16.0-0.nightly-2024-10-22-082203-nightly",
                "name": "4.16.0-0.nightly-2024-10-22-082203"
              },
              {
                "id": "openshift-v4.16.0-0.nightly-2024-10-22-125316-nightly",
                "name": "4.16.0-0.nightly-2024-10-22-125316"
              },
              {
                "id": "openshift-v4.16.0-0.nightly-2024-10-22-225044-nightly",
                "name": "4.16.0-0.nightly-2024-10-22-225044"
              },
              {
                "id": "openshift-v4.16.0-0.nightly-2024-10-23-034021-nightly",
                "name": "4.16.0-0.nightly-2024-10-23-034021"
              },
              {
                "id": "openshift-v4.16.0-0.nightly-2024-10-23-090711-nightly",
                "name": "4.16.0-0.nightly-2024-10-23-090711"
              },
              {
                "id": "openshift-v4.16.0-0.nightly-2024-10-23-140346-nightly",
                "name": "4.16.0-0.nightly-2024-10-23-140346"
              },
              {
                "id": "openshift-v4.16.0-0.nightly-2024-10-23-214257-nightly",
                "name": "4.16.0-0.nightly-2024-10-23-214257"
              },
              {
                "id": "openshift-v4.16.0-0.nightly-2024-10-24-051717-nightly",
                "name": "4.16.0-0.nightly-2024-10-24-051717"
              },
              {
                "id": "openshift-v4.16.0-0.nightly-2024-10-24-111638-nightly",
                "name": "4.16.0-0.nightly-2024-10-24-111638"
              },
              {
                "id": "openshift-v4.16.0-0.nightly-2024-10-24-221835-nightly",
                "name": "4.16.0-0.nightly-2024-10-24-221835"
              },
              {
                "id": "openshift-v4.16.0-0.nightly-2024-10-25-142844-nightly",
                "name": "4.16.0-0.nightly-2024-10-25-142844"
              },
              {
                "id": "openshift-v4.16.0-0.nightly-2024-10-25-215326-nightly",
                "name": "4.16.0-0.nightly-2024-10-25-215326"
              },
              {
                "id": "openshift-v4.16.0-0.nightly-2024-10-28-035511-nightly",
                "name": "4.16.0-0.nightly-2024-10-28-035511"
              },
              {
                "id": "openshift-v4.16.0-0.nightly-2024-10-28-195127-nightly",
                "name": "4.16.0-0.nightly-2024-10-28-195127"
              },
              {
                "id": "openshift-v4.16.0-0.nightly-2024-10-29-013758-nightly",
                "name": "4.16.0-0.nightly-2024-10-29-013758"
              },
              {
                "id": "openshift-v4.16.0-0.nightly-2024-10-29-070220-nightly",
                "name": "4.16.0-0.nightly-2024-10-29-070220"
              },
              {
                "id": "openshift-v4.16.0-0.nightly-2024-10-29-114646-nightly",
                "name": "4.16.0-0.nightly-2024-10-29-114646"
              },
              {
                "id": "openshift-v4.16.0-0.nightly-2024-10-29-210824-nightly",
                "name": "4.16.0-0.nightly-2024-10-29-210824"
              },
              {
                "id": "openshift-v4.16.0-0.nightly-2024-10-30-023820-nightly",
                "name": "4.16.0-0.nightly-2024-10-30-023820"
              },
              {
                "id": "openshift-v4.16.0-0.nightly-2024-10-31-193301-nightly",
                "name": "4.16.0-0.nightly-2024-10-31-193301"
              },
              {
                "id": "openshift-v4.16.0-0.nightly-2024-11-01-041654-nightly",
                "name": "4.16.0-0.nightly-2024-11-01-041654"
              },
              {
                "id": "openshift-v4.16.0-0.nightly-2024-11-01-090059-nightly",
                "name": "4.16.0-0.nightly-2024-11-01-090059"
              },
              {
                "id": "openshift-v4.16.0-0.nightly-2024-11-05-003735-nightly",
                "name": "4.16.0-0.nightly-2024-11-05-003735"
              },
              {
                "id": "openshift-v4.16.0-0.nightly-2024-11-05-070538-nightly",
                "name": "4.16.0-0.nightly-2024-11-05-070538"
              },
              {
                "id": "openshift-v4.16.0-0.nightly-2024-11-05-155328-nightly",
                "name": "4.16.0-0.nightly-2024-11-05-155328"
              },
              {
                "id": "openshift-v4.16.0-0.nightly-2024-11-05-234512-nightly",
                "name": "4.16.0-0.nightly-2024-11-05-234512"
              },
              {
                "id": "openshift-v4.16.0-0.nightly-2024-11-06-091253-nightly",
                "name": "4.16.0-0.nightly-2024-11-06-091253"
              },
              {
                "id": "openshift-v4.16.0-0.nightly-2024-11-06-170648-nightly",
                "name": "4.16.0-0.nightly-2024-11-06-170648"
              },
              {
                "id": "openshift-v4.16.0-0.nightly-2024-11-06-215354-nightly",
                "name": "4.16.0-0.nightly-2024-11-06-215354"
              },
              {
                "id": "openshift-v4.16.0-0.nightly-2024-11-07-112601-nightly",
                "name": "4.16.0-0.nightly-2024-11-07-112601"
              },
              {
                "id": "openshift-v4.16.0-0.nightly-2024-11-07-175028-nightly",
                "name": "4.16.0-0.nightly-2024-11-07-175028"
              },
              {
                "id": "openshift-v4.16.0-0.nightly-2024-11-08-043216-nightly",
                "name": "4.16.0-0.nightly-2024-11-08-043216"
              },
              {
                "id": "openshift-v4.16.0-0.nightly-2024-11-08-100216-nightly",
                "name": "4.16.0-0.nightly-2024-11-08-100216"
              },
              {
                "id": "openshift-v4.16.0-0.nightly-2024-11-11-014745-nightly",
                "name": "4.16.0-0.nightly-2024-11-11-014745"
              },
              {
                "id": "openshift-v4.16.0-0.nightly-2024-11-11-081712-nightly",
                "name": "4.16.0-0.nightly-2024-11-11-081712"
              },
              {
                "id": "openshift-v4.16.0-0.nightly-2024-11-11-184557-nightly",
                "name": "4.16.0-0.nightly-2024-11-11-184557"
              },
              {
                "id": "openshift-v4.16.0-0.nightly-2024-11-12-215057-nightly",
                "name": "4.16.0-0.nightly-2024-11-12-215057"
              },
              {
                "id": "openshift-v4.16.0-0.nightly-2024-11-13-060554-nightly",
                "name": "4.16.0-0.nightly-2024-11-13-060554"
              },
              {
                "id": "openshift-v4.16.0-0.nightly-2024-11-13-115002-nightly",
                "name": "4.16.0-0.nightly-2024-11-13-115002"
              },
              {
                "id": "openshift-v4.16.0-0.nightly-2024-11-13-191851-nightly",
                "name": "4.16.0-0.nightly-2024-11-13-191851"
              },
              {
                "id": "openshift-v4.16.0-0.nightly-2024-11-15-003302-nightly",
                "name": "4.16.0-0.nightly-2024-11-15-003302"
              },
              {
                "id": "openshift-v4.16.0-0.nightly-2024-11-15-111838-nightly",
                "name": "4.16.0-0.nightly-2024-11-15-111838"
              },
              {
                "id": "openshift-v4.16.0-0.nightly-2024-11-16-034926-nightly",
                "name": "4.16.0-0.nightly-2024-11-16-034926"
              },
              {
                "id": "openshift-v4.16.0-0.nightly-2024-11-18-133941-nightly",
                "name": "4.16.0-0.nightly-2024-11-18-133941"
              },
              {
                "id": "openshift-v4.16.0-0.nightly-2024-11-20-023013-nightly",
                "name": "4.16.0-0.nightly-2024-11-20-023013"
              },
              {
                "id": "openshift-v4.16.0-0.nightly-2024-11-21-163428-nightly",
                "name": "4.16.0-0.nightly-2024-11-21-163428"
              },
              {
                "id": "openshift-v4.16.0-0.nightly-2024-11-22-072758-nightly",
                "name": "4.16.0-0.nightly-2024-11-22-072758"
              },
              {
                "id": "openshift-v4.16.0-0.nightly-2024-11-22-072758-nightly",
                "name": "4.16.0-0.nightly-2024-11-22-072758"
              },
              {
                "id": "openshift-v4.16.0-0.nightly-2024-11-23-042510-nightly",
                "name": "4.16.0-0.nightly-2024-11-23-042510"
              },
              {
                "id": "openshift-v4.16.0-0.nightly-2024-11-23-145619-nightly",
                "name": "4.16.0-0.nightly-2024-11-23-145619"
              },
              {
                "id": "openshift-v4.16.0-0.nightly-2024-11-26-040934-nightly",
                "name": "4.16.0-0.nightly-2024-11-26-040934"
              },
              {
                "id": "openshift-v4.16.0-0.nightly-2024-11-26-212913-nightly",
                "name": "4.16.0-0.nightly-2024-11-26-212913"
              },
              {
                "id": "openshift-v4.16.0-0.nightly-2024-11-27-165150-nightly",
                "name": "4.16.0-0.nightly-2024-11-27-165150"
              },
              {
                "id": "openshift-v4.16.0-0.nightly-2024-11-29-144154-nightly",
                "name": "4.16.0-0.nightly-2024-11-29-144154"
              },
              {
                "id": "openshift-v4.16.0-0.nightly-2024-12-02-025820-nightly",
                "name": "4.16.0-0.nightly-2024-12-02-025820"
              },
              {
                "id": "openshift-v4.16.0-0.nightly-2024-12-02-111416-nightly",
                "name": "4.16.0-0.nightly-2024-12-02-111416"
              },
              {
                "id": "openshift-v4.16.0-0.nightly-2024-12-04-024204-nightly",
                "name": "4.16.0-0.nightly-2024-12-04-024204"
              },
              {
                "id": "openshift-v4.16.0-0.nightly-2024-12-04-192620-nightly",
                "name": "4.16.0-0.nightly-2024-12-04-192620"
              },
              {
                "id": "openshift-v4.16.0-0.nightly-2024-12-05-062219-nightly",
                "name": "4.16.0-0.nightly-2024-12-05-062219"
              },
              {
                "id": "openshift-v4.16.0-0.nightly-2024-12-05-111103-nightly",
                "name": "4.16.0-0.nightly-2024-12-05-111103"
              },
              {
                "id": "openshift-v4.16.0-0.nightly-2024-12-06-072848-nightly",
                "name": "4.16.0-0.nightly-2024-12-06-072848"
              },
              {
                "id": "openshift-v4.16.0-0.nightly-2024-12-11-055812-nightly",
                "name": "4.16.0-0.nightly-2024-12-11-055812"
              },
              {
                "id": "openshift-v4.16.0-0.nightly-2024-12-11-183527-nightly",
                "name": "4.16.0-0.nightly-2024-12-11-183527"
              },
              {
                "id": "openshift-v4.16.0-0.nightly-2024-12-12-013446-nightly",
                "name": "4.16.0-0.nightly-2024-12-12-013446"
              },
              {
                "id": "openshift-v4.16.0-0.nightly-2024-12-12-131531-nightly",
                "name": "4.16.0-0.nightly-2024-12-12-131531"
              },
              {
                "id": "openshift-v4.16.0-0.nightly-2024-12-12-200439-nightly",
                "name": "4.16.0-0.nightly-2024-12-12-200439"
              },
              {
                "id": "openshift-v4.16.0-0.nightly-2024-12-13-045327-nightly",
                "name": "4.16.0-0.nightly-2024-12-13-045327"
              },
              {
                "id": "openshift-v4.16.0-0.nightly-2024-12-13-205724-nightly",
                "name": "4.16.0-0.nightly-2024-12-13-205724"
              },
              {
                "id": "openshift-v4.16.0-0.nightly-2024-12-14-013331-nightly",
                "name": "4.16.0-0.nightly-2024-12-14-013331"
              },
              {
                "id": "openshift-v4.16.0-0.nightly-2024-12-14-070004-nightly",
                "name": "4.16.0-0.nightly-2024-12-14-070004"
              },
              {
                "id": "openshift-v4.16.0-0.nightly-2024-12-14-143851-nightly",
                "name": "4.16.0-0.nightly-2024-12-14-143851"
              },
              {
                "id": "openshift-v4.16.0-0.nightly-2024-12-15-131255-nightly",
                "name": "4.16.0-0.nightly-2024-12-15-131255"
              },
              {
                "id": "openshift-v4.16.0-0.nightly-2024-12-15-184136-nightly",
                "name": "4.16.0-0.nightly-2024-12-15-184136"
              },
              {
                "id": "openshift-v4.16.0-0.nightly-2024-12-16-002005-nightly",
                "name": "4.16.0-0.nightly-2024-12-16-002005"
              },
              {
                "id": "openshift-v4.16.0-0.nightly-2024-12-16-081502-nightly",
                "name": "4.16.0-0.nightly-2024-12-16-081502"
              },
              {
                "id": "openshift-v4.16.0-0.nightly-2024-12-17-064130-nightly",
                "name": "4.16.0-0.nightly-2024-12-17-064130"
              },
              {
                "id": "openshift-v4.16.0-0.nightly-2024-12-18-042610-nightly",
                "name": "4.16.0-0.nightly-2024-12-18-042610"
              },
              {
                "id": "openshift-v4.16.0-0.nightly-2024-12-18-161525-nightly",
                "name": "4.16.0-0.nightly-2024-12-18-161525"
              },
              {
                "id": "openshift-v4.16.0-0.nightly-2024-12-18-223752-nightly",
                "name": "4.16.0-0.nightly-2024-12-18-223752"
              },
              {
                "id": "openshift-v4.16.0-0.nightly-2024-12-20-043138-nightly",
                "name": "4.16.0-0.nightly-2024-12-20-043138"
              },
              {
                "id": "openshift-v4.16.0-0.nightly-2024-12-20-124542-nightly",
                "name": "4.16.0-0.nightly-2024-12-20-124542"
              },
              {
                "id": "openshift-v4.16.0-0.nightly-2024-12-23-104316-nightly",
                "name": "4.16.0-0.nightly-2024-12-23-104316"
              },
              {
                "id": "openshift-v4.16.0-0.nightly-2024-12-25-093441-nightly",
                "name": "4.16.0-0.nightly-2024-12-25-093441"
              },
              {
                "id": "openshift-v4.16.0-0.nightly-2024-12-29-132622-nightly",
                "name": "4.16.0-0.nightly-2024-12-29-132622"
              },
              {
                "id": "openshift-v4.16.0-0.nightly-2024-12-30-025714-nightly",
                "name": "4.16.0-0.nightly-2024-12-30-025714"
              },
              {
                "id": "openshift-v4.16.0-0.nightly-2024-12-30-174204-nightly",
                "name": "4.16.0-0.nightly-2024-12-30-174204"
              },
              {
                "id": "openshift-v4.16.0-0.nightly-2024-12-31-011929-nightly",
                "name": "4.16.0-0.nightly-2024-12-31-011929"
              },
              {
                "id": "openshift-v4.16.0-0.nightly-2025-01-01-142042-nightly",
                "name": "4.16.0-0.nightly-2025-01-01-142042"
              },
              {
                "id": "openshift-v4.16.0-0.nightly-2025-01-03-211057-nightly",
                "name": "4.16.0-0.nightly-2025-01-03-211057"
              },
              {
                "id": "openshift-v4.16.0-0.nightly-2025-01-04-160422-nightly",
                "name": "4.16.0-0.nightly-2025-01-04-160422"
              },
              {
                "id": "openshift-v4.16.0-0.nightly-2025-01-08-005159-nightly",
                "name": "4.16.0-0.nightly-2025-01-08-005159"
              },
              {
                "id": "openshift-v4.16.0-0.nightly-2025-01-08-080507-nightly",
                "name": "4.16.0-0.nightly-2025-01-08-080507"
              },
              {
                "id": "openshift-v4.16.0-0.nightly-2025-01-08-144009-nightly",
                "name": "4.16.0-0.nightly-2025-01-08-144009"
              },
              {
                "id": "openshift-v4.16.0-0.nightly-2025-01-08-211436-nightly",
                "name": "4.16.0-0.nightly-2025-01-08-211436"
              },
              {
                "id": "openshift-v4.16.0-0.nightly-2025-01-09-051518-nightly",
                "name": "4.16.0-0.nightly-2025-01-09-051518"
              },
              {
                "id": "openshift-v4.16.0-0.nightly-2025-01-09-202853-nightly",
                "name": "4.16.0-0.nightly-2025-01-09-202853"
              },
              {
                "id": "openshift-v4.16.0-0.nightly-2025-01-10-063702-nightly",
                "name": "4.16.0-0.nightly-2025-01-10-063702"
              },
              {
                "id": "openshift-v4.16.0-0.nightly-2025-01-10-133925-nightly",
                "name": "4.16.0-0.nightly-2025-01-10-133925"
              },
              {
                "id": "openshift-v4.16.0-0.nightly-2025-01-11-112038-nightly",
                "name": "4.16.0-0.nightly-2025-01-11-112038"
              },
              {
                "id": "openshift-v4.16.0-0.nightly-2025-01-12-214227-nightly",
                "name": "4.16.0-0.nightly-2025-01-12-214227"
              },
              {
                "id": "openshift-v4.16.0-0.nightly-2025-01-13-153208-nightly",
                "name": "4.16.0-0.nightly-2025-01-13-153208"
              },
              {
                "id": "openshift-v4.16.0-0.nightly-2025-01-14-232346-nightly",
                "name": "4.16.0-0.nightly-2025-01-14-232346"
              },
              {
                "id": "openshift-v4.16.0-0.nightly-2025-01-15-052449-nightly",
                "name": "4.16.0-0.nightly-2025-01-15-052449"
              },
              {
                "id": "openshift-v4.16.0-0.nightly-2025-01-17-125321-nightly",
                "name": "4.16.0-0.nightly-2025-01-17-125321"
              },
              {
                "id": "openshift-v4.16.0-0.nightly-2025-01-19-145542-nightly",
                "name": "4.16.0-0.nightly-2025-01-19-145542"
              },
              {
                "id": "openshift-v4.16.0-0.nightly-2025-01-20-163245-nightly",
                "name": "4.16.0-0.nightly-2025-01-20-163245"
              },
              {
                "id": "openshift-v4.16.0-0.nightly-2025-01-20-232447-nightly",
                "name": "4.16.0-0.nightly-2025-01-20-232447"
              },
              {
                "id": "openshift-v4.16.0-0.nightly-2025-01-21-104758-nightly",
                "name": "4.16.0-0.nightly-2025-01-21-104758"
              },
              {
                "id": "openshift-v4.16.0-0.nightly-2025-01-22-141629-nightly",
                "name": "4.16.0-0.nightly-2025-01-22-141629"
              },
              {
                "id": "openshift-v4.16.0-0.nightly-2025-01-22-190903-nightly",
                "name": "4.16.0-0.nightly-2025-01-22-190903"
              },
              {
                "id": "openshift-v4.16.0-0.nightly-2025-01-23-193908-nightly",
                "name": "4.16.0-0.nightly-2025-01-23-193908"
              },
              {
                "id": "openshift-v4.16.0-0.nightly-2025-01-24-035434-nightly",
                "name": "4.16.0-0.nightly-2025-01-24-035434"
              },
              {
                "id": "openshift-v4.16.0-0.nightly-2025-01-26-043131-nightly",
                "name": "4.16.0-0.nightly-2025-01-26-043131"
              },
              {
                "id": "openshift-v4.16.0-0.nightly-2025-01-27-202605-nightly",
                "name": "4.16.0-0.nightly-2025-01-27-202605"
              },
              {
                "id": "openshift-v4.16.0-0.nightly-2025-01-28-043528-nightly",
                "name": "4.16.0-0.nightly-2025-01-28-043528"
              },
              {
                "id": "openshift-v4.16.0-0.nightly-2025-01-28-105329-nightly",
                "name": "4.16.0-0.nightly-2025-01-28-105329"
              },
              {
                "id": "openshift-v4.16.0-0.nightly-2025-01-29-001746-nightly",
                "name": "4.16.0-0.nightly-2025-01-29-001746"
              },
              {
                "id": "openshift-v4.16.0-0.nightly-2025-01-29-181954-nightly",
                "name": "4.16.0-0.nightly-2025-01-29-181954"
              },
              {
                "id": "openshift-v4.16.0-0.nightly-2025-01-30-120010-nightly",
                "name": "4.16.0-0.nightly-2025-01-30-120010"
              },
              {
                "id": "openshift-v4.16.0-0.nightly-2025-01-31-045344-nightly",
                "name": "4.16.0-0.nightly-2025-01-31-045344"
              },
              {
                "id": "openshift-v4.16.0-0.nightly-2025-02-03-013317-nightly",
                "name": "4.16.0-0.nightly-2025-02-03-013317"
              },
              {
                "id": "openshift-v4.16.0-0.nightly-2025-02-03-155338-nightly",
                "name": "4.16.0-0.nightly-2025-02-03-155338"
              },
              {
                "id": "openshift-v4.16.0-0.nightly-2025-02-04-001602-nightly",
                "name": "4.16.0-0.nightly-2025-02-04-001602"
              },
              {
                "id": "openshift-v4.16.0-0.nightly-2025-02-04-183041-nightly",
                "name": "4.16.0-0.nightly-2025-02-04-183041"
              },
              {
                "id": "openshift-v4.16.0-0.nightly-2025-02-05-033257-nightly",
                "name": "4.16.0-0.nightly-2025-02-05-033257"
              },
              {
                "id": "openshift-v4.16.0-0.nightly-2025-02-06-162907-nightly",
                "name": "4.16.0-0.nightly-2025-02-06-162907"
              },
              {
                "id": "openshift-v4.16.0-0.nightly-2025-02-07-030900-nightly",
                "name": "4.16.0-0.nightly-2025-02-07-030900"
              },
              {
                "id": "openshift-v4.16.0-0.nightly-2025-02-09-045321-nightly",
                "name": "4.16.0-0.nightly-2025-02-09-045321"
              },
              {
                "id": "openshift-v4.16.0-0.nightly-2025-02-10-024405-nightly",
                "name": "4.16.0-0.nightly-2025-02-10-024405"
              },
              {
                "id": "openshift-v4.16.0-0.nightly-2025-02-10-175300-nightly",
                "name": "4.16.0-0.nightly-2025-02-10-175300"
              },
              {
                "id": "openshift-v4.16.0-0.nightly-2025-02-11-010712-nightly",
                "name": "4.16.0-0.nightly-2025-02-11-010712"
              },
              {
                "id": "openshift-v4.16.0-0.nightly-2025-02-11-155854-nightly",
                "name": "4.16.0-0.nightly-2025-02-11-155854"
              },
              {
                "id": "openshift-v4.16.0-0.nightly-2025-02-12-071036-nightly",
                "name": "4.16.0-0.nightly-2025-02-12-071036"
              },
              {
                "id": "openshift-v4.16.0-0.nightly-2025-02-12-141216-nightly",
                "name": "4.16.0-0.nightly-2025-02-12-141216"
              },
              {
                "id": "openshift-v4.16.0-0.nightly-2025-02-14-102551-nightly",
                "name": "4.16.0-0.nightly-2025-02-14-102551"
              },
              {
                "id": "openshift-v4.16.0-0.nightly-2025-02-14-172103-nightly",
                "name": "4.16.0-0.nightly-2025-02-14-172103"
              },
              {
                "id": "openshift-v4.16.0-0.nightly-2025-02-17-200812-nightly",
                "name": "4.16.0-0.nightly-2025-02-17-200812"
              },
              {
                "id": "openshift-v4.16.0-0.nightly-2025-02-18-041602-nightly",
                "name": "4.16.0-0.nightly-2025-02-18-041602"
              },
              {
                "id": "openshift-v4.16.0-0.nightly-2025-02-18-121405-nightly",
                "name": "4.16.0-0.nightly-2025-02-18-121405"
              },
              {
                "id": "openshift-v4.16.0-0.nightly-2025-02-18-214228-nightly",
                "name": "4.16.0-0.nightly-2025-02-18-214228"
              },
              {
                "id": "openshift-v4.16.0-0.nightly-2025-02-19-025545-nightly",
                "name": "4.16.0-0.nightly-2025-02-19-025545"
              },
              {
                "id": "openshift-v4.16.0-0.nightly-2025-02-19-145211-nightly",
                "name": "4.16.0-0.nightly-2025-02-19-145211"
              },
              {
                "id": "openshift-v4.16.0-0.nightly-2025-02-20-065641-nightly",
                "name": "4.16.0-0.nightly-2025-02-20-065641"
              },
              {
                "id": "openshift-v4.16.0-0.nightly-2025-02-25-233641-nightly",
                "name": "4.16.0-0.nightly-2025-02-25-233641"
              },
              {
                "id": "openshift-v4.16.0-0.nightly-2025-02-26-065406-nightly",
                "name": "4.16.0-0.nightly-2025-02-26-065406"
              },
              {
                "id": "openshift-v4.16.0-0.nightly-2025-02-27-043140-nightly",
                "name": "4.16.0-0.nightly-2025-02-27-043140"
              },
              {
                "id": "openshift-v4.16.0-0.nightly-2025-02-27-122929-nightly",
                "name": "4.16.0-0.nightly-2025-02-27-122929"
              },
              {
                "id": "openshift-v4.16.0-0.nightly-2025-02-28-015833-nightly",
                "name": "4.16.0-0.nightly-2025-02-28-015833"
              },
              {
                "id": "openshift-v4.16.0-0.nightly-2025-02-28-155801-nightly",
                "name": "4.16.0-0.nightly-2025-02-28-155801"
              },
              {
                "id": "openshift-v4.16.0-0.nightly-2025-03-03-162243-nightly",
                "name": "4.16.0-0.nightly-2025-03-03-162243"
              },
              {
                "id": "openshift-v4.16.0-0.nightly-2025-03-03-222933-nightly",
                "name": "4.16.0-0.nightly-2025-03-03-222933"
              },
              {
                "id": "openshift-v4.16.0-0.nightly-2025-03-04-103154-nightly",
                "name": "4.16.0-0.nightly-2025-03-04-103154"
              },
              {
                "id": "openshift-v4.16.0-0.nightly-2025-03-04-152231-nightly",
                "name": "4.16.0-0.nightly-2025-03-04-152231"
              },
              {
                "id": "openshift-v4.16.0-0.nightly-2025-03-05-045643-nightly",
                "name": "4.16.0-0.nightly-2025-03-05-045643"
              },
              {
                "id": "openshift-v4.16.0-0.nightly-2025-03-05-120007-nightly",
                "name": "4.16.0-0.nightly-2025-03-05-120007"
              },
              {
                "id": "openshift-v4.16.0-0.nightly-2025-03-05-204846-nightly",
                "name": "4.16.0-0.nightly-2025-03-05-204846"
              },
              {
                "id": "openshift-v4.16.0-0.nightly-2025-03-06-042403-nightly",
                "name": "4.16.0-0.nightly-2025-03-06-042403"
              },
              {
                "id": "openshift-v4.16.0-0.nightly-2025-03-06-113126-nightly",
                "name": "4.16.0-0.nightly-2025-03-06-113126"
              },
              {
                "id": "openshift-v4.16.0-0.nightly-2025-03-08-050515-nightly",
                "name": "4.16.0-0.nightly-2025-03-08-050515"
              },
              {
                "id": "openshift-v4.16.0-0.nightly-2025-03-12-010727-nightly",
                "name": "4.16.0-0.nightly-2025-03-12-010727"
              },
              {
                "id": "openshift-v4.16.0-0.nightly-2025-03-12-200412-nightly",
                "name": "4.16.0-0.nightly-2025-03-12-200412"
              },
              {
                "id": "openshift-v4.16.0-0.nightly-2025-03-13-025753-nightly",
                "name": "4.16.0-0.nightly-2025-03-13-025753"
              },
              {
                "id": "openshift-v4.16.0-0.nightly-2025-03-13-115320-nightly",
                "name": "4.16.0-0.nightly-2025-03-13-115320"
              },
              {
                "id": "openshift-v4.16.0-0.nightly-2025-03-14-204544-nightly",
                "name": "4.16.0-0.nightly-2025-03-14-204544"
              },
              {
                "id": "openshift-v4.16.0-0.nightly-2025-03-15-013842-nightly",
                "name": "4.16.0-0.nightly-2025-03-15-013842"
              },
              {
                "id": "openshift-v4.16.0-0.nightly-2025-03-17-101845-nightly",
                "name": "4.16.0-0.nightly-2025-03-17-101845"
              },
              {
                "id": "openshift-v4.16.0-0.nightly-2025-03-18-043343-nightly",
                "name": "4.16.0-0.nightly-2025-03-18-043343"
              },
              {
                "id": "openshift-v4.16.0-0.nightly-2025-03-18-094508-nightly",
                "name": "4.16.0-0.nightly-2025-03-18-094508"
              },
              {
                "id": "openshift-v4.16.0-0.nightly-2025-03-18-220259-nightly",
                "name": "4.16.0-0.nightly-2025-03-18-220259"
              },
              {
                "id": "openshift-v4.16.0-0.nightly-2025-03-19-071909-nightly",
                "name": "4.16.0-0.nightly-2025-03-19-071909"
              },
              {
                "id": "openshift-v4.16.0-0.nightly-2025-03-19-115844-nightly",
                "name": "4.16.0-0.nightly-2025-03-19-115844"
              },
              {
                "id": "openshift-v4.16.0-0.nightly-2025-03-20-074010-nightly",
                "name": "4.16.0-0.nightly-2025-03-20-074010"
              },
              {
                "id": "openshift-v4.16.0-0.nightly-2025-03-20-131413-nightly",
                "name": "4.16.0-0.nightly-2025-03-20-131413"
              },
              {
                "id": "openshift-v4.16.0-0.nightly-2025-03-21-071222-nightly",
                "name": "4.16.0-0.nightly-2025-03-21-071222"
              },
              {
                "id": "openshift-v4.16.0-0.nightly-2025-03-25-061054-nightly",
                "name": "4.16.0-0.nightly-2025-03-25-061054"
              },
              {
                "id": "openshift-v4.16.0-0.nightly-2025-03-25-142934-nightly",
                "name": "4.16.0-0.nightly-2025-03-25-142934"
              },
              {
                "id": "openshift-v4.16.0-0.nightly-2025-03-26-035518-nightly",
                "name": "4.16.0-0.nightly-2025-03-26-035518"
              },
              {
                "id": "openshift-v4.16.0-0.nightly-2025-03-28-084707-nightly",
                "name": "4.16.0-0.nightly-2025-03-28-084707"
              },
              {
                "id": "openshift-v4.16.0-0.nightly-2025-03-28-235005-nightly",
                "name": "4.16.0-0.nightly-2025-03-28-235005"
              },
              {
                "id": "openshift-v4.16.0-0.nightly-2025-03-29-054442-nightly",
                "name": "4.16.0-0.nightly-2025-03-29-054442"
              },
              {
                "id": "openshift-v4.16.0-0.nightly-2025-03-29-134339-nightly",
                "name": "4.16.0-0.nightly-2025-03-29-134339"
              },
              {
                "id": "openshift-v4.16.0-0.nightly-2025-03-31-032914-nightly",
                "name": "4.16.0-0.nightly-2025-03-31-032914"
              },
              {
                "id": "openshift-v4.16.0-0.nightly-2025-03-31-093714-nightly",
                "name": "4.16.0-0.nightly-2025-03-31-093714"
              },
              {
                "id": "openshift-v4.16.0-0.nightly-2025-03-31-202500-nightly",
                "name": "4.16.0-0.nightly-2025-03-31-202500"
              },
              {
                "id": "openshift-v4.16.0-0.nightly-2025-04-01-041520-nightly",
                "name": "4.16.0-0.nightly-2025-04-01-041520"
              },
              {
                "id": "openshift-v4.16.0-0.nightly-2025-04-01-130816-nightly",
                "name": "4.16.0-0.nightly-2025-04-01-130816"
              },
              {
                "id": "openshift-v4.16.0-0.nightly-2025-04-01-203350-nightly",
                "name": "4.16.0-0.nightly-2025-04-01-203350"
              },
              {
                "id": "openshift-v4.16.0-0.nightly-2025-04-02-033145-nightly",
                "name": "4.16.0-0.nightly-2025-04-02-033145"
              },
              {
                "id": "openshift-v4.16.0-0.nightly-2025-04-02-132013-nightly",
                "name": "4.16.0-0.nightly-2025-04-02-132013"
              },
              {
                "id": "openshift-v4.16.0-0.nightly-2025-04-02-211503-nightly",
                "name": "4.16.0-0.nightly-2025-04-02-211503"
              },
              {
                "id": "openshift-v4.16.0-0.nightly-2025-04-07-155226-nightly",
                "name": "4.16.0-0.nightly-2025-04-07-155226"
              },
              {
                "id": "openshift-v4.16.0-0.nightly-2025-04-08-111628-nightly",
                "name": "4.16.0-0.nightly-2025-04-08-111628"
              },
              {
                "id": "openshift-v4.16.0-0.nightly-2025-04-08-180348-nightly",
                "name": "4.16.0-0.nightly-2025-04-08-180348"
              },
              {
                "id": "openshift-v4.16.0-0.nightly-2025-04-09-215210-nightly",
                "name": "4.16.0-0.nightly-2025-04-09-215210"
              },
              {
                "id": "openshift-v4.16.0-0.nightly-2025-04-10-084648-nightly",
                "name": "4.16.0-0.nightly-2025-04-10-084648"
              },
              {
                "id": "openshift-v4.16.0-0.nightly-2025-04-11-090415-nightly",
                "name": "4.16.0-0.nightly-2025-04-11-090415"
              },
              {
                "id": "openshift-v4.16.0-0.nightly-2025-04-11-150106-nightly",
                "name": "4.16.0-0.nightly-2025-04-11-150106"
              },
              {
                "id": "openshift-v4.16.0-0.nightly-2025-04-11-233504-nightly",
                "name": "4.16.0-0.nightly-2025-04-11-233504"
              },
              {
                "id": "openshift-v4.16.0-0.nightly-2025-04-17-085844-nightly",
                "name": "4.16.0-0.nightly-2025-04-17-085844"
              },
              {
                "id": "openshift-v4.16.0-0.nightly-2025-04-21-222650-nightly",
                "name": "4.16.0-0.nightly-2025-04-21-222650"
              },
              {
                "id": "openshift-v4.16.0-0.nightly-2025-04-28-030235-nightly",
                "name": "4.16.0-0.nightly-2025-04-28-030235"
              },
              {
                "id": "openshift-v4.16.0-0.nightly-2025-04-29-113716-nightly",
                "name": "4.16.0-0.nightly-2025-04-29-113716"
              },
              {
                "id": "openshift-v4.16.0-0.nightly-2025-04-29-225623-nightly",
                "name": "4.16.0-0.nightly-2025-04-29-225623"
              },
              {
                "id": "openshift-v4.16.0-0.nightly-2025-04-30-040208-nightly",
                "name": "4.16.0-0.nightly-2025-04-30-040208"
              },
              {
                "id": "openshift-v4.16.0-candidate",
                "name": "4.16.0"
              },
              {
                "id": "openshift-v4.16.0-ec.0-candidate",
                "name": "4.16.0-ec.0"
              },
              {
                "id": "openshift-v4.16.0-ec.1-candidate",
                "name": "4.16.0-ec.1"
              },
              {
                "id": "openshift-v4.16.0-ec.2-candidate",
                "name": "4.16.0-ec.2"
              },
              {
                "id": "openshift-v4.16.0-ec.3-candidate",
                "name": "4.16.0-ec.3"
              },
              {
                "id": "openshift-v4.16.0-ec.4-candidate",
                "name": "4.16.0-ec.4"
              },
              {
                "id": "openshift-v4.16.0-ec.5-candidate",
                "name": "4.16.0-ec.5"
              },
              {
                "id": "openshift-v4.16.0-ec.6-candidate",
                "name": "4.16.0-ec.6"
              },
              {
                "id": "openshift-v4.16.0-fast",
                "name": "4.16.0"
              },
              {
                "id": "openshift-v4.16.0-rc.0-candidate",
                "name": "4.16.0-rc.0"
              },
              {
                "id": "openshift-v4.16.0-rc.1-candidate",
                "name": "4.16.0-rc.1"
              },
              {
                "id": "openshift-v4.16.0-rc.2-candidate",
                "name": "4.16.0-rc.2"
              },
              {
                "id": "openshift-v4.16.0-rc.3-candidate",
                "name": "4.16.0-rc.3"
              },
              {
                "id": "openshift-v4.16.0-rc.4-candidate",
                "name": "4.16.0-rc.4"
              },
              {
                "id": "openshift-v4.16.0-rc.5-candidate",
                "name": "4.16.0-rc.5"
              },
              {
                "id": "openshift-v4.16.0-rc.6-candidate",
                "name": "4.16.0-rc.6"
              },
              {
                "id": "openshift-v4.16.0-rc.9-candidate",
                "name": "4.16.0-rc.9"
              },
              {
                "id": "openshift-v4.16.10",
                "name": "4.16.10"
              },
              {
                "id": "openshift-v4.16.10-candidate",
                "name": "4.16.10"
              },
              {
                "id": "openshift-v4.16.10-fast",
                "name": "4.16.10"
              },
              {
                "id": "openshift-v4.16.11",
                "name": "4.16.11"
              },
              {
                "id": "openshift-v4.16.11-candidate",
                "name": "4.16.11"
              },
              {
                "id": "openshift-v4.16.11-fast",
                "name": "4.16.11"
              },
              {
                "id": "openshift-v4.16.12",
                "name": "4.16.12"
              },
              {
                "id": "openshift-v4.16.12-candidate",
                "name": "4.16.12"
              },
              {
                "id": "openshift-v4.16.12-fast",
                "name": "4.16.12"
              },
              {
                "id": "openshift-v4.16.13",
                "name": "4.16.13"
              },
              {
                "id": "openshift-v4.16.13-candidate",
                "name": "4.16.13"
              },
              {
                "id": "openshift-v4.16.13-fast",
                "name": "4.16.13"
              },
              {
                "id": "openshift-v4.16.14",
                "name": "4.16.14"
              },
              {
                "id": "openshift-v4.16.14-candidate",
                "name": "4.16.14"
              },
              {
                "id": "openshift-v4.16.14-fast",
                "name": "4.16.14"
              },
              {
                "id": "openshift-v4.16.15",
                "name": "4.16.15"
              },
              {
                "id": "openshift-v4.16.15-candidate",
                "name": "4.16.15"
              },
              {
                "id": "openshift-v4.16.15-fast",
                "name": "4.16.15"
              },
              {
                "id": "openshift-v4.16.16",
                "name": "4.16.16"
              },
              {
                "id": "openshift-v4.16.16-candidate",
                "name": "4.16.16"
              },
              {
                "id": "openshift-v4.16.16-fast",
                "name": "4.16.16"
              },
              {
                "id": "openshift-v4.16.17",
                "name": "4.16.17"
              },
              {
                "id": "openshift-v4.16.17-candidate",
                "name": "4.16.17"
              },
              {
                "id": "openshift-v4.16.17-fast",
                "name": "4.16.17"
              },
              {
                "id": "openshift-v4.16.18",
                "name": "4.16.18"
              },
              {
                "id": "openshift-v4.16.18-candidate",
                "name": "4.16.18"
              },
              {
                "id": "openshift-v4.16.18-fast",
                "name": "4.16.18"
              },
              {
                "id": "openshift-v4.16.19",
                "name": "4.16.19"
              },
              {
                "id": "openshift-v4.16.19-candidate",
                "name": "4.16.19"
              },
              {
                "id": "openshift-v4.16.19-fast",
                "name": "4.16.19"
              },
              {
                "id": "openshift-v4.16.1-candidate",
                "name": "4.16.1"
              },
              {
                "id": "openshift-v4.16.1-fast",
                "name": "4.16.1"
              },
              {
                "id": "openshift-v4.16.20",
                "name": "4.16.20"
              },
              {
                "id": "openshift-v4.16.20-candidate",
                "name": "4.16.20"
              },
              {
                "id": "openshift-v4.16.20-fast",
                "name": "4.16.20"
              },
              {
                "id": "openshift-v4.16.21",
                "name": "4.16.21"
              },
              {
                "id": "openshift-v4.16.21-candidate",
                "name": "4.16.21"
              },
              {
                "id": "openshift-v4.16.21-fast",
                "name": "4.16.21"
              },
              {
                "id": "openshift-v4.16.23",
                "name": "4.16.23"
              },
              {
                "id": "openshift-v4.16.23-candidate",
                "name": "4.16.23"
              },
              {
                "id": "openshift-v4.16.23-fast",
                "name": "4.16.23"
              },
              {
                "id": "openshift-v4.16.24",
                "name": "4.16.24"
              },
              {
                "id": "openshift-v4.16.24-candidate",
                "name": "4.16.24"
              },
              {
                "id": "openshift-v4.16.24-fast",
                "name": "4.16.24"
              },
              {
                "id": "openshift-v4.16.25",
                "name": "4.16.25"
              },
              {
                "id": "openshift-v4.16.25-candidate",
                "name": "4.16.25"
              },
              {
                "id": "openshift-v4.16.25-fast",
                "name": "4.16.25"
              },
              {
                "id": "openshift-v4.16.26",
                "name": "4.16.26"
              },
              {
                "id": "openshift-v4.16.26-candidate",
                "name": "4.16.26"
              },
              {
                "id": "openshift-v4.16.26-fast",
                "name": "4.16.26"
              },
              {
                "id": "openshift-v4.16.27",
                "name": "4.16.27"
              },
              {
                "id": "openshift-v4.16.27-candidate",
                "name": "4.16.27"
              },
              {
                "id": "openshift-v4.16.27-fast",
                "name": "4.16.27"
              },
              {
                "id": "openshift-v4.16.28",
                "name": "4.16.28"
              },
              {
                "id": "openshift-v4.16.28-candidate",
                "name": "4.16.28"
              },
              {
                "id": "openshift-v4.16.28-fast",
                "name": "4.16.28"
              },
              {
                "id": "openshift-v4.16.29",
                "name": "4.16.29"
              },
              {
                "id": "openshift-v4.16.29-candidate",
                "name": "4.16.29"
              },
              {
                "id": "openshift-v4.16.29-fast",
                "name": "4.16.29"
              },
              {
                "id": "openshift-v4.16.2-candidate",
                "name": "4.16.2"
              },
              {
                "id": "openshift-v4.16.2-fast",
                "name": "4.16.2"
              },
              {
                "id": "openshift-v4.16.30",
                "name": "4.16.30"
              },
              {
                "id": "openshift-v4.16.30-candidate",
                "name": "4.16.30"
              },
              {
                "id": "openshift-v4.16.30-fast",
                "name": "4.16.30"
              },
              {
                "id": "openshift-v4.16.32",
                "name": "4.16.32"
              },
              {
                "id": "openshift-v4.16.32-candidate",
                "name": "4.16.32"
              },
              {
                "id": "openshift-v4.16.32-fast",
                "name": "4.16.32"
              },
              {
                "id": "openshift-v4.16.33",
                "name": "4.16.33"
              },
              {
                "id": "openshift-v4.16.33-candidate",
                "name": "4.16.33"
              },
              {
                "id": "openshift-v4.16.33-fast",
                "name": "4.16.33"
              },
              {
                "id": "openshift-v4.16.34",
                "name": "4.16.34"
              },
              {
                "id": "openshift-v4.16.34-candidate",
                "name": "4.16.34"
              },
              {
                "id": "openshift-v4.16.34-fast",
                "name": "4.16.34"
              },
              {
                "id": "openshift-v4.16.35",
                "name": "4.16.35"
              },
              {
                "id": "openshift-v4.16.35-candidate",
                "name": "4.16.35"
              },
              {
                "id": "openshift-v4.16.35-fast",
                "name": "4.16.35"
              },
              {
                "id": "openshift-v4.16.36",
                "name": "4.16.36"
              },
              {
                "id": "openshift-v4.16.36-candidate",
                "name": "4.16.36"
              },
              {
                "id": "openshift-v4.16.36-fast",
                "name": "4.16.36"
              },
              {
                "id": "openshift-v4.16.37",
                "name": "4.16.37"
              },
              {
                "id": "openshift-v4.16.37-candidate",
                "name": "4.16.37"
              },
              {
                "id": "openshift-v4.16.37-fast",
                "name": "4.16.37"
              },
              {
                "id": "openshift-v4.16.38",
                "name": "4.16.38"
              },
              {
                "id": "openshift-v4.16.38-candidate",
                "name": "4.16.38"
              },
              {
                "id": "openshift-v4.16.38-fast",
                "name": "4.16.38"
              },
              {
                "id": "openshift-v4.16.39",
                "name": "4.16.39"
              },
              {
                "id": "openshift-v4.16.39-candidate",
                "name": "4.16.39"
              },
              {
                "id": "openshift-v4.16.39-fast",
                "name": "4.16.39"
              },
              {
                "id": "openshift-v4.16.3-candidate",
                "name": "4.16.3"
              },
              {
                "id": "openshift-v4.16.3-fast",
                "name": "4.16.3"
              },
              {
                "id": "openshift-v4.16.4",
                "name": "4.16.4"
              },
              {
                "id": "openshift-v4.16.4-candidate",
                "name": "4.16.4"
              },
              {
                "id": "openshift-v4.16.4-fast",
                "name": "4.16.4"
              },
              {
                "id": "openshift-v4.16.5",
                "name": "4.16.5"
              },
              {
                "id": "openshift-v4.16.5-candidate",
                "name": "4.16.5"
              },
              {
                "id": "openshift-v4.16.5-fast",
                "name": "4.16.5"
              },
              {
                "id": "openshift-v4.16.6",
                "name": "4.16.6"
              },
              {
                "id": "openshift-v4.16.6-candidate",
                "name": "4.16.6"
              },
              {
                "id": "openshift-v4.16.6-fast",
                "name": "4.16.6"
              },
              {
                "id": "openshift-v4.16.7",
                "name": "4.16.7"
              },
              {
                "id": "openshift-v4.16.7-candidate",
                "name": "4.16.7"
              },
              {
                "id": "openshift-v4.16.7-fast",
                "name": "4.16.7"
              },
              {
                "id": "openshift-v4.16.8",
                "name": "4.16.8"
              },
              {
                "id": "openshift-v4.16.8-candidate",
                "name": "4.16.8"
              },
              {
                "id": "openshift-v4.16.8-fast",
                "name": "4.16.8"
              },
              {
                "id": "openshift-v4.16.9",
                "name": "4.16.9"
              },
              {
                "id": "openshift-v4.16.9-candidate",
                "name": "4.16.9"
              },
              {
                "id": "openshift-v4.16.9-fast",
                "name": "4.16.9"
              },
              {
                "id": "openshift-v4.17.0",
                "name": "4.17.0"
              },
              {
                "id": "openshift-v4.17.0-0.nightly-2024-07-03-225215-nightly",
                "name": "4.17.0-0.nightly-2024-07-03-225215"
              },
              {
                "id": "openshift-v4.17.0-0.nightly-2024-07-04-083810-nightly",
                "name": "4.17.0-0.nightly-2024-07-04-083810"
              },
              {
                "id": "openshift-v4.17.0-0.nightly-2024-07-04-162615-nightly",
                "name": "4.17.0-0.nightly-2024-07-04-162615"
              },
              {
                "id": "openshift-v4.17.0-0.nightly-2024-07-04-234429-nightly",
                "name": "4.17.0-0.nightly-2024-07-04-234429"
              },
              {
                "id": "openshift-v4.17.0-0.nightly-2024-07-05-091056-nightly",
                "name": "4.17.0-0.nightly-2024-07-05-091056"
              },
              {
                "id": "openshift-v4.17.0-0.nightly-2024-07-05-184136-nightly",
                "name": "4.17.0-0.nightly-2024-07-05-184136"
              },
              {
                "id": "openshift-v4.17.0-0.nightly-2024-07-06-042541-nightly",
                "name": "4.17.0-0.nightly-2024-07-06-042541"
              },
              {
                "id": "openshift-v4.17.0-0.nightly-2024-07-06-193910-nightly",
                "name": "4.17.0-0.nightly-2024-07-06-193910"
              },
              {
                "id": "openshift-v4.17.0-0.nightly-2024-07-07-055145-nightly",
                "name": "4.17.0-0.nightly-2024-07-07-055145"
              },
              {
                "id": "openshift-v4.17.0-0.nightly-2024-07-07-131215-nightly",
                "name": "4.17.0-0.nightly-2024-07-07-131215"
              },
              {
                "id": "openshift-v4.17.0-0.nightly-2024-07-08-042329-nightly",
                "name": "4.17.0-0.nightly-2024-07-08-042329"
              },
              {
                "id": "openshift-v4.17.0-0.nightly-2024-07-09-012629-nightly",
                "name": "4.17.0-0.nightly-2024-07-09-012629"
              },
              {
                "id": "openshift-v4.17.0-0.nightly-2024-07-09-121045-nightly",
                "name": "4.17.0-0.nightly-2024-07-09-121045"
              },
              {
                "id": "openshift-v4.17.0-0.nightly-2024-07-09-221327-nightly",
                "name": "4.17.0-0.nightly-2024-07-09-221327"
              },
              {
                "id": "openshift-v4.17.0-0.nightly-2024-07-11-154858-nightly",
                "name": "4.17.0-0.nightly-2024-07-11-154858"
              },
              {
                "id": "openshift-v4.17.0-0.nightly-2024-07-12-014117-nightly",
                "name": "4.17.0-0.nightly-2024-07-12-014117"
              },
              {
                "id": "openshift-v4.17.0-0.nightly-2024-07-13-042606-nightly",
                "name": "4.17.0-0.nightly-2024-07-13-042606"
              },
              {
                "id": "openshift-v4.17.0-0.nightly-2024-07-14-055301-nightly",
                "name": "4.17.0-0.nightly-2024-07-14-055301"
              },
              {
                "id": "openshift-v4.17.0-0.nightly-2024-07-14-213604-nightly",
                "name": "4.17.0-0.nightly-2024-07-14-213604"
              },
              {
                "id": "openshift-v4.17.0-0.nightly-2024-07-15-034821-nightly",
                "name": "4.17.0-0.nightly-2024-07-15-034821"
              },
              {
                "id": "openshift-v4.17.0-0.nightly-2024-07-16-033047-nightly",
                "name": "4.17.0-0.nightly-2024-07-16-033047"
              },
              {
                "id": "openshift-v4.17.0-0.nightly-2024-07-16-140717-nightly",
                "name": "4.17.0-0.nightly-2024-07-16-140717"
              },
              {
                "id": "openshift-v4.17.0-0.nightly-2024-07-16-202442-nightly",
                "name": "4.17.0-0.nightly-2024-07-16-202442"
              },
              {
                "id": "openshift-v4.17.0-0.nightly-2024-07-17-004138-nightly",
                "name": "4.17.0-0.nightly-2024-07-17-004138"
              },
              {
                "id": "openshift-v4.17.0-0.nightly-2024-07-17-054829-nightly",
                "name": "4.17.0-0.nightly-2024-07-17-054829"
              },
              {
                "id": "openshift-v4.17.0-0.nightly-2024-07-17-133204-nightly",
                "name": "4.17.0-0.nightly-2024-07-17-133204"
              },
              {
                "id": "openshift-v4.17.0-0.nightly-2024-07-17-183402-nightly",
                "name": "4.17.0-0.nightly-2024-07-17-183402"
              },
              {
                "id": "openshift-v4.17.0-0.nightly-2024-07-19-235247-nightly",
                "name": "4.17.0-0.nightly-2024-07-19-235247"
              },
              {
                "id": "openshift-v4.17.0-0.nightly-2024-07-20-063531-nightly",
                "name": "4.17.0-0.nightly-2024-07-20-063531"
              },
              {
                "id": "openshift-v4.17.0-0.nightly-2024-07-20-191204-nightly",
                "name": "4.17.0-0.nightly-2024-07-20-191204"
              },
              {
                "id": "openshift-v4.17.0-0.nightly-2024-07-24-171309-nightly",
                "name": "4.17.0-0.nightly-2024-07-24-171309"
              },
              {
                "id": "openshift-v4.17.0-0.nightly-2024-07-25-050214-nightly",
                "name": "4.17.0-0.nightly-2024-07-25-050214"
              },
              {
                "id": "openshift-v4.17.0-0.nightly-2024-07-25-095233-nightly",
                "name": "4.17.0-0.nightly-2024-07-25-095233"
              },
              {
                "id": "openshift-v4.17.0-0.nightly-2024-07-25-142842-nightly",
                "name": "4.17.0-0.nightly-2024-07-25-142842"
              },
              {
                "id": "openshift-v4.17.0-0.nightly-2024-07-25-212849-nightly",
                "name": "4.17.0-0.nightly-2024-07-25-212849"
              },
              {
                "id": "openshift-v4.17.0-0.nightly-2024-07-26-042402-nightly",
                "name": "4.17.0-0.nightly-2024-07-26-042402"
              },
              {
                "id": "openshift-v4.17.0-0.nightly-2024-07-26-095931-nightly",
                "name": "4.17.0-0.nightly-2024-07-26-095931"
              },
              {
                "id": "openshift-v4.17.0-0.nightly-2024-07-27-061512-nightly",
                "name": "4.17.0-0.nightly-2024-07-27-061512"
              },
              {
                "id": "openshift-v4.17.0-0.nightly-2024-07-27-144245-nightly",
                "name": "4.17.0-0.nightly-2024-07-27-144245"
              },
              {
                "id": "openshift-v4.17.0-0.nightly-2024-07-27-185748-nightly",
                "name": "4.17.0-0.nightly-2024-07-27-185748"
              },
              {
                "id": "openshift-v4.17.0-0.nightly-2024-07-28-142625-nightly",
                "name": "4.17.0-0.nightly-2024-07-28-142625"
              },
              {
                "id": "openshift-v4.17.0-0.nightly-2024-07-28-191830-nightly",
                "name": "4.17.0-0.nightly-2024-07-28-191830"
              },
              {
                "id": "openshift-v4.17.0-0.nightly-2024-07-29-061317-nightly",
                "name": "4.17.0-0.nightly-2024-07-29-061317"
              },
              {
                "id": "openshift-v4.17.0-0.nightly-2024-07-30-154937-nightly",
                "name": "4.17.0-0.nightly-2024-07-30-154937"
              },
              {
                "id": "openshift-v4.17.0-0.nightly-2024-07-30-234803-nightly",
                "name": "4.17.0-0.nightly-2024-07-30-234803"
              },
              {
                "id": "openshift-v4.17.0-0.nightly-2024-07-31-035751-nightly",
                "name": "4.17.0-0.nightly-2024-07-31-035751"
              },
              {
                "id": "openshift-v4.17.0-0.nightly-2024-07-31-163634-nightly",
                "name": "4.17.0-0.nightly-2024-07-31-163634"
              },
              {
                "id": "openshift-v4.17.0-0.nightly-2024-07-31-220437-nightly",
                "name": "4.17.0-0.nightly-2024-07-31-220437"
              },
              {
                "id": "openshift-v4.17.0-0.nightly-2024-08-01-213905-nightly",
                "name": "4.17.0-0.nightly-2024-08-01-213905"
              },
              {
                "id": "openshift-v4.17.0-0.nightly-2024-08-05-141450-nightly",
                "name": "4.17.0-0.nightly-2024-08-05-141450"
              },
              {
                "id": "openshift-v4.17.0-0.nightly-2024-08-06-034102-nightly",
                "name": "4.17.0-0.nightly-2024-08-06-034102"
              },
              {
                "id": "openshift-v4.17.0-0.nightly-2024-08-06-134057-nightly",
                "name": "4.17.0-0.nightly-2024-08-06-134057"
              },
              {
                "id": "openshift-v4.17.0-0.nightly-2024-08-06-175708-nightly",
                "name": "4.17.0-0.nightly-2024-08-06-175708"
              },
              {
                "id": "openshift-v4.17.0-0.nightly-2024-08-06-235322-nightly",
                "name": "4.17.0-0.nightly-2024-08-06-235322"
              },
              {
                "id": "openshift-v4.17.0-0.nightly-2024-08-07-043456-nightly",
                "name": "4.17.0-0.nightly-2024-08-07-043456"
              },
              {
                "id": "openshift-v4.17.0-0.nightly-2024-08-07-124849-nightly",
                "name": "4.17.0-0.nightly-2024-08-07-124849"
              },
              {
                "id": "openshift-v4.17.0-0.nightly-2024-08-07-211009-nightly",
                "name": "4.17.0-0.nightly-2024-08-07-211009"
              },
              {
                "id": "openshift-v4.17.0-0.nightly-2024-08-08-013133-nightly",
                "name": "4.17.0-0.nightly-2024-08-08-013133"
              },
              {
                "id": "openshift-v4.17.0-0.nightly-2024-08-09-031511-nightly",
                "name": "4.17.0-0.nightly-2024-08-09-031511"
              },
              {
                "id": "openshift-v4.17.0-0.nightly-2024-08-10-114734-nightly",
                "name": "4.17.0-0.nightly-2024-08-10-114734"
              },
              {
                "id": "openshift-v4.17.0-0.nightly-2024-08-13-031847-nightly",
                "name": "4.17.0-0.nightly-2024-08-13-031847"
              },
              {
                "id": "openshift-v4.17.0-0.nightly-2024-08-15-083449-nightly",
                "name": "4.17.0-0.nightly-2024-08-15-083449"
              },
              {
                "id": "openshift-v4.17.0-0.nightly-2024-08-15-153405-nightly",
                "name": "4.17.0-0.nightly-2024-08-15-153405"
              },
              {
                "id": "openshift-v4.17.0-0.nightly-2024-08-16-163452-nightly",
                "name": "4.17.0-0.nightly-2024-08-16-163452"
              },
              {
                "id": "openshift-v4.17.0-0.nightly-2024-08-17-051603-nightly",
                "name": "4.17.0-0.nightly-2024-08-17-051603"
              },
              {
                "id": "openshift-v4.17.0-0.nightly-2024-08-18-131731-nightly",
                "name": "4.17.0-0.nightly-2024-08-18-131731"
              },
              {
                "id": "openshift-v4.17.0-0.nightly-2024-08-19-083415-nightly",
                "name": "4.17.0-0.nightly-2024-08-19-083415"
              },
              {
                "id": "openshift-v4.17.0-0.nightly-2024-08-19-165854-nightly",
                "name": "4.17.0-0.nightly-2024-08-19-165854"
              },
              {
                "id": "openshift-v4.17.0-0.nightly-2024-08-21-035543-nightly",
                "name": "4.17.0-0.nightly-2024-08-21-035543"
              },
              {
                "id": "openshift-v4.17.0-0.nightly-2024-08-22-173212-nightly",
                "name": "4.17.0-0.nightly-2024-08-22-173212"
              },
              {
                "id": "openshift-v4.17.0-0.nightly-2024-08-28-022602-nightly",
                "name": "4.17.0-0.nightly-2024-08-28-022602"
              },
              {
                "id": "openshift-v4.17.0-0.nightly-2024-08-28-171119-nightly",
                "name": "4.17.0-0.nightly-2024-08-28-171119"
              },
              {
                "id": "openshift-v4.17.0-0.nightly-2024-08-29-051633-nightly",
                "name": "4.17.0-0.nightly-2024-08-29-051633"
              },
              {
                "id": "openshift-v4.17.0-0.nightly-2024-08-29-115325-nightly",
                "name": "4.17.0-0.nightly-2024-08-29-115325"
              },
              {
                "id": "openshift-v4.17.0-0.nightly-2024-08-29-171003-nightly",
                "name": "4.17.0-0.nightly-2024-08-29-171003"
              },
              {
                "id": "openshift-v4.17.0-0.nightly-2024-08-30-225719-nightly",
                "name": "4.17.0-0.nightly-2024-08-30-225719"
              },
              {
                "id": "openshift-v4.17.0-0.nightly-2024-08-31-032707-nightly",
                "name": "4.17.0-0.nightly-2024-08-31-032707"
              },
              {
                "id": "openshift-v4.17.0-0.nightly-2024-09-01-175607-nightly",
                "name": "4.17.0-0.nightly-2024-09-01-175607"
              },
              {
                "id": "openshift-v4.17.0-0.nightly-2024-09-02-001019-nightly",
                "name": "4.17.0-0.nightly-2024-09-02-001019"
              },
              {
                "id": "openshift-v4.17.0-0.nightly-2024-09-02-044025-nightly",
                "name": "4.17.0-0.nightly-2024-09-02-044025"
              },
              {
                "id": "openshift-v4.17.0-0.nightly-2024-09-02-153841-nightly",
                "name": "4.17.0-0.nightly-2024-09-02-153841"
              },
              {
                "id": "openshift-v4.17.0-0.nightly-2024-09-02-210317-nightly",
                "name": "4.17.0-0.nightly-2024-09-02-210317"
              },
              {
                "id": "openshift-v4.17.0-0.nightly-2024-09-03-024255-nightly",
                "name": "4.17.0-0.nightly-2024-09-03-024255"
              },
              {
                "id": "openshift-v4.17.0-0.nightly-2024-09-03-073038-nightly",
                "name": "4.17.0-0.nightly-2024-09-03-073038"
              },
              {
                "id": "openshift-v4.17.0-0.nightly-2024-09-03-140915-nightly",
                "name": "4.17.0-0.nightly-2024-09-03-140915"
              },
              {
                "id": "openshift-v4.17.0-0.nightly-2024-09-03-211053-nightly",
                "name": "4.17.0-0.nightly-2024-09-03-211053"
              },
              {
                "id": "openshift-v4.17.0-0.nightly-2024-09-04-132247-nightly",
                "name": "4.17.0-0.nightly-2024-09-04-132247"
              },
              {
                "id": "openshift-v4.17.0-0.nightly-2024-09-04-191134-nightly",
                "name": "4.17.0-0.nightly-2024-09-04-191134"
              },
              {
                "id": "openshift-v4.17.0-0.nightly-2024-09-04-231633-nightly",
                "name": "4.17.0-0.nightly-2024-09-04-231633"
              },
              {
                "id": "openshift-v4.17.0-0.nightly-2024-09-05-034724-nightly",
                "name": "4.17.0-0.nightly-2024-09-05-034724"
              },
              {
                "id": "openshift-v4.17.0-0.nightly-2024-09-05-082755-nightly",
                "name": "4.17.0-0.nightly-2024-09-05-082755"
              },
              {
                "id": "openshift-v4.17.0-0.nightly-2024-09-06-053542-nightly",
                "name": "4.17.0-0.nightly-2024-09-06-053542"
              },
              {
                "id": "openshift-v4.17.0-0.nightly-2024-09-06-152702-nightly",
                "name": "4.17.0-0.nightly-2024-09-06-152702"
              },
              {
                "id": "openshift-v4.17.0-0.nightly-2024-09-06-233950-nightly",
                "name": "4.17.0-0.nightly-2024-09-06-233950"
              },
              {
                "id": "openshift-v4.17.0-0.nightly-2024-09-07-035633-nightly",
                "name": "4.17.0-0.nightly-2024-09-07-035633"
              },
              {
                "id": "openshift-v4.17.0-0.nightly-2024-09-07-093903-nightly",
                "name": "4.17.0-0.nightly-2024-09-07-093903"
              },
              {
                "id": "openshift-v4.17.0-0.nightly-2024-09-07-151850-nightly",
                "name": "4.17.0-0.nightly-2024-09-07-151850"
              },
              {
                "id": "openshift-v4.17.0-0.nightly-2024-09-08-035448-nightly",
                "name": "4.17.0-0.nightly-2024-09-08-035448"
              },
              {
                "id": "openshift-v4.17.0-0.nightly-2024-09-08-093640-nightly",
                "name": "4.17.0-0.nightly-2024-09-08-093640"
              },
              {
                "id": "openshift-v4.17.0-0.nightly-2024-09-08-135628-nightly",
                "name": "4.17.0-0.nightly-2024-09-08-135628"
              },
              {
                "id": "openshift-v4.17.0-0.nightly-2024-09-09-120947-nightly",
                "name": "4.17.0-0.nightly-2024-09-09-120947"
              },
              {
                "id": "openshift-v4.17.0-0.nightly-2024-09-11-045157-nightly",
                "name": "4.17.0-0.nightly-2024-09-11-045157"
              },
              {
                "id": "openshift-v4.17.0-0.nightly-2024-09-12-091145-nightly",
                "name": "4.17.0-0.nightly-2024-09-12-091145"
              },
              {
                "id": "openshift-v4.17.0-0.nightly-2024-09-12-145503-nightly",
                "name": "4.17.0-0.nightly-2024-09-12-145503"
              },
              {
                "id": "openshift-v4.17.0-0.nightly-2024-09-13-040101-nightly",
                "name": "4.17.0-0.nightly-2024-09-13-040101"
              },
              {
                "id": "openshift-v4.17.0-0.nightly-2024-09-13-083804-nightly",
                "name": "4.17.0-0.nightly-2024-09-13-083804"
              },
              {
                "id": "openshift-v4.17.0-0.nightly-2024-09-13-193731-nightly",
                "name": "4.17.0-0.nightly-2024-09-13-193731"
              },
              {
                "id": "openshift-v4.17.0-0.nightly-2024-09-14-031755-nightly",
                "name": "4.17.0-0.nightly-2024-09-14-031755"
              },
              {
                "id": "openshift-v4.17.0-0.nightly-2024-09-14-102625-nightly",
                "name": "4.17.0-0.nightly-2024-09-14-102625"
              },
              {
                "id": "openshift-v4.17.0-0.nightly-2024-09-14-173645-nightly",
                "name": "4.17.0-0.nightly-2024-09-14-173645"
              },
              {
                "id": "openshift-v4.17.0-0.nightly-2024-09-14-223435-nightly",
                "name": "4.17.0-0.nightly-2024-09-14-223435"
              },
              {
                "id": "openshift-v4.17.0-0.nightly-2024-09-15-101628-nightly",
                "name": "4.17.0-0.nightly-2024-09-15-101628"
              },
              {
                "id": "openshift-v4.17.0-0.nightly-2024-09-15-143642-nightly",
                "name": "4.17.0-0.nightly-2024-09-15-143642"
              },
              {
                "id": "openshift-v4.17.0-0.nightly-2024-09-15-212908-nightly",
                "name": "4.17.0-0.nightly-2024-09-15-212908"
              },
              {
                "id": "openshift-v4.17.0-0.nightly-2024-09-16-032359-nightly",
                "name": "4.17.0-0.nightly-2024-09-16-032359"
              },
              {
                "id": "openshift-v4.17.0-0.nightly-2024-09-16-082730-nightly",
                "name": "4.17.0-0.nightly-2024-09-16-082730"
              },
              {
                "id": "openshift-v4.17.0-0.nightly-2024-09-16-195350-nightly",
                "name": "4.17.0-0.nightly-2024-09-16-195350"
              },
              {
                "id": "openshift-v4.17.0-0.nightly-2024-09-17-194622-nightly",
                "name": "4.17.0-0.nightly-2024-09-17-194622"
              },
              {
                "id": "openshift-v4.17.0-0.nightly-2024-09-19-071205-nightly",
                "name": "4.17.0-0.nightly-2024-09-19-071205"
              },
              {
                "id": "openshift-v4.17.0-0.nightly-2024-09-19-145042-nightly",
                "name": "4.17.0-0.nightly-2024-09-19-145042"
              },
              {
                "id": "openshift-v4.17.0-0.nightly-2024-09-19-221735-nightly",
                "name": "4.17.0-0.nightly-2024-09-19-221735"
              },
              {
                "id": "openshift-v4.17.0-0.nightly-2024-09-20-030252-nightly",
                "name": "4.17.0-0.nightly-2024-09-20-030252"
              },
              {
                "id": "openshift-v4.17.0-0.nightly-2024-09-20-190654-nightly",
                "name": "4.17.0-0.nightly-2024-09-20-190654"
              },
              {
                "id": "openshift-v4.17.0-0.nightly-2024-09-21-010637-nightly",
                "name": "4.17.0-0.nightly-2024-09-21-010637"
              },
              {
                "id": "openshift-v4.17.0-0.nightly-2024-09-21-072711-nightly",
                "name": "4.17.0-0.nightly-2024-09-21-072711"
              },
              {
                "id": "openshift-v4.17.0-0.nightly-2024-09-21-120332-nightly",
                "name": "4.17.0-0.nightly-2024-09-21-120332"
              },
              {
                "id": "openshift-v4.17.0-0.nightly-2024-09-22-005735-nightly",
                "name": "4.17.0-0.nightly-2024-09-22-005735"
              },
              {
                "id": "openshift-v4.17.0-0.nightly-2024-09-22-162519-nightly",
                "name": "4.17.0-0.nightly-2024-09-22-162519"
              },
              {
                "id": "openshift-v4.17.0-0.nightly-2024-09-23-035005-nightly",
                "name": "4.17.0-0.nightly-2024-09-23-035005"
              },
              {
                "id": "openshift-v4.17.0-0.nightly-2024-09-23-090803-nightly",
                "name": "4.17.0-0.nightly-2024-09-23-090803"
              },
              {
                "id": "openshift-v4.17.0-0.nightly-2024-09-23-162837-nightly",
                "name": "4.17.0-0.nightly-2024-09-23-162837"
              },
              {
                "id": "openshift-v4.17.0-0.nightly-2024-09-23-211417-nightly",
                "name": "4.17.0-0.nightly-2024-09-23-211417"
              },
              {
                "id": "openshift-v4.17.0-0.nightly-2024-09-25-061141-nightly",
                "name": "4.17.0-0.nightly-2024-09-25-061141"
              },
              {
                "id": "openshift-v4.17.0-0.nightly-2024-09-25-131159-nightly",
                "name": "4.17.0-0.nightly-2024-09-25-131159"
              },
              {
                "id": "openshift-v4.17.0-0.nightly-2024-09-25-205500-nightly",
                "name": "4.17.0-0.nightly-2024-09-25-205500"
              },
              {
                "id": "openshift-v4.17.0-0.nightly-2024-09-26-022717-nightly",
                "name": "4.17.0-0.nightly-2024-09-26-022717"
              },
              {
                "id": "openshift-v4.17.0-0.nightly-2024-09-26-185948-nightly",
                "name": "4.17.0-0.nightly-2024-09-26-185948"
              },
              {
                "id": "openshift-v4.17.0-0.nightly-2024-09-26-235543-nightly",
                "name": "4.17.0-0.nightly-2024-09-26-235543"
              },
              {
                "id": "openshift-v4.17.0-0.nightly-2024-09-27-044851-nightly",
                "name": "4.17.0-0.nightly-2024-09-27-044851"
              },
              {
                "id": "openshift-v4.17.0-0.nightly-2024-09-27-143200-nightly",
                "name": "4.17.0-0.nightly-2024-09-27-143200"
              },
              {
                "id": "openshift-v4.17.0-0.nightly-2024-09-27-213503-nightly",
                "name": "4.17.0-0.nightly-2024-09-27-213503"
              },
              {
                "id": "openshift-v4.17.0-0.nightly-2024-09-29-173421-nightly",
                "name": "4.17.0-0.nightly-2024-09-29-173421"
              },
              {
                "id": "openshift-v4.17.0-0.nightly-2024-10-02-174047-nightly",
                "name": "4.17.0-0.nightly-2024-10-02-174047"
              },
              {
                "id": "openshift-v4.17.0-0.nightly-2024-10-03-021616-nightly",
                "name": "4.17.0-0.nightly-2024-10-03-021616"
              },
              {
                "id": "openshift-v4.17.0-0.nightly-2024-10-03-101219-nightly",
                "name": "4.17.0-0.nightly-2024-10-03-101219"
              },
              {
                "id": "openshift-v4.17.0-0.nightly-2024-10-03-172957-nightly",
                "name": "4.17.0-0.nightly-2024-10-03-172957"
              },
              {
                "id": "openshift-v4.17.0-0.nightly-2024-10-04-004938-nightly",
                "name": "4.17.0-0.nightly-2024-10-04-004938"
              },
              {
                "id": "openshift-v4.17.0-0.nightly-2024-10-04-091608-nightly",
                "name": "4.17.0-0.nightly-2024-10-04-091608"
              },
              {
                "id": "openshift-v4.17.0-0.nightly-2024-10-04-170958-nightly",
                "name": "4.17.0-0.nightly-2024-10-04-170958"
              },
              {
                "id": "openshift-v4.17.0-0.nightly-2024-10-05-024546-nightly",
                "name": "4.17.0-0.nightly-2024-10-05-024546"
              },
              {
                "id": "openshift-v4.17.0-0.nightly-2024-10-05-072018-nightly",
                "name": "4.17.0-0.nightly-2024-10-05-072018"
              },
              {
                "id": "openshift-v4.17.0-0.nightly-2024-10-05-140949-nightly",
                "name": "4.17.0-0.nightly-2024-10-05-140949"
              },
              {
                "id": "openshift-v4.17.0-0.nightly-2024-10-05-211646-nightly",
                "name": "4.17.0-0.nightly-2024-10-05-211646"
              },
              {
                "id": "openshift-v4.17.0-0.nightly-2024-10-06-021039-nightly",
                "name": "4.17.0-0.nightly-2024-10-06-021039"
              },
              {
                "id": "openshift-v4.17.0-0.nightly-2024-10-06-064922-nightly",
                "name": "4.17.0-0.nightly-2024-10-06-064922"
              },
              {
                "id": "openshift-v4.17.0-0.nightly-2024-10-06-133253-nightly",
                "name": "4.17.0-0.nightly-2024-10-06-133253"
              },
              {
                "id": "openshift-v4.17.0-0.nightly-2024-10-06-205207-nightly",
                "name": "4.17.0-0.nightly-2024-10-06-205207"
              },
              {
                "id": "openshift-v4.17.0-0.nightly-2024-10-07-141000-nightly",
                "name": "4.17.0-0.nightly-2024-10-07-141000"
              },
              {
                "id": "openshift-v4.17.0-0.nightly-2024-10-07-214907-nightly",
                "name": "4.17.0-0.nightly-2024-10-07-214907"
              },
              {
                "id": "openshift-v4.17.0-0.nightly-2024-10-08-051654-nightly",
                "name": "4.17.0-0.nightly-2024-10-08-051654"
              },
              {
                "id": "openshift-v4.17.0-0.nightly-2024-10-08-135311-nightly",
                "name": "4.17.0-0.nightly-2024-10-08-135311"
              },
              {
                "id": "openshift-v4.17.0-0.nightly-2024-10-08-220414-nightly",
                "name": "4.17.0-0.nightly-2024-10-08-220414"
              },
              {
                "id": "openshift-v4.17.0-0.nightly-2024-10-09-114619-nightly",
                "name": "4.17.0-0.nightly-2024-10-09-114619"
              },
              {
                "id": "openshift-v4.17.0-0.nightly-2024-10-09-191534-nightly",
                "name": "4.17.0-0.nightly-2024-10-09-191534"
              },
              {
                "id": "openshift-v4.17.0-0.nightly-2024-10-10-004834-nightly",
                "name": "4.17.0-0.nightly-2024-10-10-004834"
              },
              {
                "id": "openshift-v4.17.0-0.nightly-2024-10-10-090219-nightly",
                "name": "4.17.0-0.nightly-2024-10-10-090219"
              },
              {
                "id": "openshift-v4.17.0-0.nightly-2024-10-10-171747-nightly",
                "name": "4.17.0-0.nightly-2024-10-10-171747"
              },
              {
                "id": "openshift-v4.17.0-0.nightly-2024-10-10-223154-nightly",
                "name": "4.17.0-0.nightly-2024-10-10-223154"
              },
              {
                "id": "openshift-v4.17.0-0.nightly-2024-10-11-054820-nightly",
                "name": "4.17.0-0.nightly-2024-10-11-054820"
              },
              {
                "id": "openshift-v4.17.0-0.nightly-2024-10-11-124549-nightly",
                "name": "4.17.0-0.nightly-2024-10-11-124549"
              },
              {
                "id": "openshift-v4.17.0-0.nightly-2024-10-11-175838-nightly",
                "name": "4.17.0-0.nightly-2024-10-11-175838"
              },
              {
                "id": "openshift-v4.17.0-0.nightly-2024-10-12-081850-nightly",
                "name": "4.17.0-0.nightly-2024-10-12-081850"
              },
              {
                "id": "openshift-v4.17.0-0.nightly-2024-10-12-174022-nightly",
                "name": "4.17.0-0.nightly-2024-10-12-174022"
              },
              {
                "id": "openshift-v4.17.0-0.nightly-2024-10-12-224540-nightly",
                "name": "4.17.0-0.nightly-2024-10-12-224540"
              },
              {
                "id": "openshift-v4.17.0-0.nightly-2024-10-13-060045-nightly",
                "name": "4.17.0-0.nightly-2024-10-13-060045"
              },
              {
                "id": "openshift-v4.17.0-0.nightly-2024-10-13-113132-nightly",
                "name": "4.17.0-0.nightly-2024-10-13-113132"
              },
              {
                "id": "openshift-v4.17.0-0.nightly-2024-10-14-035343-nightly",
                "name": "4.17.0-0.nightly-2024-10-14-035343"
              },
              {
                "id": "openshift-v4.17.0-0.nightly-2024-10-14-090421-nightly",
                "name": "4.17.0-0.nightly-2024-10-14-090421"
              },
              {
                "id": "openshift-v4.17.0-0.nightly-2024-10-14-225948-nightly",
                "name": "4.17.0-0.nightly-2024-10-14-225948"
              },
              {
                "id": "openshift-v4.17.0-0.nightly-2024-10-15-061952-nightly",
                "name": "4.17.0-0.nightly-2024-10-15-061952"
              },
              {
                "id": "openshift-v4.17.0-0.nightly-2024-10-15-134501-nightly",
                "name": "4.17.0-0.nightly-2024-10-15-134501"
              },
              {
                "id": "openshift-v4.17.0-0.nightly-2024-10-16-021747-nightly",
                "name": "4.17.0-0.nightly-2024-10-16-021747"
              },
              {
                "id": "openshift-v4.17.0-0.nightly-2024-10-16-093604-nightly",
                "name": "4.17.0-0.nightly-2024-10-16-093604"
              },
              {
                "id": "openshift-v4.17.0-0.nightly-2024-10-16-142638-nightly",
                "name": "4.17.0-0.nightly-2024-10-16-142638"
              },
              {
                "id": "openshift-v4.17.0-0.nightly-2024-10-16-194822-nightly",
                "name": "4.17.0-0.nightly-2024-10-16-194822"
              },
              {
                "id": "openshift-v4.17.0-0.nightly-2024-10-17-154150-nightly",
                "name": "4.17.0-0.nightly-2024-10-17-154150"
              },
              {
                "id": "openshift-v4.17.0-0.nightly-2024-10-17-205717-nightly",
                "name": "4.17.0-0.nightly-2024-10-17-205717"
              },
              {
                "id": "openshift-v4.17.0-0.nightly-2024-10-18-034003-nightly",
                "name": "4.17.0-0.nightly-2024-10-18-034003"
              },
              {
                "id": "openshift-v4.17.0-0.nightly-2024-10-18-121954-nightly",
                "name": "4.17.0-0.nightly-2024-10-18-121954"
              },
              {
                "id": "openshift-v4.17.0-0.nightly-2024-10-18-202332-nightly",
                "name": "4.17.0-0.nightly-2024-10-18-202332"
              },
              {
                "id": "openshift-v4.17.0-0.nightly-2024-10-19-021813-nightly",
                "name": "4.17.0-0.nightly-2024-10-19-021813"
              },
              {
                "id": "openshift-v4.17.0-0.nightly-2024-10-19-075032-nightly",
                "name": "4.17.0-0.nightly-2024-10-19-075032"
              },
              {
                "id": "openshift-v4.17.0-0.nightly-2024-10-19-152712-nightly",
                "name": "4.17.0-0.nightly-2024-10-19-152712"
              },
              {
                "id": "openshift-v4.17.0-0.nightly-2024-10-19-222034-nightly",
                "name": "4.17.0-0.nightly-2024-10-19-222034"
              },
              {
                "id": "openshift-v4.17.0-0.nightly-2024-10-20-040026-nightly",
                "name": "4.17.0-0.nightly-2024-10-20-040026"
              },
              {
                "id": "openshift-v4.17.0-0.nightly-2024-10-20-110040-nightly",
                "name": "4.17.0-0.nightly-2024-10-20-110040"
              },
              {
                "id": "openshift-v4.17.0-0.nightly-2024-10-20-161659-nightly",
                "name": "4.17.0-0.nightly-2024-10-20-161659"
              },
              {
                "id": "openshift-v4.17.0-0.nightly-2024-10-20-231827-nightly",
                "name": "4.17.0-0.nightly-2024-10-20-231827"
              },
              {
                "id": "openshift-v4.17.0-0.nightly-2024-10-21-033400-nightly",
                "name": "4.17.0-0.nightly-2024-10-21-033400"
              },
              {
                "id": "openshift-v4.17.0-0.nightly-2024-10-21-084503-nightly",
                "name": "4.17.0-0.nightly-2024-10-21-084503"
              },
              {
                "id": "openshift-v4.17.0-0.nightly-2024-10-21-132723-nightly",
                "name": "4.17.0-0.nightly-2024-10-21-132723"
              },
              {
                "id": "openshift-v4.17.0-0.nightly-2024-10-21-185738-nightly",
                "name": "4.17.0-0.nightly-2024-10-21-185738"
              },
              {
                "id": "openshift-v4.17.0-0.nightly-2024-10-22-004311-nightly",
                "name": "4.17.0-0.nightly-2024-10-22-004311"
              },
              {
                "id": "openshift-v4.17.0-0.nightly-2024-10-22-063023-nightly",
                "name": "4.17.0-0.nightly-2024-10-22-063023"
              },
              {
                "id": "openshift-v4.17.0-0.nightly-2024-10-22-215145-nightly",
                "name": "4.17.0-0.nightly-2024-10-22-215145"
              },
              {
                "id": "openshift-v4.17.0-0.nightly-2024-10-23-034244-nightly",
                "name": "4.17.0-0.nightly-2024-10-23-034244"
              },
              {
                "id": "openshift-v4.17.0-0.nightly-2024-10-23-093605-nightly",
                "name": "4.17.0-0.nightly-2024-10-23-093605"
              },
              {
                "id": "openshift-v4.17.0-0.nightly-2024-10-25-072526-nightly",
                "name": "4.17.0-0.nightly-2024-10-25-072526"
              },
              {
                "id": "openshift-v4.17.0-0.nightly-2024-10-25-190949-nightly",
                "name": "4.17.0-0.nightly-2024-10-25-190949"
              },
              {
                "id": "openshift-v4.17.0-0.nightly-2024-10-26-034902-nightly",
                "name": "4.17.0-0.nightly-2024-10-26-034902"
              },
              {
                "id": "openshift-v4.17.0-0.nightly-2024-10-26-112851-nightly",
                "name": "4.17.0-0.nightly-2024-10-26-112851"
              },
              {
                "id": "openshift-v4.17.0-0.nightly-2024-10-28-045239-nightly",
                "name": "4.17.0-0.nightly-2024-10-28-045239"
              },
              {
                "id": "openshift-v4.17.0-0.nightly-2024-10-28-130315-nightly",
                "name": "4.17.0-0.nightly-2024-10-28-130315"
              },
              {
                "id": "openshift-v4.17.0-0.nightly-2024-10-28-233706-nightly",
                "name": "4.17.0-0.nightly-2024-10-28-233706"
              },
              {
                "id": "openshift-v4.17.0-0.nightly-2024-10-29-101032-nightly",
                "name": "4.17.0-0.nightly-2024-10-29-101032"
              },
              {
                "id": "openshift-v4.17.0-0.nightly-2024-10-29-192751-nightly",
                "name": "4.17.0-0.nightly-2024-10-29-192751"
              },
              {
                "id": "openshift-v4.17.0-0.nightly-2024-10-30-021005-nightly",
                "name": "4.17.0-0.nightly-2024-10-30-021005"
              },
              {
                "id": "openshift-v4.17.0-0.nightly-2024-10-30-070934-nightly",
                "name": "4.17.0-0.nightly-2024-10-30-070934"
              },
              {
                "id": "openshift-v4.17.0-0.nightly-2024-10-30-154253-nightly",
                "name": "4.17.0-0.nightly-2024-10-30-154253"
              },
              {
                "id": "openshift-v4.17.0-0.nightly-2024-10-31-003539-nightly",
                "name": "4.17.0-0.nightly-2024-10-31-003539"
              },
              {
                "id": "openshift-v4.17.0-0.nightly-2024-10-31-071715-nightly",
                "name": "4.17.0-0.nightly-2024-10-31-071715"
              },
              {
                "id": "openshift-v4.17.0-0.nightly-2024-10-31-144042-nightly",
                "name": "4.17.0-0.nightly-2024-10-31-144042"
              },
              {
                "id": "openshift-v4.17.0-0.nightly-2024-11-01-025253-nightly",
                "name": "4.17.0-0.nightly-2024-11-01-025253"
              },
              {
                "id": "openshift-v4.17.0-0.nightly-2024-11-01-071320-nightly",
                "name": "4.17.0-0.nightly-2024-11-01-071320"
              },
              {
                "id": "openshift-v4.17.0-0.nightly-2024-11-01-145655-nightly",
                "name": "4.17.0-0.nightly-2024-11-01-145655"
              },
              {
                "id": "openshift-v4.17.0-0.nightly-2024-11-04-234907-nightly",
                "name": "4.17.0-0.nightly-2024-11-04-234907"
              },
              {
                "id": "openshift-v4.17.0-0.nightly-2024-11-05-082941-nightly",
                "name": "4.17.0-0.nightly-2024-11-05-082941"
              },
              {
                "id": "openshift-v4.17.0-0.nightly-2024-11-05-152001-nightly",
                "name": "4.17.0-0.nightly-2024-11-05-152001"
              },
              {
                "id": "openshift-v4.17.0-0.nightly-2024-11-05-223806-nightly",
                "name": "4.17.0-0.nightly-2024-11-05-223806"
              },
              {
                "id": "openshift-v4.17.0-0.nightly-2024-11-06-060850-nightly",
                "name": "4.17.0-0.nightly-2024-11-06-060850"
              },
              {
                "id": "openshift-v4.17.0-0.nightly-2024-11-06-131426-nightly",
                "name": "4.17.0-0.nightly-2024-11-06-131426"
              },
              {
                "id": "openshift-v4.17.0-0.nightly-2024-11-06-181345-nightly",
                "name": "4.17.0-0.nightly-2024-11-06-181345"
              },
              {
                "id": "openshift-v4.17.0-0.nightly-2024-11-07-000233-nightly",
                "name": "4.17.0-0.nightly-2024-11-07-000233"
              },
              {
                "id": "openshift-v4.17.0-0.nightly-2024-11-07-044248-nightly",
                "name": "4.17.0-0.nightly-2024-11-07-044248"
              },
              {
                "id": "openshift-v4.17.0-0.nightly-2024-11-08-161130-nightly",
                "name": "4.17.0-0.nightly-2024-11-08-161130"
              },
              {
                "id": "openshift-v4.17.0-0.nightly-2024-11-09-011306-nightly",
                "name": "4.17.0-0.nightly-2024-11-09-011306"
              },
              {
                "id": "openshift-v4.17.0-0.nightly-2024-11-11-105609-nightly",
                "name": "4.17.0-0.nightly-2024-11-11-105609"
              },
              {
                "id": "openshift-v4.17.0-0.nightly-2024-11-11-183125-nightly",
                "name": "4.17.0-0.nightly-2024-11-11-183125"
              },
              {
                "id": "openshift-v4.17.0-0.nightly-2024-11-12-015807-nightly",
                "name": "4.17.0-0.nightly-2024-11-12-015807"
              },
              {
                "id": "openshift-v4.17.0-0.nightly-2024-11-12-163245-nightly",
                "name": "4.17.0-0.nightly-2024-11-12-163245"
              },
              {
                "id": "openshift-v4.17.0-0.nightly-2024-11-12-231746-nightly",
                "name": "4.17.0-0.nightly-2024-11-12-231746"
              },
              {
                "id": "openshift-v4.17.0-0.nightly-2024-11-13-161445-nightly",
                "name": "4.17.0-0.nightly-2024-11-13-161445"
              },
              {
                "id": "openshift-v4.17.0-0.nightly-2024-11-14-174942-nightly",
                "name": "4.17.0-0.nightly-2024-11-14-174942"
              },
              {
                "id": "openshift-v4.17.0-0.nightly-2024-11-15-033021-nightly",
                "name": "4.17.0-0.nightly-2024-11-15-033021"
              },
              {
                "id": "openshift-v4.17.0-0.nightly-2024-11-15-123332-nightly",
                "name": "4.17.0-0.nightly-2024-11-15-123332"
              },
              {
                "id": "openshift-v4.17.0-0.nightly-2024-11-15-214500-nightly",
                "name": "4.17.0-0.nightly-2024-11-15-214500"
              },
              {
                "id": "openshift-v4.17.0-0.nightly-2024-11-18-183409-nightly",
                "name": "4.17.0-0.nightly-2024-11-18-183409"
              },
              {
                "id": "openshift-v4.17.0-0.nightly-2024-11-19-061210-nightly",
                "name": "4.17.0-0.nightly-2024-11-19-061210"
              },
              {
                "id": "openshift-v4.17.0-0.nightly-2024-11-19-182702-nightly",
                "name": "4.17.0-0.nightly-2024-11-19-182702"
              },
              {
                "id": "openshift-v4.17.0-0.nightly-2024-11-20-014313-nightly",
                "name": "4.17.0-0.nightly-2024-11-20-014313"
              },
              {
                "id": "openshift-v4.17.0-0.nightly-2024-11-20-061725-nightly",
                "name": "4.17.0-0.nightly-2024-11-20-061725"
              },
              {
                "id": "openshift-v4.17.0-0.nightly-2024-11-21-052346-nightly",
                "name": "4.17.0-0.nightly-2024-11-21-052346"
              },
              {
                "id": "openshift-v4.17.0-0.nightly-2024-11-22-045157-nightly",
                "name": "4.17.0-0.nightly-2024-11-22-045157"
              },
              {
                "id": "openshift-v4.17.0-0.nightly-2024-11-22-130035-nightly",
                "name": "4.17.0-0.nightly-2024-11-22-130035"
              },
              {
                "id": "openshift-v4.17.0-0.nightly-2024-11-22-221520-nightly",
                "name": "4.17.0-0.nightly-2024-11-22-221520"
              },
              {
                "id": "openshift-v4.17.0-0.nightly-2024-11-23-044644-nightly",
                "name": "4.17.0-0.nightly-2024-11-23-044644"
              },
              {
                "id": "openshift-v4.17.0-0.nightly-2024-11-23-115313-nightly",
                "name": "4.17.0-0.nightly-2024-11-23-115313"
              },
              {
                "id": "openshift-v4.17.0-0.nightly-2024-11-23-192438-nightly",
                "name": "4.17.0-0.nightly-2024-11-23-192438"
              },
              {
                "id": "openshift-v4.17.0-0.nightly-2024-11-24-015411-nightly",
                "name": "4.17.0-0.nightly-2024-11-24-015411"
              },
              {
                "id": "openshift-v4.17.0-0.nightly-2024-11-25-205401-nightly",
                "name": "4.17.0-0.nightly-2024-11-25-205401"
              },
              {
                "id": "openshift-v4.17.0-0.nightly-2024-11-26-114456-nightly",
                "name": "4.17.0-0.nightly-2024-11-26-114456"
              },
              {
                "id": "openshift-v4.17.0-0.nightly-2024-11-27-032945-nightly",
                "name": "4.17.0-0.nightly-2024-11-27-032945"
              },
              {
                "id": "openshift-v4.17.0-0.nightly-2024-11-27-092015-nightly",
                "name": "4.17.0-0.nightly-2024-11-27-092015"
              },
              {
                "id": "openshift-v4.17.0-0.nightly-2024-11-27-180232-nightly",
                "name": "4.17.0-0.nightly-2024-11-27-180232"
              },
              {
                "id": "openshift-v4.17.0-0.nightly-2024-11-28-002646-nightly",
                "name": "4.17.0-0.nightly-2024-11-28-002646"
              },
              {
                "id": "openshift-v4.17.0-0.nightly-2024-11-28-073631-nightly",
                "name": "4.17.0-0.nightly-2024-11-28-073631"
              },
              {
                "id": "openshift-v4.17.0-0.nightly-2024-11-28-132341-nightly",
                "name": "4.17.0-0.nightly-2024-11-28-132341"
              },
              {
                "id": "openshift-v4.17.0-0.nightly-2024-11-28-201102-nightly",
                "name": "4.17.0-0.nightly-2024-11-28-201102"
              },
              {
                "id": "openshift-v4.17.0-0.nightly-2024-11-29-122404-nightly",
                "name": "4.17.0-0.nightly-2024-11-29-122404"
              },
              {
                "id": "openshift-v4.17.0-0.nightly-2024-11-30-142034-nightly",
                "name": "4.17.0-0.nightly-2024-11-30-142034"
              },
              {
                "id": "openshift-v4.17.0-0.nightly-2024-12-01-134927-nightly",
                "name": "4.17.0-0.nightly-2024-12-01-134927"
              },
              {
                "id": "openshift-v4.17.0-0.nightly-2024-12-02-025126-nightly",
                "name": "4.17.0-0.nightly-2024-12-02-025126"
              },
              {
                "id": "openshift-v4.17.0-0.nightly-2024-12-02-103524-nightly",
                "name": "4.17.0-0.nightly-2024-12-02-103524"
              },
              {
                "id": "openshift-v4.17.0-0.nightly-2024-12-02-175016-nightly",
                "name": "4.17.0-0.nightly-2024-12-02-175016"
              },
              {
                "id": "openshift-v4.17.0-0.nightly-2024-12-03-082523-nightly",
                "name": "4.17.0-0.nightly-2024-12-03-082523"
              },
              {
                "id": "openshift-v4.17.0-0.nightly-2024-12-03-183357-nightly",
                "name": "4.17.0-0.nightly-2024-12-03-183357"
              },
              {
                "id": "openshift-v4.17.0-0.nightly-2024-12-04-052355-nightly",
                "name": "4.17.0-0.nightly-2024-12-04-052355"
              },
              {
                "id": "openshift-v4.17.0-0.nightly-2024-12-04-192257-nightly",
                "name": "4.17.0-0.nightly-2024-12-04-192257"
              },
              {
                "id": "openshift-v4.17.0-0.nightly-2024-12-06-012705-nightly",
                "name": "4.17.0-0.nightly-2024-12-06-012705"
              },
              {
                "id": "openshift-v4.17.0-0.nightly-2024-12-11-010531-nightly",
                "name": "4.17.0-0.nightly-2024-12-11-010531"
              },
              {
                "id": "openshift-v4.17.0-0.nightly-2024-12-11-180936-nightly",
                "name": "4.17.0-0.nightly-2024-12-11-180936"
              },
              {
                "id": "openshift-v4.17.0-0.nightly-2024-12-11-234745-nightly",
                "name": "4.17.0-0.nightly-2024-12-11-234745"
              },
              {
                "id": "openshift-v4.17.0-0.nightly-2024-12-12-152238-nightly",
                "name": "4.17.0-0.nightly-2024-12-12-152238"
              },
              {
                "id": "openshift-v4.17.0-0.nightly-2024-12-12-205326-nightly",
                "name": "4.17.0-0.nightly-2024-12-12-205326"
              },
              {
                "id": "openshift-v4.17.0-0.nightly-2024-12-13-151202-nightly",
                "name": "4.17.0-0.nightly-2024-12-13-151202"
              },
              {
                "id": "openshift-v4.17.0-0.nightly-2024-12-14-003836-nightly",
                "name": "4.17.0-0.nightly-2024-12-14-003836"
              },
              {
                "id": "openshift-v4.17.0-0.nightly-2024-12-14-075338-nightly",
                "name": "4.17.0-0.nightly-2024-12-14-075338"
              },
              {
                "id": "openshift-v4.17.0-0.nightly-2024-12-14-123626-nightly",
                "name": "4.17.0-0.nightly-2024-12-14-123626"
              },
              {
                "id": "openshift-v4.17.0-0.nightly-2024-12-15-083313-nightly",
                "name": "4.17.0-0.nightly-2024-12-15-083313"
              },
              {
                "id": "openshift-v4.17.0-0.nightly-2024-12-17-233512-nightly",
                "name": "4.17.0-0.nightly-2024-12-17-233512"
              },
              {
                "id": "openshift-v4.17.0-0.nightly-2024-12-18-103013-nightly",
                "name": "4.17.0-0.nightly-2024-12-18-103013"
              },
              {
                "id": "openshift-v4.17.0-0.nightly-2024-12-18-203600-nightly",
                "name": "4.17.0-0.nightly-2024-12-18-203600"
              },
              {
                "id": "openshift-v4.17.0-0.nightly-2024-12-19-020614-nightly",
                "name": "4.17.0-0.nightly-2024-12-19-020614"
              },
              {
                "id": "openshift-v4.17.0-0.nightly-2024-12-19-075017-nightly",
                "name": "4.17.0-0.nightly-2024-12-19-075017"
              },
              {
                "id": "openshift-v4.17.0-0.nightly-2024-12-20-050618-nightly",
                "name": "4.17.0-0.nightly-2024-12-20-050618"
              },
              {
                "id": "openshift-v4.17.0-0.nightly-2024-12-20-140351-nightly",
                "name": "4.17.0-0.nightly-2024-12-20-140351"
              },
              {
                "id": "openshift-v4.17.0-0.nightly-2024-12-24-154128-nightly",
                "name": "4.17.0-0.nightly-2024-12-24-154128"
              },
              {
                "id": "openshift-v4.17.0-0.nightly-2024-12-25-125413-nightly",
                "name": "4.17.0-0.nightly-2024-12-25-125413"
              },
              {
                "id": "openshift-v4.17.0-0.nightly-2024-12-29-132610-nightly",
                "name": "4.17.0-0.nightly-2024-12-29-132610"
              },
              {
                "id": "openshift-v4.17.0-0.nightly-2024-12-31-045652-nightly",
                "name": "4.17.0-0.nightly-2024-12-31-045652"
              },
              {
                "id": "openshift-v4.17.0-0.nightly-2025-01-06-002646-nightly",
                "name": "4.17.0-0.nightly-2025-01-06-002646"
              },
              {
                "id": "openshift-v4.17.0-0.nightly-2025-01-06-223330-nightly",
                "name": "4.17.0-0.nightly-2025-01-06-223330"
              },
              {
                "id": "openshift-v4.17.0-0.nightly-2025-01-07-184837-nightly",
                "name": "4.17.0-0.nightly-2025-01-07-184837"
              },
              {
                "id": "openshift-v4.17.0-0.nightly-2025-01-08-020705-nightly",
                "name": "4.17.0-0.nightly-2025-01-08-020705"
              },
              {
                "id": "openshift-v4.17.0-0.nightly-2025-01-08-084832-nightly",
                "name": "4.17.0-0.nightly-2025-01-08-084832"
              },
              {
                "id": "openshift-v4.17.0-0.nightly-2025-01-08-151243-nightly",
                "name": "4.17.0-0.nightly-2025-01-08-151243"
              },
              {
                "id": "openshift-v4.17.0-0.nightly-2025-01-09-233940-nightly",
                "name": "4.17.0-0.nightly-2025-01-09-233940"
              },
              {
                "id": "openshift-v4.17.0-0.nightly-2025-01-10-080755-nightly",
                "name": "4.17.0-0.nightly-2025-01-10-080755"
              },
              {
                "id": "openshift-v4.17.0-0.nightly-2025-01-11-012032-nightly",
                "name": "4.17.0-0.nightly-2025-01-11-012032"
              },
              {
                "id": "openshift-v4.17.0-0.nightly-2025-01-11-095851-nightly",
                "name": "4.17.0-0.nightly-2025-01-11-095851"
              },
              {
                "id": "openshift-v4.17.0-0.nightly-2025-01-13-120007-nightly",
                "name": "4.17.0-0.nightly-2025-01-13-120007"
              },
              {
                "id": "openshift-v4.17.0-0.nightly-2025-01-15-090143-nightly",
                "name": "4.17.0-0.nightly-2025-01-15-090143"
              },
              {
                "id": "openshift-v4.17.0-0.nightly-2025-01-16-044942-nightly",
                "name": "4.17.0-0.nightly-2025-01-16-044942"
              },
              {
                "id": "openshift-v4.17.0-0.nightly-2025-01-16-122318-nightly",
                "name": "4.17.0-0.nightly-2025-01-16-122318"
              },
              {
                "id": "openshift-v4.17.0-0.nightly-2025-01-18-091252-nightly",
                "name": "4.17.0-0.nightly-2025-01-18-091252"
              },
              {
                "id": "openshift-v4.17.0-0.nightly-2025-01-21-114316-nightly",
                "name": "4.17.0-0.nightly-2025-01-21-114316"
              },
              {
                "id": "openshift-v4.17.0-0.nightly-2025-01-21-205102-nightly",
                "name": "4.17.0-0.nightly-2025-01-21-205102"
              },
              {
                "id": "openshift-v4.17.0-0.nightly-2025-01-22-042445-nightly",
                "name": "4.17.0-0.nightly-2025-01-22-042445"
              },
              {
                "id": "openshift-v4.17.0-0.nightly-2025-01-22-220916-nightly",
                "name": "4.17.0-0.nightly-2025-01-22-220916"
              },
              {
                "id": "openshift-v4.17.0-0.nightly-2025-01-23-144625-nightly",
                "name": "4.17.0-0.nightly-2025-01-23-144625"
              },
              {
                "id": "openshift-v4.17.0-0.nightly-2025-01-23-195955-nightly",
                "name": "4.17.0-0.nightly-2025-01-23-195955"
              },
              {
                "id": "openshift-v4.17.0-0.nightly-2025-01-24-075150-nightly",
                "name": "4.17.0-0.nightly-2025-01-24-075150"
              },
              {
                "id": "openshift-v4.17.0-0.nightly-2025-01-24-152236-nightly",
                "name": "4.17.0-0.nightly-2025-01-24-152236"
              },
              {
                "id": "openshift-v4.17.0-0.nightly-2025-01-24-201951-nightly",
                "name": "4.17.0-0.nightly-2025-01-24-201951"
              },
              {
                "id": "openshift-v4.17.0-0.nightly-2025-01-25-055503-nightly",
                "name": "4.17.0-0.nightly-2025-01-25-055503"
              },
              {
                "id": "openshift-v4.17.0-0.nightly-2025-01-27-185311-nightly",
                "name": "4.17.0-0.nightly-2025-01-27-185311"
              },
              {
                "id": "openshift-v4.17.0-0.nightly-2025-01-28-063009-nightly",
                "name": "4.17.0-0.nightly-2025-01-28-063009"
              },
              {
                "id": "openshift-v4.17.0-0.nightly-2025-01-28-121014-nightly",
                "name": "4.17.0-0.nightly-2025-01-28-121014"
              },
              {
                "id": "openshift-v4.17.0-0.nightly-2025-01-28-184542-nightly",
                "name": "4.17.0-0.nightly-2025-01-28-184542"
              },
              {
                "id": "openshift-v4.17.0-0.nightly-2025-01-29-024000-nightly",
                "name": "4.17.0-0.nightly-2025-01-29-024000"
              },
              {
                "id": "openshift-v4.17.0-0.nightly-2025-01-29-112329-nightly",
                "name": "4.17.0-0.nightly-2025-01-29-112329"
              },
              {
                "id": "openshift-v4.17.0-0.nightly-2025-01-30-033025-nightly",
                "name": "4.17.0-0.nightly-2025-01-30-033025"
              },
              {
                "id": "openshift-v4.17.0-0.nightly-2025-01-30-152726-nightly",
                "name": "4.17.0-0.nightly-2025-01-30-152726"
              },
              {
                "id": "openshift-v4.17.0-0.nightly-2025-01-30-211044-nightly",
                "name": "4.17.0-0.nightly-2025-01-30-211044"
              },
              {
                "id": "openshift-v4.17.0-0.nightly-2025-02-03-012711-nightly",
                "name": "4.17.0-0.nightly-2025-02-03-012711"
              },
              {
                "id": "openshift-v4.17.0-0.nightly-2025-02-03-154400-nightly",
                "name": "4.17.0-0.nightly-2025-02-03-154400"
              },
              {
                "id": "openshift-v4.17.0-0.nightly-2025-02-04-005258-nightly",
                "name": "4.17.0-0.nightly-2025-02-04-005258"
              },
              {
                "id": "openshift-v4.17.0-0.nightly-2025-02-04-060325-nightly",
                "name": "4.17.0-0.nightly-2025-02-04-060325"
              },
              {
                "id": "openshift-v4.17.0-0.nightly-2025-02-04-110926-nightly",
                "name": "4.17.0-0.nightly-2025-02-04-110926"
              },
              {
                "id": "openshift-v4.17.0-0.nightly-2025-02-04-215004-nightly",
                "name": "4.17.0-0.nightly-2025-02-04-215004"
              },
              {
                "id": "openshift-v4.17.0-0.nightly-2025-02-06-025210-nightly",
                "name": "4.17.0-0.nightly-2025-02-06-025210"
              },
              {
                "id": "openshift-v4.17.0-0.nightly-2025-02-06-212647-nightly",
                "name": "4.17.0-0.nightly-2025-02-06-212647"
              },
              {
                "id": "openshift-v4.17.0-0.nightly-2025-02-07-104052-nightly",
                "name": "4.17.0-0.nightly-2025-02-07-104052"
              },
              {
                "id": "openshift-v4.17.0-0.nightly-2025-02-07-225800-nightly",
                "name": "4.17.0-0.nightly-2025-02-07-225800"
              },
              {
                "id": "openshift-v4.17.0-0.nightly-2025-02-08-095745-nightly",
                "name": "4.17.0-0.nightly-2025-02-08-095745"
              },
              {
                "id": "openshift-v4.17.0-0.nightly-2025-02-10-022754-nightly",
                "name": "4.17.0-0.nightly-2025-02-10-022754"
              },
              {
                "id": "openshift-v4.17.0-0.nightly-2025-02-10-111233-nightly",
                "name": "4.17.0-0.nightly-2025-02-10-111233"
              },
              {
                "id": "openshift-v4.17.0-0.nightly-2025-02-10-183827-nightly",
                "name": "4.17.0-0.nightly-2025-02-10-183827"
              },
              {
                "id": "openshift-v4.17.0-0.nightly-2025-02-10-231828-nightly",
                "name": "4.17.0-0.nightly-2025-02-10-231828"
              },
              {
                "id": "openshift-v4.17.0-0.nightly-2025-02-11-063535-nightly",
                "name": "4.17.0-0.nightly-2025-02-11-063535"
              },
              {
                "id": "openshift-v4.17.0-0.nightly-2025-02-11-131208-nightly",
                "name": "4.17.0-0.nightly-2025-02-11-131208"
              },
              {
                "id": "openshift-v4.17.0-0.nightly-2025-02-12-115742-nightly",
                "name": "4.17.0-0.nightly-2025-02-12-115742"
              },
              {
                "id": "openshift-v4.17.0-0.nightly-2025-02-13-204319-nightly",
                "name": "4.17.0-0.nightly-2025-02-13-204319"
              },
              {
                "id": "openshift-v4.17.0-0.nightly-2025-02-14-131010-nightly",
                "name": "4.17.0-0.nightly-2025-02-14-131010"
              },
              {
                "id": "openshift-v4.17.0-0.nightly-2025-02-14-194954-nightly",
                "name": "4.17.0-0.nightly-2025-02-14-194954"
              },
              {
                "id": "openshift-v4.17.0-0.nightly-2025-02-17-210708-nightly",
                "name": "4.17.0-0.nightly-2025-02-17-210708"
              },
              {
                "id": "openshift-v4.17.0-0.nightly-2025-02-18-030423-nightly",
                "name": "4.17.0-0.nightly-2025-02-18-030423"
              },
              {
                "id": "openshift-v4.17.0-0.nightly-2025-02-18-113511-nightly",
                "name": "4.17.0-0.nightly-2025-02-18-113511"
              },
              {
                "id": "openshift-v4.17.0-0.nightly-2025-02-18-172117-nightly",
                "name": "4.17.0-0.nightly-2025-02-18-172117"
              },
              {
                "id": "openshift-v4.17.0-0.nightly-2025-02-18-235449-nightly",
                "name": "4.17.0-0.nightly-2025-02-18-235449"
              },
              {
                "id": "openshift-v4.17.0-0.nightly-2025-02-19-071053-nightly",
                "name": "4.17.0-0.nightly-2025-02-19-071053"
              },
              {
                "id": "openshift-v4.17.0-0.nightly-2025-02-19-141039-nightly",
                "name": "4.17.0-0.nightly-2025-02-19-141039"
              },
              {
                "id": "openshift-v4.17.0-0.nightly-2025-02-19-212838-nightly",
                "name": "4.17.0-0.nightly-2025-02-19-212838"
              },
              {
                "id": "openshift-v4.17.0-0.nightly-2025-02-20-042743-nightly",
                "name": "4.17.0-0.nightly-2025-02-20-042743"
              },
              {
                "id": "openshift-v4.17.0-0.nightly-2025-02-20-154947-nightly",
                "name": "4.17.0-0.nightly-2025-02-20-154947"
              },
              {
                "id": "openshift-v4.17.0-0.nightly-2025-02-25-183236-nightly",
                "name": "4.17.0-0.nightly-2025-02-25-183236"
              },
              {
                "id": "openshift-v4.17.0-0.nightly-2025-02-26-033924-nightly",
                "name": "4.17.0-0.nightly-2025-02-26-033924"
              },
              {
                "id": "openshift-v4.17.0-0.nightly-2025-02-27-042819-nightly",
                "name": "4.17.0-0.nightly-2025-02-27-042819"
              },
              {
                "id": "openshift-v4.17.0-0.nightly-2025-02-27-165006-nightly",
                "name": "4.17.0-0.nightly-2025-02-27-165006"
              },
              {
                "id": "openshift-v4.17.0-0.nightly-2025-02-28-011918-nightly",
                "name": "4.17.0-0.nightly-2025-02-28-011918"
              },
              {
                "id": "openshift-v4.17.0-0.nightly-2025-02-28-145158-nightly",
                "name": "4.17.0-0.nightly-2025-02-28-145158"
              },
              {
                "id": "openshift-v4.17.0-0.nightly-2025-03-03-112158-nightly",
                "name": "4.17.0-0.nightly-2025-03-03-112158"
              },
              {
                "id": "openshift-v4.17.0-0.nightly-2025-03-03-164403-nightly",
                "name": "4.17.0-0.nightly-2025-03-03-164403"
              },
              {
                "id": "openshift-v4.17.0-0.nightly-2025-03-03-235758-nightly",
                "name": "4.17.0-0.nightly-2025-03-03-235758"
              },
              {
                "id": "openshift-v4.17.0-0.nightly-2025-03-04-102314-nightly",
                "name": "4.17.0-0.nightly-2025-03-04-102314"
              },
              {
                "id": "openshift-v4.17.0-0.nightly-2025-03-04-163657-nightly",
                "name": "4.17.0-0.nightly-2025-03-04-163657"
              },
              {
                "id": "openshift-v4.17.0-0.nightly-2025-03-04-220645-nightly",
                "name": "4.17.0-0.nightly-2025-03-04-220645"
              },
              {
                "id": "openshift-v4.17.0-0.nightly-2025-03-05-105344-nightly",
                "name": "4.17.0-0.nightly-2025-03-05-105344"
              },
              {
                "id": "openshift-v4.17.0-0.nightly-2025-03-05-204715-nightly",
                "name": "4.17.0-0.nightly-2025-03-05-204715"
              },
              {
                "id": "openshift-v4.17.0-0.nightly-2025-03-06-020803-nightly",
                "name": "4.17.0-0.nightly-2025-03-06-020803"
              },
              {
                "id": "openshift-v4.17.0-0.nightly-2025-03-06-073715-nightly",
                "name": "4.17.0-0.nightly-2025-03-06-073715"
              },
              {
                "id": "openshift-v4.17.0-0.nightly-2025-03-06-162750-nightly",
                "name": "4.17.0-0.nightly-2025-03-06-162750"
              },
              {
                "id": "openshift-v4.17.0-0.nightly-2025-03-07-181428-nightly",
                "name": "4.17.0-0.nightly-2025-03-07-181428"
              },
              {
                "id": "openshift-v4.17.0-0.nightly-2025-03-11-070109-nightly",
                "name": "4.17.0-0.nightly-2025-03-11-070109"
              },
              {
                "id": "openshift-v4.17.0-0.nightly-2025-03-12-032924-nightly",
                "name": "4.17.0-0.nightly-2025-03-12-032924"
              },
              {
                "id": "openshift-v4.17.0-0.nightly-2025-03-12-144019-nightly",
                "name": "4.17.0-0.nightly-2025-03-12-144019"
              },
              {
                "id": "openshift-v4.17.0-0.nightly-2025-03-13-080231-nightly",
                "name": "4.17.0-0.nightly-2025-03-13-080231"
              },
              {
                "id": "openshift-v4.17.0-0.nightly-2025-03-13-200017-nightly",
                "name": "4.17.0-0.nightly-2025-03-13-200017"
              },
              {
                "id": "openshift-v4.17.0-0.nightly-2025-03-14-231808-nightly",
                "name": "4.17.0-0.nightly-2025-03-14-231808"
              },
              {
                "id": "openshift-v4.17.0-0.nightly-2025-03-18-042532-nightly",
                "name": "4.17.0-0.nightly-2025-03-18-042532"
              },
              {
                "id": "openshift-v4.17.0-0.nightly-2025-03-19-011606-nightly",
                "name": "4.17.0-0.nightly-2025-03-19-011606"
              },
              {
                "id": "openshift-v4.17.0-0.nightly-2025-03-19-092338-nightly",
                "name": "4.17.0-0.nightly-2025-03-19-092338"
              },
              {
                "id": "openshift-v4.17.0-0.nightly-2025-03-19-173101-nightly",
                "name": "4.17.0-0.nightly-2025-03-19-173101"
              },
              {
                "id": "openshift-v4.17.0-0.nightly-2025-03-20-131048-nightly",
                "name": "4.17.0-0.nightly-2025-03-20-131048"
              },
              {
                "id": "openshift-v4.17.0-0.nightly-2025-03-21-090358-nightly",
                "name": "4.17.0-0.nightly-2025-03-21-090358"
              },
              {
                "id": "openshift-v4.17.0-0.nightly-2025-03-21-203905-nightly",
                "name": "4.17.0-0.nightly-2025-03-21-203905"
              },
              {
                "id": "openshift-v4.17.0-0.nightly-2025-03-24-111840-nightly",
                "name": "4.17.0-0.nightly-2025-03-24-111840"
              },
              {
                "id": "openshift-v4.17.0-0.nightly-2025-03-24-205838-nightly",
                "name": "4.17.0-0.nightly-2025-03-24-205838"
              },
              {
                "id": "openshift-v4.17.0-0.nightly-2025-03-25-042249-nightly",
                "name": "4.17.0-0.nightly-2025-03-25-042249"
              },
              {
                "id": "openshift-v4.17.0-0.nightly-2025-03-25-144644-nightly",
                "name": "4.17.0-0.nightly-2025-03-25-144644"
              },
              {
                "id": "openshift-v4.17.0-0.nightly-2025-03-25-193230-nightly",
                "name": "4.17.0-0.nightly-2025-03-25-193230"
              },
              {
                "id": "openshift-v4.17.0-0.nightly-2025-03-26-033945-nightly",
                "name": "4.17.0-0.nightly-2025-03-26-033945"
              },
              {
                "id": "openshift-v4.17.0-0.nightly-2025-03-28-044550-nightly",
                "name": "4.17.0-0.nightly-2025-03-28-044550"
              },
              {
                "id": "openshift-v4.17.0-0.nightly-2025-03-28-210117-nightly",
                "name": "4.17.0-0.nightly-2025-03-28-210117"
              },
              {
                "id": "openshift-v4.17.0-0.nightly-2025-03-29-020658-nightly",
                "name": "4.17.0-0.nightly-2025-03-29-020658"
              },
              {
                "id": "openshift-v4.17.0-0.nightly-2025-03-29-075925-nightly",
                "name": "4.17.0-0.nightly-2025-03-29-075925"
              },
              {
                "id": "openshift-v4.17.0-0.nightly-2025-03-30-095330-nightly",
                "name": "4.17.0-0.nightly-2025-03-30-095330"
              },
              {
                "id": "openshift-v4.17.0-0.nightly-2025-03-31-031120-nightly",
                "name": "4.17.0-0.nightly-2025-03-31-031120"
              },
              {
                "id": "openshift-v4.17.0-0.nightly-2025-03-31-121343-nightly",
                "name": "4.17.0-0.nightly-2025-03-31-121343"
              },
              {
                "id": "openshift-v4.17.0-0.nightly-2025-03-31-222429-nightly",
                "name": "4.17.0-0.nightly-2025-03-31-222429"
              },
              {
                "id": "openshift-v4.17.0-0.nightly-2025-04-01-083541-nightly",
                "name": "4.17.0-0.nightly-2025-04-01-083541"
              },
              {
                "id": "openshift-v4.17.0-0.nightly-2025-04-03-204753-nightly",
                "name": "4.17.0-0.nightly-2025-04-03-204753"
              },
              {
                "id": "openshift-v4.17.0-0.nightly-2025-04-07-174938-nightly",
                "name": "4.17.0-0.nightly-2025-04-07-174938"
              },
              {
                "id": "openshift-v4.17.0-0.nightly-2025-04-08-114550-nightly",
                "name": "4.17.0-0.nightly-2025-04-08-114550"
              },
              {
                "id": "openshift-v4.17.0-0.nightly-2025-04-08-171307-nightly",
                "name": "4.17.0-0.nightly-2025-04-08-171307"
              },
              {
                "id": "openshift-v4.17.0-0.nightly-2025-04-09-221631-nightly",
                "name": "4.17.0-0.nightly-2025-04-09-221631"
              },
              {
                "id": "openshift-v4.17.0-0.nightly-2025-04-10-082016-nightly",
                "name": "4.17.0-0.nightly-2025-04-10-082016"
              },
              {
                "id": "openshift-v4.17.0-0.nightly-2025-04-10-160317-nightly",
                "name": "4.17.0-0.nightly-2025-04-10-160317"
              },
              {
                "id": "openshift-v4.17.0-0.nightly-2025-04-11-034714-nightly",
                "name": "4.17.0-0.nightly-2025-04-11-034714"
              },
              {
                "id": "openshift-v4.17.0-0.nightly-2025-04-11-095135-nightly",
                "name": "4.17.0-0.nightly-2025-04-11-095135"
              },
              {
                "id": "openshift-v4.17.0-0.nightly-2025-04-11-143040-nightly",
                "name": "4.17.0-0.nightly-2025-04-11-143040"
              },
              {
                "id": "openshift-v4.17.0-0.nightly-2025-04-11-221631-nightly",
                "name": "4.17.0-0.nightly-2025-04-11-221631"
              },
              {
                "id": "openshift-v4.17.0-0.nightly-2025-04-14-053111-nightly",
                "name": "4.17.0-0.nightly-2025-04-14-053111"
              },
              {
                "id": "openshift-v4.17.0-0.nightly-2025-04-24-112655-nightly",
                "name": "4.17.0-0.nightly-2025-04-24-112655"
              },
              {
                "id": "openshift-v4.17.0-0.nightly-2025-04-24-194030-nightly",
                "name": "4.17.0-0.nightly-2025-04-24-194030"
              },
              {
                "id": "openshift-v4.17.0-0.nightly-2025-04-26-033346-nightly",
                "name": "4.17.0-0.nightly-2025-04-26-033346"
              },
              {
                "id": "openshift-v4.17.0-0.nightly-2025-04-29-045546-nightly",
                "name": "4.17.0-0.nightly-2025-04-29-045546"
              },
              {
                "id": "openshift-v4.17.0-0.nightly-2025-04-30-005301-nightly",
                "name": "4.17.0-0.nightly-2025-04-30-005301"
              },
              {
                "id": "openshift-v4.17.0-candidate",
                "name": "4.17.0"
              },
              {
                "id": "openshift-v4.17.0-ec.0-candidate",
                "name": "4.17.0-ec.0"
              },
              {
                "id": "openshift-v4.17.0-ec.1-candidate",
                "name": "4.17.0-ec.1"
              },
              {
                "id": "openshift-v4.17.0-ec.2-candidate",
                "name": "4.17.0-ec.2"
              },
              {
                "id": "openshift-v4.17.0-ec.3-candidate",
                "name": "4.17.0-ec.3"
              },
              {
                "id": "openshift-v4.17.0-fast",
                "name": "4.17.0"
              },
              {
                "id": "openshift-v4.17.0-rc.0-candidate",
                "name": "4.17.0-rc.0"
              },
              {
                "id": "openshift-v4.17.0-rc.1-candidate",
                "name": "4.17.0-rc.1"
              },
              {
                "id": "openshift-v4.17.0-rc.2-candidate",
                "name": "4.17.0-rc.2"
              },
              {
                "id": "openshift-v4.17.0-rc.3-candidate",
                "name": "4.17.0-rc.3"
              },
              {
                "id": "openshift-v4.17.0-rc.5-candidate",
                "name": "4.17.0-rc.5"
              },
              {
                "id": "openshift-v4.17.0-rc.6-candidate",
                "name": "4.17.0-rc.6"
              },
              {
                "id": "openshift-v4.17.1",
                "name": "4.17.1"
              },
              {
                "id": "openshift-v4.17.10",
                "name": "4.17.10"
              },
              {
                "id": "openshift-v4.17.10-candidate",
                "name": "4.17.10"
              },
              {
                "id": "openshift-v4.17.10-fast",
                "name": "4.17.10"
              },
              {
                "id": "openshift-v4.17.11",
                "name": "4.17.11"
              },
              {
                "id": "openshift-v4.17.11-candidate",
                "name": "4.17.11"
              },
              {
                "id": "openshift-v4.17.11-fast",
                "name": "4.17.11"
              },
              {
                "id": "openshift-v4.17.12",
                "name": "4.17.12"
              },
              {
                "id": "openshift-v4.17.12-candidate",
                "name": "4.17.12"
              },
              {
                "id": "openshift-v4.17.12-fast",
                "name": "4.17.12"
              },
              {
                "id": "openshift-v4.17.13-candidate",
                "name": "4.17.13"
              },
              {
                "id": "openshift-v4.17.14",
                "name": "4.17.14"
              },
              {
                "id": "openshift-v4.17.14-candidate",
                "name": "4.17.14"
              },
              {
                "id": "openshift-v4.17.14-fast",
                "name": "4.17.14"
              },
              {
                "id": "openshift-v4.17.15",
                "name": "4.17.15"
              },
              {
                "id": "openshift-v4.17.15-candidate",
                "name": "4.17.15"
              },
              {
                "id": "openshift-v4.17.15-fast",
                "name": "4.17.15"
              },
              {
                "id": "openshift-v4.17.16",
                "name": "4.17.16"
              },
              {
                "id": "openshift-v4.17.16-candidate",
                "name": "4.17.16"
              },
              {
                "id": "openshift-v4.17.16-fast",
                "name": "4.17.16"
              },
              {
                "id": "openshift-v4.17.17",
                "name": "4.17.17"
              },
              {
                "id": "openshift-v4.17.17-candidate",
                "name": "4.17.17"
              },
              {
                "id": "openshift-v4.17.17-fast",
                "name": "4.17.17"
              },
              {
                "id": "openshift-v4.17.18",
                "name": "4.17.18"
              },
              {
                "id": "openshift-v4.17.18-candidate",
                "name": "4.17.18"
              },
              {
                "id": "openshift-v4.17.18-fast",
                "name": "4.17.18"
              },
              {
                "id": "openshift-v4.17.19",
                "name": "4.17.19"
              },
              {
                "id": "openshift-v4.17.19-candidate",
                "name": "4.17.19"
              },
              {
                "id": "openshift-v4.17.19-fast",
                "name": "4.17.19"
              },
              {
                "id": "openshift-v4.17.1-candidate",
                "name": "4.17.1"
              },
              {
                "id": "openshift-v4.17.1-fast",
                "name": "4.17.1"
              },
              {
                "id": "openshift-v4.17.2",
                "name": "4.17.2"
              },
              {
                "id": "openshift-v4.17.20",
                "name": "4.17.20"
              },
              {
                "id": "openshift-v4.17.20-candidate",
                "name": "4.17.20"
              },
              {
                "id": "openshift-v4.17.20-fast",
                "name": "4.17.20"
              },
              {
                "id": "openshift-v4.17.21",
                "name": "4.17.21"
              },
              {
                "id": "openshift-v4.17.21-candidate",
                "name": "4.17.21"
              },
              {
                "id": "openshift-v4.17.21-fast",
                "name": "4.17.21"
              },
              {
                "id": "openshift-v4.17.22",
                "name": "4.17.22"
              },
              {
                "id": "openshift-v4.17.22-candidate",
                "name": "4.17.22"
              },
              {
                "id": "openshift-v4.17.22-fast",
                "name": "4.17.22"
              },
              {
                "id": "openshift-v4.17.23",
                "name": "4.17.23"
              },
              {
                "id": "openshift-v4.17.23-candidate",
                "name": "4.17.23"
              },
              {
                "id": "openshift-v4.17.23-fast",
                "name": "4.17.23"
              },
              {
                "id": "openshift-v4.17.24",
                "name": "4.17.24"
              },
              {
                "id": "openshift-v4.17.24-candidate",
                "name": "4.17.24"
              },
              {
                "id": "openshift-v4.17.24-fast",
                "name": "4.17.24"
              },
              {
                "id": "openshift-v4.17.25",
                "name": "4.17.25"
              },
              {
                "id": "openshift-v4.17.25-candidate",
                "name": "4.17.25"
              },
              {
                "id": "openshift-v4.17.25-fast",
                "name": "4.17.25"
              },
              {
                "id": "openshift-v4.17.26-candidate",
                "name": "4.17.26"
              },
              {
                "id": "openshift-v4.17.26-fast",
                "name": "4.17.26"
              },
              {
                "id": "openshift-v4.17.27-candidate",
                "name": "4.17.27"
              },
              {
                "id": "openshift-v4.17.27-fast",
                "name": "4.17.27"
              },
              {
                "id": "openshift-v4.17.2-candidate",
                "name": "4.17.2"
              },
              {
                "id": "openshift-v4.17.2-fast",
                "name": "4.17.2"
              },
              {
                "id": "openshift-v4.17.3",
                "name": "4.17.3"
              },
              {
                "id": "openshift-v4.17.3-candidate",
                "name": "4.17.3"
              },
              {
                "id": "openshift-v4.17.3-fast",
                "name": "4.17.3"
              },
              {
                "id": "openshift-v4.17.4",
                "name": "4.17.4"
              },
              {
                "id": "openshift-v4.17.4-candidate",
                "name": "4.17.4"
              },
              {
                "id": "openshift-v4.17.4-fast",
                "name": "4.17.4"
              },
              {
                "id": "openshift-v4.17.5",
                "name": "4.17.5"
              },
              {
                "id": "openshift-v4.17.5-candidate",
                "name": "4.17.5"
              },
              {
                "id": "openshift-v4.17.5-fast",
                "name": "4.17.5"
              },
              {
                "id": "openshift-v4.17.6",
                "name": "4.17.6"
              },
              {
                "id": "openshift-v4.17.6-candidate",
                "name": "4.17.6"
              },
              {
                "id": "openshift-v4.17.6-fast",
                "name": "4.17.6"
              },
              {
                "id": "openshift-v4.17.7",
                "name": "4.17.7"
              },
              {
                "id": "openshift-v4.17.7-candidate",
                "name": "4.17.7"
              },
              {
                "id": "openshift-v4.17.7-fast",
                "name": "4.17.7"
              },
              {
                "id": "openshift-v4.17.8",
                "name": "4.17.8"
              },
              {
                "id": "openshift-v4.17.8-candidate",
                "name": "4.17.8"
              },
              {
                "id": "openshift-v4.17.8-fast",
                "name": "4.17.8"
              },
              {
                "id": "openshift-v4.17.9",
                "name": "4.17.9"
              },
              {
                "id": "openshift-v4.17.9-candidate",
                "name": "4.17.9"
              },
              {
                "id": "openshift-v4.17.9-fast",
                "name": "4.17.9"
              },
              {
                "id": "openshift-v4.18.0-0.nightly-2024-08-01-000047-nightly",
                "name": "4.18.0-0.nightly-2024-08-01-000047"
              },
              {
                "id": "openshift-v4.18.0-0.nightly-2024-08-01-095835-nightly",
                "name": "4.18.0-0.nightly-2024-08-01-095835"
              },
              {
                "id": "openshift-v4.18.0-0.nightly-2024-08-01-153839-nightly",
                "name": "4.18.0-0.nightly-2024-08-01-153839"
              },
              {
                "id": "openshift-v4.18.0-0.nightly-2024-08-02-013835-nightly",
                "name": "4.18.0-0.nightly-2024-08-02-013835"
              },
              {
                "id": "openshift-v4.18.0-0.nightly-2024-08-02-061755-nightly",
                "name": "4.18.0-0.nightly-2024-08-02-061755"
              },
              {
                "id": "openshift-v4.18.0-0.nightly-2024-08-02-191741-nightly",
                "name": "4.18.0-0.nightly-2024-08-02-191741"
              },
              {
                "id": "openshift-v4.18.0-0.nightly-2024-08-03-075003-nightly",
                "name": "4.18.0-0.nightly-2024-08-03-075003"
              },
              {
                "id": "openshift-v4.18.0-0.nightly-2024-08-03-152530-nightly",
                "name": "4.18.0-0.nightly-2024-08-03-152530"
              },
              {
                "id": "openshift-v4.18.0-0.nightly-2024-08-04-033208-nightly",
                "name": "4.18.0-0.nightly-2024-08-04-033208"
              },
              {
                "id": "openshift-v4.18.0-0.nightly-2024-08-05-221239-nightly",
                "name": "4.18.0-0.nightly-2024-08-05-221239"
              },
              {
                "id": "openshift-v4.18.0-0.nightly-2024-08-06-034437-nightly",
                "name": "4.18.0-0.nightly-2024-08-06-034437"
              },
              {
                "id": "openshift-v4.18.0-0.nightly-2024-08-06-095305-nightly",
                "name": "4.18.0-0.nightly-2024-08-06-095305"
              },
              {
                "id": "openshift-v4.18.0-0.nightly-2024-08-07-060312-nightly",
                "name": "4.18.0-0.nightly-2024-08-07-060312"
              },
              {
                "id": "openshift-v4.18.0-0.nightly-2024-08-07-103245-nightly",
                "name": "4.18.0-0.nightly-2024-08-07-103245"
              },
              {
                "id": "openshift-v4.18.0-0.nightly-2024-08-08-101950-nightly",
                "name": "4.18.0-0.nightly-2024-08-08-101950"
              },
              {
                "id": "openshift-v4.18.0-0.nightly-2024-08-08-143719-nightly",
                "name": "4.18.0-0.nightly-2024-08-08-143719"
              },
              {
                "id": "openshift-v4.18.0-0.nightly-2024-08-08-193124-nightly",
                "name": "4.18.0-0.nightly-2024-08-08-193124"
              },
              {
                "id": "openshift-v4.18.0-0.nightly-2024-08-15-124426-nightly",
                "name": "4.18.0-0.nightly-2024-08-15-124426"
              },
              {
                "id": "openshift-v4.18.0-0.nightly-2024-08-15-210559-nightly",
                "name": "4.18.0-0.nightly-2024-08-15-210559"
              },
              {
                "id": "openshift-v4.18.0-0.nightly-2024-08-16-040918-nightly",
                "name": "4.18.0-0.nightly-2024-08-16-040918"
              },
              {
                "id": "openshift-v4.18.0-0.nightly-2024-08-17-003115-nightly",
                "name": "4.18.0-0.nightly-2024-08-17-003115"
              },
              {
                "id": "openshift-v4.18.0-0.nightly-2024-08-17-050635-nightly",
                "name": "4.18.0-0.nightly-2024-08-17-050635"
              },
              {
                "id": "openshift-v4.18.0-0.nightly-2024-08-17-160051-nightly",
                "name": "4.18.0-0.nightly-2024-08-17-160051"
              },
              {
                "id": "openshift-v4.18.0-0.nightly-2024-08-17-234559-nightly",
                "name": "4.18.0-0.nightly-2024-08-17-234559"
              },
              {
                "id": "openshift-v4.18.0-0.nightly-2024-08-18-185553-nightly",
                "name": "4.18.0-0.nightly-2024-08-18-185553"
              },
              {
                "id": "openshift-v4.18.0-0.nightly-2024-08-19-002129-nightly",
                "name": "4.18.0-0.nightly-2024-08-19-002129"
              },
              {
                "id": "openshift-v4.18.0-0.nightly-2024-08-27-051932-nightly",
                "name": "4.18.0-0.nightly-2024-08-27-051932"
              },
              {
                "id": "openshift-v4.18.0-0.nightly-2024-08-27-195306-nightly",
                "name": "4.18.0-0.nightly-2024-08-27-195306"
              },
              {
                "id": "openshift-v4.18.0-0.nightly-2024-08-28-140146-nightly",
                "name": "4.18.0-0.nightly-2024-08-28-140146"
              },
              {
                "id": "openshift-v4.18.0-0.nightly-2024-08-30-231249-nightly",
                "name": "4.18.0-0.nightly-2024-08-30-231249"
              },
              {
                "id": "openshift-v4.18.0-0.nightly-2024-09-01-180258-nightly",
                "name": "4.18.0-0.nightly-2024-09-01-180258"
              },
              {
                "id": "openshift-v4.18.0-0.nightly-2024-09-02-153509-nightly",
                "name": "4.18.0-0.nightly-2024-09-02-153509"
              },
              {
                "id": "openshift-v4.18.0-0.nightly-2024-09-03-081737-nightly",
                "name": "4.18.0-0.nightly-2024-09-03-081737"
              },
              {
                "id": "openshift-v4.18.0-0.nightly-2024-09-04-215619-nightly",
                "name": "4.18.0-0.nightly-2024-09-04-215619"
              },
              {
                "id": "openshift-v4.18.0-0.nightly-2024-09-05-074525-nightly",
                "name": "4.18.0-0.nightly-2024-09-05-074525"
              },
              {
                "id": "openshift-v4.18.0-0.nightly-2024-09-06-033200-nightly",
                "name": "4.18.0-0.nightly-2024-09-06-033200"
              },
              {
                "id": "openshift-v4.18.0-0.nightly-2024-09-06-090054-nightly",
                "name": "4.18.0-0.nightly-2024-09-06-090054"
              },
              {
                "id": "openshift-v4.18.0-0.nightly-2024-09-06-134534-nightly",
                "name": "4.18.0-0.nightly-2024-09-06-134534"
              },
              {
                "id": "openshift-v4.18.0-0.nightly-2024-09-07-012517-nightly",
                "name": "4.18.0-0.nightly-2024-09-07-012517"
              },
              {
                "id": "openshift-v4.18.0-0.nightly-2024-09-07-060205-nightly",
                "name": "4.18.0-0.nightly-2024-09-07-060205"
              },
              {
                "id": "openshift-v4.18.0-0.nightly-2024-09-07-104604-nightly",
                "name": "4.18.0-0.nightly-2024-09-07-104604"
              },
              {
                "id": "openshift-v4.18.0-0.nightly-2024-09-07-161240-nightly",
                "name": "4.18.0-0.nightly-2024-09-07-161240"
              },
              {
                "id": "openshift-v4.18.0-0.nightly-2024-09-08-031702-nightly",
                "name": "4.18.0-0.nightly-2024-09-08-031702"
              },
              {
                "id": "openshift-v4.18.0-0.nightly-2024-09-08-083129-nightly",
                "name": "4.18.0-0.nightly-2024-09-08-083129"
              },
              {
                "id": "openshift-v4.18.0-0.nightly-2024-09-08-130531-nightly",
                "name": "4.18.0-0.nightly-2024-09-08-130531"
              },
              {
                "id": "openshift-v4.18.0-0.nightly-2024-09-09-150616-nightly",
                "name": "4.18.0-0.nightly-2024-09-09-150616"
              },
              {
                "id": "openshift-v4.18.0-0.nightly-2024-09-10-081100-nightly",
                "name": "4.18.0-0.nightly-2024-09-10-081100"
              },
              {
                "id": "openshift-v4.18.0-0.nightly-2024-09-10-133647-nightly",
                "name": "4.18.0-0.nightly-2024-09-10-133647"
              },
              {
                "id": "openshift-v4.18.0-0.nightly-2024-09-10-184137-nightly",
                "name": "4.18.0-0.nightly-2024-09-10-184137"
              },
              {
                "id": "openshift-v4.18.0-0.nightly-2024-09-11-105642-nightly",
                "name": "4.18.0-0.nightly-2024-09-11-105642"
              },
              {
                "id": "openshift-v4.18.0-0.nightly-2024-09-11-221444-nightly",
                "name": "4.18.0-0.nightly-2024-09-11-221444"
              },
              {
                "id": "openshift-v4.18.0-0.nightly-2024-09-12-023938-nightly",
                "name": "4.18.0-0.nightly-2024-09-12-023938"
              },
              {
                "id": "openshift-v4.18.0-0.nightly-2024-09-12-073027-nightly",
                "name": "4.18.0-0.nightly-2024-09-12-073027"
              },
              {
                "id": "openshift-v4.18.0-0.nightly-2024-09-15-160838-nightly",
                "name": "4.18.0-0.nightly-2024-09-15-160838"
              },
              {
                "id": "openshift-v4.18.0-0.nightly-2024-09-16-223001-nightly",
                "name": "4.18.0-0.nightly-2024-09-16-223001"
              },
              {
                "id": "openshift-v4.18.0-0.nightly-2024-09-17-060032-nightly",
                "name": "4.18.0-0.nightly-2024-09-17-060032"
              },
              {
                "id": "openshift-v4.18.0-0.nightly-2024-09-18-000823-nightly",
                "name": "4.18.0-0.nightly-2024-09-18-000823"
              },
              {
                "id": "openshift-v4.18.0-0.nightly-2024-09-19-160803-nightly",
                "name": "4.18.0-0.nightly-2024-09-19-160803"
              },
              {
                "id": "openshift-v4.18.0-0.nightly-2024-09-20-121311-nightly",
                "name": "4.18.0-0.nightly-2024-09-20-121311"
              },
              {
                "id": "openshift-v4.18.0-0.nightly-2024-09-20-195904-nightly",
                "name": "4.18.0-0.nightly-2024-09-20-195904"
              },
              {
                "id": "openshift-v4.18.0-0.nightly-2024-09-22-173952-nightly",
                "name": "4.18.0-0.nightly-2024-09-22-173952"
              },
              {
                "id": "openshift-v4.18.0-0.nightly-2024-09-23-182657-nightly",
                "name": "4.18.0-0.nightly-2024-09-23-182657"
              },
              {
                "id": "openshift-v4.18.0-0.nightly-2024-09-27-114528-nightly",
                "name": "4.18.0-0.nightly-2024-09-27-114528"
              },
              {
                "id": "openshift-v4.18.0-0.nightly-2024-09-27-212707-nightly",
                "name": "4.18.0-0.nightly-2024-09-27-212707"
              },
              {
                "id": "openshift-v4.18.0-0.nightly-2024-09-29-150556-nightly",
                "name": "4.18.0-0.nightly-2024-09-29-150556"
              },
              {
                "id": "openshift-v4.18.0-0.nightly-2024-09-29-222603-nightly",
                "name": "4.18.0-0.nightly-2024-09-29-222603"
              },
              {
                "id": "openshift-v4.18.0-0.nightly-2024-09-30-051028-nightly",
                "name": "4.18.0-0.nightly-2024-09-30-051028"
              },
              {
                "id": "openshift-v4.18.0-0.nightly-2024-09-30-101206-nightly",
                "name": "4.18.0-0.nightly-2024-09-30-101206"
              },
              {
                "id": "openshift-v4.18.0-0.nightly-2024-09-30-161817-nightly",
                "name": "4.18.0-0.nightly-2024-09-30-161817"
              },
              {
                "id": "openshift-v4.18.0-0.nightly-2024-10-01-015914-nightly",
                "name": "4.18.0-0.nightly-2024-10-01-015914"
              },
              {
                "id": "openshift-v4.18.0-0.nightly-2024-10-01-062804-nightly",
                "name": "4.18.0-0.nightly-2024-10-01-062804"
              },
              {
                "id": "openshift-v4.18.0-0.nightly-2024-10-01-105852-nightly",
                "name": "4.18.0-0.nightly-2024-10-01-105852"
              },
              {
                "id": "openshift-v4.18.0-0.nightly-2024-10-01-234940-nightly",
                "name": "4.18.0-0.nightly-2024-10-01-234940"
              },
              {
                "id": "openshift-v4.18.0-0.nightly-2024-10-02-081004-nightly",
                "name": "4.18.0-0.nightly-2024-10-02-081004"
              },
              {
                "id": "openshift-v4.18.0-0.nightly-2024-10-02-125103-nightly",
                "name": "4.18.0-0.nightly-2024-10-02-125103"
              },
              {
                "id": "openshift-v4.18.0-0.nightly-2024-10-02-210228-nightly",
                "name": "4.18.0-0.nightly-2024-10-02-210228"
              },
              {
                "id": "openshift-v4.18.0-0.nightly-2024-10-04-043352-nightly",
                "name": "4.18.0-0.nightly-2024-10-04-043352"
              },
              {
                "id": "openshift-v4.18.0-0.nightly-2024-10-04-131200-nightly",
                "name": "4.18.0-0.nightly-2024-10-04-131200"
              },
              {
                "id": "openshift-v4.18.0-0.nightly-2024-10-04-210838-nightly",
                "name": "4.18.0-0.nightly-2024-10-04-210838"
              },
              {
                "id": "openshift-v4.18.0-0.nightly-2024-10-05-073159-nightly",
                "name": "4.18.0-0.nightly-2024-10-05-073159"
              },
              {
                "id": "openshift-v4.18.0-0.nightly-2024-10-05-124648-nightly",
                "name": "4.18.0-0.nightly-2024-10-05-124648"
              },
              {
                "id": "openshift-v4.18.0-0.nightly-2024-10-06-053552-nightly",
                "name": "4.18.0-0.nightly-2024-10-06-053552"
              },
              {
                "id": "openshift-v4.18.0-0.nightly-2024-10-06-174104-nightly",
                "name": "4.18.0-0.nightly-2024-10-06-174104"
              },
              {
                "id": "openshift-v4.18.0-0.nightly-2024-10-06-223232-nightly",
                "name": "4.18.0-0.nightly-2024-10-06-223232"
              },
              {
                "id": "openshift-v4.18.0-0.nightly-2024-10-07-200953-nightly",
                "name": "4.18.0-0.nightly-2024-10-07-200953"
              },
              {
                "id": "openshift-v4.18.0-0.nightly-2024-10-08-033830-nightly",
                "name": "4.18.0-0.nightly-2024-10-08-033830"
              },
              {
                "id": "openshift-v4.18.0-0.nightly-2024-10-08-075347-nightly",
                "name": "4.18.0-0.nightly-2024-10-08-075347"
              },
              {
                "id": "openshift-v4.18.0-0.nightly-2024-10-10-084911-nightly",
                "name": "4.18.0-0.nightly-2024-10-10-084911"
              },
              {
                "id": "openshift-v4.18.0-0.nightly-2024-10-12-055042-nightly",
                "name": "4.18.0-0.nightly-2024-10-12-055042"
              },
              {
                "id": "openshift-v4.18.0-0.nightly-2024-10-12-175950-nightly",
                "name": "4.18.0-0.nightly-2024-10-12-175950"
              },
              {
                "id": "openshift-v4.18.0-0.nightly-2024-10-13-053314-nightly",
                "name": "4.18.0-0.nightly-2024-10-13-053314"
              },
              {
                "id": "openshift-v4.18.0-0.nightly-2024-10-13-105722-nightly",
                "name": "4.18.0-0.nightly-2024-10-13-105722"
              },
              {
                "id": "openshift-v4.18.0-0.nightly-2024-10-13-163113-nightly",
                "name": "4.18.0-0.nightly-2024-10-13-163113"
              },
              {
                "id": "openshift-v4.18.0-0.nightly-2024-10-13-211208-nightly",
                "name": "4.18.0-0.nightly-2024-10-13-211208"
              },
              {
                "id": "openshift-v4.18.0-0.nightly-2024-10-14-020208-nightly",
                "name": "4.18.0-0.nightly-2024-10-14-020208"
              },
              {
                "id": "openshift-v4.18.0-0.nightly-2024-10-14-110402-nightly",
                "name": "4.18.0-0.nightly-2024-10-14-110402"
              },
              {
                "id": "openshift-v4.18.0-0.nightly-2024-10-15-032107-nightly",
                "name": "4.18.0-0.nightly-2024-10-15-032107"
              },
              {
                "id": "openshift-v4.18.0-0.nightly-2024-10-16-001902-nightly",
                "name": "4.18.0-0.nightly-2024-10-16-001902"
              },
              {
                "id": "openshift-v4.18.0-0.nightly-2024-10-16-045207-nightly",
                "name": "4.18.0-0.nightly-2024-10-16-045207"
              },
              {
                "id": "openshift-v4.18.0-0.nightly-2024-10-18-065102-nightly",
                "name": "4.18.0-0.nightly-2024-10-18-065102"
              },
              {
                "id": "openshift-v4.18.0-0.nightly-2024-10-18-135400-nightly",
                "name": "4.18.0-0.nightly-2024-10-18-135400"
              },
              {
                "id": "openshift-v4.18.0-0.nightly-2024-10-19-045205-nightly",
                "name": "4.18.0-0.nightly-2024-10-19-045205"
              },
              {
                "id": "openshift-v4.18.0-0.nightly-2024-10-19-101216-nightly",
                "name": "4.18.0-0.nightly-2024-10-19-101216"
              },
              {
                "id": "openshift-v4.18.0-0.nightly-2024-10-19-181413-nightly",
                "name": "4.18.0-0.nightly-2024-10-19-181413"
              },
              {
                "id": "openshift-v4.18.0-0.nightly-2024-10-20-034854-nightly",
                "name": "4.18.0-0.nightly-2024-10-20-034854"
              },
              {
                "id": "openshift-v4.18.0-0.nightly-2024-10-20-135018-nightly",
                "name": "4.18.0-0.nightly-2024-10-20-135018"
              },
              {
                "id": "openshift-v4.18.0-0.nightly-2024-10-20-203338-nightly",
                "name": "4.18.0-0.nightly-2024-10-20-203338"
              },
              {
                "id": "openshift-v4.18.0-0.nightly-2024-10-21-010606-nightly",
                "name": "4.18.0-0.nightly-2024-10-21-010606"
              },
              {
                "id": "openshift-v4.18.0-0.nightly-2024-10-21-065453-nightly",
                "name": "4.18.0-0.nightly-2024-10-21-065453"
              },
              {
                "id": "openshift-v4.18.0-0.nightly-2024-10-21-132049-nightly",
                "name": "4.18.0-0.nightly-2024-10-21-132049"
              },
              {
                "id": "openshift-v4.18.0-0.nightly-2024-10-21-230914-nightly",
                "name": "4.18.0-0.nightly-2024-10-21-230914"
              },
              {
                "id": "openshift-v4.18.0-0.nightly-2024-10-22-052732-nightly",
                "name": "4.18.0-0.nightly-2024-10-22-052732"
              },
              {
                "id": "openshift-v4.18.0-0.nightly-2024-10-22-175936-nightly",
                "name": "4.18.0-0.nightly-2024-10-22-175936"
              },
              {
                "id": "openshift-v4.18.0-0.nightly-2024-10-23-003937-nightly",
                "name": "4.18.0-0.nightly-2024-10-23-003937"
              },
              {
                "id": "openshift-v4.18.0-0.nightly-2024-10-23-055519-nightly",
                "name": "4.18.0-0.nightly-2024-10-23-055519"
              },
              {
                "id": "openshift-v4.18.0-0.nightly-2024-10-23-112324-nightly",
                "name": "4.18.0-0.nightly-2024-10-23-112324"
              },
              {
                "id": "openshift-v4.18.0-0.nightly-2024-10-24-005711-nightly",
                "name": "4.18.0-0.nightly-2024-10-24-005711"
              },
              {
                "id": "openshift-v4.18.0-0.nightly-2024-10-25-031909-nightly",
                "name": "4.18.0-0.nightly-2024-10-25-031909"
              },
              {
                "id": "openshift-v4.18.0-0.nightly-2024-10-25-100416-nightly",
                "name": "4.18.0-0.nightly-2024-10-25-100416"
              },
              {
                "id": "openshift-v4.18.0-0.nightly-2024-10-26-020604-nightly",
                "name": "4.18.0-0.nightly-2024-10-26-020604"
              },
              {
                "id": "openshift-v4.18.0-0.nightly-2024-10-26-063703-nightly",
                "name": "4.18.0-0.nightly-2024-10-26-063703"
              },
              {
                "id": "openshift-v4.18.0-0.nightly-2024-10-26-185236-nightly",
                "name": "4.18.0-0.nightly-2024-10-26-185236"
              },
              {
                "id": "openshift-v4.18.0-0.nightly-2024-10-27-185104-nightly",
                "name": "4.18.0-0.nightly-2024-10-27-185104"
              },
              {
                "id": "openshift-v4.18.0-0.nightly-2024-10-28-052434-nightly",
                "name": "4.18.0-0.nightly-2024-10-28-052434"
              },
              {
                "id": "openshift-v4.18.0-0.nightly-2024-10-28-141654-nightly",
                "name": "4.18.0-0.nightly-2024-10-28-141654"
              },
              {
                "id": "openshift-v4.18.0-0.nightly-2024-10-29-001120-nightly",
                "name": "4.18.0-0.nightly-2024-10-29-001120"
              },
              {
                "id": "openshift-v4.18.0-0.nightly-2024-10-29-063750-nightly",
                "name": "4.18.0-0.nightly-2024-10-29-063750"
              },
              {
                "id": "openshift-v4.18.0-0.nightly-2024-10-29-112337-nightly",
                "name": "4.18.0-0.nightly-2024-10-29-112337"
              },
              {
                "id": "openshift-v4.18.0-0.nightly-2024-10-29-230524-nightly",
                "name": "4.18.0-0.nightly-2024-10-29-230524"
              },
              {
                "id": "openshift-v4.18.0-0.nightly-2024-10-30-062228-nightly",
                "name": "4.18.0-0.nightly-2024-10-30-062228"
              },
              {
                "id": "openshift-v4.18.0-0.nightly-2024-10-30-122220-nightly",
                "name": "4.18.0-0.nightly-2024-10-30-122220"
              },
              {
                "id": "openshift-v4.18.0-0.nightly-2024-10-30-203947-nightly",
                "name": "4.18.0-0.nightly-2024-10-30-203947"
              },
              {
                "id": "openshift-v4.18.0-0.nightly-2024-10-31-064113-nightly",
                "name": "4.18.0-0.nightly-2024-10-31-064113"
              },
              {
                "id": "openshift-v4.18.0-0.nightly-2024-10-31-190119-nightly",
                "name": "4.18.0-0.nightly-2024-10-31-190119"
              },
              {
                "id": "openshift-v4.18.0-0.nightly-2024-10-31-233806-nightly",
                "name": "4.18.0-0.nightly-2024-10-31-233806"
              },
              {
                "id": "openshift-v4.18.0-0.nightly-2024-11-01-053925-nightly",
                "name": "4.18.0-0.nightly-2024-11-01-053925"
              },
              {
                "id": "openshift-v4.18.0-0.nightly-2024-11-04-182718-nightly",
                "name": "4.18.0-0.nightly-2024-11-04-182718"
              },
              {
                "id": "openshift-v4.18.0-0.nightly-2024-11-05-163516-nightly",
                "name": "4.18.0-0.nightly-2024-11-05-163516"
              },
              {
                "id": "openshift-v4.18.0-0.nightly-2024-11-06-051814-nightly",
                "name": "4.18.0-0.nightly-2024-11-06-051814"
              },
              {
                "id": "openshift-v4.18.0-0.nightly-2024-11-07-001830-nightly",
                "name": "4.18.0-0.nightly-2024-11-07-001830"
              },
              {
                "id": "openshift-v4.18.0-0.nightly-2024-11-07-143919-nightly",
                "name": "4.18.0-0.nightly-2024-11-07-143919"
              },
              {
                "id": "openshift-v4.18.0-0.nightly-2024-11-07-215008-nightly",
                "name": "4.18.0-0.nightly-2024-11-07-215008"
              },
              {
                "id": "openshift-v4.18.0-0.nightly-2024-11-09-194014-nightly",
                "name": "4.18.0-0.nightly-2024-11-09-194014"
              },
              {
                "id": "openshift-v4.18.0-0.nightly-2024-11-10-133523-nightly",
                "name": "4.18.0-0.nightly-2024-11-10-133523"
              },
              {
                "id": "openshift-v4.18.0-0.nightly-2024-11-11-071247-nightly",
                "name": "4.18.0-0.nightly-2024-11-11-071247"
              },
              {
                "id": "openshift-v4.18.0-0.nightly-2024-11-11-144244-nightly",
                "name": "4.18.0-0.nightly-2024-11-11-144244"
              },
              {
                "id": "openshift-v4.18.0-0.nightly-2024-11-12-201730-nightly",
                "name": "4.18.0-0.nightly-2024-11-12-201730"
              },
              {
                "id": "openshift-v4.18.0-0.nightly-2024-11-13-092957-nightly",
                "name": "4.18.0-0.nightly-2024-11-13-092957"
              },
              {
                "id": "openshift-v4.18.0-0.nightly-2024-11-13-182254-nightly",
                "name": "4.18.0-0.nightly-2024-11-13-182254"
              },
              {
                "id": "openshift-v4.18.0-0.nightly-2024-11-14-011426-nightly",
                "name": "4.18.0-0.nightly-2024-11-14-011426"
              },
              {
                "id": "openshift-v4.18.0-0.nightly-2024-11-14-090045-nightly",
                "name": "4.18.0-0.nightly-2024-11-14-090045"
              },
              {
                "id": "openshift-v4.18.0-0.nightly-2024-11-15-113437-nightly",
                "name": "4.18.0-0.nightly-2024-11-15-113437"
              },
              {
                "id": "openshift-v4.18.0-0.nightly-2024-11-18-175924-nightly",
                "name": "4.18.0-0.nightly-2024-11-18-175924"
              },
              {
                "id": "openshift-v4.18.0-0.nightly-2024-11-21-131835-nightly",
                "name": "4.18.0-0.nightly-2024-11-21-131835"
              },
              {
                "id": "openshift-v4.18.0-0.nightly-2024-11-22-231049-nightly",
                "name": "4.18.0-0.nightly-2024-11-22-231049"
              },
              {
                "id": "openshift-v4.18.0-0.nightly-2024-11-26-075648-nightly",
                "name": "4.18.0-0.nightly-2024-11-26-075648"
              },
              {
                "id": "openshift-v4.18.0-0.nightly-2024-11-27-012716-nightly",
                "name": "4.18.0-0.nightly-2024-11-27-012716"
              },
              {
                "id": "openshift-v4.18.0-0.nightly-2024-11-27-085927-nightly",
                "name": "4.18.0-0.nightly-2024-11-27-085927"
              },
              {
                "id": "openshift-v4.18.0-0.nightly-2024-11-27-162407-nightly",
                "name": "4.18.0-0.nightly-2024-11-27-162407"
              },
              {
                "id": "openshift-v4.18.0-0.nightly-2024-11-29-203748-nightly",
                "name": "4.18.0-0.nightly-2024-11-29-203748"
              },
              {
                "id": "openshift-v4.18.0-0.nightly-2024-11-30-141716-nightly",
                "name": "4.18.0-0.nightly-2024-11-30-141716"
              },
              {
                "id": "openshift-v4.18.0-0.nightly-2024-12-03-045006-nightly",
                "name": "4.18.0-0.nightly-2024-12-03-045006"
              },
              {
                "id": "openshift-v4.18.0-0.nightly-2024-12-03-174639-nightly",
                "name": "4.18.0-0.nightly-2024-12-03-174639"
              },
              {
                "id": "openshift-v4.18.0-0.nightly-2024-12-04-010311-nightly",
                "name": "4.18.0-0.nightly-2024-12-04-010311"
              },
              {
                "id": "openshift-v4.18.0-0.nightly-2024-12-04-113014-nightly",
                "name": "4.18.0-0.nightly-2024-12-04-113014"
              },
              {
                "id": "openshift-v4.18.0-0.nightly-2024-12-05-103644-nightly",
                "name": "4.18.0-0.nightly-2024-12-05-103644"
              },
              {
                "id": "openshift-v4.18.0-0.nightly-2024-12-05-191355-nightly",
                "name": "4.18.0-0.nightly-2024-12-05-191355"
              },
              {
                "id": "openshift-v4.18.0-0.nightly-2024-12-10-221538-nightly",
                "name": "4.18.0-0.nightly-2024-12-10-221538"
              },
              {
                "id": "openshift-v4.18.0-0.nightly-2024-12-11-221222-nightly",
                "name": "4.18.0-0.nightly-2024-12-11-221222"
              },
              {
                "id": "openshift-v4.18.0-0.nightly-2024-12-12-053424-nightly",
                "name": "4.18.0-0.nightly-2024-12-12-053424"
              },
              {
                "id": "openshift-v4.18.0-0.nightly-2024-12-12-133926-nightly",
                "name": "4.18.0-0.nightly-2024-12-12-133926"
              },
              {
                "id": "openshift-v4.18.0-0.nightly-2024-12-12-220401-nightly",
                "name": "4.18.0-0.nightly-2024-12-12-220401"
              },
              {
                "id": "openshift-v4.18.0-0.nightly-2024-12-13-110823-nightly",
                "name": "4.18.0-0.nightly-2024-12-13-110823"
              },
              {
                "id": "openshift-v4.18.0-0.nightly-2024-12-13-181106-nightly",
                "name": "4.18.0-0.nightly-2024-12-13-181106"
              },
              {
                "id": "openshift-v4.18.0-0.nightly-2024-12-14-012725-nightly",
                "name": "4.18.0-0.nightly-2024-12-14-012725"
              },
              {
                "id": "openshift-v4.18.0-0.nightly-2024-12-14-074416-nightly",
                "name": "4.18.0-0.nightly-2024-12-14-074416"
              },
              {
                "id": "openshift-v4.18.0-0.nightly-2024-12-14-152515-nightly",
                "name": "4.18.0-0.nightly-2024-12-14-152515"
              },
              {
                "id": "openshift-v4.18.0-0.nightly-2024-12-15-202509-nightly",
                "name": "4.18.0-0.nightly-2024-12-15-202509"
              },
              {
                "id": "openshift-v4.18.0-0.nightly-2024-12-16-065305-nightly",
                "name": "4.18.0-0.nightly-2024-12-16-065305"
              },
              {
                "id": "openshift-v4.18.0-0.nightly-2024-12-18-024144-nightly",
                "name": "4.18.0-0.nightly-2024-12-18-024144"
              },
              {
                "id": "openshift-v4.18.0-0.nightly-2024-12-18-105230-nightly",
                "name": "4.18.0-0.nightly-2024-12-18-105230"
              },
              {
                "id": "openshift-v4.18.0-0.nightly-2024-12-19-071637-nightly",
                "name": "4.18.0-0.nightly-2024-12-19-071637"
              },
              {
                "id": "openshift-v4.18.0-0.nightly-2024-12-19-155122-nightly",
                "name": "4.18.0-0.nightly-2024-12-19-155122"
              },
              {
                "id": "openshift-v4.18.0-0.nightly-2024-12-20-221830-nightly",
                "name": "4.18.0-0.nightly-2024-12-20-221830"
              },
              {
                "id": "openshift-v4.18.0-0.nightly-2024-12-23-193205-nightly",
                "name": "4.18.0-0.nightly-2024-12-23-193205"
              },
              {
                "id": "openshift-v4.18.0-0.nightly-2024-12-24-061139-nightly",
                "name": "4.18.0-0.nightly-2024-12-24-061139"
              },
              {
                "id": "openshift-v4.18.0-0.nightly-2024-12-24-145308-nightly",
                "name": "4.18.0-0.nightly-2024-12-24-145308"
              },
              {
                "id": "openshift-v4.18.0-0.nightly-2024-12-26-082500-nightly",
                "name": "4.18.0-0.nightly-2024-12-26-082500"
              },
              {
                "id": "openshift-v4.18.0-0.nightly-2024-12-29-211757-nightly",
                "name": "4.18.0-0.nightly-2024-12-29-211757"
              },
              {
                "id": "openshift-v4.18.0-0.nightly-2025-01-02-095926-nightly",
                "name": "4.18.0-0.nightly-2025-01-02-095926"
              },
              {
                "id": "openshift-v4.18.0-0.nightly-2025-01-04-021048-nightly",
                "name": "4.18.0-0.nightly-2025-01-04-021048"
              },
              {
                "id": "openshift-v4.18.0-0.nightly-2025-01-04-101226-nightly",
                "name": "4.18.0-0.nightly-2025-01-04-101226"
              },
              {
                "id": "openshift-v4.18.0-0.nightly-2025-01-07-210831-nightly",
                "name": "4.18.0-0.nightly-2025-01-07-210831"
              },
              {
                "id": "openshift-v4.18.0-0.nightly-2025-01-08-044301-nightly",
                "name": "4.18.0-0.nightly-2025-01-08-044301"
              },
              {
                "id": "openshift-v4.18.0-0.nightly-2025-01-09-012852-nightly",
                "name": "4.18.0-0.nightly-2025-01-09-012852"
              },
              {
                "id": "openshift-v4.18.0-0.nightly-2025-01-09-090120-nightly",
                "name": "4.18.0-0.nightly-2025-01-09-090120"
              },
              {
                "id": "openshift-v4.18.0-0.nightly-2025-01-10-022905-nightly",
                "name": "4.18.0-0.nightly-2025-01-10-022905"
              },
              {
                "id": "openshift-v4.18.0-0.nightly-2025-01-11-065525-nightly",
                "name": "4.18.0-0.nightly-2025-01-11-065525"
              },
              {
                "id": "openshift-v4.18.0-0.nightly-2025-01-13-114945-nightly",
                "name": "4.18.0-0.nightly-2025-01-13-114945"
              },
              {
                "id": "openshift-v4.18.0-0.nightly-2025-01-15-030107-nightly",
                "name": "4.18.0-0.nightly-2025-01-15-030107"
              },
              {
                "id": "openshift-v4.18.0-0.nightly-2025-01-21-015441-nightly",
                "name": "4.18.0-0.nightly-2025-01-21-015441"
              },
              {
                "id": "openshift-v4.18.0-0.nightly-2025-01-21-070749-nightly",
                "name": "4.18.0-0.nightly-2025-01-21-070749"
              },
              {
                "id": "openshift-v4.18.0-0.nightly-2025-01-22-051622-nightly",
                "name": "4.18.0-0.nightly-2025-01-22-051622"
              },
              {
                "id": "openshift-v4.18.0-0.nightly-2025-01-22-203827-nightly",
                "name": "4.18.0-0.nightly-2025-01-22-203827"
              },
              {
                "id": "openshift-v4.18.0-0.nightly-2025-01-23-202230-nightly",
                "name": "4.18.0-0.nightly-2025-01-23-202230"
              },
              {
                "id": "openshift-v4.18.0-0.nightly-2025-01-24-014549-nightly",
                "name": "4.18.0-0.nightly-2025-01-24-014549"
              },
              {
                "id": "openshift-v4.18.0-0.nightly-2025-01-24-211601-nightly",
                "name": "4.18.0-0.nightly-2025-01-24-211601"
              },
              {
                "id": "openshift-v4.18.0-0.nightly-2025-01-25-090302-nightly",
                "name": "4.18.0-0.nightly-2025-01-25-090302"
              },
              {
                "id": "openshift-v4.18.0-0.nightly-2025-01-25-163410-nightly",
                "name": "4.18.0-0.nightly-2025-01-25-163410"
              },
              {
                "id": "openshift-v4.18.0-0.nightly-2025-01-27-102545-nightly",
                "name": "4.18.0-0.nightly-2025-01-27-102545"
              },
              {
                "id": "openshift-v4.18.0-0.nightly-2025-01-28-034659-nightly",
                "name": "4.18.0-0.nightly-2025-01-28-034659"
              },
              {
                "id": "openshift-v4.18.0-0.nightly-2025-01-28-114040-nightly",
                "name": "4.18.0-0.nightly-2025-01-28-114040"
              },
              {
                "id": "openshift-v4.18.0-0.nightly-2025-01-28-165333-nightly",
                "name": "4.18.0-0.nightly-2025-01-28-165333"
              },
              {
                "id": "openshift-v4.18.0-0.nightly-2025-01-29-063712-nightly",
                "name": "4.18.0-0.nightly-2025-01-29-063712"
              },
              {
                "id": "openshift-v4.18.0-0.nightly-2025-01-29-133231-nightly",
                "name": "4.18.0-0.nightly-2025-01-29-133231"
              },
              {
                "id": "openshift-v4.18.0-0.nightly-2025-01-30-020111-nightly",
                "name": "4.18.0-0.nightly-2025-01-30-020111"
              },
              {
                "id": "openshift-v4.18.0-0.nightly-2025-01-30-093109-nightly",
                "name": "4.18.0-0.nightly-2025-01-30-093109"
              },
              {
                "id": "openshift-v4.18.0-0.nightly-2025-01-31-075353-nightly",
                "name": "4.18.0-0.nightly-2025-01-31-075353"
              },
              {
                "id": "openshift-v4.18.0-0.nightly-2025-01-31-141502-nightly",
                "name": "4.18.0-0.nightly-2025-01-31-141502"
              },
              {
                "id": "openshift-v4.18.0-0.nightly-2025-02-01-185117-nightly",
                "name": "4.18.0-0.nightly-2025-02-01-185117"
              },
              {
                "id": "openshift-v4.18.0-0.nightly-2025-02-03-072713-nightly",
                "name": "4.18.0-0.nightly-2025-02-03-072713"
              },
              {
                "id": "openshift-v4.18.0-0.nightly-2025-02-03-234633-nightly",
                "name": "4.18.0-0.nightly-2025-02-03-234633"
              },
              {
                "id": "openshift-v4.18.0-0.nightly-2025-02-04-050439-nightly",
                "name": "4.18.0-0.nightly-2025-02-04-050439"
              },
              {
                "id": "openshift-v4.18.0-0.nightly-2025-02-04-114552-nightly",
                "name": "4.18.0-0.nightly-2025-02-04-114552"
              },
              {
                "id": "openshift-v4.18.0-0.nightly-2025-02-04-192134-nightly",
                "name": "4.18.0-0.nightly-2025-02-04-192134"
              },
              {
                "id": "openshift-v4.18.0-0.nightly-2025-02-05-033447-nightly",
                "name": "4.18.0-0.nightly-2025-02-05-033447"
              },
              {
                "id": "openshift-v4.18.0-0.nightly-2025-02-06-092713-nightly",
                "name": "4.18.0-0.nightly-2025-02-06-092713"
              },
              {
                "id": "openshift-v4.18.0-0.nightly-2025-02-07-042756-nightly",
                "name": "4.18.0-0.nightly-2025-02-07-042756"
              },
              {
                "id": "openshift-v4.18.0-0.nightly-2025-02-07-182732-nightly",
                "name": "4.18.0-0.nightly-2025-02-07-182732"
              },
              {
                "id": "openshift-v4.18.0-0.nightly-2025-02-10-142434-nightly",
                "name": "4.18.0-0.nightly-2025-02-10-142434"
              },
              {
                "id": "openshift-v4.18.0-0.nightly-2025-02-11-060301-nightly",
                "name": "4.18.0-0.nightly-2025-02-11-060301"
              },
              {
                "id": "openshift-v4.18.0-0.nightly-2025-02-11-134047-nightly",
                "name": "4.18.0-0.nightly-2025-02-11-134047"
              },
              {
                "id": "openshift-v4.18.0-0.nightly-2025-02-12-211502-nightly",
                "name": "4.18.0-0.nightly-2025-02-12-211502"
              },
              {
                "id": "openshift-v4.18.0-0.nightly-2025-02-14-222249-nightly",
                "name": "4.18.0-0.nightly-2025-02-14-222249"
              },
              {
                "id": "openshift-v4.18.0-0.nightly-2025-02-18-114102-nightly",
                "name": "4.18.0-0.nightly-2025-02-18-114102"
              },
              {
                "id": "openshift-v4.18.0-0.nightly-2025-02-19-020749-nightly",
                "name": "4.18.0-0.nightly-2025-02-19-020749"
              },
              {
                "id": "openshift-v4.18.0-0.nightly-2025-02-19-065653-nightly",
                "name": "4.18.0-0.nightly-2025-02-19-065653"
              },
              {
                "id": "openshift-v4.18.0-0.nightly-2025-02-19-132725-nightly",
                "name": "4.18.0-0.nightly-2025-02-19-132725"
              },
              {
                "id": "openshift-v4.18.0-0.nightly-2025-02-26-103013-nightly",
                "name": "4.18.0-0.nightly-2025-02-26-103013"
              },
              {
                "id": "openshift-v4.18.0-0.nightly-2025-02-27-131313-nightly",
                "name": "4.18.0-0.nightly-2025-02-27-131313"
              },
              {
                "id": "openshift-v4.18.0-0.nightly-2025-02-28-064241-nightly",
                "name": "4.18.0-0.nightly-2025-02-28-064241"
              },
              {
                "id": "openshift-v4.18.0-0.nightly-2025-02-28-131042-nightly",
                "name": "4.18.0-0.nightly-2025-02-28-131042"
              },
              {
                "id": "openshift-v4.18.0-0.nightly-2025-03-01-063647-nightly",
                "name": "4.18.0-0.nightly-2025-03-01-063647"
              },
              {
                "id": "openshift-v4.18.0-0.nightly-2025-03-03-095538-nightly",
                "name": "4.18.0-0.nightly-2025-03-03-095538"
              },
              {
                "id": "openshift-v4.18.0-0.nightly-2025-03-03-170152-nightly",
                "name": "4.18.0-0.nightly-2025-03-03-170152"
              },
              {
                "id": "openshift-v4.18.0-0.nightly-2025-03-03-231444-nightly",
                "name": "4.18.0-0.nightly-2025-03-03-231444"
              },
              {
                "id": "openshift-v4.18.0-0.nightly-2025-03-04-074052-nightly",
                "name": "4.18.0-0.nightly-2025-03-04-074052"
              },
              {
                "id": "openshift-v4.18.0-0.nightly-2025-03-04-144419-nightly",
                "name": "4.18.0-0.nightly-2025-03-04-144419"
              },
              {
                "id": "openshift-v4.18.0-0.nightly-2025-03-04-215636-nightly",
                "name": "4.18.0-0.nightly-2025-03-04-215636"
              },
              {
                "id": "openshift-v4.18.0-0.nightly-2025-03-05-050145-nightly",
                "name": "4.18.0-0.nightly-2025-03-05-050145"
              },
              {
                "id": "openshift-v4.18.0-0.nightly-2025-03-05-211248-nightly",
                "name": "4.18.0-0.nightly-2025-03-05-211248"
              },
              {
                "id": "openshift-v4.18.0-0.nightly-2025-03-06-032341-nightly",
                "name": "4.18.0-0.nightly-2025-03-06-032341"
              },
              {
                "id": "openshift-v4.18.0-0.nightly-2025-03-06-181733-nightly",
                "name": "4.18.0-0.nightly-2025-03-06-181733"
              },
              {
                "id": "openshift-v4.18.0-0.nightly-2025-03-07-173937-nightly",
                "name": "4.18.0-0.nightly-2025-03-07-173937"
              },
              {
                "id": "openshift-v4.18.0-0.nightly-2025-03-08-003138-nightly",
                "name": "4.18.0-0.nightly-2025-03-08-003138"
              },
              {
                "id": "openshift-v4.18.0-0.nightly-2025-03-08-071052-nightly",
                "name": "4.18.0-0.nightly-2025-03-08-071052"
              },
              {
                "id": "openshift-v4.18.0-0.nightly-2025-03-09-203939-nightly",
                "name": "4.18.0-0.nightly-2025-03-09-203939"
              },
              {
                "id": "openshift-v4.18.0-0.nightly-2025-03-10-222718-nightly",
                "name": "4.18.0-0.nightly-2025-03-10-222718"
              },
              {
                "id": "openshift-v4.18.0-0.nightly-2025-03-11-222340-nightly",
                "name": "4.18.0-0.nightly-2025-03-11-222340"
              },
              {
                "id": "openshift-v4.18.0-0.nightly-2025-03-12-081707-nightly",
                "name": "4.18.0-0.nightly-2025-03-12-081707"
              },
              {
                "id": "openshift-v4.18.0-0.nightly-2025-03-12-205221-nightly",
                "name": "4.18.0-0.nightly-2025-03-12-205221"
              },
              {
                "id": "openshift-v4.18.0-0.nightly-2025-03-13-035622-nightly",
                "name": "4.18.0-0.nightly-2025-03-13-035622"
              },
              {
                "id": "openshift-v4.18.0-0.nightly-2025-03-13-202458-nightly",
                "name": "4.18.0-0.nightly-2025-03-13-202458"
              },
              {
                "id": "openshift-v4.18.0-0.nightly-2025-03-14-035130-nightly",
                "name": "4.18.0-0.nightly-2025-03-14-035130"
              },
              {
                "id": "openshift-v4.18.0-0.nightly-2025-03-14-125305-nightly",
                "name": "4.18.0-0.nightly-2025-03-14-125305"
              },
              {
                "id": "openshift-v4.18.0-0.nightly-2025-03-14-195326-nightly",
                "name": "4.18.0-0.nightly-2025-03-14-195326"
              },
              {
                "id": "openshift-v4.18.0-0.nightly-2025-03-17-135359-nightly",
                "name": "4.18.0-0.nightly-2025-03-17-135359"
              },
              {
                "id": "openshift-v4.18.0-0.nightly-2025-03-18-125639-nightly",
                "name": "4.18.0-0.nightly-2025-03-18-125639"
              },
              {
                "id": "openshift-v4.18.0-0.nightly-2025-03-18-180304-nightly",
                "name": "4.18.0-0.nightly-2025-03-18-180304"
              },
              {
                "id": "openshift-v4.18.0-0.nightly-2025-03-19-053408-nightly",
                "name": "4.18.0-0.nightly-2025-03-19-053408"
              },
              {
                "id": "openshift-v4.18.0-0.nightly-2025-03-19-113947-nightly",
                "name": "4.18.0-0.nightly-2025-03-19-113947"
              },
              {
                "id": "openshift-v4.18.0-0.nightly-2025-03-19-221743-nightly",
                "name": "4.18.0-0.nightly-2025-03-19-221743"
              },
              {
                "id": "openshift-v4.18.0-0.nightly-2025-03-20-063534-nightly",
                "name": "4.18.0-0.nightly-2025-03-20-063534"
              },
              {
                "id": "openshift-v4.18.0-0.nightly-2025-03-20-122555-nightly",
                "name": "4.18.0-0.nightly-2025-03-20-122555"
              },
              {
                "id": "openshift-v4.18.0-0.nightly-2025-03-21-030136-nightly",
                "name": "4.18.0-0.nightly-2025-03-21-030136"
              },
              {
                "id": "openshift-v4.18.0-0.nightly-2025-03-22-043746-nightly",
                "name": "4.18.0-0.nightly-2025-03-22-043746"
              },
              {
                "id": "openshift-v4.18.0-0.nightly-2025-03-24-202149-nightly",
                "name": "4.18.0-0.nightly-2025-03-24-202149"
              },
              {
                "id": "openshift-v4.18.0-0.nightly-2025-03-25-102021-nightly",
                "name": "4.18.0-0.nightly-2025-03-25-102021"
              },
              {
                "id": "openshift-v4.18.0-0.nightly-2025-03-25-173114-nightly",
                "name": "4.18.0-0.nightly-2025-03-25-173114"
              },
              {
                "id": "openshift-v4.18.0-0.nightly-2025-03-26-013713-nightly",
                "name": "4.18.0-0.nightly-2025-03-26-013713"
              },
              {
                "id": "openshift-v4.18.0-0.nightly-2025-03-27-214022-nightly",
                "name": "4.18.0-0.nightly-2025-03-27-214022"
              },
              {
                "id": "openshift-v4.18.0-0.nightly-2025-03-28-145816-nightly",
                "name": "4.18.0-0.nightly-2025-03-28-145816"
              },
              {
                "id": "openshift-v4.18.0-0.nightly-2025-03-28-224822-nightly",
                "name": "4.18.0-0.nightly-2025-03-28-224822"
              },
              {
                "id": "openshift-v4.18.0-0.nightly-2025-03-29-055207-nightly",
                "name": "4.18.0-0.nightly-2025-03-29-055207"
              },
              {
                "id": "openshift-v4.18.0-0.nightly-2025-03-29-124702-nightly",
                "name": "4.18.0-0.nightly-2025-03-29-124702"
              },
              {
                "id": "openshift-v4.18.0-0.nightly-2025-03-31-031443-nightly",
                "name": "4.18.0-0.nightly-2025-03-31-031443"
              },
              {
                "id": "openshift-v4.18.0-0.nightly-2025-03-31-102945-nightly",
                "name": "4.18.0-0.nightly-2025-03-31-102945"
              },
              {
                "id": "openshift-v4.18.0-0.nightly-2025-03-31-191404-nightly",
                "name": "4.18.0-0.nightly-2025-03-31-191404"
              },
              {
                "id": "openshift-v4.18.0-0.nightly-2025-04-01-014150-nightly",
                "name": "4.18.0-0.nightly-2025-04-01-014150"
              },
              {
                "id": "openshift-v4.18.0-0.nightly-2025-04-01-084444-nightly",
                "name": "4.18.0-0.nightly-2025-04-01-084444"
              },
              {
                "id": "openshift-v4.18.0-0.nightly-2025-04-01-173525-nightly",
                "name": "4.18.0-0.nightly-2025-04-01-173525"
              },
              {
                "id": "openshift-v4.18.0-0.nightly-2025-04-02-011053-nightly",
                "name": "4.18.0-0.nightly-2025-04-02-011053"
              },
              {
                "id": "openshift-v4.18.0-0.nightly-2025-04-02-174719-nightly",
                "name": "4.18.0-0.nightly-2025-04-02-174719"
              },
              {
                "id": "openshift-v4.18.0-0.nightly-2025-04-03-033147-nightly",
                "name": "4.18.0-0.nightly-2025-04-03-033147"
              },
              {
                "id": "openshift-v4.18.0-0.nightly-2025-04-03-213434-nightly",
                "name": "4.18.0-0.nightly-2025-04-03-213434"
              },
              {
                "id": "openshift-v4.18.0-0.nightly-2025-04-07-212156-nightly",
                "name": "4.18.0-0.nightly-2025-04-07-212156"
              },
              {
                "id": "openshift-v4.18.0-0.nightly-2025-04-08-190920-nightly",
                "name": "4.18.0-0.nightly-2025-04-08-190920"
              },
              {
                "id": "openshift-v4.18.0-0.nightly-2025-04-09-150201-nightly",
                "name": "4.18.0-0.nightly-2025-04-09-150201"
              },
              {
                "id": "openshift-v4.18.0-0.nightly-2025-04-10-113505-nightly",
                "name": "4.18.0-0.nightly-2025-04-10-113505"
              },
              {
                "id": "openshift-v4.18.0-0.nightly-2025-04-11-041028-nightly",
                "name": "4.18.0-0.nightly-2025-04-11-041028"
              },
              {
                "id": "openshift-v4.18.0-0.nightly-2025-04-11-134821-nightly",
                "name": "4.18.0-0.nightly-2025-04-11-134821"
              },
              {
                "id": "openshift-v4.18.0-0.nightly-2025-04-26-080749-nightly",
                "name": "4.18.0-0.nightly-2025-04-26-080749"
              },
              {
                "id": "openshift-v4.18.0-0.nightly-2025-04-29-050600-nightly",
                "name": "4.18.0-0.nightly-2025-04-29-050600"
              },
              {
                "id": "openshift-v4.18.0-0.nightly-2025-04-29-105653-nightly",
                "name": "4.18.0-0.nightly-2025-04-29-105653"
              },
              {
                "id": "openshift-v4.18.0-0.nightly-2025-04-29-182556-nightly",
                "name": "4.18.0-0.nightly-2025-04-29-182556"
              },
              {
                "id": "openshift-v4.18.0-0.nightly-2025-04-30-013809-nightly",
                "name": "4.18.0-0.nightly-2025-04-30-013809"
              },
              {
                "id": "openshift-v4.18.0-0.nightly-2025-04-30-092748-nightly",
                "name": "4.18.0-0.nightly-2025-04-30-092748"
              },
              {
                "id": "openshift-v4.18.0-ec.0-candidate",
                "name": "4.18.0-ec.0"
              },
              {
                "id": "openshift-v4.18.0-ec.1-candidate",
                "name": "4.18.0-ec.1"
              },
              {
                "id": "openshift-v4.18.0-ec.2-candidate",
                "name": "4.18.0-ec.2"
              },
              {
                "id": "openshift-v4.18.0-ec.3-candidate",
                "name": "4.18.0-ec.3"
              },
              {
                "id": "openshift-v4.18.0-ec.4-candidate",
                "name": "4.18.0-ec.4"
              },
              {
                "id": "openshift-v4.18.0-rc.0-candidate",
                "name": "4.18.0-rc.0"
              },
              {
                "id": "openshift-v4.18.0-rc.10-candidate",
                "name": "4.18.0-rc.10"
              },
              {
                "id": "openshift-v4.18.0-rc.1-candidate",
                "name": "4.18.0-rc.1"
              },
              {
                "id": "openshift-v4.18.0-rc.2-candidate",
                "name": "4.18.0-rc.2"
              },
              {
                "id": "openshift-v4.18.0-rc.3-candidate",
                "name": "4.18.0-rc.3"
              },
              {
                "id": "openshift-v4.18.0-rc.4-candidate",
                "name": "4.18.0-rc.4"
              },
              {
                "id": "openshift-v4.18.0-rc.5-candidate",
                "name": "4.18.0-rc.5"
              },
              {
                "id": "openshift-v4.18.0-rc.6-candidate",
                "name": "4.18.0-rc.6"
              },
              {
                "id": "openshift-v4.18.0-rc.7-candidate",
                "name": "4.18.0-rc.7"
              },
              {
                "id": "openshift-v4.18.0-rc.8-candidate",
                "name": "4.18.0-rc.8"
              },
              {
                "id": "openshift-v4.18.0-rc.9-candidate",
                "name": "4.18.0-rc.9"
              },
              {
                "id": "openshift-v4.18.1",
                "name": "4.18.1"
              },
              {
                "id": "openshift-v4.18.10",
                "name": "4.18.10"
              },
              {
                "id": "openshift-v4.18.10-candidate",
                "name": "4.18.10"
              },
              {
                "id": "openshift-v4.18.10-fast",
                "name": "4.18.10"
              },
              {
                "id": "openshift-v4.18.11-candidate",
                "name": "4.18.11"
              },
              {
                "id": "openshift-v4.18.1-candidate",
                "name": "4.18.1"
              },
              {
                "id": "openshift-v4.18.1-fast",
                "name": "4.18.1"
              },
              {
                "id": "openshift-v4.18.2",
                "name": "4.18.2"
              },
              {
                "id": "openshift-v4.18.2-candidate",
                "name": "4.18.2"
              },
              {
                "id": "openshift-v4.18.2-fast",
                "name": "4.18.2"
              },
              {
                "id": "openshift-v4.18.3",
                "name": "4.18.3"
              },
              {
                "id": "openshift-v4.18.3-candidate",
                "name": "4.18.3"
              },
              {
                "id": "openshift-v4.18.3-fast",
                "name": "4.18.3"
              },
              {
                "id": "openshift-v4.18.4",
                "name": "4.18.4"
              },
              {
                "id": "openshift-v4.18.4-candidate",
                "name": "4.18.4"
              },
              {
                "id": "openshift-v4.18.4-fast",
                "name": "4.18.4"
              },
              {
                "id": "openshift-v4.18.5",
                "name": "4.18.5"
              },
              {
                "id": "openshift-v4.18.5-candidate",
                "name": "4.18.5"
              },
              {
                "id": "openshift-v4.18.5-fast",
                "name": "4.18.5"
              },
              {
                "id": "openshift-v4.18.6",
                "name": "4.18.6"
              },
              {
                "id": "openshift-v4.18.6-candidate",
                "name": "4.18.6"
              },
              {
                "id": "openshift-v4.18.6-fast",
                "name": "4.18.6"
              },
              {
                "id": "openshift-v4.18.7",
                "name": "4.18.7"
              },
              {
                "id": "openshift-v4.18.7-candidate",
                "name": "4.18.7"
              },
              {
                "id": "openshift-v4.18.7-fast",
                "name": "4.18.7"
              },
              {
                "id": "openshift-v4.18.8",
                "name": "4.18.8"
              },
              {
                "id": "openshift-v4.18.8-candidate",
                "name": "4.18.8"
              },
              {
                "id": "openshift-v4.18.8-fast",
                "name": "4.18.8"
              },
              {
                "id": "openshift-v4.18.9",
                "name": "4.18.9"
              },
              {
                "id": "openshift-v4.18.9-candidate",
                "name": "4.18.9"
              },
              {
                "id": "openshift-v4.18.9-fast",
                "name": "4.18.9"
              },
              {
                "id": "openshift-v4.19.0-0.nightly-2024-11-12-221419-nightly",
                "name": "4.19.0-0.nightly-2024-11-12-221419"
              },
              {
                "id": "openshift-v4.19.0-0.nightly-2024-11-13-052536-nightly",
                "name": "4.19.0-0.nightly-2024-11-13-052536"
              },
              {
                "id": "openshift-v4.19.0-0.nightly-2024-11-19-182948-nightly",
                "name": "4.19.0-0.nightly-2024-11-19-182948"
              },
              {
                "id": "openshift-v4.19.0-0.nightly-2024-11-20-014652-nightly",
                "name": "4.19.0-0.nightly-2024-11-20-014652"
              },
              {
                "id": "openshift-v4.19.0-0.nightly-2024-11-23-021157-nightly",
                "name": "4.19.0-0.nightly-2024-11-23-021157"
              },
              {
                "id": "openshift-v4.19.0-0.nightly-2024-11-24-030348-nightly",
                "name": "4.19.0-0.nightly-2024-11-24-030348"
              },
              {
                "id": "openshift-v4.19.0-0.nightly-2024-11-26-032747-nightly",
                "name": "4.19.0-0.nightly-2024-11-26-032747"
              },
              {
                "id": "openshift-v4.19.0-0.nightly-2024-11-26-110308-nightly",
                "name": "4.19.0-0.nightly-2024-11-26-110308"
              },
              {
                "id": "openshift-v4.19.0-0.nightly-2024-11-29-001152-nightly",
                "name": "4.19.0-0.nightly-2024-11-29-001152"
              },
              {
                "id": "openshift-v4.19.0-0.nightly-2024-11-29-170447-nightly",
                "name": "4.19.0-0.nightly-2024-11-29-170447"
              },
              {
                "id": "openshift-v4.19.0-0.nightly-2024-11-30-001633-nightly",
                "name": "4.19.0-0.nightly-2024-11-30-001633"
              },
              {
                "id": "openshift-v4.19.0-0.nightly-2024-12-01-144229-nightly",
                "name": "4.19.0-0.nightly-2024-12-01-144229"
              },
              {
                "id": "openshift-v4.19.0-0.nightly-2024-12-01-214857-nightly",
                "name": "4.19.0-0.nightly-2024-12-01-214857"
              },
              {
                "id": "openshift-v4.19.0-0.nightly-2024-12-02-045705-nightly",
                "name": "4.19.0-0.nightly-2024-12-02-045705"
              },
              {
                "id": "openshift-v4.19.0-0.nightly-2024-12-03-043701-nightly",
                "name": "4.19.0-0.nightly-2024-12-03-043701"
              },
              {
                "id": "openshift-v4.19.0-0.nightly-2024-12-04-031229-nightly",
                "name": "4.19.0-0.nightly-2024-12-04-031229"
              },
              {
                "id": "openshift-v4.19.0-0.nightly-2024-12-06-101930-nightly",
                "name": "4.19.0-0.nightly-2024-12-06-101930"
              },
              {
                "id": "openshift-v4.19.0-0.nightly-2024-12-10-040415-nightly",
                "name": "4.19.0-0.nightly-2024-12-10-040415"
              },
              {
                "id": "openshift-v4.19.0-0.nightly-2024-12-13-083421-nightly",
                "name": "4.19.0-0.nightly-2024-12-13-083421"
              },
              {
                "id": "openshift-v4.19.0-0.nightly-2024-12-17-143145-nightly",
                "name": "4.19.0-0.nightly-2024-12-17-143145"
              },
              {
                "id": "openshift-v4.19.0-0.nightly-2024-12-19-055634-nightly",
                "name": "4.19.0-0.nightly-2024-12-19-055634"
              },
              {
                "id": "openshift-v4.19.0-0.nightly-2024-12-19-185213-nightly",
                "name": "4.19.0-0.nightly-2024-12-19-185213"
              },
              {
                "id": "openshift-v4.19.0-0.nightly-2024-12-21-003828-nightly",
                "name": "4.19.0-0.nightly-2024-12-21-003828"
              },
              {
                "id": "openshift-v4.19.0-0.nightly-2024-12-21-060301-nightly",
                "name": "4.19.0-0.nightly-2024-12-21-060301"
              },
              {
                "id": "openshift-v4.19.0-0.nightly-2024-12-21-122547-nightly",
                "name": "4.19.0-0.nightly-2024-12-21-122547"
              },
              {
                "id": "openshift-v4.19.0-0.nightly-2024-12-23-182133-nightly",
                "name": "4.19.0-0.nightly-2024-12-23-182133"
              },
              {
                "id": "openshift-v4.19.0-0.nightly-2024-12-24-012402-nightly",
                "name": "4.19.0-0.nightly-2024-12-24-012402"
              },
              {
                "id": "openshift-v4.19.0-0.nightly-2024-12-24-163044-nightly",
                "name": "4.19.0-0.nightly-2024-12-24-163044"
              },
              {
                "id": "openshift-v4.19.0-0.nightly-2024-12-24-213048-nightly",
                "name": "4.19.0-0.nightly-2024-12-24-213048"
              },
              {
                "id": "openshift-v4.19.0-0.nightly-2024-12-26-180804-nightly",
                "name": "4.19.0-0.nightly-2024-12-26-180804"
              },
              {
                "id": "openshift-v4.19.0-0.nightly-2024-12-28-204922-nightly",
                "name": "4.19.0-0.nightly-2024-12-28-204922"
              },
              {
                "id": "openshift-v4.19.0-0.nightly-2024-12-30-032500-nightly",
                "name": "4.19.0-0.nightly-2024-12-30-032500"
              },
              {
                "id": "openshift-v4.19.0-0.nightly-2024-12-30-153915-nightly",
                "name": "4.19.0-0.nightly-2024-12-30-153915"
              },
              {
                "id": "openshift-v4.19.0-0.nightly-2024-12-31-031221-nightly",
                "name": "4.19.0-0.nightly-2024-12-31-031221"
              },
              {
                "id": "openshift-v4.19.0-0.nightly-2024-12-31-163734-nightly",
                "name": "4.19.0-0.nightly-2024-12-31-163734"
              },
              {
                "id": "openshift-v4.19.0-0.nightly-2025-01-02-160414-nightly",
                "name": "4.19.0-0.nightly-2025-01-02-160414"
              },
              {
                "id": "openshift-v4.19.0-0.nightly-2025-01-04-030558-nightly",
                "name": "4.19.0-0.nightly-2025-01-04-030558"
              },
              {
                "id": "openshift-v4.19.0-0.nightly-2025-01-04-074737-nightly",
                "name": "4.19.0-0.nightly-2025-01-04-074737"
              },
              {
                "id": "openshift-v4.19.0-0.nightly-2025-01-04-153538-nightly",
                "name": "4.19.0-0.nightly-2025-01-04-153538"
              },
              {
                "id": "openshift-v4.19.0-0.nightly-2025-01-05-132538-nightly",
                "name": "4.19.0-0.nightly-2025-01-05-132538"
              },
              {
                "id": "openshift-v4.19.0-0.nightly-2025-01-06-212512-nightly",
                "name": "4.19.0-0.nightly-2025-01-06-212512"
              },
              {
                "id": "openshift-v4.19.0-0.nightly-2025-01-07-052431-nightly",
                "name": "4.19.0-0.nightly-2025-01-07-052431"
              },
              {
                "id": "openshift-v4.19.0-0.nightly-2025-01-08-165032-nightly",
                "name": "4.19.0-0.nightly-2025-01-08-165032"
              },
              {
                "id": "openshift-v4.19.0-0.nightly-2025-01-10-002247-nightly",
                "name": "4.19.0-0.nightly-2025-01-10-002247"
              },
              {
                "id": "openshift-v4.19.0-0.nightly-2025-01-15-013843-nightly",
                "name": "4.19.0-0.nightly-2025-01-15-013843"
              },
              {
                "id": "openshift-v4.19.0-0.nightly-2025-01-15-060507-nightly",
                "name": "4.19.0-0.nightly-2025-01-15-060507"
              },
              {
                "id": "openshift-v4.19.0-0.nightly-2025-01-16-064700-nightly",
                "name": "4.19.0-0.nightly-2025-01-16-064700"
              },
              {
                "id": "openshift-v4.19.0-0.nightly-2025-01-17-162010-nightly",
                "name": "4.19.0-0.nightly-2025-01-17-162010"
              },
              {
                "id": "openshift-v4.19.0-0.nightly-2025-01-18-043105-nightly",
                "name": "4.19.0-0.nightly-2025-01-18-043105"
              },
              {
                "id": "openshift-v4.19.0-0.nightly-2025-01-18-111118-nightly",
                "name": "4.19.0-0.nightly-2025-01-18-111118"
              },
              {
                "id": "openshift-v4.19.0-0.nightly-2025-01-18-212028-nightly",
                "name": "4.19.0-0.nightly-2025-01-18-212028"
              },
              {
                "id": "openshift-v4.19.0-0.nightly-2025-01-19-132507-nightly",
                "name": "4.19.0-0.nightly-2025-01-19-132507"
              },
              {
                "id": "openshift-v4.19.0-0.nightly-2025-01-19-211100-nightly",
                "name": "4.19.0-0.nightly-2025-01-19-211100"
              },
              {
                "id": "openshift-v4.19.0-0.nightly-2025-01-20-024417-nightly",
                "name": "4.19.0-0.nightly-2025-01-20-024417"
              },
              {
                "id": "openshift-v4.19.0-0.nightly-2025-01-20-211634-nightly",
                "name": "4.19.0-0.nightly-2025-01-20-211634"
              },
              {
                "id": "openshift-v4.19.0-0.nightly-2025-01-21-020000-nightly",
                "name": "4.19.0-0.nightly-2025-01-21-020000"
              },
              {
                "id": "openshift-v4.19.0-0.nightly-2025-01-21-163021-nightly",
                "name": "4.19.0-0.nightly-2025-01-21-163021"
              },
              {
                "id": "openshift-v4.19.0-0.nightly-2025-01-23-220424-nightly",
                "name": "4.19.0-0.nightly-2025-01-23-220424"
              },
              {
                "id": "openshift-v4.19.0-0.nightly-2025-01-24-030136-nightly",
                "name": "4.19.0-0.nightly-2025-01-24-030136"
              },
              {
                "id": "openshift-v4.19.0-0.nightly-2025-01-24-190012-nightly",
                "name": "4.19.0-0.nightly-2025-01-24-190012"
              },
              {
                "id": "openshift-v4.19.0-0.nightly-2025-01-25-021606-nightly",
                "name": "4.19.0-0.nightly-2025-01-25-021606"
              },
              {
                "id": "openshift-v4.19.0-0.nightly-2025-01-28-090833-nightly",
                "name": "4.19.0-0.nightly-2025-01-28-090833"
              },
              {
                "id": "openshift-v4.19.0-0.nightly-2025-01-30-040815-nightly",
                "name": "4.19.0-0.nightly-2025-01-30-040815"
              },
              {
                "id": "openshift-v4.19.0-0.nightly-2025-01-30-091858-nightly",
                "name": "4.19.0-0.nightly-2025-01-30-091858"
              },
              {
                "id": "openshift-v4.19.0-0.nightly-2025-01-30-171652-nightly",
                "name": "4.19.0-0.nightly-2025-01-30-171652"
              },
              {
                "id": "openshift-v4.19.0-0.nightly-2025-02-02-185251-nightly",
                "name": "4.19.0-0.nightly-2025-02-02-185251"
              },
              {
                "id": "openshift-v4.19.0-0.nightly-2025-02-08-222418-nightly",
                "name": "4.19.0-0.nightly-2025-02-08-222418"
              },
              {
                "id": "openshift-v4.19.0-0.nightly-2025-02-09-122440-nightly",
                "name": "4.19.0-0.nightly-2025-02-09-122440"
              },
              {
                "id": "openshift-v4.19.0-0.nightly-2025-02-09-223321-nightly",
                "name": "4.19.0-0.nightly-2025-02-09-223321"
              },
              {
                "id": "openshift-v4.19.0-0.nightly-2025-02-10-034243-nightly",
                "name": "4.19.0-0.nightly-2025-02-10-034243"
              },
              {
                "id": "openshift-v4.19.0-0.nightly-2025-02-10-202838-nightly",
                "name": "4.19.0-0.nightly-2025-02-10-202838"
              },
              {
                "id": "openshift-v4.19.0-0.nightly-2025-02-11-035912-nightly",
                "name": "4.19.0-0.nightly-2025-02-11-035912"
              },
              {
                "id": "openshift-v4.19.0-0.nightly-2025-02-11-161912-nightly",
                "name": "4.19.0-0.nightly-2025-02-11-161912"
              },
              {
                "id": "openshift-v4.19.0-0.nightly-2025-02-14-051904-nightly",
                "name": "4.19.0-0.nightly-2025-02-14-051904"
              },
              {
                "id": "openshift-v4.19.0-0.nightly-2025-02-14-143316-nightly",
                "name": "4.19.0-0.nightly-2025-02-14-143316"
              },
              {
                "id": "openshift-v4.19.0-0.nightly-2025-02-14-215306-nightly",
                "name": "4.19.0-0.nightly-2025-02-14-215306"
              },
              {
                "id": "openshift-v4.19.0-0.nightly-2025-02-17-060511-nightly",
                "name": "4.19.0-0.nightly-2025-02-17-060511"
              },
              {
                "id": "openshift-v4.19.0-0.nightly-2025-02-18-040948-nightly",
                "name": "4.19.0-0.nightly-2025-02-18-040948"
              },
              {
                "id": "openshift-v4.19.0-0.nightly-2025-02-19-144151-nightly",
                "name": "4.19.0-0.nightly-2025-02-19-144151"
              },
              {
                "id": "openshift-v4.19.0-0.nightly-2025-02-20-003513-nightly",
                "name": "4.19.0-0.nightly-2025-02-20-003513"
              },
              {
                "id": "openshift-v4.19.0-0.nightly-2025-02-20-054819-nightly",
                "name": "4.19.0-0.nightly-2025-02-20-054819"
              },
              {
                "id": "openshift-v4.19.0-0.nightly-2025-02-20-131651-nightly",
                "name": "4.19.0-0.nightly-2025-02-20-131651"
              },
              {
                "id": "openshift-v4.19.0-0.nightly-2025-02-25-035256-nightly",
                "name": "4.19.0-0.nightly-2025-02-25-035256"
              },
              {
                "id": "openshift-v4.19.0-0.nightly-2025-02-26-050226-nightly",
                "name": "4.19.0-0.nightly-2025-02-26-050226"
              },
              {
                "id": "openshift-v4.19.0-0.nightly-2025-02-28-052553-nightly",
                "name": "4.19.0-0.nightly-2025-02-28-052553"
              },
              {
                "id": "openshift-v4.19.0-0.nightly-2025-02-28-132549-nightly",
                "name": "4.19.0-0.nightly-2025-02-28-132549"
              },
              {
                "id": "openshift-v4.19.0-0.nightly-2025-03-01-112621-nightly",
                "name": "4.19.0-0.nightly-2025-03-01-112621"
              },
              {
                "id": "openshift-v4.19.0-0.nightly-2025-03-03-170005-nightly",
                "name": "4.19.0-0.nightly-2025-03-03-170005"
              },
              {
                "id": "openshift-v4.19.0-0.nightly-2025-03-04-055151-nightly",
                "name": "4.19.0-0.nightly-2025-03-04-055151"
              },
              {
                "id": "openshift-v4.19.0-0.nightly-2025-03-04-113830-nightly",
                "name": "4.19.0-0.nightly-2025-03-04-113830"
              },
              {
                "id": "openshift-v4.19.0-0.nightly-2025-03-04-213423-nightly",
                "name": "4.19.0-0.nightly-2025-03-04-213423"
              },
              {
                "id": "openshift-v4.19.0-0.nightly-2025-03-05-071437-nightly",
                "name": "4.19.0-0.nightly-2025-03-05-071437"
              },
              {
                "id": "openshift-v4.19.0-0.nightly-2025-03-05-160850-nightly",
                "name": "4.19.0-0.nightly-2025-03-05-160850"
              },
              {
                "id": "openshift-v4.19.0-0.nightly-2025-03-05-232901-nightly",
                "name": "4.19.0-0.nightly-2025-03-05-232901"
              },
              {
                "id": "openshift-v4.19.0-0.nightly-2025-03-06-121124-nightly",
                "name": "4.19.0-0.nightly-2025-03-06-121124"
              },
              {
                "id": "openshift-v4.19.0-0.nightly-2025-03-07-175123-nightly",
                "name": "4.19.0-0.nightly-2025-03-07-175123"
              },
              {
                "id": "openshift-v4.19.0-0.nightly-2025-03-08-092913-nightly",
                "name": "4.19.0-0.nightly-2025-03-08-092913"
              },
              {
                "id": "openshift-v4.19.0-0.nightly-2025-03-09-063419-nightly",
                "name": "4.19.0-0.nightly-2025-03-09-063419"
              },
              {
                "id": "openshift-v4.19.0-0.nightly-2025-03-12-114811-nightly",
                "name": "4.19.0-0.nightly-2025-03-12-114811"
              },
              {
                "id": "openshift-v4.19.0-0.nightly-2025-03-12-184246-nightly",
                "name": "4.19.0-0.nightly-2025-03-12-184246"
              },
              {
                "id": "openshift-v4.19.0-0.nightly-2025-03-12-235235-nightly",
                "name": "4.19.0-0.nightly-2025-03-12-235235"
              },
              {
                "id": "openshift-v4.19.0-0.nightly-2025-03-13-133005-nightly",
                "name": "4.19.0-0.nightly-2025-03-13-133005"
              },
              {
                "id": "openshift-v4.19.0-0.nightly-2025-03-18-071705-nightly",
                "name": "4.19.0-0.nightly-2025-03-18-071705"
              },
              {
                "id": "openshift-v4.19.0-0.nightly-2025-03-19-080024-nightly",
                "name": "4.19.0-0.nightly-2025-03-19-080024"
              },
              {
                "id": "openshift-v4.19.0-0.nightly-2025-03-19-160541-nightly",
                "name": "4.19.0-0.nightly-2025-03-19-160541"
              },
              {
                "id": "openshift-v4.19.0-0.nightly-2025-03-20-062111-nightly",
                "name": "4.19.0-0.nightly-2025-03-20-062111"
              },
              {
                "id": "openshift-v4.19.0-0.nightly-2025-03-20-220245-nightly",
                "name": "4.19.0-0.nightly-2025-03-20-220245"
              },
              {
                "id": "openshift-v4.19.0-0.nightly-2025-03-21-030708-nightly",
                "name": "4.19.0-0.nightly-2025-03-21-030708"
              },
              {
                "id": "openshift-v4.19.0-0.nightly-2025-03-25-001625-nightly",
                "name": "4.19.0-0.nightly-2025-03-25-001625"
              },
              {
                "id": "openshift-v4.19.0-0.nightly-2025-03-26-070608-nightly",
                "name": "4.19.0-0.nightly-2025-03-26-070608"
              },
              {
                "id": "openshift-v4.19.0-0.nightly-2025-03-27-080129-nightly",
                "name": "4.19.0-0.nightly-2025-03-27-080129"
              },
              {
                "id": "openshift-v4.19.0-0.nightly-2025-03-28-064126-nightly",
                "name": "4.19.0-0.nightly-2025-03-28-064126"
              },
              {
                "id": "openshift-v4.19.0-0.nightly-2025-03-28-141350-nightly",
                "name": "4.19.0-0.nightly-2025-03-28-141350"
              },
              {
                "id": "openshift-v4.19.0-0.nightly-2025-03-28-192800-nightly",
                "name": "4.19.0-0.nightly-2025-03-28-192800"
              },
              {
                "id": "openshift-v4.19.0-0.nightly-2025-03-29-001607-nightly",
                "name": "4.19.0-0.nightly-2025-03-29-001607"
              },
              {
                "id": "openshift-v4.19.0-0.nightly-2025-03-29-123423-nightly",
                "name": "4.19.0-0.nightly-2025-03-29-123423"
              },
              {
                "id": "openshift-v4.19.0-0.nightly-2025-03-29-202641-nightly",
                "name": "4.19.0-0.nightly-2025-03-29-202641"
              },
              {
                "id": "openshift-v4.19.0-0.nightly-2025-03-30-010157-nightly",
                "name": "4.19.0-0.nightly-2025-03-30-010157"
              },
              {
                "id": "openshift-v4.19.0-0.nightly-2025-03-30-053347-nightly",
                "name": "4.19.0-0.nightly-2025-03-30-053347"
              },
              {
                "id": "openshift-v4.19.0-0.nightly-2025-03-30-134514-nightly",
                "name": "4.19.0-0.nightly-2025-03-30-134514"
              },
              {
                "id": "openshift-v4.19.0-0.nightly-2025-03-30-191359-nightly",
                "name": "4.19.0-0.nightly-2025-03-30-191359"
              },
              {
                "id": "openshift-v4.19.0-0.nightly-2025-03-31-174812-nightly",
                "name": "4.19.0-0.nightly-2025-03-31-174812"
              },
              {
                "id": "openshift-v4.19.0-0.nightly-2025-04-02-065200-nightly",
                "name": "4.19.0-0.nightly-2025-04-02-065200"
              },
              {
                "id": "openshift-v4.19.0-0.nightly-2025-04-02-170034-nightly",
                "name": "4.19.0-0.nightly-2025-04-02-170034"
              },
              {
                "id": "openshift-v4.19.0-0.nightly-2025-04-04-023411-nightly",
                "name": "4.19.0-0.nightly-2025-04-04-023411"
              },
              {
                "id": "openshift-v4.19.0-0.nightly-2025-04-04-093418-nightly",
                "name": "4.19.0-0.nightly-2025-04-04-093418"
              },
              {
                "id": "openshift-v4.19.0-0.nightly-2025-04-13-094026-nightly",
                "name": "4.19.0-0.nightly-2025-04-13-094026"
              },
              {
                "id": "openshift-v4.19.0-0.nightly-2025-04-13-222314-nightly",
                "name": "4.19.0-0.nightly-2025-04-13-222314"
              },
              {
                "id": "openshift-v4.19.0-0.nightly-2025-04-18-164125-nightly",
                "name": "4.19.0-0.nightly-2025-04-18-164125"
              },
              {
                "id": "openshift-v4.19.0-0.nightly-2025-04-24-005837-nightly",
                "name": "4.19.0-0.nightly-2025-04-24-005837"
              },
              {
                "id": "openshift-v4.19.0-0.nightly-2025-04-29-095709-nightly",
                "name": "4.19.0-0.nightly-2025-04-29-095709"
              },
              {
                "id": "openshift-v4.19.0-0.nightly-2025-04-29-201604-nightly",
                "name": "4.19.0-0.nightly-2025-04-29-201604"
              },
              {
                "id": "openshift-v4.19.0-0.nightly-2025-04-30-032502-nightly",
                "name": "4.19.0-0.nightly-2025-04-30-032502"
              },
              {
                "id": "openshift-v4.20.0-0.nightly-2025-04-02-013934-nightly",
                "name": "4.20.0-0.nightly-2025-04-02-013934"
              },
              {
                "id": "openshift-v4.20.0-0.nightly-2025-04-02-081925-nightly",
                "name": "4.20.0-0.nightly-2025-04-02-081925"
              },
              {
                "id": "openshift-v4.20.0-0.nightly-2025-04-08-133548-nightly",
                "name": "4.20.0-0.nightly-2025-04-08-133548"
              },
              {
                "id": "openshift-v4.20.0-0.nightly-2025-04-22-183618-nightly",
                "name": "4.20.0-0.nightly-2025-04-22-183618"
              },
              {
                "id": "openshift-v4.20.0-0.nightly-2025-04-30-082442-nightly",
                "name": "4.20.0-0.nightly-2025-04-30-082442"
              },
              {
                "id": "openshift-v4.7.0-0.nightly-2021-05-20-112118-nightly",
                "name": "4.7.0-0.nightly-2021-05-20-112118"
              },
              {
                "id": "openshift-v4.8.0-0.nightly-2021-05-21-101954-nightly",
                "name": "4.8.0-0.nightly-2021-05-21-101954"
              },
              {
                "id": "openshift-v4.8.0-0.nightly-2021-05-21-200728-nightly",
                "name": "4.8.0-0.nightly-2021-05-21-200728"
              },
              {
                "id": "openshift-v4.8.0-0.nightly-2021-05-25-000938-nightly",
                "name": "4.8.0-0.nightly-2021-05-25-000938"
              },
              {
                "id": "openshift-v4.8.0-0.nightly-2021-05-25-013343-nightly",
                "name": "4.8.0-0.nightly-2021-05-25-013343"
              },
              {
                "id": "openshift-v4.8.0-0.nightly-2021-05-25-041803-nightly",
                "name": "4.8.0-0.nightly-2021-05-25-041803"
              },
              {
                "id": "openshift-v4.8.0-0.nightly-2021-05-25-072938-nightly",
                "name": "4.8.0-0.nightly-2021-05-25-072938"
              },
              {
                "id": "openshift-v4.8.0-0.nightly-2021-05-25-095743-nightly",
                "name": "4.8.0-0.nightly-2021-05-25-095743"
              },
              {
                "id": "openshift-v4.8.0-0.nightly-2021-05-25-121139-nightly",
                "name": "4.8.0-0.nightly-2021-05-25-121139"
              },
              {
                "id": "openshift-v4.8.0-0.nightly-2021-05-25-180327-nightly",
                "name": "4.8.0-0.nightly-2021-05-25-180327"
              },
              {
                "id": "openshift-v4.8.0-0.nightly-2021-05-25-223219-nightly",
                "name": "4.8.0-0.nightly-2021-05-25-223219"
              },
              {
                "id": "openshift-v4.8.0-0.nightly-2021-05-26-011137-nightly",
                "name": "4.8.0-0.nightly-2021-05-26-011137"
              },
              {
                "id": "openshift-v4.8.0-0.nightly-2021-05-26-021757-nightly",
                "name": "4.8.0-0.nightly-2021-05-26-021757"
              },
              {
                "id": "openshift-v4.8.0-candidate",
                "name": "4.8.0"
              },
              {
                "id": "openshift-v4.8.0-fc.0-candidate",
                "name": "4.8.0-fc.0"
              },
              {
                "id": "openshift-v4.8.0-fc.1-candidate",
                "name": "4.8.0-fc.1"
              },
              {
                "id": "openshift-v4.8.0-fc.2-candidate",
                "name": "4.8.0-fc.2"
              },
              {
                "id": "openshift-v4.8.0-fc.3-candidate",
                "name": "4.8.0-fc.3"
              },
              {
                "id": "openshift-v4.8.0-fc.5-candidate",
                "name": "4.8.0-fc.5"
              },
              {
                "id": "openshift-v4.8.0-fc.7-candidate",
                "name": "4.8.0-fc.7"
              },
              {
                "id": "openshift-v4.8.0-fc.8-candidate",
                "name": "4.8.0-fc.8"
              },
              {
                "id": "openshift-v4.8.0-fc.9-candidate",
                "name": "4.8.0-fc.9"
              },
              {
                "id": "openshift-v4.8.0-rc.0-candidate",
                "name": "4.8.0-rc.0"
              },
              {
                "id": "openshift-v4.8.0-rc.1-candidate",
                "name": "4.8.0-rc.1"
              },
              {
                "id": "openshift-v4.8.0-rc.2-candidate",
                "name": "4.8.0-rc.2"
              },
              {
                "id": "openshift-v4.8.0-rc.3-candidate",
                "name": "4.8.0-rc.3"
              },
              {
                "id": "openshift-v4.8.10-candidate",
                "name": "4.8.10"
              },
              {
                "id": "openshift-v4.8.10-fast",
                "name": "4.8.10"
              },
              {
                "id": "openshift-v4.8.11-candidate",
                "name": "4.8.11"
              },
              {
                "id": "openshift-v4.8.11-fast",
                "name": "4.8.11"
              },
              {
                "id": "openshift-v4.8.12-candidate",
                "name": "4.8.12"
              },
              {
                "id": "openshift-v4.8.12-fast",
                "name": "4.8.12"
              },
              {
                "id": "openshift-v4.8.13-candidate",
                "name": "4.8.13"
              },
              {
                "id": "openshift-v4.8.13-fast",
                "name": "4.8.13"
              },
              {
                "id": "openshift-v4.8.14-candidate",
                "name": "4.8.14"
              },
              {
                "id": "openshift-v4.8.14-fast",
                "name": "4.8.14"
              },
              {
                "id": "openshift-v4.8.15-candidate",
                "name": "4.8.15"
              },
              {
                "id": "openshift-v4.8.15-fast",
                "name": "4.8.15"
              },
              {
                "id": "openshift-v4.8.16-candidate",
                "name": "4.8.16"
              },
              {
                "id": "openshift-v4.8.17-candidate",
                "name": "4.8.17"
              },
              {
                "id": "openshift-v4.8.17-fast",
                "name": "4.8.17"
              },
              {
                "id": "openshift-v4.8.18-candidate",
                "name": "4.8.18"
              },
              {
                "id": "openshift-v4.8.18-fast",
                "name": "4.8.18"
              },
              {
                "id": "openshift-v4.8.19-candidate",
                "name": "4.8.19"
              },
              {
                "id": "openshift-v4.8.19-fast",
                "name": "4.8.19"
              },
              {
                "id": "openshift-v4.8.1-candidate",
                "name": "4.8.1"
              },
              {
                "id": "openshift-v4.8.20-candidate",
                "name": "4.8.20"
              },
              {
                "id": "openshift-v4.8.20-fast",
                "name": "4.8.20"
              },
              {
                "id": "openshift-v4.8.21-candidate",
                "name": "4.8.21"
              },
              {
                "id": "openshift-v4.8.21-fast",
                "name": "4.8.21"
              },
              {
                "id": "openshift-v4.8.22-candidate",
                "name": "4.8.22"
              },
              {
                "id": "openshift-v4.8.22-fast",
                "name": "4.8.22"
              },
              {
                "id": "openshift-v4.8.23-candidate",
                "name": "4.8.23"
              },
              {
                "id": "openshift-v4.8.23-fast",
                "name": "4.8.23"
              },
              {
                "id": "openshift-v4.8.24-candidate",
                "name": "4.8.24"
              },
              {
                "id": "openshift-v4.8.24-fast",
                "name": "4.8.24"
              },
              {
                "id": "openshift-v4.8.25-candidate",
                "name": "4.8.25"
              },
              {
                "id": "openshift-v4.8.25-fast",
                "name": "4.8.25"
              },
              {
                "id": "openshift-v4.8.26-candidate",
                "name": "4.8.26"
              },
              {
                "id": "openshift-v4.8.26-fast",
                "name": "4.8.26"
              },
              {
                "id": "openshift-v4.8.27-candidate",
                "name": "4.8.27"
              },
              {
                "id": "openshift-v4.8.27-fast",
                "name": "4.8.27"
              },
              {
                "id": "openshift-v4.8.28-candidate",
                "name": "4.8.28"
              },
              {
                "id": "openshift-v4.8.28-fast",
                "name": "4.8.28"
              },
              {
                "id": "openshift-v4.8.29-candidate",
                "name": "4.8.29"
              },
              {
                "id": "openshift-v4.8.29-fast",
                "name": "4.8.29"
              },
              {
                "id": "openshift-v4.8.2-candidate",
                "name": "4.8.2"
              },
              {
                "id": "openshift-v4.8.2-fast",
                "name": "4.8.2"
              },
              {
                "id": "openshift-v4.8.30-candidate",
                "name": "4.8.30"
              },
              {
                "id": "openshift-v4.8.31-candidate",
                "name": "4.8.31"
              },
              {
                "id": "openshift-v4.8.31-fast",
                "name": "4.8.31"
              },
              {
                "id": "openshift-v4.8.32-candidate",
                "name": "4.8.32"
              },
              {
                "id": "openshift-v4.8.32-fast",
                "name": "4.8.32"
              },
              {
                "id": "openshift-v4.8.33-candidate",
                "name": "4.8.33"
              },
              {
                "id": "openshift-v4.8.33-fast",
                "name": "4.8.33"
              },
              {
                "id": "openshift-v4.8.34-candidate",
                "name": "4.8.34"
              },
              {
                "id": "openshift-v4.8.34-fast",
                "name": "4.8.34"
              },
              {
                "id": "openshift-v4.8.35-candidate",
                "name": "4.8.35"
              },
              {
                "id": "openshift-v4.8.35-fast",
                "name": "4.8.35"
              },
              {
                "id": "openshift-v4.8.36-candidate",
                "name": "4.8.36"
              },
              {
                "id": "openshift-v4.8.36-fast",
                "name": "4.8.36"
              },
              {
                "id": "openshift-v4.8.37-candidate",
                "name": "4.8.37"
              },
              {
                "id": "openshift-v4.8.37-fast",
                "name": "4.8.37"
              },
              {
                "id": "openshift-v4.8.38-candidate",
                "name": "4.8.38"
              },
              {
                "id": "openshift-v4.8.39-candidate",
                "name": "4.8.39"
              },
              {
                "id": "openshift-v4.8.39-fast",
                "name": "4.8.39"
              },
              {
                "id": "openshift-v4.8.3-candidate",
                "name": "4.8.3"
              },
              {
                "id": "openshift-v4.8.3-fast",
                "name": "4.8.3"
              },
              {
                "id": "openshift-v4.8.40-candidate",
                "name": "4.8.40"
              },
              {
                "id": "openshift-v4.8.41-candidate",
                "name": "4.8.41"
              },
              {
                "id": "openshift-v4.8.41-fast",
                "name": "4.8.41"
              },
              {
                "id": "openshift-v4.8.42-candidate",
                "name": "4.8.42"
              },
              {
                "id": "openshift-v4.8.42-fast",
                "name": "4.8.42"
              },
              {
                "id": "openshift-v4.8.43-candidate",
                "name": "4.8.43"
              },
              {
                "id": "openshift-v4.8.43-fast",
                "name": "4.8.43"
              },
              {
                "id": "openshift-v4.8.44-candidate",
                "name": "4.8.44"
              },
              {
                "id": "openshift-v4.8.44-fast",
                "name": "4.8.44"
              },
              {
                "id": "openshift-v4.8.45-candidate",
                "name": "4.8.45"
              },
              {
                "id": "openshift-v4.8.45-fast",
                "name": "4.8.45"
              },
              {
                "id": "openshift-v4.8.46-candidate",
                "name": "4.8.46"
              },
              {
                "id": "openshift-v4.8.46-fast",
                "name": "4.8.46"
              },
              {
                "id": "openshift-v4.8.47-candidate",
                "name": "4.8.47"
              },
              {
                "id": "openshift-v4.8.47-fast",
                "name": "4.8.47"
              },
              {
                "id": "openshift-v4.8.48-candidate",
                "name": "4.8.48"
              },
              {
                "id": "openshift-v4.8.48-fast",
                "name": "4.8.48"
              },
              {
                "id": "openshift-v4.8.49-candidate",
                "name": "4.8.49"
              },
              {
                "id": "openshift-v4.8.49-fast",
                "name": "4.8.49"
              },
              {
                "id": "openshift-v4.8.4-candidate",
                "name": "4.8.4"
              },
              {
                "id": "openshift-v4.8.4-fast",
                "name": "4.8.4"
              },
              {
                "id": "openshift-v4.8.50-candidate",
                "name": "4.8.50"
              },
              {
                "id": "openshift-v4.8.50-fast",
                "name": "4.8.50"
              },
              {
                "id": "openshift-v4.8.51-candidate",
                "name": "4.8.51"
              },
              {
                "id": "openshift-v4.8.51-fast",
                "name": "4.8.51"
              },
              {
                "id": "openshift-v4.8.52-candidate",
                "name": "4.8.52"
              },
              {
                "id": "openshift-v4.8.52-fast",
                "name": "4.8.52"
              },
              {
                "id": "openshift-v4.8.53-candidate",
                "name": "4.8.53"
              },
              {
                "id": "openshift-v4.8.53-fast",
                "name": "4.8.53"
              },
              {
                "id": "openshift-v4.8.54-candidate",
                "name": "4.8.54"
              },
              {
                "id": "openshift-v4.8.54-fast",
                "name": "4.8.54"
              },
              {
                "id": "openshift-v4.8.55-candidate",
                "name": "4.8.55"
              },
              {
                "id": "openshift-v4.8.55-fast",
                "name": "4.8.55"
              },
              {
                "id": "openshift-v4.8.56-candidate",
                "name": "4.8.56"
              },
              {
                "id": "openshift-v4.8.56-fast",
                "name": "4.8.56"
              },
              {
                "id": "openshift-v4.8.57",
                "name": "4.8.57"
              },
              {
                "id": "openshift-v4.8.57-candidate",
                "name": "4.8.57"
              },
              {
                "id": "openshift-v4.8.57-fast",
                "name": "4.8.57"
              },
              {
                "id": "openshift-v4.8.5-candidate",
                "name": "4.8.5"
              },
              {
                "id": "openshift-v4.8.5-fast",
                "name": "4.8.5"
              },
              {
                "id": "openshift-v4.8.6-candidate",
                "name": "4.8.6"
              },
              {
                "id": "openshift-v4.8.7-candidate",
                "name": "4.8.7"
              },
              {
                "id": "openshift-v4.8.9-candidate",
                "name": "4.8.9"
              },
              {
                "id": "openshift-v4.8.9-fast",
                "name": "4.8.9"
              },
              {
                "id": "openshift-v4.9.0-candidate",
                "name": "4.9.0"
              },
              {
                "id": "openshift-v4.9.0-fast",
                "name": "4.9.0"
              },
              {
                "id": "openshift-v4.9.0-fc.0-candidate",
                "name": "4.9.0-fc.0"
              },
              {
                "id": "openshift-v4.9.0-fc.1-candidate",
                "name": "4.9.0-fc.1"
              },
              {
                "id": "openshift-v4.9.0-rc.0-candidate",
                "name": "4.9.0-rc.0"
              },
              {
                "id": "openshift-v4.9.0-rc.1-candidate",
                "name": "4.9.0-rc.1"
              },
              {
                "id": "openshift-v4.9.0-rc.3-candidate",
                "name": "4.9.0-rc.3"
              },
              {
                "id": "openshift-v4.9.0-rc.4-candidate",
                "name": "4.9.0-rc.4"
              },
              {
                "id": "openshift-v4.9.0-rc.5-candidate",
                "name": "4.9.0-rc.5"
              },
              {
                "id": "openshift-v4.9.0-rc.6-candidate",
                "name": "4.9.0-rc.6"
              },
              {
                "id": "openshift-v4.9.0-rc.7-candidate",
                "name": "4.9.0-rc.7"
              },
              {
                "id": "openshift-v4.9.0-rc.8-candidate",
                "name": "4.9.0-rc.8"
              },
              {
                "id": "openshift-v4.9.10-candidate",
                "name": "4.9.10"
              },
              {
                "id": "openshift-v4.9.10-fast",
                "name": "4.9.10"
              },
              {
                "id": "openshift-v4.9.11-candidate",
                "name": "4.9.11"
              },
              {
                "id": "openshift-v4.9.11-fast",
                "name": "4.9.11"
              },
              {
                "id": "openshift-v4.9.12-candidate",
                "name": "4.9.12"
              },
              {
                "id": "openshift-v4.9.12-fast",
                "name": "4.9.12"
              },
              {
                "id": "openshift-v4.9.13-candidate",
                "name": "4.9.13"
              },
              {
                "id": "openshift-v4.9.13-fast",
                "name": "4.9.13"
              },
              {
                "id": "openshift-v4.9.15-candidate",
                "name": "4.9.15"
              },
              {
                "id": "openshift-v4.9.15-fast",
                "name": "4.9.15"
              },
              {
                "id": "openshift-v4.9.17-candidate",
                "name": "4.9.17"
              },
              {
                "id": "openshift-v4.9.17-fast",
                "name": "4.9.17"
              },
              {
                "id": "openshift-v4.9.18-candidate",
                "name": "4.9.18"
              },
              {
                "id": "openshift-v4.9.18-fast",
                "name": "4.9.18"
              },
              {
                "id": "openshift-v4.9.19",
                "name": "4.9.19"
              },
              {
                "id": "openshift-v4.9.19-candidate",
                "name": "4.9.19"
              },
              {
                "id": "openshift-v4.9.19-fast",
                "name": "4.9.19"
              },
              {
                "id": "openshift-v4.9.1-candidate",
                "name": "4.9.1"
              },
              {
                "id": "openshift-v4.9.21-candidate",
                "name": "4.9.21"
              },
              {
                "id": "openshift-v4.9.21-fast",
                "name": "4.9.21"
              },
              {
                "id": "openshift-v4.9.22-candidate",
                "name": "4.9.22"
              },
              {
                "id": "openshift-v4.9.22-fast",
                "name": "4.9.22"
              },
              {
                "id": "openshift-v4.9.23-candidate",
                "name": "4.9.23"
              },
              {
                "id": "openshift-v4.9.23-fast",
                "name": "4.9.23"
              },
              {
                "id": "openshift-v4.9.24-candidate",
                "name": "4.9.24"
              },
              {
                "id": "openshift-v4.9.24-fast",
                "name": "4.9.24"
              },
              {
                "id": "openshift-v4.9.25-candidate",
                "name": "4.9.25"
              },
              {
                "id": "openshift-v4.9.25-fast",
                "name": "4.9.25"
              },
              {
                "id": "openshift-v4.9.26-candidate",
                "name": "4.9.26"
              },
              {
                "id": "openshift-v4.9.26-fast",
                "name": "4.9.26"
              },
              {
                "id": "openshift-v4.9.27-candidate",
                "name": "4.9.27"
              },
              {
                "id": "openshift-v4.9.27-fast",
                "name": "4.9.27"
              },
              {
                "id": "openshift-v4.9.28-candidate",
                "name": "4.9.28"
              },
              {
                "id": "openshift-v4.9.28-fast",
                "name": "4.9.28"
              },
              {
                "id": "openshift-v4.9.29-candidate",
                "name": "4.9.29"
              },
              {
                "id": "openshift-v4.9.29-fast",
                "name": "4.9.29"
              },
              {
                "id": "openshift-v4.9.30-candidate",
                "name": "4.9.30"
              },
              {
                "id": "openshift-v4.9.31-candidate",
                "name": "4.9.31"
              },
              {
                "id": "openshift-v4.9.31-fast",
                "name": "4.9.31"
              },
              {
                "id": "openshift-v4.9.32-candidate",
                "name": "4.9.32"
              },
              {
                "id": "openshift-v4.9.32-fast",
                "name": "4.9.32"
              },
              {
                "id": "openshift-v4.9.33-candidate",
                "name": "4.9.33"
              },
              {
                "id": "openshift-v4.9.33-fast",
                "name": "4.9.33"
              },
              {
                "id": "openshift-v4.9.34-candidate",
                "name": "4.9.34"
              },
              {
                "id": "openshift-v4.9.35-candidate",
                "name": "4.9.35"
              },
              {
                "id": "openshift-v4.9.35-fast",
                "name": "4.9.35"
              },
              {
                "id": "openshift-v4.9.36-candidate",
                "name": "4.9.36"
              },
              {
                "id": "openshift-v4.9.36-fast",
                "name": "4.9.36"
              },
              {
                "id": "openshift-v4.9.37-candidate",
                "name": "4.9.37"
              },
              {
                "id": "openshift-v4.9.37-fast",
                "name": "4.9.37"
              },
              {
                "id": "openshift-v4.9.38-candidate",
                "name": "4.9.38"
              },
              {
                "id": "openshift-v4.9.38-fast",
                "name": "4.9.38"
              },
              {
                "id": "openshift-v4.9.39-candidate",
                "name": "4.9.39"
              },
              {
                "id": "openshift-v4.9.40-candidate",
                "name": "4.9.40"
              },
              {
                "id": "openshift-v4.9.40-fast",
                "name": "4.9.40"
              },
              {
                "id": "openshift-v4.9.41-candidate",
                "name": "4.9.41"
              },
              {
                "id": "openshift-v4.9.41-fast",
                "name": "4.9.41"
              },
              {
                "id": "openshift-v4.9.42-candidate",
                "name": "4.9.42"
              },
              {
                "id": "openshift-v4.9.42-fast",
                "name": "4.9.42"
              },
              {
                "id": "openshift-v4.9.43-candidate",
                "name": "4.9.43"
              },
              {
                "id": "openshift-v4.9.43-fast",
                "name": "4.9.43"
              },
              {
                "id": "openshift-v4.9.44-candidate",
                "name": "4.9.44"
              },
              {
                "id": "openshift-v4.9.45-candidate",
                "name": "4.9.45"
              },
              {
                "id": "openshift-v4.9.45-fast",
                "name": "4.9.45"
              },
              {
                "id": "openshift-v4.9.45-fast",
                "name": "4.9.45"
              },
              {
                "id": "openshift-v4.9.46-candidate",
                "name": "4.9.46"
              },
              {
                "id": "openshift-v4.9.46-fast",
                "name": "4.9.46"
              },
              {
                "id": "openshift-v4.9.47-candidate",
                "name": "4.9.47"
              },
              {
                "id": "openshift-v4.9.47-fast",
                "name": "4.9.47"
              },
              {
                "id": "openshift-v4.9.48-candidate",
                "name": "4.9.48"
              },
              {
                "id": "openshift-v4.9.48-fast",
                "name": "4.9.48"
              },
              {
                "id": "openshift-v4.9.49-candidate",
                "name": "4.9.49"
              },
              {
                "id": "openshift-v4.9.49-fast",
                "name": "4.9.49"
              },
              {
                "id": "openshift-v4.9.4-candidate",
                "name": "4.9.4"
              },
              {
                "id": "openshift-v4.9.4-fast",
                "name": "4.9.4"
              },
              {
                "id": "openshift-v4.9.50-candidate",
                "name": "4.9.50"
              },
              {
                "id": "openshift-v4.9.50-fast",
                "name": "4.9.50"
              },
              {
                "id": "openshift-v4.9.51-candidate",
                "name": "4.9.51"
              },
              {
                "id": "openshift-v4.9.51-fast",
                "name": "4.9.51"
              },
              {
                "id": "openshift-v4.9.52-candidate",
                "name": "4.9.52"
              },
              {
                "id": "openshift-v4.9.52-fast",
                "name": "4.9.52"
              },
              {
                "id": "openshift-v4.9.53-candidate",
                "name": "4.9.53"
              },
              {
                "id": "openshift-v4.9.53-fast",
                "name": "4.9.53"
              },
              {
                "id": "openshift-v4.9.54-candidate",
                "name": "4.9.54"
              },
              {
                "id": "openshift-v4.9.54-fast",
                "name": "4.9.54"
              },
              {
                "id": "openshift-v4.9.55-candidate",
                "name": "4.9.55"
              },
              {
                "id": "openshift-v4.9.55-fast",
                "name": "4.9.55"
              },
              {
                "id": "openshift-v4.9.56-candidate",
                "name": "4.9.56"
              },
              {
                "id": "openshift-v4.9.56-fast",
                "name": "4.9.56"
              },
              {
                "id": "openshift-v4.9.57-candidate",
                "name": "4.9.57"
              },
              {
                "id": "openshift-v4.9.57-fast",
                "name": "4.9.57"
              },
              {
                "id": "openshift-v4.9.58-candidate",
                "name": "4.9.58"
              },
              {
                "id": "openshift-v4.9.58-fast",
                "name": "4.9.58"
              },
              {
                "id": "openshift-v4.9.59",
                "name": "4.9.59"
              },
              {
                "id": "openshift-v4.9.59-candidate",
                "name": "4.9.59"
              },
              {
                "id": "openshift-v4.9.59-fast",
                "name": "4.9.59"
              },
              {
                "id": "openshift-v4.9.5-candidate",
                "name": "4.9.5"
              },
              {
                "id": "openshift-v4.9.5-fast",
                "name": "4.9.5"
              },
              {
                "id": "openshift-v4.9.6-candidate",
                "name": "4.9.6"
              },
              {
                "id": "openshift-v4.9.6-fast",
                "name": "4.9.6"
              },
              {
                "id": "openshift-v4.9.7-candidate",
                "name": "4.9.7"
              },
              {
                "id": "openshift-v4.9.7-fast",
                "name": "4.9.7"
              },
              {
                "id": "openshift-v4.9.8-candidate",
                "name": "4.9.8"
              },
              {
                "id": "openshift-v4.9.8-fast",
                "name": "4.9.8"
              },
              {
                "id": "openshift-v4.9.9-candidate",
                "name": "4.9.9"
              },
              {
                "id": "openshift-v4.9.9-fast",
                "name": "4.9.9"
              }
            ],
            "order": null,
            "search": null
          },
          "sensitive_attributes": []
        }
      ]
    },
    {
      "mode": "managed",
      "type": "random_string",
      "name": "random_name",
      "provider": "provider[\"registry.terraform.io/hashicorp/random\"]",
      "instances": [
        {
          "schema_version": 2,
          "attributes": {
            "id": "c6wbnz",
            "keepers": null,
            "length": 6,
            "lower": true,
            "min_lower": 0,
            "min_numeric": 0,
            "min_special": 0,
            "min_upper": 0,
            "number": true,
            "numeric": true,
            "override_special": null,
            "result": "c6wbnz",
            "special": false,
            "upper": false
          },
          "sensitive_attributes": []
        }
      ]
    },
    {
      "mode": "managed",
      "type": "rhcs_cluster_rosa_classic",
      "name": "rosa_sts_cluster",
      "provider": "provider[\"registry.terraform.io/terraform-redhat/rhcs\"]",
      "instances": [
        {
          "schema_version": 0,
          "attributes": {
            "admin_credentials": null,
            "api_url": "",
            "autoscaling_enabled": false,
            "availability_zones": [
              "ap-northeast-1a"
            ],
            "aws_account_id": "581145842032",
            "aws_additional_compute_security_group_ids": null,
            "aws_additional_control_plane_security_group_ids": null,
            "aws_additional_infra_security_group_ids": null,
            "aws_private_link": false,
            "aws_subnet_ids": null,
            "base_dns_domain": "793m.p1.openshiftapps.com",
            "ccs_enabled": true,
            "channel_group": "stable",
            "cloud_region": "ap-northeast-1",
            "compute_machine_type": "m5.xlarge",
            "console_url": "",
            "create_admin_user": null,
            "current_version": "4.15.29",
            "default_mp_labels": null,
            "destroy_timeout": null,
            "disable_scp_checks": null,
            "disable_waiting_in_destroy": null,
            "disable_workload_monitoring": null,
            "domain": "rosa-c6wbnz.793m.p1.openshiftapps.com",
            "domain_prefix": "rosa-c6wbnz",
            "ec2_metadata_http_tokens": "optional",
            "etcd_encryption": false,
            "external_id": "",
            "fips": null,
            "host_prefix": 23,
            "id": "2ifr06a95ro6bjh64jlr8ud66q4n9sll",
            "infra_id": "",
            "kms_key_arn": null,
            "machine_cidr": "10.0.0.0/16",
            "max_cluster_wait_timeout_in_minutes": null,
            "max_replicas": null,
            "min_replicas": null,
            "multi_az": false,
            "name": "rosa-c6wbnz",
            "ocm_properties": {
              "rosa_creator_arn": "arn:aws:iam::581145842032:user/open-environment-7qdl9-admin",
              "rosa_tf_commit": "877d24c",
              "rosa_tf_version": "1.6.8"
            },
            "pod_cidr": "10.128.0.0/14",
            "private": false,
            "private_hosted_zone": null,
            "properties": {
              "rosa_creator_arn": "arn:aws:iam::581145842032:user/open-environment-7qdl9-admin"
            },
            "proxy": null,
            "replicas": 5,
            "service_cidr": "172.30.0.0/16",
            "state": "waiting",
            "sts": {
              "instance_iam_roles": {
                "master_role_arn": "arn:aws:iam::581145842032:role/rosa-c6wbnz-ControlPlane-Role",
                "worker_role_arn": "arn:aws:iam::581145842032:role/rosa-c6wbnz-Worker-Role"
              },
              "oidc_config_id": "2ifr02s781ka60tcnd3f98tj4fkas6nv",
              "oidc_endpoint_url": "oidc.op1.openshiftapps.com/2ifr02s781ka60tcnd3f98tj4fkas6nv",
              "operator_role_prefix": "rosa-c6wbnz",
              "role_arn": "arn:aws:iam::581145842032:role/rosa-c6wbnz-Installer-Role",
              "support_role_arn": "arn:aws:iam::581145842032:role/rosa-c6wbnz-Support-Role",
              "thumbprint": "06b25927c42a721631c1efd9431e648fa62e1e39"
            },
            "tags": {
              "Terraform": "true"
            },
            "upgrade_acknowledgements_for": null,
            "version": "4.15.29",
            "wait_for_create_complete": null,
            "worker_disk_size": null
          },
          "sensitive_attributes": [],
          "dependencies": [
            "data.aws_caller_identity.current",
            "data.rhcs_policies.all_policies",
            "data.rhcs_versions.all",
            "module.create_account_roles.module.rosa_account_roles.module.rosa_account_roles.aws_iam_policy.account_role_policy",
            "module.create_account_roles.module.rosa_account_roles.module.rosa_account_roles.aws_iam_policy.instance_account_role_policy",
            "module.create_account_roles.module.rosa_account_roles.module.rosa_account_roles.aws_iam_policy_attachment.instance_role_policy_attachment",
            "module.create_account_roles.module.rosa_account_roles.module.rosa_account_roles.aws_iam_policy_attachment.role_policy_attachment",
            "module.create_account_roles.module.rosa_account_roles.module.rosa_account_roles.aws_iam_role.account_role",
            "module.create_account_roles.module.rosa_account_roles.module.rosa_account_roles.aws_iam_role.instance_account_role",
            "module.create_account_roles.module.rosa_account_roles.module.rosa_operator_role_policies.aws_iam_policy.operator-policy",
            "module.create_account_roles.module.rosa_account_roles.random_string.default_random",
            "module.create_account_roles.module.rosa_oidc_config_resources.aws_s3_bucket.s3_bucket",
            "module.create_account_roles.module.rosa_oidc_config_resources.aws_s3_bucket_policy.allow_access_from_another_account",
            "module.create_account_roles.module.rosa_oidc_config_resources.aws_s3_bucket_public_access_block.public_access_block",
            "module.create_account_roles.module.rosa_oidc_config_resources.aws_s3_object.discrover_doc_object",
            "module.create_account_roles.module.rosa_oidc_config_resources.aws_s3_object.jwks_object",
            "module.create_account_roles.module.rosa_oidc_config_resources.aws_secretsmanager_secret.secret",
            "module.create_account_roles.module.rosa_oidc_config_resources.aws_secretsmanager_secret_version.store_in_secret",
            "module.create_account_roles.module.rosa_oidc_config_resources.data.aws_iam_policy_document.allow_access_from_another_account",
            "module.create_account_roles.module.rosa_oidc_provider.aws_iam_openid_connect_provider.oidc_provider",
            "module.create_account_roles.module.rosa_operator_roles.module.rosa_operator_roles.aws_iam_role.operator_role",
            "module.create_account_roles.module.rosa_operator_roles.module.rosa_operator_roles.aws_iam_role_policy_attachment.operator_role_policy_attachment",
            "module.create_account_roles.module.rosa_operator_roles.module.rosa_operator_roles.data.aws_caller_identity.current",
            "module.create_account_roles.null_resource.validate_all_version_input",
            "module.create_account_roles.null_resource.validate_openshift_version",
            "random_string.random_name",
            "rhcs_rosa_oidc_config.oidc_config",
            "time_sleep.wait_10_seconds"
          ]
        }
      ]
    },
    {
      "mode": "managed",
      "type": "rhcs_cluster_wait",
      "name": "wait_for_cluster_build",
      "provider": "provider[\"registry.terraform.io/terraform-redhat/rhcs\"]",
      "instances": [
        {
          "status": "tainted",
          "schema_version": 0,
          "attributes": {
            "cluster": "2ifr06a95ro6bjh64jlr8ud66q4n9sll",
            "ready": false,
            "timeout": 60
          },
          "sensitive_attributes": [],
          "dependencies": [
            "data.aws_caller_identity.current",
            "data.rhcs_policies.all_policies",
            "data.rhcs_versions.all",
            "module.create_account_roles.module.rosa_account_roles.module.rosa_account_roles.aws_iam_policy.account_role_policy",
            "module.create_account_roles.module.rosa_account_roles.module.rosa_account_roles.aws_iam_policy.instance_account_role_policy",
            "module.create_account_roles.module.rosa_account_roles.module.rosa_account_roles.aws_iam_policy_attachment.instance_role_policy_attachment",
            "module.create_account_roles.module.rosa_account_roles.module.rosa_account_roles.aws_iam_policy_attachment.role_policy_attachment",
            "module.create_account_roles.module.rosa_account_roles.module.rosa_account_roles.aws_iam_role.account_role",
            "module.create_account_roles.module.rosa_account_roles.module.rosa_account_roles.aws_iam_role.instance_account_role",
            "module.create_account_roles.module.rosa_account_roles.module.rosa_operator_role_policies.aws_iam_policy.operator-policy",
            "module.create_account_roles.module.rosa_account_roles.random_string.default_random",
            "module.create_account_roles.module.rosa_oidc_config_resources.aws_s3_bucket.s3_bucket",
            "module.create_account_roles.module.rosa_oidc_config_resources.aws_s3_bucket_policy.allow_access_from_another_account",
            "module.create_account_roles.module.rosa_oidc_config_resources.aws_s3_bucket_public_access_block.public_access_block",
            "module.create_account_roles.module.rosa_oidc_config_resources.aws_s3_object.discrover_doc_object",
            "module.create_account_roles.module.rosa_oidc_config_resources.aws_s3_object.jwks_object",
            "module.create_account_roles.module.rosa_oidc_config_resources.aws_secretsmanager_secret.secret",
            "module.create_account_roles.module.rosa_oidc_config_resources.aws_secretsmanager_secret_version.store_in_secret",
            "module.create_account_roles.module.rosa_oidc_config_resources.data.aws_iam_policy_document.allow_access_from_another_account",
            "module.create_account_roles.module.rosa_oidc_provider.aws_iam_openid_connect_provider.oidc_provider",
            "module.create_account_roles.module.rosa_operator_roles.module.rosa_operator_roles.aws_iam_role.operator_role",
            "module.create_account_roles.module.rosa_operator_roles.module.rosa_operator_roles.aws_iam_role_policy_attachment.operator_role_policy_attachment",
            "module.create_account_roles.module.rosa_operator_roles.module.rosa_operator_roles.data.aws_caller_identity.current",
            "module.create_account_roles.null_resource.validate_all_version_input",
            "module.create_account_roles.null_resource.validate_openshift_version",
            "random_string.random_name",
            "rhcs_cluster_rosa_classic.rosa_sts_cluster",
            "rhcs_rosa_oidc_config.oidc_config",
            "time_sleep.wait_10_seconds"
          ]
        }
      ]
    },
    {
      "mode": "managed",
      "type": "rhcs_rosa_oidc_config",
      "name": "oidc_config",
      "provider": "provider[\"registry.terraform.io/terraform-redhat/rhcs\"]",
      "instances": [
        {
          "schema_version": 0,
          "attributes": {
            "id": "2ifr02s781ka60tcnd3f98tj4fkas6nv",
            "installer_role_arn": null,
            "issuer_url": "https://oidc.op1.openshiftapps.com/2ifr02s781ka60tcnd3f98tj4fkas6nv",
            "managed": true,
            "oidc_endpoint_url": "oidc.op1.openshiftapps.com/2ifr02s781ka60tcnd3f98tj4fkas6nv",
            "secret_arn": null,
            "thumbprint": "06b25927c42a721631c1efd9431e648fa62e1e39"
          },
          "sensitive_attributes": []
        }
      ]
    },
    {
      "mode": "managed",
      "type": "time_sleep",
      "name": "wait_10_seconds",
      "provider": "provider[\"registry.terraform.io/hashicorp/time\"]",
      "instances": [
        {
          "schema_version": 0,
          "attributes": {
            "create_duration": "10s",
            "destroy_duration": null,
            "id": "2025-04-30T10:40:23Z",
            "triggers": null
          },
          "sensitive_attributes": [],
          "dependencies": [
            "data.rhcs_policies.all_policies",
            "data.rhcs_versions.all",
            "module.create_account_roles.module.rosa_account_roles.module.rosa_account_roles.aws_iam_policy.account_role_policy",
            "module.create_account_roles.module.rosa_account_roles.module.rosa_account_roles.aws_iam_policy.instance_account_role_policy",
            "module.create_account_roles.module.rosa_account_roles.module.rosa_account_roles.aws_iam_policy_attachment.instance_role_policy_attachment",
            "module.create_account_roles.module.rosa_account_roles.module.rosa_account_roles.aws_iam_policy_attachment.role_policy_attachment",
            "module.create_account_roles.module.rosa_account_roles.module.rosa_account_roles.aws_iam_role.account_role",
            "module.create_account_roles.module.rosa_account_roles.module.rosa_account_roles.aws_iam_role.instance_account_role",
            "module.create_account_roles.module.rosa_account_roles.module.rosa_operator_role_policies.aws_iam_policy.operator-policy",
            "module.create_account_roles.module.rosa_account_roles.random_string.default_random",
            "module.create_account_roles.module.rosa_oidc_config_resources.aws_s3_bucket.s3_bucket",
            "module.create_account_roles.module.rosa_oidc_config_resources.aws_s3_bucket_policy.allow_access_from_another_account",
            "module.create_account_roles.module.rosa_oidc_config_resources.aws_s3_bucket_public_access_block.public_access_block",
            "module.create_account_roles.module.rosa_oidc_config_resources.aws_s3_object.discrover_doc_object",
            "module.create_account_roles.module.rosa_oidc_config_resources.aws_s3_object.jwks_object",
            "module.create_account_roles.module.rosa_oidc_config_resources.aws_secretsmanager_secret.secret",
            "module.create_account_roles.module.rosa_oidc_config_resources.aws_secretsmanager_secret_version.store_in_secret",
            "module.create_account_roles.module.rosa_oidc_config_resources.data.aws_iam_policy_document.allow_access_from_another_account",
            "module.create_account_roles.module.rosa_oidc_provider.aws_iam_openid_connect_provider.oidc_provider",
            "module.create_account_roles.module.rosa_operator_roles.module.rosa_operator_roles.aws_iam_role.operator_role",
            "module.create_account_roles.module.rosa_operator_roles.module.rosa_operator_roles.aws_iam_role_policy_attachment.operator_role_policy_attachment",
            "module.create_account_roles.module.rosa_operator_roles.module.rosa_operator_roles.data.aws_caller_identity.current",
            "module.create_account_roles.null_resource.validate_all_version_input",
            "module.create_account_roles.null_resource.validate_openshift_version",
            "random_string.random_name"
          ]
        }
      ]
    },
    {
      "module": "module.create_account_roles",
      "mode": "managed",
      "type": "null_resource",
      "name": "validate_all_version_input",
      "provider": "provider[\"registry.terraform.io/hashicorp/null\"]",
      "instances": [
        {
          "index_key": 0,
          "schema_version": 0,
          "attributes": {
            "id": "8650540289726974563",
            "triggers": null
          },
          "sensitive_attributes": [],
          "dependencies": [
            "data.rhcs_versions.all"
          ]
        }
      ]
    },
    {
      "module": "module.create_account_roles",
      "mode": "managed",
      "type": "null_resource",
      "name": "validate_openshift_version",
      "provider": "provider[\"registry.terraform.io/hashicorp/null\"]",
      "instances": [
        {
          "index_key": 0,
          "schema_version": 0,
          "attributes": {
            "id": "1956958411686928892",
            "triggers": null
          },
          "sensitive_attributes": [],
          "dependencies": [
            "data.rhcs_versions.all",
            "module.create_account_roles.null_resource.validate_all_version_input"
          ]
        }
      ]
    },
    {
      "module": "module.create_account_roles.module.rosa_account_roles[0]",
      "mode": "managed",
      "type": "random_string",
      "name": "default_random",
      "provider": "provider[\"registry.terraform.io/hashicorp/random\"]",
      "instances": [
        {
          "schema_version": 2,
          "attributes": {
            "id": "36pc",
            "keepers": null,
            "length": 4,
            "lower": true,
            "min_lower": 0,
            "min_numeric": 0,
            "min_special": 0,
            "min_upper": 0,
            "number": true,
            "numeric": true,
            "override_special": null,
            "result": "36pc",
            "special": false,
            "upper": false
          },
          "sensitive_attributes": [],
          "dependencies": [
            "data.rhcs_versions.all",
            "module.create_account_roles.null_resource.validate_all_version_input",
            "module.create_account_roles.null_resource.validate_openshift_version"
          ]
        }
      ]
    },
    {
      "module": "module.create_account_roles.module.rosa_account_roles[0].module.rosa_account_roles[0]",
      "mode": "managed",
      "type": "aws_iam_policy",
      "name": "account_role_policy",
      "provider": "provider[\"registry.terraform.io/hashicorp/aws\"]",
      "instances": [
        {
          "schema_version": 0,
          "attributes": {
            "arn": "arn:aws:iam::581145842032:policy/rosa-c6wbnz-Installer-Role-Policy",
            "attachment_count": 0,
            "description": "",
            "id": "arn:aws:iam::581145842032:policy/rosa-c6wbnz-Installer-Role-Policy",
            "name": "rosa-c6wbnz-Installer-Role-Policy",
            "name_prefix": "",
            "path": "/",
            "policy": "{\"Statement\":[{\"Action\":[\"autoscaling:DescribeAutoScalingGroups\",\"ec2:AllocateAddress\",\"ec2:AssociateAddress\",\"ec2:AssociateDhcpOptions\",\"ec2:AssociateRouteTable\",\"ec2:AttachInternetGateway\",\"ec2:AttachNetworkInterface\",\"ec2:AuthorizeSecurityGroupEgress\",\"ec2:AuthorizeSecurityGroupIngress\",\"ec2:CopyImage\",\"ec2:CreateDhcpOptions\",\"ec2:CreateInternetGateway\",\"ec2:CreateNatGateway\",\"ec2:CreateNetworkInterface\",\"ec2:CreateRoute\",\"ec2:CreateRouteTable\",\"ec2:CreateSecurityGroup\",\"ec2:CreateSubnet\",\"ec2:CreateTags\",\"ec2:CreateVolume\",\"ec2:CreateVpc\",\"ec2:CreateVpcEndpoint\",\"ec2:DeleteDhcpOptions\",\"ec2:DeleteInternetGateway\",\"ec2:DeleteNatGateway\",\"ec2:DeleteNetworkInterface\",\"ec2:DeleteRoute\",\"ec2:DeleteRouteTable\",\"ec2:DeleteSecurityGroup\",\"ec2:DeleteSnapshot\",\"ec2:DeleteSubnet\",\"ec2:DeleteTags\",\"ec2:DeleteVolume\",\"ec2:DeleteVpc\",\"ec2:DeleteVpcEndpoints\",\"ec2:DeregisterImage\",\"ec2:DescribeAccountAttributes\",\"ec2:DescribeAddresses\",\"ec2:DescribeAvailabilityZones\",\"ec2:DescribeDhcpOptions\",\"ec2:DescribeImages\",\"ec2:DescribeInstanceAttribute\",\"ec2:DescribeInstanceCreditSpecifications\",\"ec2:DescribeInstances\",\"ec2:DescribeInstanceStatus\",\"ec2:DescribeInstanceTypeOfferings\",\"ec2:DescribeInstanceTypes\",\"ec2:DescribeInternetGateways\",\"ec2:DescribeKeyPairs\",\"ec2:DescribeNatGateways\",\"ec2:DescribeNetworkAcls\",\"ec2:DescribeNetworkInterfaces\",\"ec2:DescribePrefixLists\",\"ec2:DescribeRegions\",\"ec2:DescribeReservedInstancesOfferings\",\"ec2:DescribeRouteTables\",\"ec2:DescribeSecurityGroups\",\"ec2:DescribeSecurityGroupRules\",\"ec2:DescribeSubnets\",\"ec2:DescribeTags\",\"ec2:DescribeVolumes\",\"ec2:DescribeVpcAttribute\",\"ec2:DescribeVpcClassicLink\",\"ec2:DescribeVpcClassicLinkDnsSupport\",\"ec2:DescribeVpcEndpoints\",\"ec2:DescribeVpcs\",\"ec2:DetachInternetGateway\",\"ec2:DisassociateRouteTable\",\"ec2:GetConsoleOutput\",\"ec2:GetEbsDefaultKmsKeyId\",\"ec2:ModifyInstanceAttribute\",\"ec2:ModifyNetworkInterfaceAttribute\",\"ec2:ModifySubnetAttribute\",\"ec2:ModifyVpcAttribute\",\"ec2:ReleaseAddress\",\"ec2:ReplaceRouteTableAssociation\",\"ec2:RevokeSecurityGroupEgress\",\"ec2:RevokeSecurityGroupIngress\",\"ec2:RunInstances\",\"ec2:StartInstances\",\"ec2:StopInstances\",\"ec2:TerminateInstances\",\"elasticloadbalancing:AddTags\",\"elasticloadbalancing:ApplySecurityGroupsToLoadBalancer\",\"elasticloadbalancing:AttachLoadBalancerToSubnets\",\"elasticloadbalancing:ConfigureHealthCheck\",\"elasticloadbalancing:CreateListener\",\"elasticloadbalancing:CreateLoadBalancer\",\"elasticloadbalancing:CreateLoadBalancerListeners\",\"elasticloadbalancing:CreateTargetGroup\",\"elasticloadbalancing:DeleteLoadBalancer\",\"elasticloadbalancing:DeleteTargetGroup\",\"elasticloadbalancing:DeregisterInstancesFromLoadBalancer\",\"elasticloadbalancing:DeregisterTargets\",\"elasticloadbalancing:DescribeAccountLimits\",\"elasticloadbalancing:DescribeInstanceHealth\",\"elasticloadbalancing:DescribeListeners\",\"elasticloadbalancing:DescribeLoadBalancerAttributes\",\"elasticloadbalancing:DescribeLoadBalancers\",\"elasticloadbalancing:DescribeTags\",\"elasticloadbalancing:DescribeTargetGroupAttributes\",\"elasticloadbalancing:DescribeTargetGroups\",\"elasticloadbalancing:DescribeTargetHealth\",\"elasticloadbalancing:ModifyLoadBalancerAttributes\",\"elasticloadbalancing:ModifyTargetGroup\",\"elasticloadbalancing:ModifyTargetGroupAttributes\",\"elasticloadbalancing:RegisterInstancesWithLoadBalancer\",\"elasticloadbalancing:RegisterTargets\",\"elasticloadbalancing:SetLoadBalancerPoliciesOfListener\",\"elasticloadbalancing:SetSecurityGroups\",\"iam:AddRoleToInstanceProfile\",\"iam:CreateInstanceProfile\",\"iam:DeleteInstanceProfile\",\"iam:GetInstanceProfile\",\"iam:TagInstanceProfile\",\"iam:GetRole\",\"iam:GetRolePolicy\",\"iam:GetUser\",\"iam:ListAttachedRolePolicies\",\"iam:ListInstanceProfiles\",\"iam:ListInstanceProfilesForRole\",\"iam:ListRolePolicies\",\"iam:ListRoles\",\"iam:ListUserPolicies\",\"iam:ListUsers\",\"iam:PassRole\",\"iam:RemoveRoleFromInstanceProfile\",\"iam:SimulatePrincipalPolicy\",\"iam:TagRole\",\"iam:UntagRole\",\"route53:ChangeResourceRecordSets\",\"route53:ChangeTagsForResource\",\"route53:CreateHostedZone\",\"route53:DeleteHostedZone\",\"route53:GetAccountLimit\",\"route53:GetChange\",\"route53:GetHostedZone\",\"route53:ListHostedZones\",\"route53:ListHostedZonesByName\",\"route53:ListResourceRecordSets\",\"route53:ListTagsForResource\",\"route53:UpdateHostedZoneComment\",\"s3:CreateBucket\",\"s3:DeleteBucket\",\"s3:DeleteObject\",\"s3:DeleteObjectVersion\",\"s3:GetAccelerateConfiguration\",\"s3:GetBucketAcl\",\"s3:GetBucketCORS\",\"s3:GetBucketLocation\",\"s3:GetBucketLogging\",\"s3:GetBucketObjectLockConfiguration\",\"s3:GetBucketPolicy\",\"s3:GetBucketRequestPayment\",\"s3:GetBucketTagging\",\"s3:GetBucketVersioning\",\"s3:GetBucketWebsite\",\"s3:GetEncryptionConfiguration\",\"s3:GetLifecycleConfiguration\",\"s3:GetObject\",\"s3:GetObjectAcl\",\"s3:GetObjectTagging\",\"s3:GetObjectVersion\",\"s3:GetReplicationConfiguration\",\"s3:ListBucket\",\"s3:ListBucketVersions\",\"s3:PutBucketAcl\",\"s3:PutBucketPolicy\",\"s3:PutBucketTagging\",\"s3:PutBucketVersioning\",\"s3:PutEncryptionConfiguration\",\"s3:PutObject\",\"s3:PutObjectAcl\",\"s3:PutObjectTagging\",\"servicequotas:GetServiceQuota\",\"servicequotas:ListAWSDefaultServiceQuotas\",\"sts:AssumeRole\",\"sts:AssumeRoleWithWebIdentity\",\"sts:GetCallerIdentity\",\"tag:GetResources\",\"tag:UntagResources\",\"ec2:CreateVpcEndpointServiceConfiguration\",\"ec2:DeleteVpcEndpointServiceConfigurations\",\"ec2:DescribeVpcEndpointServiceConfigurations\",\"ec2:DescribeVpcEndpointServicePermissions\",\"ec2:DescribeVpcEndpointServices\",\"ec2:ModifyVpcEndpointServicePermissions\",\"kms:DescribeKey\",\"cloudwatch:GetMetricData\"],\"Effect\":\"Allow\",\"Resource\":\"*\"},{\"Action\":[\"secretsmanager:GetSecretValue\"],\"Condition\":{\"StringEquals\":{\"aws:ResourceTag/red-hat-managed\":\"true\"}},\"Effect\":\"Allow\",\"Resource\":\"*\"}],\"Version\":\"2012-10-17\"}",
            "policy_id": "ANPAYOTX52FYEPVC7YCVJ",
            "tags": {
              "Terraform": "true",
              "rosa_openshift_version": "4.15",
              "rosa_role_prefix": "rosa-c6wbnz",
              "rosa_role_type": "installer"
            },
            "tags_all": {
              "Terraform": "true",
              "rosa_openshift_version": "4.15",
              "rosa_role_prefix": "rosa-c6wbnz",
              "rosa_role_type": "installer"
            }
          },
          "sensitive_attributes": [],
          "private": "bnVsbA==",
          "dependencies": [
            "data.rhcs_policies.all_policies",
            "data.rhcs_versions.all",
            "module.create_account_roles.module.rosa_account_roles.random_string.default_random",
            "module.create_account_roles.null_resource.validate_all_version_input",
            "module.create_account_roles.null_resource.validate_openshift_version",
            "random_string.random_name"
          ]
        }
      ]
    },
    {
      "module": "module.create_account_roles.module.rosa_account_roles[0].module.rosa_account_roles[0]",
      "mode": "managed",
      "type": "aws_iam_policy",
      "name": "instance_account_role_policy",
      "provider": "provider[\"registry.terraform.io/hashicorp/aws\"]",
      "instances": [
        {
          "schema_version": 0,
          "attributes": {
            "arn": "arn:aws:iam::581145842032:policy/rosa-c6wbnz-Worker-Role-Policy",
            "attachment_count": 0,
            "description": "",
            "id": "arn:aws:iam::581145842032:policy/rosa-c6wbnz-Worker-Role-Policy",
            "name": "rosa-c6wbnz-Worker-Role-Policy",
            "name_prefix": "",
            "path": "/",
            "policy": "{\"Statement\":[{\"Action\":[\"ec2:DescribeInstances\",\"ec2:DescribeRegions\"],\"Effect\":\"Allow\",\"Resource\":\"*\"}],\"Version\":\"2012-10-17\"}",
            "policy_id": "ANPAYOTX52FYNLCKJBF44",
            "tags": {
              "Terraform": "true",
              "rosa_openshift_version": "4.15",
              "rosa_role_prefix": "rosa-c6wbnz",
              "rosa_role_type": "instance_worker"
            },
            "tags_all": {
              "Terraform": "true",
              "rosa_openshift_version": "4.15",
              "rosa_role_prefix": "rosa-c6wbnz",
              "rosa_role_type": "instance_worker"
            }
          },
          "sensitive_attributes": [],
          "private": "bnVsbA==",
          "dependencies": [
            "data.rhcs_policies.all_policies",
            "data.rhcs_versions.all",
            "module.create_account_roles.module.rosa_account_roles.random_string.default_random",
            "module.create_account_roles.null_resource.validate_all_version_input",
            "module.create_account_roles.null_resource.validate_openshift_version",
            "random_string.random_name"
          ]
        }
      ]
    },
    {
      "module": "module.create_account_roles.module.rosa_account_roles[0].module.rosa_account_roles[0]",
      "mode": "managed",
      "type": "aws_iam_policy_attachment",
      "name": "instance_role_policy_attachment",
      "provider": "provider[\"registry.terraform.io/hashicorp/aws\"]",
      "instances": [
        {
          "schema_version": 0,
          "attributes": {
            "groups": null,
            "id": "worker-role-policy-attachment",
            "name": "worker-role-policy-attachment",
            "policy_arn": "arn:aws:iam::581145842032:policy/rosa-c6wbnz-Worker-Role-Policy",
            "roles": [
              "rosa-c6wbnz-Worker-Role"
            ],
            "users": null
          },
          "sensitive_attributes": [],
          "private": "bnVsbA==",
          "dependencies": [
            "data.rhcs_policies.all_policies",
            "data.rhcs_versions.all",
            "module.create_account_roles.module.rosa_account_roles.module.rosa_account_roles.aws_iam_policy.instance_account_role_policy",
            "module.create_account_roles.module.rosa_account_roles.module.rosa_account_roles.aws_iam_role.instance_account_role",
            "module.create_account_roles.module.rosa_account_roles.random_string.default_random",
            "module.create_account_roles.null_resource.validate_all_version_input",
            "module.create_account_roles.null_resource.validate_openshift_version",
            "random_string.random_name"
          ]
        }
      ]
    },
    {
      "module": "module.create_account_roles.module.rosa_account_roles[0].module.rosa_account_roles[0]",
      "mode": "managed",
      "type": "aws_iam_policy_attachment",
      "name": "role_policy_attachment",
      "provider": "provider[\"registry.terraform.io/hashicorp/aws\"]",
      "instances": [
        {
          "schema_version": 0,
          "attributes": {
            "groups": null,
            "id": "installer-role-policy-attachment",
            "name": "installer-role-policy-attachment",
            "policy_arn": "arn:aws:iam::581145842032:policy/rosa-c6wbnz-Installer-Role-Policy",
            "roles": [
              "rosa-c6wbnz-Installer-Role"
            ],
            "users": null
          },
          "sensitive_attributes": [],
          "private": "bnVsbA==",
          "dependencies": [
            "data.rhcs_policies.all_policies",
            "data.rhcs_versions.all",
            "module.create_account_roles.module.rosa_account_roles.module.rosa_account_roles.aws_iam_policy.account_role_policy",
            "module.create_account_roles.module.rosa_account_roles.module.rosa_account_roles.aws_iam_role.account_role",
            "module.create_account_roles.module.rosa_account_roles.random_string.default_random",
            "module.create_account_roles.null_resource.validate_all_version_input",
            "module.create_account_roles.null_resource.validate_openshift_version",
            "random_string.random_name"
          ]
        }
      ]
    },
    {
      "module": "module.create_account_roles.module.rosa_account_roles[0].module.rosa_account_roles[0]",
      "mode": "managed",
      "type": "aws_iam_role",
      "name": "account_role",
      "provider": "provider[\"registry.terraform.io/hashicorp/aws\"]",
      "instances": [
        {
          "schema_version": 0,
          "attributes": {
            "arn": "arn:aws:iam::581145842032:role/rosa-c6wbnz-Installer-Role",
            "assume_role_policy": "{\"Statement\":[{\"Action\":\"sts:AssumeRole\",\"Effect\":\"Allow\",\"Principal\":{\"AWS\":\"arn:aws:iam::710019948333:role/RH-Managed-OpenShift-Installer\"}}],\"Version\":\"2012-10-17\"}",
            "create_date": "2025-04-30T10:40:12Z",
            "description": "",
            "force_detach_policies": false,
            "id": "rosa-c6wbnz-Installer-Role",
            "inline_policy": [],
            "managed_policy_arns": [],
            "max_session_duration": 3600,
            "name": "rosa-c6wbnz-Installer-Role",
            "name_prefix": "",
            "path": "/",
            "permissions_boundary": "",
            "tags": {
              "Terraform": "true",
              "red-hat-managed": "true",
              "rosa_openshift_version": "4.15",
              "rosa_role_prefix": "rosa-c6wbnz",
              "rosa_role_type": "installer"
            },
            "tags_all": {
              "Terraform": "true",
              "red-hat-managed": "true",
              "rosa_openshift_version": "4.15",
              "rosa_role_prefix": "rosa-c6wbnz",
              "rosa_role_type": "installer"
            },
            "unique_id": "AROAYOTX52FYHHF3WL6JW"
          },
          "sensitive_attributes": [],
          "private": "bnVsbA==",
          "dependencies": [
            "data.rhcs_policies.all_policies",
            "data.rhcs_versions.all",
            "module.create_account_roles.module.rosa_account_roles.random_string.default_random",
            "module.create_account_roles.null_resource.validate_all_version_input",
            "module.create_account_roles.null_resource.validate_openshift_version",
            "random_string.random_name"
          ]
        }
      ]
    },
    {
      "module": "module.create_account_roles.module.rosa_account_roles[0].module.rosa_account_roles[0]",
      "mode": "managed",
      "type": "aws_iam_role",
      "name": "instance_account_role",
      "provider": "provider[\"registry.terraform.io/hashicorp/aws\"]",
      "instances": [
        {
          "schema_version": 0,
          "attributes": {
            "arn": "arn:aws:iam::581145842032:role/rosa-c6wbnz-Worker-Role",
            "assume_role_policy": "{\"Statement\":[{\"Action\":\"sts:AssumeRole\",\"Effect\":\"Allow\",\"Principal\":{\"Service\":[\"ec2.amazonaws.com\"]}}],\"Version\":\"2012-10-17\"}",
            "create_date": "2025-04-30T10:40:12Z",
            "description": "",
            "force_detach_policies": false,
            "id": "rosa-c6wbnz-Worker-Role",
            "inline_policy": [],
            "managed_policy_arns": [],
            "max_session_duration": 3600,
            "name": "rosa-c6wbnz-Worker-Role",
            "name_prefix": "",
            "path": "/",
            "permissions_boundary": "",
            "tags": {
              "Terraform": "true",
              "red-hat-managed": "true",
              "rosa_openshift_version": "4.15",
              "rosa_role_prefix": "rosa-c6wbnz",
              "rosa_role_type": "instance_worker"
            },
            "tags_all": {
              "Terraform": "true",
              "red-hat-managed": "true",
              "rosa_openshift_version": "4.15",
              "rosa_role_prefix": "rosa-c6wbnz",
              "rosa_role_type": "instance_worker"
            },
            "unique_id": "AROAYOTX52FYBKYLWGPX4"
          },
          "sensitive_attributes": [],
          "private": "bnVsbA==",
          "dependencies": [
            "data.rhcs_policies.all_policies",
            "data.rhcs_versions.all",
            "module.create_account_roles.module.rosa_account_roles.random_string.default_random",
            "module.create_account_roles.null_resource.validate_all_version_input",
            "module.create_account_roles.null_resource.validate_openshift_version",
            "random_string.random_name"
          ]
        }
      ]
    },
    {
      "module": "module.create_account_roles.module.rosa_account_roles[0].module.rosa_account_roles[1]",
      "mode": "managed",
      "type": "aws_iam_policy",
      "name": "account_role_policy",
      "provider": "provider[\"registry.terraform.io/hashicorp/aws\"]",
      "instances": [
        {
          "schema_version": 0,
          "attributes": {
            "arn": "arn:aws:iam::581145842032:policy/rosa-c6wbnz-Support-Role-Policy",
            "attachment_count": 0,
            "description": "",
            "id": "arn:aws:iam::581145842032:policy/rosa-c6wbnz-Support-Role-Policy",
            "name": "rosa-c6wbnz-Support-Role-Policy",
            "name_prefix": "",
            "path": "/",
            "policy": "{\"Statement\":[{\"Action\":[\"cloudtrail:DescribeTrails\",\"cloudtrail:LookupEvents\",\"cloudwatch:GetMetricData\",\"cloudwatch:GetMetricStatistics\",\"cloudwatch:ListMetrics\",\"ec2-instance-connect:SendSerialConsoleSSHPublicKey\",\"ec2:CopySnapshot\",\"ec2:CreateNetworkInsightsPath\",\"ec2:CreateSnapshot\",\"ec2:CreateSnapshots\",\"ec2:CreateTags\",\"ec2:DeleteNetworkInsightsAnalysis\",\"ec2:DeleteNetworkInsightsPath\",\"ec2:DeleteTags\",\"ec2:DescribeAccountAttributes\",\"ec2:DescribeAddresses\",\"ec2:DescribeAddressesAttribute\",\"ec2:DescribeAggregateIdFormat\",\"ec2:DescribeAvailabilityZones\",\"ec2:DescribeByoipCidrs\",\"ec2:DescribeCapacityReservations\",\"ec2:DescribeCarrierGateways\",\"ec2:DescribeClassicLinkInstances\",\"ec2:DescribeClientVpnAuthorizationRules\",\"ec2:DescribeClientVpnConnections\",\"ec2:DescribeClientVpnEndpoints\",\"ec2:DescribeClientVpnRoutes\",\"ec2:DescribeClientVpnTargetNetworks\",\"ec2:DescribeCoipPools\",\"ec2:DescribeCustomerGateways\",\"ec2:DescribeDhcpOptions\",\"ec2:DescribeEgressOnlyInternetGateways\",\"ec2:DescribeIamInstanceProfileAssociations\",\"ec2:DescribeIdentityIdFormat\",\"ec2:DescribeIdFormat\",\"ec2:DescribeImageAttribute\",\"ec2:DescribeImages\",\"ec2:DescribeInstanceAttribute\",\"ec2:DescribeInstances\",\"ec2:DescribeInstanceStatus\",\"ec2:DescribeInstanceTypeOfferings\",\"ec2:DescribeInstanceTypes\",\"ec2:DescribeInternetGateways\",\"ec2:DescribeIpv6Pools\",\"ec2:DescribeKeyPairs\",\"ec2:DescribeLaunchTemplates\",\"ec2:DescribeLocalGatewayRouteTables\",\"ec2:DescribeLocalGatewayRouteTableVirtualInterfaceGroupAssociations\",\"ec2:DescribeLocalGatewayRouteTableVpcAssociations\",\"ec2:DescribeLocalGateways\",\"ec2:DescribeLocalGatewayVirtualInterfaceGroups\",\"ec2:DescribeLocalGatewayVirtualInterfaces\",\"ec2:DescribeManagedPrefixLists\",\"ec2:DescribeNatGateways\",\"ec2:DescribeNetworkAcls\",\"ec2:DescribeNetworkInsightsAnalyses\",\"ec2:DescribeNetworkInsightsPaths\",\"ec2:DescribeNetworkInterfaces\",\"ec2:DescribePlacementGroups\",\"ec2:DescribePrefixLists\",\"ec2:DescribePrincipalIdFormat\",\"ec2:DescribePublicIpv4Pools\",\"ec2:DescribeRegions\",\"ec2:DescribeReservedInstances\",\"ec2:DescribeRouteTables\",\"ec2:DescribeScheduledInstances\",\"ec2:DescribeSecurityGroupReferences\",\"ec2:DescribeSecurityGroupRules\",\"ec2:DescribeSecurityGroups\",\"ec2:DescribeSnapshotAttribute\",\"ec2:DescribeSnapshots\",\"ec2:DescribeSpotFleetInstances\",\"ec2:DescribeStaleSecurityGroups\",\"ec2:DescribeSubnets\",\"ec2:DescribeTags\",\"ec2:DescribeTransitGatewayAttachments\",\"ec2:DescribeTransitGatewayConnectPeers\",\"ec2:DescribeTransitGatewayConnects\",\"ec2:DescribeTransitGatewayMulticastDomains\",\"ec2:DescribeTransitGatewayPeeringAttachments\",\"ec2:DescribeTransitGatewayRouteTables\",\"ec2:DescribeTransitGateways\",\"ec2:DescribeTransitGatewayVpcAttachments\",\"ec2:DescribeVolumeAttribute\",\"ec2:DescribeVolumes\",\"ec2:DescribeVolumesModifications\",\"ec2:DescribeVolumeStatus\",\"ec2:DescribeVpcAttribute\",\"ec2:DescribeVpcClassicLink\",\"ec2:DescribeVpcClassicLinkDnsSupport\",\"ec2:DescribeVpcEndpointConnectionNotifications\",\"ec2:DescribeVpcEndpointConnections\",\"ec2:DescribeVpcEndpoints\",\"ec2:DescribeVpcEndpointServiceConfigurations\",\"ec2:DescribeVpcEndpointServicePermissions\",\"ec2:DescribeVpcEndpointServices\",\"ec2:DescribeVpcPeeringConnections\",\"ec2:DescribeVpcs\",\"ec2:DescribeVpnConnections\",\"ec2:DescribeVpnGateways\",\"ec2:GetAssociatedIpv6PoolCidrs\",\"ec2:GetConsoleOutput\",\"ec2:GetManagedPrefixListEntries\",\"ec2:GetSerialConsoleAccessStatus\",\"ec2:GetTransitGatewayAttachmentPropagations\",\"ec2:GetTransitGatewayMulticastDomainAssociations\",\"ec2:GetTransitGatewayPrefixListReferences\",\"ec2:GetTransitGatewayRouteTableAssociations\",\"ec2:GetTransitGatewayRouteTablePropagations\",\"ec2:ModifyInstanceAttribute\",\"ec2:RebootInstances\",\"ec2:RunInstances\",\"ec2:SearchLocalGatewayRoutes\",\"ec2:SearchTransitGatewayMulticastGroups\",\"ec2:SearchTransitGatewayRoutes\",\"ec2:StartInstances\",\"ec2:StartNetworkInsightsAnalysis\",\"ec2:StopInstances\",\"ec2:TerminateInstances\",\"elasticloadbalancing:ConfigureHealthCheck\",\"elasticloadbalancing:DescribeAccountLimits\",\"elasticloadbalancing:DescribeInstanceHealth\",\"elasticloadbalancing:DescribeListenerCertificates\",\"elasticloadbalancing:DescribeListeners\",\"elasticloadbalancing:DescribeLoadBalancerAttributes\",\"elasticloadbalancing:DescribeLoadBalancerPolicies\",\"elasticloadbalancing:DescribeLoadBalancerPolicyTypes\",\"elasticloadbalancing:DescribeLoadBalancers\",\"elasticloadbalancing:DescribeRules\",\"elasticloadbalancing:DescribeSSLPolicies\",\"elasticloadbalancing:DescribeTags\",\"elasticloadbalancing:DescribeTargetGroupAttributes\",\"elasticloadbalancing:DescribeTargetGroups\",\"elasticloadbalancing:DescribeTargetHealth\",\"iam:GetRole\",\"iam:ListRoles\",\"kms:CreateGrant\",\"route53:GetHostedZone\",\"route53:GetHostedZoneCount\",\"route53:ListHostedZones\",\"route53:ListHostedZonesByName\",\"route53:ListResourceRecordSets\",\"s3:GetBucketTagging\",\"s3:GetObjectAcl\",\"s3:GetObjectTagging\",\"s3:ListAllMyBuckets\",\"sts:DecodeAuthorizationMessage\",\"tiros:CreateQuery\",\"tiros:GetQueryAnswer\",\"tiros:GetQueryExplanation\"],\"Effect\":\"Allow\",\"Resource\":\"*\"},{\"Action\":[\"s3:ListBucket\"],\"Effect\":\"Allow\",\"Resource\":[\"arn:aws:s3:::managed-velero*\",\"arn:aws:s3:::*image-registry*\"]}],\"Version\":\"2012-10-17\"}",
            "policy_id": "ANPAYOTX52FYHTVSTBL7W",
            "tags": {
              "Terraform": "true",
              "rosa_openshift_version": "4.15",
              "rosa_role_prefix": "rosa-c6wbnz",
              "rosa_role_type": "support"
            },
            "tags_all": {
              "Terraform": "true",
              "rosa_openshift_version": "4.15",
              "rosa_role_prefix": "rosa-c6wbnz",
              "rosa_role_type": "support"
            }
          },
          "sensitive_attributes": [],
          "private": "bnVsbA==",
          "dependencies": [
            "data.rhcs_policies.all_policies",
            "data.rhcs_versions.all",
            "module.create_account_roles.module.rosa_account_roles.random_string.default_random",
            "module.create_account_roles.null_resource.validate_all_version_input",
            "module.create_account_roles.null_resource.validate_openshift_version",
            "random_string.random_name"
          ]
        }
      ]
    },
    {
      "module": "module.create_account_roles.module.rosa_account_roles[0].module.rosa_account_roles[1]",
      "mode": "managed",
      "type": "aws_iam_policy",
      "name": "instance_account_role_policy",
      "provider": "provider[\"registry.terraform.io/hashicorp/aws\"]",
      "instances": [
        {
          "schema_version": 0,
          "attributes": {
            "arn": "arn:aws:iam::581145842032:policy/rosa-c6wbnz-ControlPlane-Role-Policy",
            "attachment_count": 0,
            "description": "",
            "id": "arn:aws:iam::581145842032:policy/rosa-c6wbnz-ControlPlane-Role-Policy",
            "name": "rosa-c6wbnz-ControlPlane-Role-Policy",
            "name_prefix": "",
            "path": "/",
            "policy": "{\"Statement\":[{\"Action\":[\"ec2:DescribeAvailabilityZones\",\"ec2:DescribeInstances\",\"ec2:DescribeRouteTables\",\"ec2:DescribeSecurityGroups\",\"ec2:DescribeSubnets\",\"ec2:DescribeVpcs\",\"elasticloadbalancing:DescribeLoadBalancers\",\"elasticloadbalancing:DescribeLoadBalancerAttributes\",\"elasticloadbalancing:DescribeListeners\",\"elasticloadbalancing:DescribeTargetGroups\",\"elasticloadbalancing:DescribeTargetHealth\",\"elasticloadbalancing:DescribeLoadBalancerPolicies\"],\"Effect\":\"Allow\",\"Resource\":[\"*\"],\"Sid\":\"ReadPermissions\"},{\"Action\":[\"kms:DescribeKey\"],\"Condition\":{\"StringEquals\":{\"aws:ResourceTag/red-hat\":\"true\"}},\"Effect\":\"Allow\",\"Resource\":[\"*\"],\"Sid\":\"KMSDescribeKey\"},{\"Action\":[\"ec2:AttachVolume\",\"ec2:AuthorizeSecurityGroupIngress\",\"ec2:CreateSecurityGroup\",\"ec2:CreateTags\",\"ec2:CreateVolume\",\"ec2:DeleteSecurityGroup\",\"ec2:DeleteVolume\",\"ec2:DetachVolume\",\"ec2:ModifyInstanceAttribute\",\"ec2:ModifyVolume\",\"ec2:RevokeSecurityGroupIngress\",\"elasticloadbalancing:AddTags\",\"elasticloadbalancing:AttachLoadBalancerToSubnets\",\"elasticloadbalancing:ApplySecurityGroupsToLoadBalancer\",\"elasticloadbalancing:CreateListener\",\"elasticloadbalancing:CreateLoadBalancer\",\"elasticloadbalancing:CreateLoadBalancerPolicy\",\"elasticloadbalancing:CreateLoadBalancerListeners\",\"elasticloadbalancing:CreateTargetGroup\",\"elasticloadbalancing:ConfigureHealthCheck\",\"elasticloadbalancing:DeleteListener\",\"elasticloadbalancing:DeleteLoadBalancer\",\"elasticloadbalancing:DeleteLoadBalancerListeners\",\"elasticloadbalancing:DeleteTargetGroup\",\"elasticloadbalancing:DeregisterInstancesFromLoadBalancer\",\"elasticloadbalancing:DeregisterTargets\",\"elasticloadbalancing:DetachLoadBalancerFromSubnets\",\"elasticloadbalancing:ModifyListener\",\"elasticloadbalancing:ModifyLoadBalancerAttributes\",\"elasticloadbalancing:ModifyTargetGroup\",\"elasticloadbalancing:ModifyTargetGroupAttributes\",\"elasticloadbalancing:RegisterInstancesWithLoadBalancer\",\"elasticloadbalancing:RegisterTargets\",\"elasticloadbalancing:SetLoadBalancerPoliciesForBackendServer\",\"elasticloadbalancing:SetLoadBalancerPoliciesOfListener\"],\"Effect\":\"Allow\",\"Resource\":\"*\"}],\"Version\":\"2012-10-17\"}",
            "policy_id": "ANPAYOTX52FYHRNP4DPAQ",
            "tags": {
              "Terraform": "true",
              "rosa_openshift_version": "4.15",
              "rosa_role_prefix": "rosa-c6wbnz",
              "rosa_role_type": "instance_controlplane"
            },
            "tags_all": {
              "Terraform": "true",
              "rosa_openshift_version": "4.15",
              "rosa_role_prefix": "rosa-c6wbnz",
              "rosa_role_type": "instance_controlplane"
            }
          },
          "sensitive_attributes": [],
          "private": "bnVsbA==",
          "dependencies": [
            "data.rhcs_policies.all_policies",
            "data.rhcs_versions.all",
            "module.create_account_roles.module.rosa_account_roles.random_string.default_random",
            "module.create_account_roles.null_resource.validate_all_version_input",
            "module.create_account_roles.null_resource.validate_openshift_version",
            "random_string.random_name"
          ]
        }
      ]
    },
    {
      "module": "module.create_account_roles.module.rosa_account_roles[0].module.rosa_account_roles[1]",
      "mode": "managed",
      "type": "aws_iam_policy_attachment",
      "name": "instance_role_policy_attachment",
      "provider": "provider[\"registry.terraform.io/hashicorp/aws\"]",
      "instances": [
        {
          "schema_version": 0,
          "attributes": {
            "groups": null,
            "id": "controlplane-role-policy-attachment",
            "name": "controlplane-role-policy-attachment",
            "policy_arn": "arn:aws:iam::581145842032:policy/rosa-c6wbnz-ControlPlane-Role-Policy",
            "roles": [
              "rosa-c6wbnz-ControlPlane-Role"
            ],
            "users": null
          },
          "sensitive_attributes": [],
          "private": "bnVsbA==",
          "dependencies": [
            "data.rhcs_policies.all_policies",
            "data.rhcs_versions.all",
            "module.create_account_roles.module.rosa_account_roles.module.rosa_account_roles.aws_iam_policy.instance_account_role_policy",
            "module.create_account_roles.module.rosa_account_roles.module.rosa_account_roles.aws_iam_role.instance_account_role",
            "module.create_account_roles.module.rosa_account_roles.random_string.default_random",
            "module.create_account_roles.null_resource.validate_all_version_input",
            "module.create_account_roles.null_resource.validate_openshift_version",
            "random_string.random_name"
          ]
        }
      ]
    },
    {
      "module": "module.create_account_roles.module.rosa_account_roles[0].module.rosa_account_roles[1]",
      "mode": "managed",
      "type": "aws_iam_policy_attachment",
      "name": "role_policy_attachment",
      "provider": "provider[\"registry.terraform.io/hashicorp/aws\"]",
      "instances": [
        {
          "schema_version": 0,
          "attributes": {
            "groups": null,
            "id": "support-role-policy-attachment",
            "name": "support-role-policy-attachment",
            "policy_arn": "arn:aws:iam::581145842032:policy/rosa-c6wbnz-Support-Role-Policy",
            "roles": [
              "rosa-c6wbnz-Support-Role"
            ],
            "users": null
          },
          "sensitive_attributes": [],
          "private": "bnVsbA==",
          "dependencies": [
            "data.rhcs_policies.all_policies",
            "data.rhcs_versions.all",
            "module.create_account_roles.module.rosa_account_roles.module.rosa_account_roles.aws_iam_policy.account_role_policy",
            "module.create_account_roles.module.rosa_account_roles.module.rosa_account_roles.aws_iam_role.account_role",
            "module.create_account_roles.module.rosa_account_roles.random_string.default_random",
            "module.create_account_roles.null_resource.validate_all_version_input",
            "module.create_account_roles.null_resource.validate_openshift_version",
            "random_string.random_name"
          ]
        }
      ]
    },
    {
      "module": "module.create_account_roles.module.rosa_account_roles[0].module.rosa_account_roles[1]",
      "mode": "managed",
      "type": "aws_iam_role",
      "name": "account_role",
      "provider": "provider[\"registry.terraform.io/hashicorp/aws\"]",
      "instances": [
        {
          "schema_version": 0,
          "attributes": {
            "arn": "arn:aws:iam::581145842032:role/rosa-c6wbnz-Support-Role",
            "assume_role_policy": "{\"Statement\":[{\"Action\":\"sts:AssumeRole\",\"Effect\":\"Allow\",\"Principal\":{\"AWS\":\"arn:aws:iam::710019948333:role/RH-Technical-Support-Access\"}}],\"Version\":\"2012-10-17\"}",
            "create_date": "2025-04-30T10:40:12Z",
            "description": "",
            "force_detach_policies": false,
            "id": "rosa-c6wbnz-Support-Role",
            "inline_policy": [],
            "managed_policy_arns": [],
            "max_session_duration": 3600,
            "name": "rosa-c6wbnz-Support-Role",
            "name_prefix": "",
            "path": "/",
            "permissions_boundary": "",
            "tags": {
              "Terraform": "true",
              "red-hat-managed": "true",
              "rosa_openshift_version": "4.15",
              "rosa_role_prefix": "rosa-c6wbnz",
              "rosa_role_type": "support"
            },
            "tags_all": {
              "Terraform": "true",
              "red-hat-managed": "true",
              "rosa_openshift_version": "4.15",
              "rosa_role_prefix": "rosa-c6wbnz",
              "rosa_role_type": "support"
            },
            "unique_id": "AROAYOTX52FYIFM7A4YCD"
          },
          "sensitive_attributes": [],
          "private": "bnVsbA==",
          "dependencies": [
            "data.rhcs_policies.all_policies",
            "data.rhcs_versions.all",
            "module.create_account_roles.module.rosa_account_roles.random_string.default_random",
            "module.create_account_roles.null_resource.validate_all_version_input",
            "module.create_account_roles.null_resource.validate_openshift_version",
            "random_string.random_name"
          ]
        }
      ]
    },
    {
      "module": "module.create_account_roles.module.rosa_account_roles[0].module.rosa_account_roles[1]",
      "mode": "managed",
      "type": "aws_iam_role",
      "name": "instance_account_role",
      "provider": "provider[\"registry.terraform.io/hashicorp/aws\"]",
      "instances": [
        {
          "schema_version": 0,
          "attributes": {
            "arn": "arn:aws:iam::581145842032:role/rosa-c6wbnz-ControlPlane-Role",
            "assume_role_policy": "{\"Statement\":[{\"Action\":\"sts:AssumeRole\",\"Effect\":\"Allow\",\"Principal\":{\"Service\":[\"ec2.amazonaws.com\"]}}],\"Version\":\"2012-10-17\"}",
            "create_date": "2025-04-30T10:40:12Z",
            "description": "",
            "force_detach_policies": false,
            "id": "rosa-c6wbnz-ControlPlane-Role",
            "inline_policy": [],
            "managed_policy_arns": [],
            "max_session_duration": 3600,
            "name": "rosa-c6wbnz-ControlPlane-Role",
            "name_prefix": "",
            "path": "/",
            "permissions_boundary": "",
            "tags": {
              "Terraform": "true",
              "red-hat-managed": "true",
              "rosa_openshift_version": "4.15",
              "rosa_role_prefix": "rosa-c6wbnz",
              "rosa_role_type": "instance_controlplane"
            },
            "tags_all": {
              "Terraform": "true",
              "red-hat-managed": "true",
              "rosa_openshift_version": "4.15",
              "rosa_role_prefix": "rosa-c6wbnz",
              "rosa_role_type": "instance_controlplane"
            },
            "unique_id": "AROAYOTX52FYD4OFEPWDA"
          },
          "sensitive_attributes": [],
          "private": "bnVsbA==",
          "dependencies": [
            "data.rhcs_policies.all_policies",
            "data.rhcs_versions.all",
            "module.create_account_roles.module.rosa_account_roles.random_string.default_random",
            "module.create_account_roles.null_resource.validate_all_version_input",
            "module.create_account_roles.null_resource.validate_openshift_version",
            "random_string.random_name"
          ]
        }
      ]
    },
    {
      "module": "module.create_account_roles.module.rosa_account_roles[0].module.rosa_operator_role_policies[0]",
      "mode": "managed",
      "type": "aws_iam_policy",
      "name": "operator-policy",
      "provider": "provider[\"registry.terraform.io/hashicorp/aws\"]",
      "instances": [
        {
          "schema_version": 0,
          "attributes": {
            "arn": "arn:aws:iam::581145842032:policy/rosa-c6wbnz-openshift-cloud-network-config-controller-cloud-cred",
            "attachment_count": 0,
            "description": "",
            "id": "arn:aws:iam::581145842032:policy/rosa-c6wbnz-openshift-cloud-network-config-controller-cloud-cred",
            "name": "rosa-c6wbnz-openshift-cloud-network-config-controller-cloud-cred",
            "name_prefix": "",
            "path": "/",
            "policy": "{\"Statement\":[{\"Action\":[\"ec2:DescribeInstances\",\"ec2:DescribeInstanceStatus\",\"ec2:DescribeInstanceTypes\",\"ec2:UnassignPrivateIpAddresses\",\"ec2:AssignPrivateIpAddresses\",\"ec2:UnassignIpv6Addresses\",\"ec2:AssignIpv6Addresses\",\"ec2:DescribeSubnets\",\"ec2:DescribeNetworkInterfaces\"],\"Effect\":\"Allow\",\"Resource\":\"*\"}],\"Version\":\"2012-10-17\"}",
            "policy_id": "ANPAYOTX52FYFLFHCCWVS",
            "tags": {
              "Terraform": "true",
              "operator_name": "cloud-credentials",
              "operator_namespace": "openshift-cloud-network-config-controller",
              "rosa_openshift_version": "4.15",
              "rosa_role_prefix": "rosa-c6wbnz"
            },
            "tags_all": {
              "Terraform": "true",
              "operator_name": "cloud-credentials",
              "operator_namespace": "openshift-cloud-network-config-controller",
              "rosa_openshift_version": "4.15",
              "rosa_role_prefix": "rosa-c6wbnz"
            }
          },
          "sensitive_attributes": [],
          "private": "bnVsbA==",
          "dependencies": [
            "data.rhcs_policies.all_policies",
            "data.rhcs_versions.all",
            "module.create_account_roles.module.rosa_account_roles.random_string.default_random",
            "module.create_account_roles.null_resource.validate_all_version_input",
            "module.create_account_roles.null_resource.validate_openshift_version",
            "random_string.random_name"
          ]
        }
      ]
    },
    {
      "module": "module.create_account_roles.module.rosa_account_roles[0].module.rosa_operator_role_policies[1]",
      "mode": "managed",
      "type": "aws_iam_policy",
      "name": "operator-policy",
      "provider": "provider[\"registry.terraform.io/hashicorp/aws\"]",
      "instances": [
        {
          "schema_version": 0,
          "attributes": {
            "arn": "arn:aws:iam::581145842032:policy/rosa-c6wbnz-openshift-machine-api-aws-cloud-credentials",
            "attachment_count": 0,
            "description": "",
            "id": "arn:aws:iam::581145842032:policy/rosa-c6wbnz-openshift-machine-api-aws-cloud-credentials",
            "name": "rosa-c6wbnz-openshift-machine-api-aws-cloud-credentials",
            "name_prefix": "",
            "path": "/",
            "policy": "{\"Statement\":[{\"Action\":[\"ec2:CreateTags\",\"ec2:DescribeAvailabilityZones\",\"ec2:DescribeDhcpOptions\",\"ec2:DescribeImages\",\"ec2:DescribeInstances\",\"ec2:DescribeInternetGateways\",\"ec2:DescribeInstanceTypes\",\"ec2:DescribeSecurityGroups\",\"ec2:DescribeRegions\",\"ec2:DescribeSubnets\",\"ec2:DescribeVpcs\",\"ec2:RunInstances\",\"ec2:TerminateInstances\",\"elasticloadbalancing:DescribeLoadBalancers\",\"elasticloadbalancing:DescribeTargetGroups\",\"elasticloadbalancing:DescribeTargetHealth\",\"elasticloadbalancing:RegisterInstancesWithLoadBalancer\",\"elasticloadbalancing:RegisterTargets\",\"elasticloadbalancing:DeregisterTargets\",\"iam:PassRole\",\"iam:CreateServiceLinkedRole\"],\"Effect\":\"Allow\",\"Resource\":\"*\"},{\"Action\":[\"kms:Decrypt\",\"kms:Encrypt\",\"kms:GenerateDataKey\",\"kms:GenerateDataKeyWithoutPlainText\",\"kms:DescribeKey\"],\"Effect\":\"Allow\",\"Resource\":\"*\"},{\"Action\":[\"kms:RevokeGrant\",\"kms:CreateGrant\",\"kms:ListGrants\"],\"Condition\":{\"Bool\":{\"kms:GrantIsForAWSResource\":true}},\"Effect\":\"Allow\",\"Resource\":\"*\"}],\"Version\":\"2012-10-17\"}",
            "policy_id": "ANPAYOTX52FYMZCH73AWV",
            "tags": {
              "Terraform": "true",
              "operator_name": "aws-cloud-credentials",
              "operator_namespace": "openshift-machine-api",
              "rosa_openshift_version": "4.15",
              "rosa_role_prefix": "rosa-c6wbnz"
            },
            "tags_all": {
              "Terraform": "true",
              "operator_name": "aws-cloud-credentials",
              "operator_namespace": "openshift-machine-api",
              "rosa_openshift_version": "4.15",
              "rosa_role_prefix": "rosa-c6wbnz"
            }
          },
          "sensitive_attributes": [],
          "private": "bnVsbA==",
          "dependencies": [
            "data.rhcs_policies.all_policies",
            "data.rhcs_versions.all",
            "module.create_account_roles.module.rosa_account_roles.random_string.default_random",
            "module.create_account_roles.null_resource.validate_all_version_input",
            "module.create_account_roles.null_resource.validate_openshift_version",
            "random_string.random_name"
          ]
        }
      ]
    },
    {
      "module": "module.create_account_roles.module.rosa_account_roles[0].module.rosa_operator_role_policies[2]",
      "mode": "managed",
      "type": "aws_iam_policy",
      "name": "operator-policy",
      "provider": "provider[\"registry.terraform.io/hashicorp/aws\"]",
      "instances": [
        {
          "schema_version": 0,
          "attributes": {
            "arn": "arn:aws:iam::581145842032:policy/rosa-c6wbnz-openshift-cloud-credential-operator-cloud-credential",
            "attachment_count": 0,
            "description": "",
            "id": "arn:aws:iam::581145842032:policy/rosa-c6wbnz-openshift-cloud-credential-operator-cloud-credential",
            "name": "rosa-c6wbnz-openshift-cloud-credential-operator-cloud-credential",
            "name_prefix": "",
            "path": "/",
            "policy": "{\"Statement\":[{\"Action\":[\"iam:GetUser\",\"iam:GetUserPolicy\",\"iam:ListAccessKeys\"],\"Effect\":\"Allow\",\"Resource\":\"*\"}],\"Version\":\"2012-10-17\"}",
            "policy_id": "ANPAYOTX52FYCHZLVTMSR",
            "tags": {
              "Terraform": "true",
              "operator_name": "cloud-credential-operator-iam-ro-creds",
              "operator_namespace": "openshift-cloud-credential-operator",
              "rosa_openshift_version": "4.15",
              "rosa_role_prefix": "rosa-c6wbnz"
            },
            "tags_all": {
              "Terraform": "true",
              "operator_name": "cloud-credential-operator-iam-ro-creds",
              "operator_namespace": "openshift-cloud-credential-operator",
              "rosa_openshift_version": "4.15",
              "rosa_role_prefix": "rosa-c6wbnz"
            }
          },
          "sensitive_attributes": [],
          "private": "bnVsbA==",
          "dependencies": [
            "data.rhcs_policies.all_policies",
            "data.rhcs_versions.all",
            "module.create_account_roles.module.rosa_account_roles.random_string.default_random",
            "module.create_account_roles.null_resource.validate_all_version_input",
            "module.create_account_roles.null_resource.validate_openshift_version",
            "random_string.random_name"
          ]
        }
      ]
    },
    {
      "module": "module.create_account_roles.module.rosa_account_roles[0].module.rosa_operator_role_policies[3]",
      "mode": "managed",
      "type": "aws_iam_policy",
      "name": "operator-policy",
      "provider": "provider[\"registry.terraform.io/hashicorp/aws\"]",
      "instances": [
        {
          "schema_version": 0,
          "attributes": {
            "arn": "arn:aws:iam::581145842032:policy/rosa-c6wbnz-openshift-image-registry-installer-cloud-credentials",
            "attachment_count": 0,
            "description": "",
            "id": "arn:aws:iam::581145842032:policy/rosa-c6wbnz-openshift-image-registry-installer-cloud-credentials",
            "name": "rosa-c6wbnz-openshift-image-registry-installer-cloud-credentials",
            "name_prefix": "",
            "path": "/",
            "policy": "{\"Statement\":[{\"Action\":[\"s3:CreateBucket\",\"s3:DeleteBucket\",\"s3:PutBucketTagging\",\"s3:GetBucketTagging\",\"s3:PutBucketPublicAccessBlock\",\"s3:GetBucketPublicAccessBlock\",\"s3:PutEncryptionConfiguration\",\"s3:GetEncryptionConfiguration\",\"s3:PutLifecycleConfiguration\",\"s3:GetLifecycleConfiguration\",\"s3:GetBucketLocation\",\"s3:ListBucket\",\"s3:GetObject\",\"s3:PutObject\",\"s3:DeleteObject\",\"s3:ListBucketMultipartUploads\",\"s3:AbortMultipartUpload\",\"s3:ListMultipartUploadParts\"],\"Effect\":\"Allow\",\"Resource\":\"*\"}],\"Version\":\"2012-10-17\"}",
            "policy_id": "ANPAYOTX52FYMXUHNWH26",
            "tags": {
              "Terraform": "true",
              "operator_name": "installer-cloud-credentials",
              "operator_namespace": "openshift-image-registry",
              "rosa_openshift_version": "4.15",
              "rosa_role_prefix": "rosa-c6wbnz"
            },
            "tags_all": {
              "Terraform": "true",
              "operator_name": "installer-cloud-credentials",
              "operator_namespace": "openshift-image-registry",
              "rosa_openshift_version": "4.15",
              "rosa_role_prefix": "rosa-c6wbnz"
            }
          },
          "sensitive_attributes": [],
          "private": "bnVsbA==",
          "dependencies": [
            "data.rhcs_policies.all_policies",
            "data.rhcs_versions.all",
            "module.create_account_roles.module.rosa_account_roles.random_string.default_random",
            "module.create_account_roles.null_resource.validate_all_version_input",
            "module.create_account_roles.null_resource.validate_openshift_version",
            "random_string.random_name"
          ]
        }
      ]
    },
    {
      "module": "module.create_account_roles.module.rosa_account_roles[0].module.rosa_operator_role_policies[4]",
      "mode": "managed",
      "type": "aws_iam_policy",
      "name": "operator-policy",
      "provider": "provider[\"registry.terraform.io/hashicorp/aws\"]",
      "instances": [
        {
          "schema_version": 0,
          "attributes": {
            "arn": "arn:aws:iam::581145842032:policy/rosa-c6wbnz-openshift-ingress-operator-cloud-credentials",
            "attachment_count": 0,
            "description": "",
            "id": "arn:aws:iam::581145842032:policy/rosa-c6wbnz-openshift-ingress-operator-cloud-credentials",
            "name": "rosa-c6wbnz-openshift-ingress-operator-cloud-credentials",
            "name_prefix": "",
            "path": "/",
            "policy": "{\"Statement\":[{\"Action\":[\"elasticloadbalancing:DescribeLoadBalancers\",\"route53:ListHostedZones\",\"route53:ListTagsForResources\",\"route53:ChangeResourceRecordSets\",\"tag:GetResources\"],\"Effect\":\"Allow\",\"Resource\":\"*\"}],\"Version\":\"2012-10-17\"}",
            "policy_id": "ANPAYOTX52FYEMM3Z7DCZ",
            "tags": {
              "Terraform": "true",
              "operator_name": "cloud-credentials",
              "operator_namespace": "openshift-ingress-operator",
              "rosa_openshift_version": "4.15",
              "rosa_role_prefix": "rosa-c6wbnz"
            },
            "tags_all": {
              "Terraform": "true",
              "operator_name": "cloud-credentials",
              "operator_namespace": "openshift-ingress-operator",
              "rosa_openshift_version": "4.15",
              "rosa_role_prefix": "rosa-c6wbnz"
            }
          },
          "sensitive_attributes": [],
          "private": "bnVsbA==",
          "dependencies": [
            "data.rhcs_policies.all_policies",
            "data.rhcs_versions.all",
            "module.create_account_roles.module.rosa_account_roles.random_string.default_random",
            "module.create_account_roles.null_resource.validate_all_version_input",
            "module.create_account_roles.null_resource.validate_openshift_version",
            "random_string.random_name"
          ]
        }
      ]
    },
    {
      "module": "module.create_account_roles.module.rosa_account_roles[0].module.rosa_operator_role_policies[5]",
      "mode": "managed",
      "type": "aws_iam_policy",
      "name": "operator-policy",
      "provider": "provider[\"registry.terraform.io/hashicorp/aws\"]",
      "instances": [
        {
          "schema_version": 0,
          "attributes": {
            "arn": "arn:aws:iam::581145842032:policy/rosa-c6wbnz-openshift-cluster-csi-drivers-ebs-cloud-credentials",
            "attachment_count": 0,
            "description": "",
            "id": "arn:aws:iam::581145842032:policy/rosa-c6wbnz-openshift-cluster-csi-drivers-ebs-cloud-credentials",
            "name": "rosa-c6wbnz-openshift-cluster-csi-drivers-ebs-cloud-credentials",
            "name_prefix": "",
            "path": "/",
            "policy": "{\"Statement\":[{\"Action\":[\"ec2:AttachVolume\",\"ec2:CreateSnapshot\",\"ec2:CreateTags\",\"ec2:CreateVolume\",\"ec2:DeleteSnapshot\",\"ec2:DeleteTags\",\"ec2:DeleteVolume\",\"ec2:DescribeAvailabilityZones\",\"ec2:DescribeInstances\",\"ec2:DescribeSnapshots\",\"ec2:DescribeTags\",\"ec2:DescribeVolumes\",\"ec2:DescribeVolumesModifications\",\"ec2:DetachVolume\",\"ec2:EnableFastSnapshotRestores\",\"ec2:ModifyVolume\"],\"Effect\":\"Allow\",\"Resource\":\"*\"}],\"Version\":\"2012-10-17\"}",
            "policy_id": "ANPAYOTX52FYABWAXAMYT",
            "tags": {
              "Terraform": "true",
              "operator_name": "ebs-cloud-credentials",
              "operator_namespace": "openshift-cluster-csi-drivers",
              "rosa_openshift_version": "4.15",
              "rosa_role_prefix": "rosa-c6wbnz"
            },
            "tags_all": {
              "Terraform": "true",
              "operator_name": "ebs-cloud-credentials",
              "operator_namespace": "openshift-cluster-csi-drivers",
              "rosa_openshift_version": "4.15",
              "rosa_role_prefix": "rosa-c6wbnz"
            }
          },
          "sensitive_attributes": [],
          "private": "bnVsbA==",
          "dependencies": [
            "data.rhcs_policies.all_policies",
            "data.rhcs_versions.all",
            "module.create_account_roles.module.rosa_account_roles.random_string.default_random",
            "module.create_account_roles.null_resource.validate_all_version_input",
            "module.create_account_roles.null_resource.validate_openshift_version",
            "random_string.random_name"
          ]
        }
      ]
    },
    {
      "module": "module.oidc_provider",
      "mode": "managed",
      "type": "null_resource",
      "name": "validate_all_version_input",
      "provider": "provider[\"registry.terraform.io/hashicorp/null\"]",
      "instances": []
    },
    {
      "module": "module.oidc_provider",
      "mode": "managed",
      "type": "null_resource",
      "name": "validate_openshift_version",
      "provider": "provider[\"registry.terraform.io/hashicorp/null\"]",
      "instances": []
    },
    {
      "module": "module.oidc_provider.module.rosa_oidc_provider[0]",
      "mode": "managed",
      "type": "aws_iam_openid_connect_provider",
      "name": "oidc_provider",
      "provider": "provider[\"registry.terraform.io/hashicorp/aws\"]",
      "instances": [
        {
          "schema_version": 0,
          "attributes": {
            "arn": "arn:aws:iam::581145842032:oidc-provider/oidc.op1.openshiftapps.com/2ifr02s781ka60tcnd3f98tj4fkas6nv",
            "client_id_list": [
              "openshift",
              "sts.amazonaws.com"
            ],
            "id": "arn:aws:iam::581145842032:oidc-provider/oidc.op1.openshiftapps.com/2ifr02s781ka60tcnd3f98tj4fkas6nv",
            "tags": {
              "Terraform": "true",
              "rosa_cluster_id": ""
            },
            "tags_all": {
              "Terraform": "true",
              "rosa_cluster_id": ""
            },
            "thumbprint_list": [
              "06b25927c42a721631c1efd9431e648fa62e1e39"
            ],
            "url": "oidc.op1.openshiftapps.com/2ifr02s781ka60tcnd3f98tj4fkas6nv"
          },
          "sensitive_attributes": [],
          "private": "bnVsbA==",
          "dependencies": [
            "rhcs_rosa_oidc_config.oidc_config"
          ]
        }
      ]
    },
    {
      "module": "module.operator_roles",
      "mode": "managed",
      "type": "null_resource",
      "name": "validate_all_version_input",
      "provider": "provider[\"registry.terraform.io/hashicorp/null\"]",
      "instances": []
    },
    {
      "module": "module.operator_roles",
      "mode": "managed",
      "type": "null_resource",
      "name": "validate_openshift_version",
      "provider": "provider[\"registry.terraform.io/hashicorp/null\"]",
      "instances": []
    },
    {
      "module": "module.operator_roles.module.rosa_operator_roles[0].module.rosa_operator_roles[0]",
      "mode": "data",
      "type": "aws_caller_identity",
      "name": "current",
      "provider": "provider[\"registry.terraform.io/hashicorp/aws\"]",
      "instances": [
        {
          "schema_version": 0,
          "attributes": {
            "account_id": "581145842032",
            "arn": "arn:aws:iam::581145842032:user/open-environment-7qdl9-admin",
            "id": "581145842032",
            "user_id": "AIDAYOTX52FYHZRO3TIXC"
          },
          "sensitive_attributes": []
        }
      ]
    },
    {
      "module": "module.operator_roles.module.rosa_operator_roles[0].module.rosa_operator_roles[0]",
      "mode": "managed",
      "type": "aws_iam_role",
      "name": "operator_role",
      "provider": "provider[\"registry.terraform.io/hashicorp/aws\"]",
      "instances": [
        {
          "schema_version": 0,
          "attributes": {
            "arn": "arn:aws:iam::581145842032:role/rosa-c6wbnz-openshift-cloud-credential-operator-cloud-credential",
            "assume_role_policy": "{\"Statement\":[{\"Action\":\"sts:AssumeRoleWithWebIdentity\",\"Condition\":{\"StringEquals\":{\"oidc.op1.openshiftapps.com/2ifr02s781ka60tcnd3f98tj4fkas6nv:sub\":[\"system:serviceaccount:openshift-cloud-credential-operator:cloud-credential-operator\"]}},\"Effect\":\"Allow\",\"Principal\":{\"Federated\":\"arn:aws:iam::581145842032:oidc-provider/oidc.op1.openshiftapps.com/2ifr02s781ka60tcnd3f98tj4fkas6nv\"}}],\"Version\":\"2012-10-17\"}",
            "create_date": "2025-04-30T10:40:14Z",
            "description": "",
            "force_detach_policies": false,
            "id": "rosa-c6wbnz-openshift-cloud-credential-operator-cloud-credential",
            "inline_policy": [],
            "managed_policy_arns": [],
            "max_session_duration": 3600,
            "name": "rosa-c6wbnz-openshift-cloud-credential-operator-cloud-credential",
            "name_prefix": "",
            "path": "/",
            "permissions_boundary": "",
            "tags": {
              "Terraform": "true",
              "operator_name": "cloud-credential-operator-iam-ro-creds",
              "operator_namespace": "openshift-cloud-credential-operator",
              "red-hat-managed": "true",
              "rosa_cluster_id": ""
            },
            "tags_all": {
              "Terraform": "true",
              "operator_name": "cloud-credential-operator-iam-ro-creds",
              "operator_namespace": "openshift-cloud-credential-operator",
              "red-hat-managed": "true",
              "rosa_cluster_id": ""
            },
            "unique_id": "AROAYOTX52FYASX2TLYLA"
          },
          "sensitive_attributes": [],
          "private": "bnVsbA==",
          "dependencies": [
            "data.rhcs_rosa_operator_roles.operator_roles",
            "module.operator_roles.module.rosa_operator_roles.module.rosa_operator_roles.data.aws_caller_identity.current",
            "random_string.random_name",
            "rhcs_rosa_oidc_config.oidc_config"
          ]
        }
      ]
    },
    {
      "module": "module.operator_roles.module.rosa_operator_roles[0].module.rosa_operator_roles[0]",
      "mode": "managed",
      "type": "aws_iam_role_policy_attachment",
      "name": "operator_role_policy_attachment",
      "provider": "provider[\"registry.terraform.io/hashicorp/aws\"]",
      "instances": [
        {
          "schema_version": 0,
          "attributes": {
            "id": "rosa-c6wbnz-openshift-cloud-credential-operator-cloud-credential-20250430104015224000000006",
            "policy_arn": "arn:aws:iam::581145842032:policy/rosa-c6wbnz-openshift-cloud-credential-operator-cloud-credential",
            "role": "rosa-c6wbnz-openshift-cloud-credential-operator-cloud-credential"
          },
          "sensitive_attributes": [],
          "private": "bnVsbA==",
          "dependencies": [
            "data.rhcs_rosa_operator_roles.operator_roles",
            "module.operator_roles.module.rosa_operator_roles.module.rosa_operator_roles.aws_iam_role.operator_role",
            "module.operator_roles.module.rosa_operator_roles.module.rosa_operator_roles.data.aws_caller_identity.current",
            "random_string.random_name",
            "rhcs_rosa_oidc_config.oidc_config"
          ]
        }
      ]
    },
    {
      "module": "module.operator_roles.module.rosa_operator_roles[0].module.rosa_operator_roles[1]",
      "mode": "data",
      "type": "aws_caller_identity",
      "name": "current",
      "provider": "provider[\"registry.terraform.io/hashicorp/aws\"]",
      "instances": [
        {
          "schema_version": 0,
          "attributes": {
            "account_id": "581145842032",
            "arn": "arn:aws:iam::581145842032:user/open-environment-7qdl9-admin",
            "id": "581145842032",
            "user_id": "AIDAYOTX52FYHZRO3TIXC"
          },
          "sensitive_attributes": []
        }
      ]
    },
    {
      "module": "module.operator_roles.module.rosa_operator_roles[0].module.rosa_operator_roles[1]",
      "mode": "managed",
      "type": "aws_iam_role",
      "name": "operator_role",
      "provider": "provider[\"registry.terraform.io/hashicorp/aws\"]",
      "instances": [
        {
          "schema_version": 0,
          "attributes": {
            "arn": "arn:aws:iam::581145842032:role/rosa-c6wbnz-openshift-cloud-network-config-controller-cloud-cred",
            "assume_role_policy": "{\"Statement\":[{\"Action\":\"sts:AssumeRoleWithWebIdentity\",\"Condition\":{\"StringEquals\":{\"oidc.op1.openshiftapps.com/2ifr02s781ka60tcnd3f98tj4fkas6nv:sub\":[\"system:serviceaccount:openshift-cloud-network-config-controller:cloud-network-config-controller\"]}},\"Effect\":\"Allow\",\"Principal\":{\"Federated\":\"arn:aws:iam::581145842032:oidc-provider/oidc.op1.openshiftapps.com/2ifr02s781ka60tcnd3f98tj4fkas6nv\"}}],\"Version\":\"2012-10-17\"}",
            "create_date": "2025-04-30T10:40:14Z",
            "description": "",
            "force_detach_policies": false,
            "id": "rosa-c6wbnz-openshift-cloud-network-config-controller-cloud-cred",
            "inline_policy": [],
            "managed_policy_arns": [],
            "max_session_duration": 3600,
            "name": "rosa-c6wbnz-openshift-cloud-network-config-controller-cloud-cred",
            "name_prefix": "",
            "path": "/",
            "permissions_boundary": "",
            "tags": {
              "Terraform": "true",
              "operator_name": "cloud-credentials",
              "operator_namespace": "openshift-cloud-network-config-controller",
              "red-hat-managed": "true",
              "rosa_cluster_id": ""
            },
            "tags_all": {
              "Terraform": "true",
              "operator_name": "cloud-credentials",
              "operator_namespace": "openshift-cloud-network-config-controller",
              "red-hat-managed": "true",
              "rosa_cluster_id": ""
            },
            "unique_id": "AROAYOTX52FYIXAKKGRFT"
          },
          "sensitive_attributes": [],
          "private": "bnVsbA==",
          "dependencies": [
            "data.rhcs_rosa_operator_roles.operator_roles",
            "module.operator_roles.module.rosa_operator_roles.module.rosa_operator_roles.data.aws_caller_identity.current",
            "random_string.random_name",
            "rhcs_rosa_oidc_config.oidc_config"
          ]
        }
      ]
    },
    {
      "module": "module.operator_roles.module.rosa_operator_roles[0].module.rosa_operator_roles[1]",
      "mode": "managed",
      "type": "aws_iam_role_policy_attachment",
      "name": "operator_role_policy_attachment",
      "provider": "provider[\"registry.terraform.io/hashicorp/aws\"]",
      "instances": [
        {
          "schema_version": 0,
          "attributes": {
            "id": "rosa-c6wbnz-openshift-cloud-network-config-controller-cloud-cred-20250430104015214800000004",
            "policy_arn": "arn:aws:iam::581145842032:policy/rosa-c6wbnz-openshift-cloud-network-config-controller-cloud-cred",
            "role": "rosa-c6wbnz-openshift-cloud-network-config-controller-cloud-cred"
          },
          "sensitive_attributes": [],
          "private": "bnVsbA==",
          "dependencies": [
            "data.rhcs_rosa_operator_roles.operator_roles",
            "module.operator_roles.module.rosa_operator_roles.module.rosa_operator_roles.aws_iam_role.operator_role",
            "module.operator_roles.module.rosa_operator_roles.module.rosa_operator_roles.data.aws_caller_identity.current",
            "random_string.random_name",
            "rhcs_rosa_oidc_config.oidc_config"
          ]
        }
      ]
    },
    {
      "module": "module.operator_roles.module.rosa_operator_roles[0].module.rosa_operator_roles[2]",
      "mode": "data",
      "type": "aws_caller_identity",
      "name": "current",
      "provider": "provider[\"registry.terraform.io/hashicorp/aws\"]",
      "instances": [
        {
          "schema_version": 0,
          "attributes": {
            "account_id": "581145842032",
            "arn": "arn:aws:iam::581145842032:user/open-environment-7qdl9-admin",
            "id": "581145842032",
            "user_id": "AIDAYOTX52FYHZRO3TIXC"
          },
          "sensitive_attributes": []
        }
      ]
    },
    {
      "module": "module.operator_roles.module.rosa_operator_roles[0].module.rosa_operator_roles[2]",
      "mode": "managed",
      "type": "aws_iam_role",
      "name": "operator_role",
      "provider": "provider[\"registry.terraform.io/hashicorp/aws\"]",
      "instances": [
        {
          "schema_version": 0,
          "attributes": {
            "arn": "arn:aws:iam::581145842032:role/rosa-c6wbnz-openshift-cluster-csi-drivers-ebs-cloud-credentials",
            "assume_role_policy": "{\"Statement\":[{\"Action\":\"sts:AssumeRoleWithWebIdentity\",\"Condition\":{\"StringEquals\":{\"oidc.op1.openshiftapps.com/2ifr02s781ka60tcnd3f98tj4fkas6nv:sub\":[\"system:serviceaccount:openshift-cluster-csi-drivers:aws-ebs-csi-driver-operator\",\"system:serviceaccount:openshift-cluster-csi-drivers:aws-ebs-csi-driver-controller-sa\"]}},\"Effect\":\"Allow\",\"Principal\":{\"Federated\":\"arn:aws:iam::581145842032:oidc-provider/oidc.op1.openshiftapps.com/2ifr02s781ka60tcnd3f98tj4fkas6nv\"}}],\"Version\":\"2012-10-17\"}",
            "create_date": "2025-04-30T10:40:14Z",
            "description": "",
            "force_detach_policies": false,
            "id": "rosa-c6wbnz-openshift-cluster-csi-drivers-ebs-cloud-credentials",
            "inline_policy": [],
            "managed_policy_arns": [],
            "max_session_duration": 3600,
            "name": "rosa-c6wbnz-openshift-cluster-csi-drivers-ebs-cloud-credentials",
            "name_prefix": "",
            "path": "/",
            "permissions_boundary": "",
            "tags": {
              "Terraform": "true",
              "operator_name": "ebs-cloud-credentials",
              "operator_namespace": "openshift-cluster-csi-drivers",
              "red-hat-managed": "true",
              "rosa_cluster_id": ""
            },
            "tags_all": {
              "Terraform": "true",
              "operator_name": "ebs-cloud-credentials",
              "operator_namespace": "openshift-cluster-csi-drivers",
              "red-hat-managed": "true",
              "rosa_cluster_id": ""
            },
            "unique_id": "AROAYOTX52FYCQGGMX34S"
          },
          "sensitive_attributes": [],
          "private": "bnVsbA==",
          "dependencies": [
            "data.rhcs_rosa_operator_roles.operator_roles",
            "module.operator_roles.module.rosa_operator_roles.module.rosa_operator_roles.data.aws_caller_identity.current",
            "random_string.random_name",
            "rhcs_rosa_oidc_config.oidc_config"
          ]
        }
      ]
    },
    {
      "module": "module.operator_roles.module.rosa_operator_roles[0].module.rosa_operator_roles[2]",
      "mode": "managed",
      "type": "aws_iam_role_policy_attachment",
      "name": "operator_role_policy_attachment",
      "provider": "provider[\"registry.terraform.io/hashicorp/aws\"]",
      "instances": [
        {
          "schema_version": 0,
          "attributes": {
            "id": "rosa-c6wbnz-openshift-cluster-csi-drivers-ebs-cloud-credentials-20250430104015220700000005",
            "policy_arn": "arn:aws:iam::581145842032:policy/rosa-c6wbnz-openshift-cluster-csi-drivers-ebs-cloud-credentials",
            "role": "rosa-c6wbnz-openshift-cluster-csi-drivers-ebs-cloud-credentials"
          },
          "sensitive_attributes": [],
          "private": "bnVsbA==",
          "dependencies": [
            "data.rhcs_rosa_operator_roles.operator_roles",
            "module.operator_roles.module.rosa_operator_roles.module.rosa_operator_roles.aws_iam_role.operator_role",
            "module.operator_roles.module.rosa_operator_roles.module.rosa_operator_roles.data.aws_caller_identity.current",
            "random_string.random_name",
            "rhcs_rosa_oidc_config.oidc_config"
          ]
        }
      ]
    },
    {
      "module": "module.operator_roles.module.rosa_operator_roles[0].module.rosa_operator_roles[3]",
      "mode": "data",
      "type": "aws_caller_identity",
      "name": "current",
      "provider": "provider[\"registry.terraform.io/hashicorp/aws\"]",
      "instances": [
        {
          "schema_version": 0,
          "attributes": {
            "account_id": "581145842032",
            "arn": "arn:aws:iam::581145842032:user/open-environment-7qdl9-admin",
            "id": "581145842032",
            "user_id": "AIDAYOTX52FYHZRO3TIXC"
          },
          "sensitive_attributes": []
        }
      ]
    },
    {
      "module": "module.operator_roles.module.rosa_operator_roles[0].module.rosa_operator_roles[3]",
      "mode": "managed",
      "type": "aws_iam_role",
      "name": "operator_role",
      "provider": "provider[\"registry.terraform.io/hashicorp/aws\"]",
      "instances": [
        {
          "schema_version": 0,
          "attributes": {
            "arn": "arn:aws:iam::581145842032:role/rosa-c6wbnz-openshift-image-registry-installer-cloud-credentials",
            "assume_role_policy": "{\"Statement\":[{\"Action\":\"sts:AssumeRoleWithWebIdentity\",\"Condition\":{\"StringEquals\":{\"oidc.op1.openshiftapps.com/2ifr02s781ka60tcnd3f98tj4fkas6nv:sub\":[\"system:serviceaccount:openshift-image-registry:cluster-image-registry-operator\",\"system:serviceaccount:openshift-image-registry:registry\"]}},\"Effect\":\"Allow\",\"Principal\":{\"Federated\":\"arn:aws:iam::581145842032:oidc-provider/oidc.op1.openshiftapps.com/2ifr02s781ka60tcnd3f98tj4fkas6nv\"}}],\"Version\":\"2012-10-17\"}",
            "create_date": "2025-04-30T10:40:14Z",
            "description": "",
            "force_detach_policies": false,
            "id": "rosa-c6wbnz-openshift-image-registry-installer-cloud-credentials",
            "inline_policy": [],
            "managed_policy_arns": [],
            "max_session_duration": 3600,
            "name": "rosa-c6wbnz-openshift-image-registry-installer-cloud-credentials",
            "name_prefix": "",
            "path": "/",
            "permissions_boundary": "",
            "tags": {
              "Terraform": "true",
              "operator_name": "installer-cloud-credentials",
              "operator_namespace": "openshift-image-registry",
              "red-hat-managed": "true",
              "rosa_cluster_id": ""
            },
            "tags_all": {
              "Terraform": "true",
              "operator_name": "installer-cloud-credentials",
              "operator_namespace": "openshift-image-registry",
              "red-hat-managed": "true",
              "rosa_cluster_id": ""
            },
            "unique_id": "AROAYOTX52FYCTHL2KRKU"
          },
          "sensitive_attributes": [],
          "private": "bnVsbA==",
          "dependencies": [
            "data.rhcs_rosa_operator_roles.operator_roles",
            "module.operator_roles.module.rosa_operator_roles.module.rosa_operator_roles.data.aws_caller_identity.current",
            "random_string.random_name",
            "rhcs_rosa_oidc_config.oidc_config"
          ]
        }
      ]
    },
    {
      "module": "module.operator_roles.module.rosa_operator_roles[0].module.rosa_operator_roles[3]",
      "mode": "managed",
      "type": "aws_iam_role_policy_attachment",
      "name": "operator_role_policy_attachment",
      "provider": "provider[\"registry.terraform.io/hashicorp/aws\"]",
      "instances": [
        {
          "schema_version": 0,
          "attributes": {
            "id": "rosa-c6wbnz-openshift-image-registry-installer-cloud-credentials-20250430104015204700000003",
            "policy_arn": "arn:aws:iam::581145842032:policy/rosa-c6wbnz-openshift-image-registry-installer-cloud-credentials",
            "role": "rosa-c6wbnz-openshift-image-registry-installer-cloud-credentials"
          },
          "sensitive_attributes": [],
          "private": "bnVsbA==",
          "dependencies": [
            "data.rhcs_rosa_operator_roles.operator_roles",
            "module.operator_roles.module.rosa_operator_roles.module.rosa_operator_roles.aws_iam_role.operator_role",
            "module.operator_roles.module.rosa_operator_roles.module.rosa_operator_roles.data.aws_caller_identity.current",
            "random_string.random_name",
            "rhcs_rosa_oidc_config.oidc_config"
          ]
        }
      ]
    },
    {
      "module": "module.operator_roles.module.rosa_operator_roles[0].module.rosa_operator_roles[4]",
      "mode": "data",
      "type": "aws_caller_identity",
      "name": "current",
      "provider": "provider[\"registry.terraform.io/hashicorp/aws\"]",
      "instances": [
        {
          "schema_version": 0,
          "attributes": {
            "account_id": "581145842032",
            "arn": "arn:aws:iam::581145842032:user/open-environment-7qdl9-admin",
            "id": "581145842032",
            "user_id": "AIDAYOTX52FYHZRO3TIXC"
          },
          "sensitive_attributes": []
        }
      ]
    },
    {
      "module": "module.operator_roles.module.rosa_operator_roles[0].module.rosa_operator_roles[4]",
      "mode": "managed",
      "type": "aws_iam_role",
      "name": "operator_role",
      "provider": "provider[\"registry.terraform.io/hashicorp/aws\"]",
      "instances": [
        {
          "schema_version": 0,
          "attributes": {
            "arn": "arn:aws:iam::581145842032:role/rosa-c6wbnz-openshift-ingress-operator-cloud-credentials",
            "assume_role_policy": "{\"Statement\":[{\"Action\":\"sts:AssumeRoleWithWebIdentity\",\"Condition\":{\"StringEquals\":{\"oidc.op1.openshiftapps.com/2ifr02s781ka60tcnd3f98tj4fkas6nv:sub\":[\"system:serviceaccount:openshift-ingress-operator:ingress-operator\"]}},\"Effect\":\"Allow\",\"Principal\":{\"Federated\":\"arn:aws:iam::581145842032:oidc-provider/oidc.op1.openshiftapps.com/2ifr02s781ka60tcnd3f98tj4fkas6nv\"}}],\"Version\":\"2012-10-17\"}",
            "create_date": "2025-04-30T10:40:14Z",
            "description": "",
            "force_detach_policies": false,
            "id": "rosa-c6wbnz-openshift-ingress-operator-cloud-credentials",
            "inline_policy": [],
            "managed_policy_arns": [],
            "max_session_duration": 3600,
            "name": "rosa-c6wbnz-openshift-ingress-operator-cloud-credentials",
            "name_prefix": "",
            "path": "/",
            "permissions_boundary": "",
            "tags": {
              "Terraform": "true",
              "operator_name": "cloud-credentials",
              "operator_namespace": "openshift-ingress-operator",
              "red-hat-managed": "true",
              "rosa_cluster_id": ""
            },
            "tags_all": {
              "Terraform": "true",
              "operator_name": "cloud-credentials",
              "operator_namespace": "openshift-ingress-operator",
              "red-hat-managed": "true",
              "rosa_cluster_id": ""
            },
            "unique_id": "AROAYOTX52FYB342WX6Y6"
          },
          "sensitive_attributes": [],
          "private": "bnVsbA==",
          "dependencies": [
            "data.rhcs_rosa_operator_roles.operator_roles",
            "module.operator_roles.module.rosa_operator_roles.module.rosa_operator_roles.data.aws_caller_identity.current",
            "random_string.random_name",
            "rhcs_rosa_oidc_config.oidc_config"
          ]
        }
      ]
    },
    {
      "module": "module.operator_roles.module.rosa_operator_roles[0].module.rosa_operator_roles[4]",
      "mode": "managed",
      "type": "aws_iam_role_policy_attachment",
      "name": "operator_role_policy_attachment",
      "provider": "provider[\"registry.terraform.io/hashicorp/aws\"]",
      "instances": [
        {
          "schema_version": 0,
          "attributes": {
            "id": "rosa-c6wbnz-openshift-ingress-operator-cloud-credentials-20250430104015198000000001",
            "policy_arn": "arn:aws:iam::581145842032:policy/rosa-c6wbnz-openshift-ingress-operator-cloud-credentials",
            "role": "rosa-c6wbnz-openshift-ingress-operator-cloud-credentials"
          },
          "sensitive_attributes": [],
          "private": "bnVsbA==",
          "dependencies": [
            "data.rhcs_rosa_operator_roles.operator_roles",
            "module.operator_roles.module.rosa_operator_roles.module.rosa_operator_roles.aws_iam_role.operator_role",
            "module.operator_roles.module.rosa_operator_roles.module.rosa_operator_roles.data.aws_caller_identity.current",
            "random_string.random_name",
            "rhcs_rosa_oidc_config.oidc_config"
          ]
        }
      ]
    },
    {
      "module": "module.operator_roles.module.rosa_operator_roles[0].module.rosa_operator_roles[5]",
      "mode": "data",
      "type": "aws_caller_identity",
      "name": "current",
      "provider": "provider[\"registry.terraform.io/hashicorp/aws\"]",
      "instances": [
        {
          "schema_version": 0,
          "attributes": {
            "account_id": "581145842032",
            "arn": "arn:aws:iam::581145842032:user/open-environment-7qdl9-admin",
            "id": "581145842032",
            "user_id": "AIDAYOTX52FYHZRO3TIXC"
          },
          "sensitive_attributes": []
        }
      ]
    },
    {
      "module": "module.operator_roles.module.rosa_operator_roles[0].module.rosa_operator_roles[5]",
      "mode": "managed",
      "type": "aws_iam_role",
      "name": "operator_role",
      "provider": "provider[\"registry.terraform.io/hashicorp/aws\"]",
      "instances": [
        {
          "schema_version": 0,
          "attributes": {
            "arn": "arn:aws:iam::581145842032:role/rosa-c6wbnz-openshift-machine-api-aws-cloud-credentials",
            "assume_role_policy": "{\"Statement\":[{\"Action\":\"sts:AssumeRoleWithWebIdentity\",\"Condition\":{\"StringEquals\":{\"oidc.op1.openshiftapps.com/2ifr02s781ka60tcnd3f98tj4fkas6nv:sub\":[\"system:serviceaccount:openshift-machine-api:machine-api-controllers\"]}},\"Effect\":\"Allow\",\"Principal\":{\"Federated\":\"arn:aws:iam::581145842032:oidc-provider/oidc.op1.openshiftapps.com/2ifr02s781ka60tcnd3f98tj4fkas6nv\"}}],\"Version\":\"2012-10-17\"}",
            "create_date": "2025-04-30T10:40:14Z",
            "description": "",
            "force_detach_policies": false,
            "id": "rosa-c6wbnz-openshift-machine-api-aws-cloud-credentials",
            "inline_policy": [],
            "managed_policy_arns": [],
            "max_session_duration": 3600,
            "name": "rosa-c6wbnz-openshift-machine-api-aws-cloud-credentials",
            "name_prefix": "",
            "path": "/",
            "permissions_boundary": "",
            "tags": {
              "Terraform": "true",
              "operator_name": "aws-cloud-credentials",
              "operator_namespace": "openshift-machine-api",
              "red-hat-managed": "true",
              "rosa_cluster_id": ""
            },
            "tags_all": {
              "Terraform": "true",
              "operator_name": "aws-cloud-credentials",
              "operator_namespace": "openshift-machine-api",
              "red-hat-managed": "true",
              "rosa_cluster_id": ""
            },
            "unique_id": "AROAYOTX52FYEPTZLXHYG"
          },
          "sensitive_attributes": [],
          "private": "bnVsbA==",
          "dependencies": [
            "data.rhcs_rosa_operator_roles.operator_roles",
            "module.operator_roles.module.rosa_operator_roles.module.rosa_operator_roles.data.aws_caller_identity.current",
            "random_string.random_name",
            "rhcs_rosa_oidc_config.oidc_config"
          ]
        }
      ]
    },
    {
      "module": "module.operator_roles.module.rosa_operator_roles[0].module.rosa_operator_roles[5]",
      "mode": "managed",
      "type": "aws_iam_role_policy_attachment",
      "name": "operator_role_policy_attachment",
      "provider": "provider[\"registry.terraform.io/hashicorp/aws\"]",
      "instances": [
        {
          "schema_version": 0,
          "attributes": {
            "id": "rosa-c6wbnz-openshift-machine-api-aws-cloud-credentials-20250430104015203000000002",
            "policy_arn": "arn:aws:iam::581145842032:policy/rosa-c6wbnz-openshift-machine-api-aws-cloud-credentials",
            "role": "rosa-c6wbnz-openshift-machine-api-aws-cloud-credentials"
          },
          "sensitive_attributes": [],
          "private": "bnVsbA==",
          "dependencies": [
            "data.rhcs_rosa_operator_roles.operator_roles",
            "module.operator_roles.module.rosa_operator_roles.module.rosa_operator_roles.aws_iam_role.operator_role",
            "module.operator_roles.module.rosa_operator_roles.module.rosa_operator_roles.data.aws_caller_identity.current",
            "random_string.random_name",
            "rhcs_rosa_oidc_config.oidc_config"
          ]
        }
      ]
    }
  ],
  "check_results": [
    {
      "object_kind": "resource",
      "config_addr": "module.create_account_roles.null_resource.validate_openshift_version",
      "status": "pass",
      "objects": [
        {
          "object_addr": "module.create_account_roles.null_resource.validate_openshift_version[0]",
          "status": "pass"
        }
      ]
    },
    {
      "object_kind": "resource",
      "config_addr": "module.operator_roles.null_resource.validate_openshift_version",
      "status": "pass",
      "objects": null
    },
    {
      "object_kind": "var",
      "config_addr": "module.create_account_roles.module.rosa_operator_roles.var.operator_roles_properties",
      "status": "pass",
      "objects": null
    },
    {
      "object_kind": "resource",
      "config_addr": "module.oidc_provider.null_resource.validate_all_version_input",
      "status": "pass",
      "objects": null
    },
    {
      "object_kind": "resource",
      "config_addr": "module.oidc_provider.null_resource.validate_openshift_version",
      "status": "pass",
      "objects": null
    },
    {
      "object_kind": "var",
      "config_addr": "module.operator_roles.module.rosa_account_roles.var.ocm_environment",
      "status": "pass",
      "objects": null
    },
    {
      "object_kind": "var",
      "config_addr": "module.oidc_provider.module.rosa_account_roles.var.ocm_environment",
      "status": "pass",
      "objects": null
    },
    {
      "object_kind": "resource",
      "config_addr": "rhcs_cluster_rosa_classic.rosa_sts_cluster",
      "status": "pass",
      "objects": [
        {
          "object_addr": "rhcs_cluster_rosa_classic.rosa_sts_cluster",
          "status": "pass"
        }
      ]
    },
    {
      "object_kind": "resource",
      "config_addr": "module.create_account_roles.null_resource.validate_all_version_input",
      "status": "pass",
      "objects": [
        {
          "object_addr": "module.create_account_roles.null_resource.validate_all_version_input[0]",
          "status": "pass"
        }
      ]
    },
    {
      "object_kind": "var",
      "config_addr": "module.oidc_provider.module.rosa_operator_roles.var.operator_roles_properties",
      "status": "pass",
      "objects": null
    },
    {
      "object_kind": "var",
      "config_addr": "module.operator_roles.module.rosa_operator_roles.var.operator_roles_properties",
      "status": "pass",
      "objects": [
        {
          "object_addr": "module.operator_roles.module.rosa_operator_roles[0].var.operator_roles_properties",
          "status": "pass"
        }
      ]
    },
    {
      "object_kind": "resource",
      "config_addr": "module.operator_roles.null_resource.validate_all_version_input",
      "status": "pass",
      "objects": null
    },
    {
      "object_kind": "var",
      "config_addr": "module.create_account_roles.module.rosa_account_roles.var.ocm_environment",
      "status": "pass",
      "objects": [
        {
          "object_addr": "module.create_account_roles.module.rosa_account_roles[0].var.ocm_environment",
          "status": "pass"
        }
      ]
    }
  ]
}
