{
  "version": 4,
  "terraform_version": "1.11.4",
  "serial": 92,
  "lineage": "0d86c56b-bfb8-eef3-253a-2476fc701987",
  "outputs": {},
  "resources": [
    {
      "mode": "managed",
      "type": "rhcs_rosa_oidc_config",
      "name": "oidc_config",
      "provider": "provider[\"registry.terraform.io/terraform-redhat/rhcs\"]",
      "instances": [
        {
          "schema_version": 0,
          "attributes": {
            "id": "2ifr02s781ka60tcnd3f98tj4fkas6nv",
            "installer_role_arn": null,
            "issuer_url": "https://oidc.op1.openshiftapps.com/2ifr02s781ka60tcnd3f98tj4fkas6nv",
            "managed": true,
            "oidc_endpoint_url": "oidc.op1.openshiftapps.com/2ifr02s781ka60tcnd3f98tj4fkas6nv",
            "secret_arn": null,
            "thumbprint": "06b25927c42a721631c1efd9431e648fa62e1e39"
          },
          "sensitive_attributes": []
        }
      ]
    },
    {
      "module": "module.oidc_provider",
      "mode": "managed",
      "type": "null_resource",
      "name": "validate_all_version_input",
      "provider": "provider[\"registry.terraform.io/hashicorp/null\"]",
      "instances": []
    },
    {
      "module": "module.oidc_provider",
      "mode": "managed",
      "type": "null_resource",
      "name": "validate_openshift_version",
      "provider": "provider[\"registry.terraform.io/hashicorp/null\"]",
      "instances": []
    },
    {
      "module": "module.operator_roles",
      "mode": "managed",
      "type": "null_resource",
      "name": "validate_all_version_input",
      "provider": "provider[\"registry.terraform.io/hashicorp/null\"]",
      "instances": []
    },
    {
      "module": "module.operator_roles",
      "mode": "managed",
      "type": "null_resource",
      "name": "validate_openshift_version",
      "provider": "provider[\"registry.terraform.io/hashicorp/null\"]",
      "instances": []
    }
  ],
  "check_results": [
    {
      "object_kind": "var",
      "config_addr": "module.operator_roles.module.rosa_account_roles.var.ocm_environment",
      "status": "unknown",
      "objects": null
    },
    {
      "object_kind": "var",
      "config_addr": "module.create_account_roles.module.rosa_operator_roles.var.operator_roles_properties",
      "status": "unknown",
      "objects": null
    },
    {
      "object_kind": "var",
      "config_addr": "module.oidc_provider.module.rosa_operator_roles.var.operator_roles_properties",
      "status": "unknown",
      "objects": null
    },
    {
      "object_kind": "resource",
      "config_addr": "module.oidc_provider.null_resource.validate_all_version_input",
      "status": "unknown",
      "objects": null
    },
    {
      "object_kind": "resource",
      "config_addr": "module.create_account_roles.null_resource.validate_openshift_version",
      "status": "unknown",
      "objects": null
    },
    {
      "object_kind": "resource",
      "config_addr": "module.operator_roles.null_resource.validate_openshift_version",
      "status": "unknown",
      "objects": null
    },
    {
      "object_kind": "var",
      "config_addr": "module.operator_roles.module.rosa_operator_roles.var.operator_roles_properties",
      "status": "unknown",
      "objects": null
    },
    {
      "object_kind": "resource",
      "config_addr": "module.operator_roles.null_resource.validate_all_version_input",
      "status": "unknown",
      "objects": null
    },
    {
      "object_kind": "resource",
      "config_addr": "rhcs_cluster_rosa_classic.rosa_sts_cluster",
      "status": "unknown",
      "objects": null
    },
    {
      "object_kind": "resource",
      "config_addr": "module.create_account_roles.null_resource.validate_all_version_input",
      "status": "unknown",
      "objects": null
    },
    {
      "object_kind": "resource",
      "config_addr": "module.oidc_provider.null_resource.validate_openshift_version",
      "status": "unknown",
      "objects": null
    },
    {
      "object_kind": "var",
      "config_addr": "module.create_account_roles.module.rosa_account_roles.var.ocm_environment",
      "status": "unknown",
      "objects": null
    },
    {
      "object_kind": "var",
      "config_addr": "module.oidc_provider.module.rosa_account_roles.var.ocm_environment",
      "status": "unknown",
      "objects": null
    }
  ]
}
